{
  "version": 4,
  "terraform_version": "1.14.4",
  "serial": 2403,
  "lineage": "a8899af9-ba92-c52f-1510-fa0b086a6651",
  "outputs": {},
  "resources": [
    {
      "mode": "managed",
      "type": "proxmox_virtual_environment_file",
      "name": "cloud_meta_config",
      "provider": "provider[\"registry.terraform.io/bpg/proxmox\"]",
      "instances": [
        {
          "index_key": "docker_registry",
          "schema_version": 0,
          "attributes": {
            "content_type": "snippets",
            "datastore_id": "snippets",
            "file_mode": null,
            "file_modification_date": null,
            "file_name": "registry.net.local-ci-meta_data.yml",
            "file_size": null,
            "file_tag": null,
            "id": "snippets:snippets/registry.net.local-ci-meta_data.yml",
            "node_name": "pve",
            "overwrite": true,
            "source_file": [],
            "source_raw": [
              {
                "data": "",
                "file_name": "registry.net.local-ci-meta_data.yml",
                "resize": 0
              }
            ],
            "timeout_upload": 1800
          },
          "sensitive_attributes": [],
          "identity_schema_version": 0,
          "private": "bnVsbA=="
        },
        {
          "index_key": "downloader",
          "schema_version": 0,
          "attributes": {
            "content_type": "snippets",
            "datastore_id": "snippets",
            "file_mode": null,
            "file_modification_date": null,
            "file_name": "downloader.net.local-ci-meta_data.yml",
            "file_size": null,
            "file_tag": null,
            "id": "snippets:snippets/downloader.net.local-ci-meta_data.yml",
            "node_name": "pve",
            "overwrite": true,
            "source_file": [],
            "source_raw": [
              {
                "data": "",
                "file_name": "downloader.net.local-ci-meta_data.yml",
                "resize": 0
              }
            ],
            "timeout_upload": 1800
          },
          "sensitive_attributes": [],
          "identity_schema_version": 0,
          "private": "bnVsbA=="
        },
        {
          "index_key": "immichalpine",
          "schema_version": 0,
          "attributes": {
            "content_type": "snippets",
            "datastore_id": "snippets",
            "file_mode": null,
            "file_modification_date": null,
            "file_name": "immichalpine.net.local-ci-meta_data.yml",
            "file_size": null,
            "file_tag": null,
            "id": "snippets:snippets/immichalpine.net.local-ci-meta_data.yml",
            "node_name": "pve",
            "overwrite": true,
            "source_file": [],
            "source_raw": [
              {
                "data": "",
                "file_name": "immichalpine.net.local-ci-meta_data.yml",
                "resize": 0
              }
            ],
            "timeout_upload": 1800
          },
          "sensitive_attributes": [],
          "identity_schema_version": 0,
          "private": "bnVsbA=="
        },
        {
          "index_key": "nginxproxymanager",
          "schema_version": 0,
          "attributes": {
            "content_type": "snippets",
            "datastore_id": "snippets",
            "file_mode": null,
            "file_modification_date": null,
            "file_name": "nginxproxymanager.net.local-ci-meta_data.yml",
            "file_size": null,
            "file_tag": null,
            "id": "snippets:snippets/nginxproxymanager.net.local-ci-meta_data.yml",
            "node_name": "pve",
            "overwrite": true,
            "source_file": [],
            "source_raw": [
              {
                "data": "",
                "file_name": "nginxproxymanager.net.local-ci-meta_data.yml",
                "resize": 0
              }
            ],
            "timeout_upload": 1800
          },
          "sensitive_attributes": [],
          "identity_schema_version": 0,
          "private": "bnVsbA=="
        },
        {
          "index_key": "runner_ubuntu",
          "schema_version": 0,
          "attributes": {
            "content_type": "snippets",
            "datastore_id": "snippets",
            "file_mode": null,
            "file_modification_date": null,
            "file_name": "runner-ubuntu.net.local-ci-meta_data.yml",
            "file_size": null,
            "file_tag": null,
            "id": "snippets:snippets/runner-ubuntu.net.local-ci-meta_data.yml",
            "node_name": "pve",
            "overwrite": true,
            "source_file": [],
            "source_raw": [
              {
                "data": "",
                "file_name": "runner-ubuntu.net.local-ci-meta_data.yml",
                "resize": 0
              }
            ],
            "timeout_upload": 1800
          },
          "sensitive_attributes": [],
          "identity_schema_version": 0,
          "private": "bnVsbA=="
        },
        {
          "index_key": "testmachinealpine_1",
          "schema_version": 0,
          "attributes": {
            "content_type": "snippets",
            "datastore_id": "snippets",
            "file_mode": null,
            "file_modification_date": null,
            "file_name": "testmachinealpine-1.net.local-ci-meta_data.yml",
            "file_size": null,
            "file_tag": null,
            "id": "snippets:snippets/testmachinealpine-1.net.local-ci-meta_data.yml",
            "node_name": "pve",
            "overwrite": true,
            "source_file": [],
            "source_raw": [
              {
                "data": "",
                "file_name": "testmachinealpine-1.net.local-ci-meta_data.yml",
                "resize": 0
              }
            ],
            "timeout_upload": 1800
          },
          "sensitive_attributes": [],
          "identity_schema_version": 0,
          "private": "bnVsbA=="
        },
        {
          "index_key": "testmachinealpine_2",
          "schema_version": 0,
          "attributes": {
            "content_type": "snippets",
            "datastore_id": "snippets",
            "file_mode": null,
            "file_modification_date": null,
            "file_name": "testmachinealpine-2.net.local-ci-meta_data.yml",
            "file_size": null,
            "file_tag": null,
            "id": "snippets:snippets/testmachinealpine-2.net.local-ci-meta_data.yml",
            "node_name": "pve",
            "overwrite": true,
            "source_file": [],
            "source_raw": [
              {
                "data": "",
                "file_name": "testmachinealpine-2.net.local-ci-meta_data.yml",
                "resize": 0
              }
            ],
            "timeout_upload": 1800
          },
          "sensitive_attributes": [],
          "identity_schema_version": 0,
          "private": "bnVsbA=="
        },
        {
          "index_key": "testmachinealpine_3",
          "schema_version": 0,
          "attributes": {
            "content_type": "snippets",
            "datastore_id": "snippets",
            "file_mode": null,
            "file_modification_date": null,
            "file_name": "testmachinealpine-3.net.local-ci-meta_data.yml",
            "file_size": null,
            "file_tag": null,
            "id": "snippets:snippets/testmachinealpine-3.net.local-ci-meta_data.yml",
            "node_name": "pve",
            "overwrite": true,
            "source_file": [],
            "source_raw": [
              {
                "data": "",
                "file_name": "testmachinealpine-3.net.local-ci-meta_data.yml",
                "resize": 0
              }
            ],
            "timeout_upload": 1800
          },
          "sensitive_attributes": [],
          "identity_schema_version": 0,
          "private": "bnVsbA=="
        },
        {
          "index_key": "testmachinealpine_4",
          "schema_version": 0,
          "attributes": {
            "content_type": "snippets",
            "datastore_id": "snippets",
            "file_mode": null,
            "file_modification_date": null,
            "file_name": "testmachinealpine-4.net.local-ci-meta_data.yml",
            "file_size": null,
            "file_tag": null,
            "id": "snippets:snippets/testmachinealpine-4.net.local-ci-meta_data.yml",
            "node_name": "pve",
            "overwrite": true,
            "source_file": [],
            "source_raw": [
              {
                "data": "",
                "file_name": "testmachinealpine-4.net.local-ci-meta_data.yml",
                "resize": 0
              }
            ],
            "timeout_upload": 1800
          },
          "sensitive_attributes": [],
          "identity_schema_version": 0,
          "private": "bnVsbA=="
        },
        {
          "index_key": "testmachinealpine_5",
          "schema_version": 0,
          "attributes": {
            "content_type": "snippets",
            "datastore_id": "snippets",
            "file_mode": null,
            "file_modification_date": null,
            "file_name": "testmachinealpine-5.net.local-ci-meta_data.yml",
            "file_size": null,
            "file_tag": null,
            "id": "snippets:snippets/testmachinealpine-5.net.local-ci-meta_data.yml",
            "node_name": "pve",
            "overwrite": true,
            "source_file": [],
            "source_raw": [
              {
                "data": "",
                "file_name": "testmachinealpine-5.net.local-ci-meta_data.yml",
                "resize": 0
              }
            ],
            "timeout_upload": 1800
          },
          "sensitive_attributes": [],
          "identity_schema_version": 0,
          "private": "bnVsbA=="
        },
        {
          "index_key": "testmachinealpine_6",
          "schema_version": 0,
          "attributes": {
            "content_type": "snippets",
            "datastore_id": "snippets",
            "file_mode": null,
            "file_modification_date": null,
            "file_name": "testmachinealpine-6.net.local-ci-meta_data.yml",
            "file_size": null,
            "file_tag": null,
            "id": "snippets:snippets/testmachinealpine-6.net.local-ci-meta_data.yml",
            "node_name": "pve",
            "overwrite": true,
            "source_file": [],
            "source_raw": [
              {
                "data": "",
                "file_name": "testmachinealpine-6.net.local-ci-meta_data.yml",
                "resize": 0
              }
            ],
            "timeout_upload": 1800
          },
          "sensitive_attributes": [],
          "identity_schema_version": 0,
          "private": "bnVsbA=="
        },
        {
          "index_key": "testmachinealpine_7",
          "schema_version": 0,
          "attributes": {
            "content_type": "snippets",
            "datastore_id": "snippets",
            "file_mode": null,
            "file_modification_date": null,
            "file_name": "testmachinealpine-7.net.local-ci-meta_data.yml",
            "file_size": null,
            "file_tag": null,
            "id": "snippets:snippets/testmachinealpine-7.net.local-ci-meta_data.yml",
            "node_name": "pve",
            "overwrite": true,
            "source_file": [],
            "source_raw": [
              {
                "data": "",
                "file_name": "testmachinealpine-7.net.local-ci-meta_data.yml",
                "resize": 0
              }
            ],
            "timeout_upload": 1800
          },
          "sensitive_attributes": [],
          "identity_schema_version": 0,
          "private": "bnVsbA=="
        },
        {
          "index_key": "testmachinealpine_8",
          "schema_version": 0,
          "attributes": {
            "content_type": "snippets",
            "datastore_id": "snippets",
            "file_mode": null,
            "file_modification_date": null,
            "file_name": "testmachinealpine-8.net.local-ci-meta_data.yml",
            "file_size": null,
            "file_tag": null,
            "id": "snippets:snippets/testmachinealpine-8.net.local-ci-meta_data.yml",
            "node_name": "pve",
            "overwrite": true,
            "source_file": [],
            "source_raw": [
              {
                "data": "",
                "file_name": "testmachinealpine-8.net.local-ci-meta_data.yml",
                "resize": 0
              }
            ],
            "timeout_upload": 1800
          },
          "sensitive_attributes": [],
          "identity_schema_version": 0,
          "private": "bnVsbA=="
        }
      ]
    },
    {
      "mode": "managed",
      "type": "proxmox_virtual_environment_file",
      "name": "cloud_network_config",
      "provider": "provider[\"registry.terraform.io/bpg/proxmox\"]",
      "instances": [
        {
          "index_key": "docker_registry",
          "schema_version": 0,
          "attributes": {
            "content_type": "snippets",
            "datastore_id": "snippets",
            "file_mode": null,
            "file_modification_date": null,
            "file_name": "registry-ci-network.yml",
            "file_size": null,
            "file_tag": null,
            "id": "snippets:snippets/registry-ci-network.yml",
            "node_name": "pve",
            "overwrite": true,
            "source_file": [],
            "source_raw": [
              {
                "data": "#cloud-config\nnetwork:\n  version: 2\n  ethernets:\n    eth0:\n      addresses: [\"10.0.0.250/24\"]\n      gateway4: 10.0.0.1\n      nameservers:\n        addresses: [\"8.8.8.8\", \"8.8.4.4\"]\n      routes:\n        - to: default\n          via: 10.0.0.1\n          metric: 10\n",
                "file_name": "registry-ci-network.yml",
                "resize": 0
              }
            ],
            "timeout_upload": 1800
          },
          "sensitive_attributes": [],
          "identity_schema_version": 0,
          "private": "bnVsbA=="
        },
        {
          "index_key": "downloader",
          "schema_version": 0,
          "attributes": {
            "content_type": "snippets",
            "datastore_id": "snippets",
            "file_mode": null,
            "file_modification_date": null,
            "file_name": "downloader-ci-network.yml",
            "file_size": null,
            "file_tag": null,
            "id": "snippets:snippets/downloader-ci-network.yml",
            "node_name": "pve",
            "overwrite": true,
            "source_file": [],
            "source_raw": [
              {
                "data": "#cloud-config\nnetwork:\n  version: 2\n  ethernets:\n    eth0:\n      addresses: [\"10.0.0.21/24\"]\n      gateway4: 10.0.0.1\n      nameservers:\n        addresses: [\"8.8.8.8\", \"8.8.4.4\"]\n      routes:\n        - to: default\n          via: 10.0.0.1\n          metric: 10\n",
                "file_name": "downloader-ci-network.yml",
                "resize": 0
              }
            ],
            "timeout_upload": 1800
          },
          "sensitive_attributes": [],
          "identity_schema_version": 0,
          "private": "bnVsbA=="
        },
        {
          "index_key": "immichalpine",
          "schema_version": 0,
          "attributes": {
            "content_type": "snippets",
            "datastore_id": "snippets",
            "file_mode": null,
            "file_modification_date": null,
            "file_name": "immichalpine-ci-network.yml",
            "file_size": null,
            "file_tag": null,
            "id": "snippets:snippets/immichalpine-ci-network.yml",
            "node_name": "pve",
            "overwrite": true,
            "source_file": [],
            "source_raw": [
              {
                "data": "#cloud-config\nnetwork:\n  version: 2\n  ethernets:\n    eth0:\n      addresses: [\"192.168.1.219/24\"]\n      gateway4: 192.168.1.1\n      nameservers:\n        addresses: [\"8.8.8.8\", \"8.8.4.4\"]\n      routes:\n        - to: default\n          via: 192.168.1.1\n          metric: 10\n    eth1:\n      addresses: [\"10.0.0.119/24\"]\n      gateway4: 10.0.0.1\n      nameservers:\n        addresses: [\"8.8.8.8\", \"8.8.4.4\"]\n      routes:\n        - to: default\n          via: 10.0.0.1\n          metric: 10\n",
                "file_name": "immichalpine-ci-network.yml",
                "resize": 0
              }
            ],
            "timeout_upload": 1800
          },
          "sensitive_attributes": [],
          "identity_schema_version": 0,
          "private": "bnVsbA=="
        },
        {
          "index_key": "nginxproxymanager",
          "schema_version": 0,
          "attributes": {
            "content_type": "snippets",
            "datastore_id": "snippets",
            "file_mode": null,
            "file_modification_date": null,
            "file_name": "nginxproxymanager-ci-network.yml",
            "file_size": null,
            "file_tag": null,
            "id": "snippets:snippets/nginxproxymanager-ci-network.yml",
            "node_name": "pve",
            "overwrite": true,
            "source_file": [],
            "source_raw": [
              {
                "data": "#cloud-config\nnetwork:\n  version: 2\n  ethernets:\n    eth0:\n      addresses: [\"192.168.1.114/24\"]\n      gateway4: 192.168.1.1\n      nameservers:\n        addresses: [\"8.8.8.8\", \"8.8.4.4\"]\n      routes:\n        - to: default\n          via: 192.168.1.1\n          metric: 10\n    eth1:\n      addresses: [\"10.0.0.100/24\"]\n      gateway4: 10.0.0.1\n      nameservers:\n        addresses: [\"8.8.8.8\", \"8.8.4.4\"]\n      routes:\n        - to: default\n          via: 10.0.0.1\n          metric: 10\n",
                "file_name": "nginxproxymanager-ci-network.yml",
                "resize": 0
              }
            ],
            "timeout_upload": 1800
          },
          "sensitive_attributes": [],
          "identity_schema_version": 0,
          "private": "bnVsbA=="
        },
        {
          "index_key": "runner_ubuntu",
          "schema_version": 0,
          "attributes": {
            "content_type": "snippets",
            "datastore_id": "snippets",
            "file_mode": null,
            "file_modification_date": null,
            "file_name": "runner-ubuntu-ci-network.yml",
            "file_size": null,
            "file_tag": null,
            "id": "snippets:snippets/runner-ubuntu-ci-network.yml",
            "node_name": "pve",
            "overwrite": true,
            "source_file": [],
            "source_raw": [
              {
                "data": "#cloud-config\nnetwork:\n  version: 2\n  ethernets:\n    ens18:\n      addresses: [\"10.0.0.22/24\"]\n      gateway4: 10.0.0.1\n      nameservers:\n        addresses: [\"8.8.8.8\", \"8.8.4.4\"]\n      routes:\n        - to: default\n          via: 10.0.0.1\n          metric: 10\n",
                "file_name": "runner-ubuntu-ci-network.yml",
                "resize": 0
              }
            ],
            "timeout_upload": 1800
          },
          "sensitive_attributes": [],
          "identity_schema_version": 0,
          "private": "bnVsbA=="
        },
        {
          "index_key": "testmachinealpine_1",
          "schema_version": 0,
          "attributes": {
            "content_type": "snippets",
            "datastore_id": "snippets",
            "file_mode": null,
            "file_modification_date": null,
            "file_name": "testmachinealpine-1-ci-network.yml",
            "file_size": null,
            "file_tag": null,
            "id": "snippets:snippets/testmachinealpine-1-ci-network.yml",
            "node_name": "pve",
            "overwrite": true,
            "source_file": [],
            "source_raw": [
              {
                "data": "#cloud-config\nnetwork:\n  version: 2\n  ethernets:\n    eth0:\n      addresses: [\"192.168.1.197/24\"]\n      gateway4: 192.168.1.1\n      nameservers:\n        addresses: [\"8.8.8.8\", \"8.8.4.4\"]\n      routes:\n        - to: default\n          via: 192.168.1.1\n          metric: 10\n    eth1:\n      dhcp4: yes\n      nameservers:\n        addresses: [\"8.8.8.8\", \"8.8.4.4\"]\n      routes:\n        - to: default\n          via: 10.0.0.1\n          metric: 10\n",
                "file_name": "testmachinealpine-1-ci-network.yml",
                "resize": 0
              }
            ],
            "timeout_upload": 1800
          },
          "sensitive_attributes": [],
          "identity_schema_version": 0,
          "private": "bnVsbA=="
        },
        {
          "index_key": "testmachinealpine_2",
          "schema_version": 0,
          "attributes": {
            "content_type": "snippets",
            "datastore_id": "snippets",
            "file_mode": null,
            "file_modification_date": null,
            "file_name": "testmachinealpine-2-ci-network.yml",
            "file_size": null,
            "file_tag": null,
            "id": "snippets:snippets/testmachinealpine-2-ci-network.yml",
            "node_name": "pve",
            "overwrite": true,
            "source_file": [],
            "source_raw": [
              {
                "data": "#cloud-config\nnetwork:\n  version: 2\n  ethernets:\n    eth0:\n      addresses: [\"192.168.1.198/24\"]\n      gateway4: 192.168.1.1\n      nameservers:\n        addresses: [\"8.8.8.8\", \"8.8.4.4\"]\n      routes:\n        - to: default\n          via: 192.168.1.1\n          metric: 10\n    eth1:\n      dhcp4: yes\n      nameservers:\n        addresses: [\"8.8.8.8\", \"8.8.4.4\"]\n      routes:\n        - to: default\n          via: 10.0.0.1\n          metric: 10\n",
                "file_name": "testmachinealpine-2-ci-network.yml",
                "resize": 0
              }
            ],
            "timeout_upload": 1800
          },
          "sensitive_attributes": [],
          "identity_schema_version": 0,
          "private": "bnVsbA=="
        },
        {
          "index_key": "testmachinealpine_3",
          "schema_version": 0,
          "attributes": {
            "content_type": "snippets",
            "datastore_id": "snippets",
            "file_mode": null,
            "file_modification_date": null,
            "file_name": "testmachinealpine-3-ci-network.yml",
            "file_size": null,
            "file_tag": null,
            "id": "snippets:snippets/testmachinealpine-3-ci-network.yml",
            "node_name": "pve",
            "overwrite": true,
            "source_file": [],
            "source_raw": [
              {
                "data": "#cloud-config\nnetwork:\n  version: 2\n  ethernets:\n    eth0:\n      addresses: [\"192.168.1.199/24\"]\n      gateway4: 192.168.1.1\n      nameservers:\n        addresses: [\"8.8.8.8\", \"8.8.4.4\"]\n      routes:\n        - to: default\n          via: 192.168.1.1\n          metric: 10\n    eth1:\n      dhcp4: yes\n      nameservers:\n        addresses: [\"8.8.8.8\", \"8.8.4.4\"]\n      routes:\n        - to: default\n          via: 10.0.0.1\n          metric: 10\n",
                "file_name": "testmachinealpine-3-ci-network.yml",
                "resize": 0
              }
            ],
            "timeout_upload": 1800
          },
          "sensitive_attributes": [],
          "identity_schema_version": 0,
          "private": "bnVsbA=="
        },
        {
          "index_key": "testmachinealpine_4",
          "schema_version": 0,
          "attributes": {
            "content_type": "snippets",
            "datastore_id": "snippets",
            "file_mode": null,
            "file_modification_date": null,
            "file_name": "testmachinealpine-4-ci-network.yml",
            "file_size": null,
            "file_tag": null,
            "id": "snippets:snippets/testmachinealpine-4-ci-network.yml",
            "node_name": "pve",
            "overwrite": true,
            "source_file": [],
            "source_raw": [
              {
                "data": "#cloud-config\nnetwork:\n  version: 2\n  ethernets:\n    eth0:\n      addresses: [\"192.168.1.200/24\"]\n      gateway4: 192.168.1.1\n      nameservers:\n        addresses: [\"8.8.8.8\", \"8.8.4.4\"]\n      routes:\n        - to: default\n          via: 192.168.1.1\n          metric: 10\n    eth1:\n      dhcp4: yes\n      nameservers:\n        addresses: [\"8.8.8.8\", \"8.8.4.4\"]\n      routes:\n        - to: default\n          via: 10.0.0.1\n          metric: 10\n",
                "file_name": "testmachinealpine-4-ci-network.yml",
                "resize": 0
              }
            ],
            "timeout_upload": 1800
          },
          "sensitive_attributes": [],
          "identity_schema_version": 0,
          "private": "bnVsbA=="
        },
        {
          "index_key": "testmachinealpine_5",
          "schema_version": 0,
          "attributes": {
            "content_type": "snippets",
            "datastore_id": "snippets",
            "file_mode": null,
            "file_modification_date": null,
            "file_name": "testmachinealpine-5-ci-network.yml",
            "file_size": null,
            "file_tag": null,
            "id": "snippets:snippets/testmachinealpine-5-ci-network.yml",
            "node_name": "pve",
            "overwrite": true,
            "source_file": [],
            "source_raw": [
              {
                "data": "#cloud-config\nnetwork:\n  version: 2\n  ethernets:\n    eth0:\n      addresses: [\"192.168.1.201/24\"]\n      gateway4: 192.168.1.1\n      nameservers:\n        addresses: [\"8.8.8.8\", \"8.8.4.4\"]\n      routes:\n        - to: default\n          via: 192.168.1.1\n          metric: 10\n    eth1:\n      dhcp4: yes\n      nameservers:\n        addresses: [\"8.8.8.8\", \"8.8.4.4\"]\n      routes:\n        - to: default\n          via: 10.0.0.1\n          metric: 10\n",
                "file_name": "testmachinealpine-5-ci-network.yml",
                "resize": 0
              }
            ],
            "timeout_upload": 1800
          },
          "sensitive_attributes": [],
          "identity_schema_version": 0,
          "private": "bnVsbA=="
        },
        {
          "index_key": "testmachinealpine_6",
          "schema_version": 0,
          "attributes": {
            "content_type": "snippets",
            "datastore_id": "snippets",
            "file_mode": null,
            "file_modification_date": null,
            "file_name": "testmachinealpine-6-ci-network.yml",
            "file_size": null,
            "file_tag": null,
            "id": "snippets:snippets/testmachinealpine-6-ci-network.yml",
            "node_name": "pve",
            "overwrite": true,
            "source_file": [],
            "source_raw": [
              {
                "data": "#cloud-config\nnetwork:\n  version: 2\n  ethernets:\n    eth0:\n      addresses: [\"192.168.1.202/24\"]\n      gateway4: 192.168.1.1\n      nameservers:\n        addresses: [\"8.8.8.8\", \"8.8.4.4\"]\n      routes:\n        - to: default\n          via: 192.168.1.1\n          metric: 10\n    eth1:\n      dhcp4: yes\n      nameservers:\n        addresses: [\"8.8.8.8\", \"8.8.4.4\"]\n      routes:\n        - to: default\n          via: 10.0.0.1\n          metric: 10\n",
                "file_name": "testmachinealpine-6-ci-network.yml",
                "resize": 0
              }
            ],
            "timeout_upload": 1800
          },
          "sensitive_attributes": [],
          "identity_schema_version": 0,
          "private": "bnVsbA=="
        },
        {
          "index_key": "testmachinealpine_7",
          "schema_version": 0,
          "attributes": {
            "content_type": "snippets",
            "datastore_id": "snippets",
            "file_mode": null,
            "file_modification_date": null,
            "file_name": "testmachinealpine-7-ci-network.yml",
            "file_size": null,
            "file_tag": null,
            "id": "snippets:snippets/testmachinealpine-7-ci-network.yml",
            "node_name": "pve",
            "overwrite": true,
            "source_file": [],
            "source_raw": [
              {
                "data": "#cloud-config\nnetwork:\n  version: 2\n  ethernets:\n    eth0:\n      addresses: [\"192.168.1.203/24\"]\n      gateway4: 192.168.1.1\n      nameservers:\n        addresses: [\"8.8.8.8\", \"8.8.4.4\"]\n      routes:\n        - to: default\n          via: 192.168.1.1\n          metric: 10\n    eth1:\n      dhcp4: yes\n      nameservers:\n        addresses: [\"8.8.8.8\", \"8.8.4.4\"]\n      routes:\n        - to: default\n          via: 10.0.0.1\n          metric: 10\n",
                "file_name": "testmachinealpine-7-ci-network.yml",
                "resize": 0
              }
            ],
            "timeout_upload": 1800
          },
          "sensitive_attributes": [],
          "identity_schema_version": 0,
          "private": "bnVsbA=="
        },
        {
          "index_key": "testmachinealpine_8",
          "schema_version": 0,
          "attributes": {
            "content_type": "snippets",
            "datastore_id": "snippets",
            "file_mode": null,
            "file_modification_date": null,
            "file_name": "testmachinealpine-8-ci-network.yml",
            "file_size": null,
            "file_tag": null,
            "id": "snippets:snippets/testmachinealpine-8-ci-network.yml",
            "node_name": "pve",
            "overwrite": true,
            "source_file": [],
            "source_raw": [
              {
                "data": "#cloud-config\nnetwork:\n  version: 2\n  ethernets:\n    eth0:\n      addresses: [\"192.168.1.204/24\"]\n      gateway4: 192.168.1.1\n      nameservers:\n        addresses: [\"8.8.8.8\", \"8.8.4.4\"]\n      routes:\n        - to: default\n          via: 192.168.1.1\n          metric: 10\n    eth1:\n      dhcp4: yes\n      nameservers:\n        addresses: [\"8.8.8.8\", \"8.8.4.4\"]\n      routes:\n        - to: default\n          via: 10.0.0.1\n          metric: 10\n",
                "file_name": "testmachinealpine-8-ci-network.yml",
                "resize": 0
              }
            ],
            "timeout_upload": 1800
          },
          "sensitive_attributes": [],
          "identity_schema_version": 0,
          "private": "bnVsbA=="
        }
      ]
    },
    {
      "mode": "managed",
      "type": "proxmox_virtual_environment_file",
      "name": "cloud_user_config",
      "provider": "provider[\"registry.terraform.io/bpg/proxmox\"]",
      "instances": [
        {
          "index_key": "docker_registry",
          "schema_version": 0,
          "attributes": {
            "content_type": "snippets",
            "datastore_id": "snippets",
            "file_mode": null,
            "file_modification_date": null,
            "file_name": "registry-ci-user.yml",
            "file_size": null,
            "file_tag": null,
            "id": "snippets:snippets/registry-ci-user.yml",
            "node_name": "pve",
            "overwrite": true,
            "source_file": [],
            "source_raw": [
              {
                "data": "#cloud-config\npackage_upgrade: false\nusers:\n  - name: user\n    groups: [adm, sudo]\n    lock-passwd: false\n    sudo: ALL=(ALL) NOPASSWD:ALL\n    shell: /bin/bash\n    passwd: $6$tGz.h5alKsD5IOP2$yfQ1RTnXjdLnmCQxFG70Jf3d24YAb8Bsb/qZ/iW0aokkahPQ8qlRhgC2ZpVYkcK.CQh579k3IF3f2LTDAMsKH/\n    ssh_authorized_keys: \n      - ssh-ed25519 AAAAC3NzaC1lZDI1NTE5AAAAIP1oFq0GYt8j7vg2nNAJNzwBtqrdOUDp8CMQwLRiz4Vz user@ull\n\n\nssh_pwauth: True ## This line enables ssh password authentication\n\n\nwrite_files:\n  - path: /home/user/docker-compose.yaml\n    permissions: 0700\n    content: |\n      services:\n        registry:\n          image: registry:latest\n          environment:\n            REGISTRY_AUTH: htpasswd # TODO: make it work with password + cache\n            REGISTRY_AUTH_HTPASSWD_REALM: Registry Realm\n            REGISTRY_AUTH_HTPASSWD_PATH: /auth/registry.password\n            REGISTRY_STORAGE_FILESYSTEM_ROOTDIRECTORY: /data\n          volumes:\n            # Mount the password file\n            - /home/user/registry/registry.password:/auth/registry.password\n            # Mount the data directory\n            - /home/user/registry/data:/data\n          ports:\n            - 0.0.0.0:5000:5000\n          restart: unless-stopped\n      \n        registry-proxy-cache:\n          image: registry:latest\n          environment:\n            REGISTRY_STORAGE_FILESYSTEM_ROOTDIRECTORY: /data\n            REGISTRY_PROXY_REMOTEURL: https://registry-1.docker.io\n          volumes:\n            # Mount the data directory\n            - /home/user/registry-proxy-cache/data:/data\n          ports:\n            - 0.0.0.0:5001:5000\n          restart: unless-stopped          \n      \n  - path: /home/user/registry/registry.password\n    permissions: 0700\n    content: |\n      victor:$2y$05$B1NBFhshYeRpHfcBohYFduBAlutF.RlybVZyK0ePLprfgbPyvzUci\n      \n\n\n\n# commands from here are run as root\nruncmd:\n  - echo \"Ready\"\n  - usermod -aG docker user\n  - mkdir -p /home/user/registry/data\n  - mkdir -p /home/user/registry-proxy-cache/data\n  - chown -R user:user /home/user/{registry, registry-proxy-cache}\n  - chown user:user /home/user/docker-compose.yaml\n  - su -l user -c \"cd /home/user \u0026\u0026 docker compose up -d\"\n\n",
                "file_name": "registry-ci-user.yml",
                "resize": 0
              }
            ],
            "timeout_upload": 1800
          },
          "sensitive_attributes": [],
          "identity_schema_version": 0,
          "private": "bnVsbA=="
        },
        {
          "index_key": "downloader",
          "schema_version": 0,
          "attributes": {
            "content_type": "snippets",
            "datastore_id": "snippets",
            "file_mode": null,
            "file_modification_date": null,
            "file_name": "downloader-ci-user.yml",
            "file_size": null,
            "file_tag": null,
            "id": "snippets:snippets/downloader-ci-user.yml",
            "node_name": "pve",
            "overwrite": true,
            "source_file": [],
            "source_raw": [
              {
                "data": "#cloud-config\npackage_upgrade: false\nusers:\n  - name: user\n    groups: [adm, sudo]\n    lock-passwd: false\n    sudo: ALL=(ALL) NOPASSWD:ALL\n    shell: /bin/bash\n    passwd: $6$tGz.h5alKsD5IOP2$yfQ1RTnXjdLnmCQxFG70Jf3d24YAb8Bsb/qZ/iW0aokkahPQ8qlRhgC2ZpVYkcK.CQh579k3IF3f2LTDAMsKH/\n    ssh_authorized_keys: \n      - ssh-ed25519 AAAAC3NzaC1lZDI1NTE5AAAAIP1oFq0GYt8j7vg2nNAJNzwBtqrdOUDp8CMQwLRiz4Vz user@ull\n\n\nssh_pwauth: True ## This line enables ssh password authentication\n\n\nwrite_files:\n  - path: /etc/docker/daemon.json\n    permissions: 0600\n    content: |\n      {\n        \"insecure-registries\": [\n          \"10.0.0.250:5000\"\n        ],\n        \"registry-mirrors\": [\"http://10.0.0.250:5001\"]\n      }\n      \n  - path: /home/user/links.txt\n    permissions: 0755\n    content: |\n      https://mamot.fr/@YggTorrent\n      http://localhost:9091/transmission/web/\n      https://www.myip.com/\n      \n\n\n\n# commands from here are run as root\nruncmd:\n  - echo \"Ready\"\n  - usermod -aG docker user\n  - mkdir -p /etc/docker\n  - mkdir /home/user/downloader\n  - cd /home/user/downloader; wget http://192.168.1.31:8080/files/downloader/docker-compose.yaml\n  - /home/user/downloader; wget http://192.168.1.31:8080/files/downloader/.env\n  - mkdir -p /home/user/containers/downloader/transmission/downloads\n  - mkdir -p /home/user/.secret/vpn/wg_confs\n  - mkdir -p /home/user/containers/downloader/firefox/Downloads/new\n  - mkdir -p /home/user/containers/downloader/desktop/home/user/Downloads\n  - mkdir -p /home/user/containers/downloader/desktop/home/user/.mozilla\n  - mkdir -p /home/user/containers/downloader/transmission/downloads/complete\n  - chown -R user:user /home/user/downloader\n  - chown -R user:user /home/user/containers\n  - chown -R user:user /home/user/.secret\n  - service docker restart\n\n",
                "file_name": "downloader-ci-user.yml",
                "resize": 0
              }
            ],
            "timeout_upload": 1800
          },
          "sensitive_attributes": [],
          "identity_schema_version": 0,
          "private": "bnVsbA=="
        },
        {
          "index_key": "immichalpine",
          "schema_version": 0,
          "attributes": {
            "content_type": "snippets",
            "datastore_id": "snippets",
            "file_mode": null,
            "file_modification_date": null,
            "file_name": "immichalpine-ci-user.yml",
            "file_size": null,
            "file_tag": null,
            "id": "snippets:snippets/immichalpine-ci-user.yml",
            "node_name": "pve",
            "overwrite": true,
            "source_file": [],
            "source_raw": [
              {
                "data": "#cloud-config\npackage_upgrade: false\nusers:\n  - name: user\n    groups: [adm, sudo]\n    lock-passwd: false\n    sudo: ALL=(ALL) NOPASSWD:ALL\n    shell: /bin/bash\n    passwd: $6$tGz.h5alKsD5IOP2$yfQ1RTnXjdLnmCQxFG70Jf3d24YAb8Bsb/qZ/iW0aokkahPQ8qlRhgC2ZpVYkcK.CQh579k3IF3f2LTDAMsKH/\n    ssh_authorized_keys: \n      - ssh-ed25519 AAAAC3NzaC1lZDI1NTE5AAAAIP1oFq0GYt8j7vg2nNAJNzwBtqrdOUDp8CMQwLRiz4Vz user@ull\n\n\nssh_pwauth: True ## This line enables ssh password authentication\n\n\n\n# commands from here are run as root\nruncmd:\n  - echo \"Ready\"\n  - wget http://192.168.1.29:8080/files/immich/init.sh \u0026\u0026 chmod +x $PWD/init.sh\n  - wget http://192.168.1.29:8080/files/immich/immich.tgz\n  - tar xzf $PWD/immich.tgz \u0026\u0026 rm $PWD/immich.tgz\n  - cp $PWD/immich/env $PWD/immich/restoredb.sh /tmp\n  - bash $PWD/immich/install-immich.sh\n  - $PWD/init.sh\n\n",
                "file_name": "immichalpine-ci-user.yml",
                "resize": 0
              }
            ],
            "timeout_upload": 1800
          },
          "sensitive_attributes": [],
          "identity_schema_version": 0,
          "private": "bnVsbA=="
        },
        {
          "index_key": "nginxproxymanager",
          "schema_version": 0,
          "attributes": {
            "content_type": "snippets",
            "datastore_id": "snippets",
            "file_mode": null,
            "file_modification_date": null,
            "file_name": "nginxproxymanager-ci-user.yml",
            "file_size": null,
            "file_tag": null,
            "id": "snippets:snippets/nginxproxymanager-ci-user.yml",
            "node_name": "pve",
            "overwrite": true,
            "source_file": [],
            "source_raw": [
              {
                "data": "#cloud-config\npackage_upgrade: false\nusers:\n  - name: user\n    groups: [adm, sudo]\n    lock-passwd: false\n    sudo: ALL=(ALL) NOPASSWD:ALL\n    shell: /bin/bash\n    passwd: $6$tGz.h5alKsD5IOP2$yfQ1RTnXjdLnmCQxFG70Jf3d24YAb8Bsb/qZ/iW0aokkahPQ8qlRhgC2ZpVYkcK.CQh579k3IF3f2LTDAMsKH/\n    ssh_authorized_keys: \n      - ssh-ed25519 AAAAC3NzaC1lZDI1NTE5AAAAIP1oFq0GYt8j7vg2nNAJNzwBtqrdOUDp8CMQwLRiz4Vz user@ull\n\n\nssh_pwauth: True ## This line enables ssh password authentication\n\n\n\n# commands from here are run as root\nruncmd:\n  - echo \"Ready\"\n  - usermod -aG docker user\n  - su - user -c \"mkdir /home/user/nginx\"\n  - su - user -c \"cd /home/user/nginx; wget http://192.168.1.31:8080/files/nginxproxymanager/configs/docker-compose.yml\"\n  - su - user -c \"cd /home/user/nginx; wget http://192.168.1.31:8080/files/nginxproxymanager/data/data.tgz\"\n  - su - user -c \"cd /home/user/nginx; wget http://192.168.1.31:8080/files/nginxproxymanager/data/letsencrypt.tgz\"\n  - su - user -c \"cd /home/user/nginx; tar xvzf data.tgz \u0026\u0026 tar xvzf letsencrypt.tgz \u0026\u0026 rm data.tgz letsencrypt.tgz\"\n  - su - user -c \"cd /home/user/nginx; docker-compose up -d\"\n\n",
                "file_name": "nginxproxymanager-ci-user.yml",
                "resize": 0
              }
            ],
            "timeout_upload": 1800
          },
          "sensitive_attributes": [],
          "identity_schema_version": 0,
          "private": "bnVsbA=="
        },
        {
          "index_key": "runner_ubuntu",
          "schema_version": 0,
          "attributes": {
            "content_type": "snippets",
            "datastore_id": "snippets",
            "file_mode": null,
            "file_modification_date": null,
            "file_name": "runner-ubuntu-ci-user.yml",
            "file_size": null,
            "file_tag": null,
            "id": "snippets:snippets/runner-ubuntu-ci-user.yml",
            "node_name": "pve",
            "overwrite": true,
            "source_file": [],
            "source_raw": [
              {
                "data": "#cloud-config\npackage_upgrade: false\nusers:\n  - name: user\n    groups: [adm, sudo]\n    lock-passwd: false\n    sudo: ALL=(ALL) NOPASSWD:ALL\n    shell: /bin/bash\n    passwd: $6$tGz.h5alKsD5IOP2$yfQ1RTnXjdLnmCQxFG70Jf3d24YAb8Bsb/qZ/iW0aokkahPQ8qlRhgC2ZpVYkcK.CQh579k3IF3f2LTDAMsKH/\n    ssh_authorized_keys: \n      - ssh-ed25519 AAAAC3NzaC1lZDI1NTE5AAAAIP1oFq0GYt8j7vg2nNAJNzwBtqrdOUDp8CMQwLRiz4Vz user@ull\n\n\nssh_pwauth: True ## This line enables ssh password authentication\n\n\nwrite_files:\n  - path: /etc/gitlab-runner/config.toml\n    permissions: 0600\n    content: |\n      concurrent = 1\n      check_interval = 0\n      connection_max_age = \"15m0s\"\n      shutdown_timeout = 0\n      \n      [session_server]\n        session_timeout = 1800\n      \n      [[runners]]\n        name = \"ubuntu\"\n        url = \"https://gitlab.com\"\n        id = 51778388\n        token = \"glrt-4MK1NlNGc9aJvaeMY2hKwWc6MTlmaDZ3Cm86MQp0OjIKdToyZ2lzZhg.01.1j0j3omkq\"\n        token_obtained_at = 2026-02-13T10:48:57Z\n        token_expires_at = 0001-01-01T00:00:00Z\n        executor = \"docker\"\n        [runners.cache]\n          MaxUploadedArchiveSize = 0\n          [runners.cache.s3]\n          [runners.cache.gcs]\n          [runners.cache.azure]\n        [runners.docker]\n          tls_verify = false\n          image = \"alpine\"\n          privileged = false\n          disable_entrypoint_overwrite = false\n          oom_kill_disable = false\n          disable_cache = false\n          volumes = [\"/cache\"]\n          shm_size = 0\n          network_mtu = 0\n      \n      [[runners]]\n        name = \"ubuntu\"\n        url = \"https://gitlab.com\"\n        id = 51778466\n        token = \"glrt-VFMyGfu6Ah7wPaJ84NDp2mc6MTlmaDZ3Cm86MQp0OjIKdToyZ2lzZhg.01.1j1och5b2\"\n        token_obtained_at = 2026-02-13T10:57:09Z\n        token_expires_at = 0001-01-01T00:00:00Z\n        executor = \"docker\"\n        [runners.cache]\n          MaxUploadedArchiveSize = 0\n          [runners.cache.s3]\n          [runners.cache.gcs]\n          [runners.cache.azure]\n        [runners.docker]\n          tls_verify = false\n          image = \"alpine\"\n          privileged = true\n          disable_entrypoint_overwrite = false\n          oom_kill_disable = false\n          disable_cache = false\n          volumes = [\"/cache\"]\n          shm_size = 0\n          network_mtu = 0\n      \n\n\n\n# commands from here are run as root\nruncmd:\n  - echo \"Ready\"\n  - mkdir -p /etc/gitlab-runner\n  - curl -L https://packages.gitlab.com/install/repositories/runner/gitlab-runner/script.deb.sh | sudo bash\n  - apt-get install gitlab-runner -y\n  - systemctl enable --now gitlab-runner\n\n",
                "file_name": "runner-ubuntu-ci-user.yml",
                "resize": 0
              }
            ],
            "timeout_upload": 1800
          },
          "sensitive_attributes": [],
          "identity_schema_version": 0,
          "private": "bnVsbA=="
        },
        {
          "index_key": "testmachinealpine_1",
          "schema_version": 0,
          "attributes": {
            "content_type": "snippets",
            "datastore_id": "snippets",
            "file_mode": null,
            "file_modification_date": null,
            "file_name": "testmachinealpine-1-ci-user.yml",
            "file_size": null,
            "file_tag": null,
            "id": "snippets:snippets/testmachinealpine-1-ci-user.yml",
            "node_name": "pve",
            "overwrite": true,
            "source_file": [],
            "source_raw": [
              {
                "data": "#cloud-config\npackage_upgrade: false\nusers:\n  - name: user\n    groups: [adm, sudo]\n    lock-passwd: false\n    sudo: ALL=(ALL) NOPASSWD:ALL\n    shell: /bin/bash\n    passwd: $6$tGz.h5alKsD5IOP2$yfQ1RTnXjdLnmCQxFG70Jf3d24YAb8Bsb/qZ/iW0aokkahPQ8qlRhgC2ZpVYkcK.CQh579k3IF3f2LTDAMsKH/\n    ssh_authorized_keys: \n      - ssh-ed25519 AAAAC3NzaC1lZDI1NTE5AAAAIP1oFq0GYt8j7vg2nNAJNzwBtqrdOUDp8CMQwLRiz4Vz user@ull\n\n\nssh_pwauth: True ## This line enables ssh password authentication\n\n\n\n# commands from here are run as root\nruncmd:\n  - echo \"Ready\"\n  - usermod -aG docker user\n  - wget http://192.168.1.31:8080/files/immich/init.sh\n\n",
                "file_name": "testmachinealpine-1-ci-user.yml",
                "resize": 0
              }
            ],
            "timeout_upload": 1800
          },
          "sensitive_attributes": [],
          "identity_schema_version": 0,
          "private": "bnVsbA=="
        },
        {
          "index_key": "testmachinealpine_2",
          "schema_version": 0,
          "attributes": {
            "content_type": "snippets",
            "datastore_id": "snippets",
            "file_mode": null,
            "file_modification_date": null,
            "file_name": "testmachinealpine-2-ci-user.yml",
            "file_size": null,
            "file_tag": null,
            "id": "snippets:snippets/testmachinealpine-2-ci-user.yml",
            "node_name": "pve",
            "overwrite": true,
            "source_file": [],
            "source_raw": [
              {
                "data": "#cloud-config\npackage_upgrade: false\nusers:\n  - name: user\n    groups: [adm, sudo]\n    lock-passwd: false\n    sudo: ALL=(ALL) NOPASSWD:ALL\n    shell: /bin/bash\n    passwd: $6$tGz.h5alKsD5IOP2$yfQ1RTnXjdLnmCQxFG70Jf3d24YAb8Bsb/qZ/iW0aokkahPQ8qlRhgC2ZpVYkcK.CQh579k3IF3f2LTDAMsKH/\n    ssh_authorized_keys: \n      - ssh-ed25519 AAAAC3NzaC1lZDI1NTE5AAAAIP1oFq0GYt8j7vg2nNAJNzwBtqrdOUDp8CMQwLRiz4Vz user@ull\n\n\nssh_pwauth: True ## This line enables ssh password authentication\n\n\n\n# commands from here are run as root\nruncmd:\n  - echo \"Ready\"\n  - usermod -aG docker user\n  - wget http://192.168.1.31:8080/files/immich/init.sh\n\n",
                "file_name": "testmachinealpine-2-ci-user.yml",
                "resize": 0
              }
            ],
            "timeout_upload": 1800
          },
          "sensitive_attributes": [],
          "identity_schema_version": 0,
          "private": "bnVsbA=="
        },
        {
          "index_key": "testmachinealpine_3",
          "schema_version": 0,
          "attributes": {
            "content_type": "snippets",
            "datastore_id": "snippets",
            "file_mode": null,
            "file_modification_date": null,
            "file_name": "testmachinealpine-3-ci-user.yml",
            "file_size": null,
            "file_tag": null,
            "id": "snippets:snippets/testmachinealpine-3-ci-user.yml",
            "node_name": "pve",
            "overwrite": true,
            "source_file": [],
            "source_raw": [
              {
                "data": "#cloud-config\npackage_upgrade: false\nusers:\n  - name: user\n    groups: [adm, sudo]\n    lock-passwd: false\n    sudo: ALL=(ALL) NOPASSWD:ALL\n    shell: /bin/bash\n    passwd: $6$tGz.h5alKsD5IOP2$yfQ1RTnXjdLnmCQxFG70Jf3d24YAb8Bsb/qZ/iW0aokkahPQ8qlRhgC2ZpVYkcK.CQh579k3IF3f2LTDAMsKH/\n    ssh_authorized_keys: \n      - ssh-ed25519 AAAAC3NzaC1lZDI1NTE5AAAAIP1oFq0GYt8j7vg2nNAJNzwBtqrdOUDp8CMQwLRiz4Vz user@ull\n\n\nssh_pwauth: True ## This line enables ssh password authentication\n\n\n\n# commands from here are run as root\nruncmd:\n  - echo \"Ready\"\n  - usermod -aG docker user\n  - wget http://192.168.1.31:8080/files/immich/init.sh\n\n",
                "file_name": "testmachinealpine-3-ci-user.yml",
                "resize": 0
              }
            ],
            "timeout_upload": 1800
          },
          "sensitive_attributes": [],
          "identity_schema_version": 0,
          "private": "bnVsbA=="
        },
        {
          "index_key": "testmachinealpine_4",
          "schema_version": 0,
          "attributes": {
            "content_type": "snippets",
            "datastore_id": "snippets",
            "file_mode": null,
            "file_modification_date": null,
            "file_name": "testmachinealpine-4-ci-user.yml",
            "file_size": null,
            "file_tag": null,
            "id": "snippets:snippets/testmachinealpine-4-ci-user.yml",
            "node_name": "pve",
            "overwrite": true,
            "source_file": [],
            "source_raw": [
              {
                "data": "#cloud-config\npackage_upgrade: false\nusers:\n  - name: user\n    groups: [adm, sudo]\n    lock-passwd: false\n    sudo: ALL=(ALL) NOPASSWD:ALL\n    shell: /bin/bash\n    passwd: $6$tGz.h5alKsD5IOP2$yfQ1RTnXjdLnmCQxFG70Jf3d24YAb8Bsb/qZ/iW0aokkahPQ8qlRhgC2ZpVYkcK.CQh579k3IF3f2LTDAMsKH/\n    ssh_authorized_keys: \n      - ssh-ed25519 AAAAC3NzaC1lZDI1NTE5AAAAIP1oFq0GYt8j7vg2nNAJNzwBtqrdOUDp8CMQwLRiz4Vz user@ull\n\n\nssh_pwauth: True ## This line enables ssh password authentication\n\n\n\n# commands from here are run as root\nruncmd:\n  - echo \"Ready\"\n  - usermod -aG docker user\n  - wget http://192.168.1.31:8080/files/immich/init.sh\n\n",
                "file_name": "testmachinealpine-4-ci-user.yml",
                "resize": 0
              }
            ],
            "timeout_upload": 1800
          },
          "sensitive_attributes": [],
          "identity_schema_version": 0,
          "private": "bnVsbA=="
        },
        {
          "index_key": "testmachinealpine_5",
          "schema_version": 0,
          "attributes": {
            "content_type": "snippets",
            "datastore_id": "snippets",
            "file_mode": null,
            "file_modification_date": null,
            "file_name": "testmachinealpine-5-ci-user.yml",
            "file_size": null,
            "file_tag": null,
            "id": "snippets:snippets/testmachinealpine-5-ci-user.yml",
            "node_name": "pve",
            "overwrite": true,
            "source_file": [],
            "source_raw": [
              {
                "data": "#cloud-config\npackage_upgrade: false\nusers:\n  - name: user\n    groups: [adm, sudo]\n    lock-passwd: false\n    sudo: ALL=(ALL) NOPASSWD:ALL\n    shell: /bin/bash\n    passwd: $6$tGz.h5alKsD5IOP2$yfQ1RTnXjdLnmCQxFG70Jf3d24YAb8Bsb/qZ/iW0aokkahPQ8qlRhgC2ZpVYkcK.CQh579k3IF3f2LTDAMsKH/\n    ssh_authorized_keys: \n      - ssh-ed25519 AAAAC3NzaC1lZDI1NTE5AAAAIP1oFq0GYt8j7vg2nNAJNzwBtqrdOUDp8CMQwLRiz4Vz user@ull\n\n\nssh_pwauth: True ## This line enables ssh password authentication\n\n\n\n# commands from here are run as root\nruncmd:\n  - echo \"Ready\"\n  - usermod -aG docker user\n  - wget http://192.168.1.31:8080/files/immich/init.sh\n\n",
                "file_name": "testmachinealpine-5-ci-user.yml",
                "resize": 0
              }
            ],
            "timeout_upload": 1800
          },
          "sensitive_attributes": [],
          "identity_schema_version": 0,
          "private": "bnVsbA=="
        },
        {
          "index_key": "testmachinealpine_6",
          "schema_version": 0,
          "attributes": {
            "content_type": "snippets",
            "datastore_id": "snippets",
            "file_mode": null,
            "file_modification_date": null,
            "file_name": "testmachinealpine-6-ci-user.yml",
            "file_size": null,
            "file_tag": null,
            "id": "snippets:snippets/testmachinealpine-6-ci-user.yml",
            "node_name": "pve",
            "overwrite": true,
            "source_file": [],
            "source_raw": [
              {
                "data": "#cloud-config\npackage_upgrade: false\nusers:\n  - name: user\n    groups: [adm, sudo]\n    lock-passwd: false\n    sudo: ALL=(ALL) NOPASSWD:ALL\n    shell: /bin/bash\n    passwd: $6$tGz.h5alKsD5IOP2$yfQ1RTnXjdLnmCQxFG70Jf3d24YAb8Bsb/qZ/iW0aokkahPQ8qlRhgC2ZpVYkcK.CQh579k3IF3f2LTDAMsKH/\n    ssh_authorized_keys: \n      - ssh-ed25519 AAAAC3NzaC1lZDI1NTE5AAAAIP1oFq0GYt8j7vg2nNAJNzwBtqrdOUDp8CMQwLRiz4Vz user@ull\n\n\nssh_pwauth: True ## This line enables ssh password authentication\n\n\n\n# commands from here are run as root\nruncmd:\n  - echo \"Ready\"\n  - usermod -aG docker user\n  - wget http://192.168.1.31:8080/files/immich/init.sh\n\n",
                "file_name": "testmachinealpine-6-ci-user.yml",
                "resize": 0
              }
            ],
            "timeout_upload": 1800
          },
          "sensitive_attributes": [],
          "identity_schema_version": 0,
          "private": "bnVsbA=="
        },
        {
          "index_key": "testmachinealpine_7",
          "schema_version": 0,
          "attributes": {
            "content_type": "snippets",
            "datastore_id": "snippets",
            "file_mode": null,
            "file_modification_date": null,
            "file_name": "testmachinealpine-7-ci-user.yml",
            "file_size": null,
            "file_tag": null,
            "id": "snippets:snippets/testmachinealpine-7-ci-user.yml",
            "node_name": "pve",
            "overwrite": true,
            "source_file": [],
            "source_raw": [
              {
                "data": "#cloud-config\npackage_upgrade: false\nusers:\n  - name: user\n    groups: [adm, sudo]\n    lock-passwd: false\n    sudo: ALL=(ALL) NOPASSWD:ALL\n    shell: /bin/bash\n    passwd: $6$tGz.h5alKsD5IOP2$yfQ1RTnXjdLnmCQxFG70Jf3d24YAb8Bsb/qZ/iW0aokkahPQ8qlRhgC2ZpVYkcK.CQh579k3IF3f2LTDAMsKH/\n    ssh_authorized_keys: \n      - ssh-ed25519 AAAAC3NzaC1lZDI1NTE5AAAAIP1oFq0GYt8j7vg2nNAJNzwBtqrdOUDp8CMQwLRiz4Vz user@ull\n\n\nssh_pwauth: True ## This line enables ssh password authentication\n\n\n\n# commands from here are run as root\nruncmd:\n  - echo \"Ready\"\n  - usermod -aG docker user\n  - wget http://192.168.1.31:8080/files/immich/init.sh\n\n",
                "file_name": "testmachinealpine-7-ci-user.yml",
                "resize": 0
              }
            ],
            "timeout_upload": 1800
          },
          "sensitive_attributes": [],
          "identity_schema_version": 0,
          "private": "bnVsbA=="
        },
        {
          "index_key": "testmachinealpine_8",
          "schema_version": 0,
          "attributes": {
            "content_type": "snippets",
            "datastore_id": "snippets",
            "file_mode": null,
            "file_modification_date": null,
            "file_name": "testmachinealpine-8-ci-user.yml",
            "file_size": null,
            "file_tag": null,
            "id": "snippets:snippets/testmachinealpine-8-ci-user.yml",
            "node_name": "pve",
            "overwrite": true,
            "source_file": [],
            "source_raw": [
              {
                "data": "#cloud-config\npackage_upgrade: false\nusers:\n  - name: user\n    groups: [adm, sudo]\n    lock-passwd: false\n    sudo: ALL=(ALL) NOPASSWD:ALL\n    shell: /bin/bash\n    passwd: $6$tGz.h5alKsD5IOP2$yfQ1RTnXjdLnmCQxFG70Jf3d24YAb8Bsb/qZ/iW0aokkahPQ8qlRhgC2ZpVYkcK.CQh579k3IF3f2LTDAMsKH/\n    ssh_authorized_keys: \n      - ssh-ed25519 AAAAC3NzaC1lZDI1NTE5AAAAIP1oFq0GYt8j7vg2nNAJNzwBtqrdOUDp8CMQwLRiz4Vz user@ull\n\n\nssh_pwauth: True ## This line enables ssh password authentication\n\n\n\n# commands from here are run as root\nruncmd:\n  - echo \"Ready\"\n  - usermod -aG docker user\n  - wget http://192.168.1.31:8080/files/immich/init.sh\n\n",
                "file_name": "testmachinealpine-8-ci-user.yml",
                "resize": 0
              }
            ],
            "timeout_upload": 1800
          },
          "sensitive_attributes": [],
          "identity_schema_version": 0,
          "private": "bnVsbA=="
        }
      ]
    },
    {
      "mode": "managed",
      "type": "proxmox_virtual_environment_firewall_options",
      "name": "vm_firewall",
      "provider": "provider[\"registry.terraform.io/bpg/proxmox\"]",
      "instances": [
        {
          "index_key": "runner_nixos_1",
          "schema_version": 0,
          "attributes": {
            "container_id": null,
            "dhcp": true,
            "enabled": true,
            "id": "options-3630469916",
            "input_policy": "DROP",
            "ipfilter": false,
            "log_level_in": "nolog",
            "log_level_out": "nolog",
            "macfilter": true,
            "ndp": true,
            "node_name": "pve",
            "output_policy": "DROP",
            "radv": true,
            "vm_id": 320
          },
          "sensitive_attributes": [],
          "identity_schema_version": 0,
          "private": "bnVsbA==",
          "dependencies": [
            "proxmox_virtual_environment_file.cloud_meta_config",
            "proxmox_virtual_environment_file.cloud_network_config",
            "proxmox_virtual_environment_file.cloud_user_config",
            "proxmox_virtual_environment_vm.vm"
          ]
        },
        {
          "index_key": "runner_ubuntu",
          "schema_version": 0,
          "attributes": {
            "container_id": null,
            "dhcp": true,
            "enabled": true,
            "id": "options-2066879925",
            "input_policy": "DROP",
            "ipfilter": false,
            "log_level_in": "nolog",
            "log_level_out": "nolog",
            "macfilter": true,
            "ndp": true,
            "node_name": "pve",
            "output_policy": "DROP",
            "radv": true,
            "vm_id": 310
          },
          "sensitive_attributes": [],
          "identity_schema_version": 0,
          "private": "bnVsbA==",
          "dependencies": [
            "proxmox_virtual_environment_file.cloud_meta_config",
            "proxmox_virtual_environment_file.cloud_network_config",
            "proxmox_virtual_environment_file.cloud_user_config",
            "proxmox_virtual_environment_vm.vm"
          ]
        }
      ]
    },
    {
      "mode": "managed",
      "type": "proxmox_virtual_environment_firewall_rules",
      "name": "inbound",
      "provider": "provider[\"registry.terraform.io/bpg/proxmox\"]",
      "instances": [
        {
          "index_key": "runner_nixos_1",
          "schema_version": 0,
          "attributes": {
            "container_id": null,
            "id": "rule-3737650456",
            "node_name": "pve",
            "rule": [
              {
                "action": "ACCEPT",
                "comment": "Allow HTTP",
                "dest": "",
                "dport": "",
                "enabled": true,
                "iface": "",
                "log": "info",
                "macro": "",
                "pos": 0,
                "proto": "",
                "security_group": "",
                "source": "",
                "sport": "",
                "type": "in"
              },
              {
                "action": "ACCEPT",
                "comment": "Allow HTTP",
                "dest": "",
                "dport": "",
                "enabled": true,
                "iface": "",
                "log": "info",
                "macro": "",
                "pos": 1,
                "proto": "",
                "security_group": "",
                "source": "",
                "sport": "",
                "type": "out"
              }
            ],
            "vm_id": 320
          },
          "sensitive_attributes": [],
          "identity_schema_version": 0,
          "private": "bnVsbA==",
          "dependencies": [
            "proxmox_virtual_environment_file.cloud_meta_config",
            "proxmox_virtual_environment_file.cloud_network_config",
            "proxmox_virtual_environment_file.cloud_user_config",
            "proxmox_virtual_environment_vm.vm"
          ]
        },
        {
          "index_key": "runner_ubuntu",
          "schema_version": 0,
          "attributes": {
            "container_id": null,
            "id": "rule-2370985628",
            "node_name": "pve",
            "rule": [
              {
                "action": "",
                "comment": "From security group",
                "dest": "",
                "dport": "",
                "enabled": true,
                "iface": "net0",
                "log": "",
                "macro": "",
                "pos": 0,
                "proto": "",
                "security_group": "gitlab-runners",
                "source": "",
                "sport": "",
                "type": ""
              }
            ],
            "vm_id": 310
          },
          "sensitive_attributes": [],
          "identity_schema_version": 0,
          "private": "bnVsbA==",
          "dependencies": [
            "proxmox_virtual_environment_file.cloud_meta_config",
            "proxmox_virtual_environment_file.cloud_network_config",
            "proxmox_virtual_environment_file.cloud_user_config",
            "proxmox_virtual_environment_vm.vm"
          ]
        }
      ]
    },
    {
      "mode": "managed",
      "type": "proxmox_virtual_environment_vm",
      "name": "vm",
      "provider": "provider[\"registry.terraform.io/bpg/proxmox\"]",
      "instances": [
        {
          "index_key": "docker_registry",
          "schema_version": 0,
          "attributes": {
            "acpi": true,
            "agent": [
              {
                "enabled": true,
                "timeout": "15m",
                "trim": false,
                "type": "virtio",
                "wait_for_ip": []
              }
            ],
            "amd_sev": [],
            "audio_device": [],
            "bios": "seabios",
            "boot_order": [],
            "cdrom": [],
            "clone": [
              {
                "datastore_id": "",
                "full": true,
                "node_name": "",
                "retries": 1,
                "vm_id": 1000
              }
            ],
            "cpu": [
              {
                "affinity": "",
                "architecture": "",
                "cores": 1,
                "flags": [],
                "hotplugged": 0,
                "limit": 0,
                "numa": false,
                "sockets": 1,
                "type": "x86-64-v2-AES",
                "units": 0
              }
            ],
            "delete_unreferenced_disks_on_destroy": true,
            "description": null,
            "disk": [
              {
                "aio": "io_uring",
                "backup": true,
                "cache": "none",
                "datastore_id": "local-lvm",
                "discard": "ignore",
                "file_format": "raw",
                "file_id": "",
                "import_from": "",
                "interface": "virtio0",
                "iothread": true,
                "path_in_datastore": "vm-120-disk-0",
                "replicate": true,
                "serial": "",
                "size": 70,
                "speed": [],
                "ssd": false
              }
            ],
            "efi_disk": [],
            "hook_script_file_id": null,
            "hostpci": [],
            "id": "120",
            "initialization": [
              {
                "datastore_id": "local-lvm",
                "dns": [],
                "file_format": "",
                "interface": "ide2",
                "ip_config": [],
                "meta_data_file_id": "snippets:snippets/registry.net.local-ci-meta_data.yml",
                "network_data_file_id": "snippets:snippets/registry-ci-network.yml",
                "type": "",
                "user_account": [],
                "user_data_file_id": "snippets:snippets/registry-ci-user.yml",
                "vendor_data_file_id": ""
              }
            ],
            "ipv4_addresses": [
              [
                "127.0.0.1"
              ],
              [
                "10.0.0.250"
              ],
              [
                "172.17.0.1"
              ],
              [
                "172.18.0.1"
              ],
              [],
              []
            ],
            "ipv6_addresses": [
              [
                "::1"
              ],
              [
                "fe80::be24:11ff:feb2:e79c"
              ],
              [],
              [
                "fe80::4403:baff:fe43:a314"
              ],
              [
                "fe80::b871:c5ff:fe95:550c"
              ],
              [
                "fe80::845a:f0ff:fef3:88f0"
              ]
            ],
            "keyboard_layout": "en-us",
            "kvm_arguments": null,
            "mac_addresses": [
              "00:00:00:00:00:00",
              "BC:24:11:B2:E7:9C",
              "7E:12:BF:0A:12:CE",
              "46:03:BA:43:A3:14",
              "BA:71:C5:95:55:0C",
              "86:5A:F0:F3:88:F0"
            ],
            "machine": null,
            "memory": [
              {
                "dedicated": 512,
                "floating": 0,
                "hugepages": "",
                "keep_hugepages": false,
                "shared": 0
              }
            ],
            "migrate": false,
            "name": "registry.net.local",
            "network_device": [
              {
                "bridge": "vnet01",
                "disconnected": false,
                "enabled": true,
                "firewall": false,
                "mac_address": "BC:24:11:B2:E7:9C",
                "model": "virtio",
                "mtu": 0,
                "queues": 0,
                "rate_limit": 0,
                "trunks": "",
                "vlan_id": 0
              }
            ],
            "network_interface_names": [
              "lo",
              "eth0",
              "docker0",
              "br-c877b5186033",
              "veth61a7493",
              "vethdbed3eb"
            ],
            "node_name": "pve",
            "numa": [],
            "on_boot": true,
            "operating_system": [],
            "pool_id": "",
            "protection": false,
            "purge_on_destroy": true,
            "reboot": false,
            "reboot_after_update": true,
            "rng": [],
            "scsi_hardware": "virtio-scsi-single",
            "serial_device": [],
            "smbios": [],
            "started": true,
            "startup": [],
            "stop_on_destroy": false,
            "tablet_device": true,
            "tags": [
              "docker",
              "registry",
              "terraform"
            ],
            "template": false,
            "timeout_clone": 1800,
            "timeout_create": 1800,
            "timeout_migrate": 1800,
            "timeout_move_disk": 1800,
            "timeout_reboot": 1800,
            "timeout_shutdown_vm": 1800,
            "timeout_start_vm": 1800,
            "timeout_stop_vm": 300,
            "tpm_state": [],
            "usb": [],
            "vga": [],
            "virtiofs": [],
            "vm_id": 120,
            "watchdog": []
          },
          "sensitive_attributes": [],
          "identity_schema_version": 0,
          "private": "bnVsbA==",
          "dependencies": [
            "proxmox_virtual_environment_file.cloud_meta_config",
            "proxmox_virtual_environment_file.cloud_network_config",
            "proxmox_virtual_environment_file.cloud_user_config"
          ]
        },
        {
          "index_key": "downloader",
          "schema_version": 0,
          "attributes": {
            "acpi": true,
            "agent": [
              {
                "enabled": true,
                "timeout": "15m",
                "trim": false,
                "type": "virtio",
                "wait_for_ip": []
              }
            ],
            "amd_sev": [],
            "audio_device": [],
            "bios": "seabios",
            "boot_order": [],
            "cdrom": [],
            "clone": [
              {
                "datastore_id": "",
                "full": true,
                "node_name": "",
                "retries": 1,
                "vm_id": 1000
              }
            ],
            "cpu": [
              {
                "affinity": "",
                "architecture": "",
                "cores": 4,
                "flags": [],
                "hotplugged": 0,
                "limit": 0,
                "numa": false,
                "sockets": 1,
                "type": "x86-64-v2-AES",
                "units": 0
              }
            ],
            "delete_unreferenced_disks_on_destroy": true,
            "description": null,
            "disk": [
              {
                "aio": "io_uring",
                "backup": true,
                "cache": "none",
                "datastore_id": "local-lvm",
                "discard": "ignore",
                "file_format": "raw",
                "file_id": "",
                "import_from": "",
                "interface": "virtio0",
                "iothread": true,
                "path_in_datastore": "vm-131-disk-0",
                "replicate": true,
                "serial": "",
                "size": 100,
                "speed": [],
                "ssd": false
              }
            ],
            "efi_disk": [],
            "hook_script_file_id": null,
            "hostpci": [],
            "id": "131",
            "initialization": [
              {
                "datastore_id": "local-lvm",
                "dns": [],
                "file_format": "",
                "interface": "ide2",
                "ip_config": [],
                "meta_data_file_id": "snippets:snippets/downloader.net.local-ci-meta_data.yml",
                "network_data_file_id": "snippets:snippets/downloader-ci-network.yml",
                "type": "",
                "user_account": [],
                "user_data_file_id": "snippets:snippets/downloader-ci-user.yml",
                "vendor_data_file_id": ""
              }
            ],
            "ipv4_addresses": [
              [
                "127.0.0.1"
              ],
              [
                "10.0.0.21"
              ],
              [
                "172.17.0.1"
              ],
              [
                "172.18.0.1"
              ],
              []
            ],
            "ipv6_addresses": [
              [
                "::1"
              ],
              [
                "fe80::be24:11ff:fe86:b615"
              ],
              [],
              [
                "fe80::b44f:e8ff:fef6:7c12"
              ],
              [
                "fe80::3c15:72ff:fef1:5310"
              ]
            ],
            "keyboard_layout": "en-us",
            "kvm_arguments": null,
            "mac_addresses": [
              "00:00:00:00:00:00",
              "BC:24:11:86:B6:15",
              "B2:FC:0B:04:83:4C",
              "B6:4F:E8:F6:7C:12",
              "3E:15:72:F1:53:10"
            ],
            "machine": null,
            "memory": [
              {
                "dedicated": 3072,
                "floating": 0,
                "hugepages": "",
                "keep_hugepages": false,
                "shared": 0
              }
            ],
            "migrate": false,
            "name": "downloader.net.local",
            "network_device": [
              {
                "bridge": "vnet01",
                "disconnected": false,
                "enabled": true,
                "firewall": false,
                "mac_address": "BC:24:11:86:B6:15",
                "model": "virtio",
                "mtu": 0,
                "queues": 0,
                "rate_limit": 0,
                "trunks": "",
                "vlan_id": 0
              }
            ],
            "network_interface_names": [
              "lo",
              "eth0",
              "docker0",
              "br-6cdddcf34db4",
              "vethd5e4527"
            ],
            "node_name": "pve",
            "numa": [],
            "on_boot": true,
            "operating_system": [],
            "pool_id": "",
            "protection": false,
            "purge_on_destroy": true,
            "reboot": false,
            "reboot_after_update": true,
            "rng": [],
            "scsi_hardware": "virtio-scsi-single",
            "serial_device": [],
            "smbios": [],
            "started": true,
            "startup": [],
            "stop_on_destroy": false,
            "tablet_device": true,
            "tags": [
              "docker",
              "downloader",
              "terraform"
            ],
            "template": false,
            "timeout_clone": 1800,
            "timeout_create": 1800,
            "timeout_migrate": 1800,
            "timeout_move_disk": 1800,
            "timeout_reboot": 1800,
            "timeout_shutdown_vm": 1800,
            "timeout_start_vm": 1800,
            "timeout_stop_vm": 300,
            "tpm_state": [],
            "usb": [],
            "vga": [],
            "virtiofs": [],
            "vm_id": 131,
            "watchdog": []
          },
          "sensitive_attributes": [],
          "identity_schema_version": 0,
          "private": "bnVsbA==",
          "dependencies": [
            "proxmox_virtual_environment_file.cloud_meta_config",
            "proxmox_virtual_environment_file.cloud_network_config",
            "proxmox_virtual_environment_file.cloud_user_config"
          ]
        },
        {
          "index_key": "immichalpine",
          "schema_version": 0,
          "attributes": {
            "acpi": true,
            "agent": [
              {
                "enabled": true,
                "timeout": "15m",
                "trim": false,
                "type": "virtio",
                "wait_for_ip": []
              }
            ],
            "amd_sev": [],
            "audio_device": [],
            "bios": "seabios",
            "boot_order": [],
            "cdrom": [],
            "clone": [
              {
                "datastore_id": "",
                "full": true,
                "node_name": "",
                "retries": 1,
                "vm_id": 1000
              }
            ],
            "cpu": [
              {
                "affinity": "",
                "architecture": "",
                "cores": 4,
                "flags": [],
                "hotplugged": 0,
                "limit": 0,
                "numa": false,
                "sockets": 1,
                "type": "x86-64-v2-AES",
                "units": 0
              }
            ],
            "delete_unreferenced_disks_on_destroy": true,
            "description": null,
            "disk": [
              {
                "aio": "io_uring",
                "backup": true,
                "cache": "none",
                "datastore_id": "local-lvm",
                "discard": "ignore",
                "file_format": "raw",
                "file_id": "",
                "import_from": "",
                "interface": "virtio0",
                "iothread": true,
                "path_in_datastore": "vm-410-disk-0",
                "replicate": true,
                "serial": "",
                "size": 10,
                "speed": [],
                "ssd": false
              },
              {
                "aio": "io_uring",
                "backup": true,
                "cache": "none",
                "datastore_id": "local-lvm",
                "discard": "ignore",
                "file_format": "raw",
                "file_id": "",
                "import_from": "",
                "interface": "virtio1",
                "iothread": true,
                "path_in_datastore": "vm-410-disk-1",
                "replicate": true,
                "serial": "",
                "size": 100,
                "speed": [],
                "ssd": false
              }
            ],
            "efi_disk": [],
            "hook_script_file_id": null,
            "hostpci": [],
            "id": "410",
            "initialization": [
              {
                "datastore_id": "local-lvm",
                "dns": [],
                "file_format": "",
                "interface": "ide2",
                "ip_config": [],
                "meta_data_file_id": "snippets:snippets/immichalpine.net.local-ci-meta_data.yml",
                "network_data_file_id": "snippets:snippets/immichalpine-ci-network.yml",
                "type": "",
                "user_account": [],
                "user_data_file_id": "snippets:snippets/immichalpine-ci-user.yml",
                "vendor_data_file_id": ""
              }
            ],
            "ipv4_addresses": [
              [
                "127.0.0.1"
              ],
              [
                "192.168.1.219"
              ],
              [
                "10.0.0.119"
              ],
              [
                "172.17.0.1"
              ],
              [
                "172.18.0.1"
              ],
              [],
              [],
              [],
              []
            ],
            "ipv6_addresses": [
              [
                "::1"
              ],
              [
                "fe80::be24:11ff:fe44:f0fe"
              ],
              [
                "fe80::be24:11ff:fe96:ffc8"
              ],
              [],
              [
                "fe80::f02e:6dff:feb0:5d46"
              ],
              [
                "fe80::4056:5dff:fed2:662"
              ],
              [
                "fe80::a077:7fff:fecf:e717"
              ],
              [
                "fe80::c8ac:7aff:feba:cc90"
              ],
              [
                "fe80::dc53:82ff:fefd:40f0"
              ]
            ],
            "keyboard_layout": "en-us",
            "kvm_arguments": null,
            "mac_addresses": [
              "00:00:00:00:00:00",
              "BC:24:11:44:F0:FE",
              "BC:24:11:96:FF:C8",
              "12:45:C1:96:8C:88",
              "F2:2E:6D:B0:5D:46",
              "42:56:5D:D2:06:62",
              "A2:77:7F:CF:E7:17",
              "CA:AC:7A:BA:CC:90",
              "DE:53:82:FD:40:F0"
            ],
            "machine": null,
            "memory": [
              {
                "dedicated": 4096,
                "floating": 0,
                "hugepages": "",
                "keep_hugepages": false,
                "shared": 0
              }
            ],
            "migrate": false,
            "name": "immichalpine.net.local",
            "network_device": [
              {
                "bridge": "vmbr0",
                "disconnected": false,
                "enabled": true,
                "firewall": false,
                "mac_address": "BC:24:11:44:F0:FE",
                "model": "virtio",
                "mtu": 0,
                "queues": 0,
                "rate_limit": 0,
                "trunks": "",
                "vlan_id": 0
              },
              {
                "bridge": "vmbr0",
                "disconnected": false,
                "enabled": true,
                "firewall": false,
                "mac_address": "BC:24:11:96:FF:C8",
                "model": "virtio",
                "mtu": 0,
                "queues": 0,
                "rate_limit": 0,
                "trunks": "",
                "vlan_id": 0
              }
            ],
            "network_interface_names": [
              "lo",
              "eth0",
              "eth1",
              "docker0",
              "br-98cecfbd93ca",
              "vethc3bb250",
              "veth04befa2",
              "veth036bf51",
              "vethccabe90"
            ],
            "node_name": "pve",
            "numa": [],
            "on_boot": true,
            "operating_system": [],
            "pool_id": "",
            "protection": false,
            "purge_on_destroy": true,
            "reboot": false,
            "reboot_after_update": true,
            "rng": [],
            "scsi_hardware": "virtio-scsi-single",
            "serial_device": [],
            "smbios": [],
            "started": true,
            "startup": [],
            "stop_on_destroy": false,
            "tablet_device": true,
            "tags": [
              "current",
              "immich",
              "terraform"
            ],
            "template": false,
            "timeout_clone": 1800,
            "timeout_create": 1800,
            "timeout_migrate": 1800,
            "timeout_move_disk": 1800,
            "timeout_reboot": 1800,
            "timeout_shutdown_vm": 1800,
            "timeout_start_vm": 1800,
            "timeout_stop_vm": 300,
            "tpm_state": [],
            "usb": [],
            "vga": [],
            "virtiofs": [],
            "vm_id": 410,
            "watchdog": []
          },
          "sensitive_attributes": [],
          "identity_schema_version": 0,
          "private": "bnVsbA==",
          "dependencies": [
            "proxmox_virtual_environment_file.cloud_meta_config",
            "proxmox_virtual_environment_file.cloud_network_config",
            "proxmox_virtual_environment_file.cloud_user_config"
          ]
        },
        {
          "index_key": "nginxproxymanager",
          "schema_version": 0,
          "attributes": {
            "acpi": true,
            "agent": [
              {
                "enabled": true,
                "timeout": "15m",
                "trim": false,
                "type": "virtio",
                "wait_for_ip": []
              }
            ],
            "amd_sev": [],
            "audio_device": [],
            "bios": "seabios",
            "boot_order": [],
            "cdrom": [],
            "clone": [
              {
                "datastore_id": "",
                "full": true,
                "node_name": "",
                "retries": 1,
                "vm_id": 1000
              }
            ],
            "cpu": [
              {
                "affinity": "",
                "architecture": "",
                "cores": 2,
                "flags": [],
                "hotplugged": 0,
                "limit": 0,
                "numa": false,
                "sockets": 1,
                "type": "x86-64-v2-AES",
                "units": 0
              }
            ],
            "delete_unreferenced_disks_on_destroy": true,
            "description": null,
            "disk": [
              {
                "aio": "io_uring",
                "backup": true,
                "cache": "none",
                "datastore_id": "local-lvm",
                "discard": "ignore",
                "file_format": "raw",
                "file_id": "",
                "import_from": "",
                "interface": "virtio0",
                "iothread": true,
                "path_in_datastore": "vm-110-disk-0",
                "replicate": true,
                "serial": "",
                "size": 14,
                "speed": [],
                "ssd": false
              }
            ],
            "efi_disk": [],
            "hook_script_file_id": null,
            "hostpci": [],
            "id": "110",
            "initialization": [
              {
                "datastore_id": "local-lvm",
                "dns": [],
                "file_format": "",
                "interface": "ide2",
                "ip_config": [],
                "meta_data_file_id": "snippets:snippets/nginxproxymanager.net.local-ci-meta_data.yml",
                "network_data_file_id": "snippets:snippets/nginxproxymanager-ci-network.yml",
                "type": "",
                "user_account": [],
                "user_data_file_id": "snippets:snippets/nginxproxymanager-ci-user.yml",
                "vendor_data_file_id": ""
              }
            ],
            "ipv4_addresses": [
              [
                "127.0.0.1"
              ],
              [
                "192.168.1.114"
              ],
              [
                "10.0.0.100"
              ],
              [
                "172.17.0.1"
              ],
              [
                "172.18.0.1"
              ],
              []
            ],
            "ipv6_addresses": [
              [
                "::1"
              ],
              [
                "fe80::be24:11ff:fe4e:eedc"
              ],
              [
                "fe80::be24:11ff:fe9f:bbe2"
              ],
              [],
              [
                "fe80::1cf8:68ff:fe33:af6"
              ],
              [
                "fe80::dc3b:bfff:fe35:8bcc"
              ]
            ],
            "keyboard_layout": "en-us",
            "kvm_arguments": null,
            "mac_addresses": [
              "00:00:00:00:00:00",
              "BC:24:11:4E:EE:DC",
              "BC:24:11:9F:BB:E2",
              "3E:E2:05:65:09:E5",
              "1E:F8:68:33:0A:F6",
              "DE:3B:BF:35:8B:CC"
            ],
            "machine": null,
            "memory": [
              {
                "dedicated": 1024,
                "floating": 0,
                "hugepages": "",
                "keep_hugepages": false,
                "shared": 0
              }
            ],
            "migrate": false,
            "name": "nginxproxymanager.net.local",
            "network_device": [
              {
                "bridge": "vmbr0",
                "disconnected": false,
                "enabled": true,
                "firewall": false,
                "mac_address": "BC:24:11:4E:EE:DC",
                "model": "virtio",
                "mtu": 0,
                "queues": 0,
                "rate_limit": 0,
                "trunks": "",
                "vlan_id": 0
              },
              {
                "bridge": "vmbr0",
                "disconnected": false,
                "enabled": true,
                "firewall": false,
                "mac_address": "BC:24:11:9F:BB:E2",
                "model": "virtio",
                "mtu": 0,
                "queues": 0,
                "rate_limit": 0,
                "trunks": "",
                "vlan_id": 0
              }
            ],
            "network_interface_names": [
              "lo",
              "eth0",
              "eth1",
              "docker0",
              "br-62a1335d8b0e",
              "veth998e9bf"
            ],
            "node_name": "pve",
            "numa": [],
            "on_boot": true,
            "operating_system": [],
            "pool_id": "",
            "protection": false,
            "purge_on_destroy": true,
            "reboot": false,
            "reboot_after_update": true,
            "rng": [],
            "scsi_hardware": "virtio-scsi-single",
            "serial_device": [],
            "smbios": [],
            "started": true,
            "startup": [],
            "stop_on_destroy": false,
            "tablet_device": true,
            "tags": [
              "current",
              "router",
              "terraform"
            ],
            "template": false,
            "timeout_clone": 1800,
            "timeout_create": 1800,
            "timeout_migrate": 1800,
            "timeout_move_disk": 1800,
            "timeout_reboot": 1800,
            "timeout_shutdown_vm": 1800,
            "timeout_start_vm": 1800,
            "timeout_stop_vm": 300,
            "tpm_state": [],
            "usb": [],
            "vga": [],
            "virtiofs": [],
            "vm_id": 110,
            "watchdog": []
          },
          "sensitive_attributes": [],
          "identity_schema_version": 0,
          "private": "bnVsbA==",
          "dependencies": [
            "proxmox_virtual_environment_file.cloud_meta_config",
            "proxmox_virtual_environment_file.cloud_network_config",
            "proxmox_virtual_environment_file.cloud_user_config"
          ]
        },
        {
          "index_key": "runner_nixos_1",
          "schema_version": 0,
          "attributes": {
            "acpi": true,
            "agent": [
              {
                "enabled": true,
                "timeout": "15m",
                "trim": false,
                "type": "virtio",
                "wait_for_ip": []
              }
            ],
            "amd_sev": [],
            "audio_device": [],
            "bios": "ovmf",
            "boot_order": [
              "virtio0",
              "net0"
            ],
            "cdrom": [
              {
                "enabled": false,
                "file_id": "local:iso/nixos-25.11.5581.23d72dabcb3b-x86_64-linux.iso",
                "interface": "ide3"
              }
            ],
            "clone": [],
            "cpu": [
              {
                "affinity": "",
                "architecture": "",
                "cores": 4,
                "flags": [],
                "hotplugged": 0,
                "limit": 0,
                "numa": false,
                "sockets": 1,
                "type": "x86-64-v2-AES",
                "units": 0
              }
            ],
            "delete_unreferenced_disks_on_destroy": true,
            "description": "",
            "disk": [
              {
                "aio": "io_uring",
                "backup": true,
                "cache": "none",
                "datastore_id": "local-lvm",
                "discard": "ignore",
                "file_format": "raw",
                "file_id": "",
                "import_from": "",
                "interface": "virtio0",
                "iothread": true,
                "path_in_datastore": "vm-320-disk-0",
                "replicate": true,
                "serial": "",
                "size": 25,
                "speed": [],
                "ssd": false
              }
            ],
            "efi_disk": [],
            "hook_script_file_id": null,
            "hostpci": [],
            "id": "320",
            "initialization": [],
            "ipv4_addresses": [
              [
                "127.0.0.1"
              ],
              [
                "10.0.0.10"
              ],
              [
                "172.17.0.1"
              ]
            ],
            "ipv6_addresses": [
              [
                "::1"
              ],
              [
                "fe80::ef84:b527:63f0:58d7"
              ],
              []
            ],
            "keyboard_layout": "en-us",
            "kvm_arguments": "",
            "mac_addresses": [
              "00:00:00:00:00:00",
              "BC:24:11:0E:A5:20",
              "2A:65:76:64:F7:13"
            ],
            "machine": "",
            "memory": [
              {
                "dedicated": 4096,
                "floating": 0,
                "hugepages": "",
                "keep_hugepages": false,
                "shared": 0
              }
            ],
            "migrate": false,
            "name": "runner-nixos-1.net.local",
            "network_device": [
              {
                "bridge": "vnet01",
                "disconnected": false,
                "enabled": true,
                "firewall": false,
                "mac_address": "BC:24:11:0E:A5:20",
                "model": "virtio",
                "mtu": 0,
                "queues": 0,
                "rate_limit": 0,
                "trunks": "",
                "vlan_id": 0
              }
            ],
            "network_interface_names": [
              "lo",
              "ens18",
              "docker0"
            ],
            "node_name": "pve",
            "numa": [],
            "on_boot": false,
            "operating_system": [],
            "pool_id": "",
            "protection": false,
            "purge_on_destroy": true,
            "reboot": false,
            "reboot_after_update": true,
            "rng": [],
            "scsi_hardware": "virtio-scsi-single",
            "serial_device": [],
            "smbios": [],
            "started": true,
            "startup": [],
            "stop_on_destroy": false,
            "tablet_device": true,
            "tags": [
              "nixos",
              "runner",
              "terraform"
            ],
            "template": false,
            "timeout_clone": 1800,
            "timeout_create": 1800,
            "timeout_migrate": 1800,
            "timeout_move_disk": 1800,
            "timeout_reboot": 1800,
            "timeout_shutdown_vm": 1800,
            "timeout_start_vm": 1800,
            "timeout_stop_vm": 300,
            "tpm_state": [],
            "usb": [],
            "vga": [],
            "virtiofs": [],
            "vm_id": 320,
            "watchdog": []
          },
          "sensitive_attributes": [],
          "identity_schema_version": 0,
          "private": "bnVsbA==",
          "dependencies": [
            "proxmox_virtual_environment_file.cloud_meta_config",
            "proxmox_virtual_environment_file.cloud_network_config",
            "proxmox_virtual_environment_file.cloud_user_config"
          ]
        },
        {
          "index_key": "runner_ubuntu",
          "schema_version": 0,
          "attributes": {
            "acpi": true,
            "agent": [
              {
                "enabled": true,
                "timeout": "15m",
                "trim": false,
                "type": "virtio",
                "wait_for_ip": []
              }
            ],
            "amd_sev": [],
            "audio_device": [],
            "bios": "seabios",
            "boot_order": [],
            "cdrom": [],
            "clone": [
              {
                "datastore_id": "",
                "full": true,
                "node_name": "",
                "retries": 1,
                "vm_id": 1010
              }
            ],
            "cpu": [
              {
                "affinity": "",
                "architecture": "",
                "cores": 4,
                "flags": [],
                "hotplugged": 0,
                "limit": 0,
                "numa": false,
                "sockets": 1,
                "type": "x86-64-v2-AES",
                "units": 0
              }
            ],
            "delete_unreferenced_disks_on_destroy": true,
            "description": null,
            "disk": [
              {
                "aio": "io_uring",
                "backup": true,
                "cache": "none",
                "datastore_id": "local-lvm",
                "discard": "ignore",
                "file_format": "raw",
                "file_id": "",
                "import_from": "",
                "interface": "virtio0",
                "iothread": true,
                "path_in_datastore": "vm-310-disk-0",
                "replicate": true,
                "serial": "",
                "size": 10,
                "speed": [],
                "ssd": false
              }
            ],
            "efi_disk": [],
            "hook_script_file_id": null,
            "hostpci": [],
            "id": "310",
            "initialization": [
              {
                "datastore_id": "local-lvm",
                "dns": [],
                "file_format": "",
                "interface": "ide2",
                "ip_config": [],
                "meta_data_file_id": "snippets:snippets/runner-ubuntu.net.local-ci-meta_data.yml",
                "network_data_file_id": "snippets:snippets/runner-ubuntu-ci-network.yml",
                "type": "",
                "user_account": [],
                "user_data_file_id": "snippets:snippets/runner-ubuntu-ci-user.yml",
                "vendor_data_file_id": ""
              }
            ],
            "ipv4_addresses": [
              [
                "127.0.0.1"
              ],
              [
                "10.0.0.22"
              ],
              [
                "172.17.0.1"
              ]
            ],
            "ipv6_addresses": [
              [
                "::1"
              ],
              [
                "fe80::be24:11ff:fe28:b327"
              ],
              []
            ],
            "keyboard_layout": "en-us",
            "kvm_arguments": null,
            "mac_addresses": [
              "00:00:00:00:00:00",
              "BC:24:11:28:B3:27",
              "A6:28:66:C9:2B:CE"
            ],
            "machine": null,
            "memory": [
              {
                "dedicated": 4096,
                "floating": 0,
                "hugepages": "",
                "keep_hugepages": false,
                "shared": 0
              }
            ],
            "migrate": false,
            "name": "runner-ubuntu.net.local",
            "network_device": [
              {
                "bridge": "vnet01",
                "disconnected": false,
                "enabled": true,
                "firewall": false,
                "mac_address": "BC:24:11:28:B3:27",
                "model": "virtio",
                "mtu": 0,
                "queues": 0,
                "rate_limit": 0,
                "trunks": "",
                "vlan_id": 0
              }
            ],
            "network_interface_names": [
              "lo",
              "ens18",
              "docker0"
            ],
            "node_name": "pve",
            "numa": [],
            "on_boot": false,
            "operating_system": [],
            "pool_id": "",
            "protection": false,
            "purge_on_destroy": true,
            "reboot": false,
            "reboot_after_update": true,
            "rng": [],
            "scsi_hardware": "virtio-scsi-single",
            "serial_device": [],
            "smbios": [],
            "started": true,
            "startup": [
              {
                "down_delay": -1,
                "order": 1,
                "up_delay": -1
              }
            ],
            "stop_on_destroy": false,
            "tablet_device": true,
            "tags": [
              "automation",
              "dind",
              "gitlab",
              "runner",
              "terraform",
              "ubuntu"
            ],
            "template": false,
            "timeout_clone": 1800,
            "timeout_create": 1800,
            "timeout_migrate": 1800,
            "timeout_move_disk": 1800,
            "timeout_reboot": 1800,
            "timeout_shutdown_vm": 1800,
            "timeout_start_vm": 1800,
            "timeout_stop_vm": 300,
            "tpm_state": [],
            "usb": [],
            "vga": [],
            "virtiofs": [],
            "vm_id": 310,
            "watchdog": []
          },
          "sensitive_attributes": [],
          "identity_schema_version": 0,
          "private": "bnVsbA==",
          "dependencies": [
            "proxmox_virtual_environment_file.cloud_meta_config",
            "proxmox_virtual_environment_file.cloud_network_config",
            "proxmox_virtual_environment_file.cloud_user_config"
          ]
        },
        {
          "index_key": "testmachinealpine_1",
          "schema_version": 0,
          "attributes": {
            "acpi": true,
            "agent": [
              {
                "enabled": true,
                "timeout": "15m",
                "trim": false,
                "type": "virtio",
                "wait_for_ip": []
              }
            ],
            "amd_sev": [],
            "audio_device": [],
            "bios": "seabios",
            "boot_order": [],
            "cdrom": [],
            "clone": [
              {
                "datastore_id": "",
                "full": true,
                "node_name": "",
                "retries": 1,
                "vm_id": 1000
              }
            ],
            "cpu": [
              {
                "affinity": "",
                "architecture": "",
                "cores": 1,
                "flags": [],
                "hotplugged": 0,
                "limit": 0,
                "numa": false,
                "sockets": 1,
                "type": "x86-64-v2-AES",
                "units": 0
              }
            ],
            "delete_unreferenced_disks_on_destroy": true,
            "description": null,
            "disk": [],
            "efi_disk": [],
            "hook_script_file_id": null,
            "hostpci": [],
            "id": "700",
            "initialization": [
              {
                "datastore_id": "local-lvm",
                "dns": [],
                "file_format": "",
                "interface": "ide2",
                "ip_config": [],
                "meta_data_file_id": "snippets:snippets/testmachinealpine-1.net.local-ci-meta_data.yml",
                "network_data_file_id": "snippets:snippets/testmachinealpine-1-ci-network.yml",
                "type": "",
                "user_account": [],
                "user_data_file_id": "snippets:snippets/testmachinealpine-1-ci-user.yml",
                "vendor_data_file_id": ""
              }
            ],
            "ipv4_addresses": [
              [
                "127.0.0.1"
              ],
              [
                "192.168.1.197"
              ],
              [
                "10.0.0.156"
              ],
              [
                "172.17.0.1"
              ]
            ],
            "ipv6_addresses": [
              [
                "::1"
              ],
              [
                "fe80::be24:11ff:fe6e:1946"
              ],
              [
                "fe80::be24:11ff:fe2a:d84e"
              ],
              []
            ],
            "keyboard_layout": "en-us",
            "kvm_arguments": null,
            "mac_addresses": [
              "00:00:00:00:00:00",
              "BC:24:11:6E:19:46",
              "BC:24:11:2A:D8:4E",
              "3A:0F:D1:E8:7C:BC"
            ],
            "machine": null,
            "memory": [
              {
                "dedicated": 512,
                "floating": 0,
                "hugepages": "",
                "keep_hugepages": false,
                "shared": 0
              }
            ],
            "migrate": false,
            "name": "testmachinealpine-1.net.local",
            "network_device": [
              {
                "bridge": "vmbr0",
                "disconnected": false,
                "enabled": true,
                "firewall": true,
                "mac_address": "BC:24:11:6E:19:46",
                "model": "virtio",
                "mtu": 0,
                "queues": 0,
                "rate_limit": 0,
                "trunks": "",
                "vlan_id": 0
              },
              {
                "bridge": "vnet01",
                "disconnected": false,
                "enabled": true,
                "firewall": true,
                "mac_address": "BC:24:11:2A:D8:4E",
                "model": "virtio",
                "mtu": 0,
                "queues": 0,
                "rate_limit": 0,
                "trunks": "",
                "vlan_id": 0
              }
            ],
            "network_interface_names": [
              "lo",
              "eth0",
              "eth1",
              "docker0"
            ],
            "node_name": "pve",
            "numa": [],
            "on_boot": true,
            "operating_system": [],
            "pool_id": "",
            "protection": false,
            "purge_on_destroy": true,
            "reboot": false,
            "reboot_after_update": true,
            "rng": [],
            "scsi_hardware": "virtio-scsi-single",
            "serial_device": [],
            "smbios": [],
            "started": true,
            "startup": [],
            "stop_on_destroy": false,
            "tablet_device": true,
            "tags": [
              "alpine",
              "replicas",
              "terraform",
              "test"
            ],
            "template": false,
            "timeout_clone": 1800,
            "timeout_create": 1800,
            "timeout_migrate": 1800,
            "timeout_move_disk": 1800,
            "timeout_reboot": 1800,
            "timeout_shutdown_vm": 1800,
            "timeout_start_vm": 1800,
            "timeout_stop_vm": 300,
            "tpm_state": [],
            "usb": [],
            "vga": [],
            "virtiofs": [],
            "vm_id": 700,
            "watchdog": []
          },
          "sensitive_attributes": [],
          "identity_schema_version": 0,
          "private": "bnVsbA==",
          "dependencies": [
            "proxmox_virtual_environment_file.cloud_meta_config",
            "proxmox_virtual_environment_file.cloud_network_config",
            "proxmox_virtual_environment_file.cloud_user_config"
          ]
        },
        {
          "index_key": "testmachinealpine_2",
          "schema_version": 0,
          "attributes": {
            "acpi": true,
            "agent": [
              {
                "enabled": true,
                "timeout": "15m",
                "trim": false,
                "type": "virtio",
                "wait_for_ip": []
              }
            ],
            "amd_sev": [],
            "audio_device": [],
            "bios": "seabios",
            "boot_order": [],
            "cdrom": [],
            "clone": [
              {
                "datastore_id": "",
                "full": true,
                "node_name": "",
                "retries": 1,
                "vm_id": 1000
              }
            ],
            "cpu": [
              {
                "affinity": "",
                "architecture": "",
                "cores": 1,
                "flags": [],
                "hotplugged": 0,
                "limit": 0,
                "numa": false,
                "sockets": 1,
                "type": "x86-64-v2-AES",
                "units": 0
              }
            ],
            "delete_unreferenced_disks_on_destroy": true,
            "description": null,
            "disk": [],
            "efi_disk": [],
            "hook_script_file_id": null,
            "hostpci": [],
            "id": "701",
            "initialization": [
              {
                "datastore_id": "local-lvm",
                "dns": [],
                "file_format": "",
                "interface": "ide2",
                "ip_config": [],
                "meta_data_file_id": "snippets:snippets/testmachinealpine-2.net.local-ci-meta_data.yml",
                "network_data_file_id": "snippets:snippets/testmachinealpine-2-ci-network.yml",
                "type": "",
                "user_account": [],
                "user_data_file_id": "snippets:snippets/testmachinealpine-2-ci-user.yml",
                "vendor_data_file_id": ""
              }
            ],
            "ipv4_addresses": [
              [
                "127.0.0.1"
              ],
              [
                "192.168.1.198"
              ],
              [
                "10.0.0.154"
              ],
              [
                "172.17.0.1"
              ]
            ],
            "ipv6_addresses": [
              [
                "::1"
              ],
              [
                "fe80::be24:11ff:fecd:89ae"
              ],
              [
                "fe80::be24:11ff:fedd:eb77"
              ],
              []
            ],
            "keyboard_layout": "en-us",
            "kvm_arguments": null,
            "mac_addresses": [
              "00:00:00:00:00:00",
              "BC:24:11:CD:89:AE",
              "BC:24:11:DD:EB:77",
              "FE:FB:1F:97:37:D7"
            ],
            "machine": null,
            "memory": [
              {
                "dedicated": 512,
                "floating": 0,
                "hugepages": "",
                "keep_hugepages": false,
                "shared": 0
              }
            ],
            "migrate": false,
            "name": "testmachinealpine-2.net.local",
            "network_device": [
              {
                "bridge": "vmbr0",
                "disconnected": false,
                "enabled": true,
                "firewall": true,
                "mac_address": "BC:24:11:CD:89:AE",
                "model": "virtio",
                "mtu": 0,
                "queues": 0,
                "rate_limit": 0,
                "trunks": "",
                "vlan_id": 0
              },
              {
                "bridge": "vnet01",
                "disconnected": false,
                "enabled": true,
                "firewall": true,
                "mac_address": "BC:24:11:DD:EB:77",
                "model": "virtio",
                "mtu": 0,
                "queues": 0,
                "rate_limit": 0,
                "trunks": "",
                "vlan_id": 0
              }
            ],
            "network_interface_names": [
              "lo",
              "eth0",
              "eth1",
              "docker0"
            ],
            "node_name": "pve",
            "numa": [],
            "on_boot": true,
            "operating_system": [],
            "pool_id": "",
            "protection": false,
            "purge_on_destroy": true,
            "reboot": false,
            "reboot_after_update": true,
            "rng": [],
            "scsi_hardware": "virtio-scsi-single",
            "serial_device": [],
            "smbios": [],
            "started": true,
            "startup": [],
            "stop_on_destroy": false,
            "tablet_device": true,
            "tags": [
              "alpine",
              "replicas",
              "terraform",
              "test"
            ],
            "template": false,
            "timeout_clone": 1800,
            "timeout_create": 1800,
            "timeout_migrate": 1800,
            "timeout_move_disk": 1800,
            "timeout_reboot": 1800,
            "timeout_shutdown_vm": 1800,
            "timeout_start_vm": 1800,
            "timeout_stop_vm": 300,
            "tpm_state": [],
            "usb": [],
            "vga": [],
            "virtiofs": [],
            "vm_id": 701,
            "watchdog": []
          },
          "sensitive_attributes": [],
          "identity_schema_version": 0,
          "private": "bnVsbA==",
          "dependencies": [
            "proxmox_virtual_environment_file.cloud_meta_config",
            "proxmox_virtual_environment_file.cloud_network_config",
            "proxmox_virtual_environment_file.cloud_user_config"
          ]
        },
        {
          "index_key": "testmachinealpine_3",
          "schema_version": 0,
          "attributes": {
            "acpi": true,
            "agent": [
              {
                "enabled": true,
                "timeout": "15m",
                "trim": false,
                "type": "virtio",
                "wait_for_ip": []
              }
            ],
            "amd_sev": [],
            "audio_device": [],
            "bios": "seabios",
            "boot_order": [],
            "cdrom": [],
            "clone": [
              {
                "datastore_id": "",
                "full": true,
                "node_name": "",
                "retries": 1,
                "vm_id": 1000
              }
            ],
            "cpu": [
              {
                "affinity": "",
                "architecture": "",
                "cores": 1,
                "flags": [],
                "hotplugged": 0,
                "limit": 0,
                "numa": false,
                "sockets": 1,
                "type": "x86-64-v2-AES",
                "units": 0
              }
            ],
            "delete_unreferenced_disks_on_destroy": true,
            "description": null,
            "disk": [],
            "efi_disk": [],
            "hook_script_file_id": null,
            "hostpci": [],
            "id": "702",
            "initialization": [
              {
                "datastore_id": "local-lvm",
                "dns": [],
                "file_format": "",
                "interface": "ide2",
                "ip_config": [],
                "meta_data_file_id": "snippets:snippets/testmachinealpine-3.net.local-ci-meta_data.yml",
                "network_data_file_id": "snippets:snippets/testmachinealpine-3-ci-network.yml",
                "type": "",
                "user_account": [],
                "user_data_file_id": "snippets:snippets/testmachinealpine-3-ci-user.yml",
                "vendor_data_file_id": ""
              }
            ],
            "ipv4_addresses": [
              [
                "127.0.0.1"
              ],
              [
                "192.168.1.199"
              ],
              [
                "10.0.0.150"
              ],
              [
                "172.17.0.1"
              ]
            ],
            "ipv6_addresses": [
              [
                "::1"
              ],
              [
                "fe80::be24:11ff:fe94:6304"
              ],
              [
                "fe80::be24:11ff:fe73:70b8"
              ],
              []
            ],
            "keyboard_layout": "en-us",
            "kvm_arguments": null,
            "mac_addresses": [
              "00:00:00:00:00:00",
              "BC:24:11:94:63:04",
              "BC:24:11:73:70:B8",
              "B2:DA:CA:94:2A:65"
            ],
            "machine": null,
            "memory": [
              {
                "dedicated": 512,
                "floating": 0,
                "hugepages": "",
                "keep_hugepages": false,
                "shared": 0
              }
            ],
            "migrate": false,
            "name": "testmachinealpine-3.net.local",
            "network_device": [
              {
                "bridge": "vmbr0",
                "disconnected": false,
                "enabled": true,
                "firewall": true,
                "mac_address": "BC:24:11:94:63:04",
                "model": "virtio",
                "mtu": 0,
                "queues": 0,
                "rate_limit": 0,
                "trunks": "",
                "vlan_id": 0
              },
              {
                "bridge": "vnet01",
                "disconnected": false,
                "enabled": true,
                "firewall": true,
                "mac_address": "BC:24:11:73:70:B8",
                "model": "virtio",
                "mtu": 0,
                "queues": 0,
                "rate_limit": 0,
                "trunks": "",
                "vlan_id": 0
              }
            ],
            "network_interface_names": [
              "lo",
              "eth0",
              "eth1",
              "docker0"
            ],
            "node_name": "pve",
            "numa": [],
            "on_boot": true,
            "operating_system": [],
            "pool_id": "",
            "protection": false,
            "purge_on_destroy": true,
            "reboot": false,
            "reboot_after_update": true,
            "rng": [],
            "scsi_hardware": "virtio-scsi-single",
            "serial_device": [],
            "smbios": [],
            "started": true,
            "startup": [],
            "stop_on_destroy": false,
            "tablet_device": true,
            "tags": [
              "alpine",
              "replicas",
              "terraform",
              "test"
            ],
            "template": false,
            "timeout_clone": 1800,
            "timeout_create": 1800,
            "timeout_migrate": 1800,
            "timeout_move_disk": 1800,
            "timeout_reboot": 1800,
            "timeout_shutdown_vm": 1800,
            "timeout_start_vm": 1800,
            "timeout_stop_vm": 300,
            "tpm_state": [],
            "usb": [],
            "vga": [],
            "virtiofs": [],
            "vm_id": 702,
            "watchdog": []
          },
          "sensitive_attributes": [],
          "identity_schema_version": 0,
          "private": "bnVsbA==",
          "dependencies": [
            "proxmox_virtual_environment_file.cloud_meta_config",
            "proxmox_virtual_environment_file.cloud_network_config",
            "proxmox_virtual_environment_file.cloud_user_config"
          ]
        },
        {
          "index_key": "testmachinealpine_4",
          "schema_version": 0,
          "attributes": {
            "acpi": true,
            "agent": [
              {
                "enabled": true,
                "timeout": "15m",
                "trim": false,
                "type": "virtio",
                "wait_for_ip": []
              }
            ],
            "amd_sev": [],
            "audio_device": [],
            "bios": "seabios",
            "boot_order": [],
            "cdrom": [],
            "clone": [
              {
                "datastore_id": "",
                "full": true,
                "node_name": "",
                "retries": 1,
                "vm_id": 1000
              }
            ],
            "cpu": [
              {
                "affinity": "",
                "architecture": "",
                "cores": 1,
                "flags": [],
                "hotplugged": 0,
                "limit": 0,
                "numa": false,
                "sockets": 1,
                "type": "x86-64-v2-AES",
                "units": 0
              }
            ],
            "delete_unreferenced_disks_on_destroy": true,
            "description": null,
            "disk": [],
            "efi_disk": [],
            "hook_script_file_id": null,
            "hostpci": [],
            "id": "703",
            "initialization": [
              {
                "datastore_id": "local-lvm",
                "dns": [],
                "file_format": "",
                "interface": "ide2",
                "ip_config": [],
                "meta_data_file_id": "snippets:snippets/testmachinealpine-4.net.local-ci-meta_data.yml",
                "network_data_file_id": "snippets:snippets/testmachinealpine-4-ci-network.yml",
                "type": "",
                "user_account": [],
                "user_data_file_id": "snippets:snippets/testmachinealpine-4-ci-user.yml",
                "vendor_data_file_id": ""
              }
            ],
            "ipv4_addresses": [
              [
                "127.0.0.1"
              ],
              [
                "192.168.1.200"
              ],
              [
                "10.0.0.152"
              ],
              [
                "172.17.0.1"
              ]
            ],
            "ipv6_addresses": [
              [
                "::1"
              ],
              [
                "fe80::be24:11ff:feeb:ef44"
              ],
              [
                "fe80::be24:11ff:fe3a:32c1"
              ],
              []
            ],
            "keyboard_layout": "en-us",
            "kvm_arguments": null,
            "mac_addresses": [
              "00:00:00:00:00:00",
              "BC:24:11:EB:EF:44",
              "BC:24:11:3A:32:C1",
              "DA:CF:C6:CD:0D:69"
            ],
            "machine": null,
            "memory": [
              {
                "dedicated": 512,
                "floating": 0,
                "hugepages": "",
                "keep_hugepages": false,
                "shared": 0
              }
            ],
            "migrate": false,
            "name": "testmachinealpine-4.net.local",
            "network_device": [
              {
                "bridge": "vmbr0",
                "disconnected": false,
                "enabled": true,
                "firewall": true,
                "mac_address": "BC:24:11:EB:EF:44",
                "model": "virtio",
                "mtu": 0,
                "queues": 0,
                "rate_limit": 0,
                "trunks": "",
                "vlan_id": 0
              },
              {
                "bridge": "vnet01",
                "disconnected": false,
                "enabled": true,
                "firewall": true,
                "mac_address": "BC:24:11:3A:32:C1",
                "model": "virtio",
                "mtu": 0,
                "queues": 0,
                "rate_limit": 0,
                "trunks": "",
                "vlan_id": 0
              }
            ],
            "network_interface_names": [
              "lo",
              "eth0",
              "eth1",
              "docker0"
            ],
            "node_name": "pve",
            "numa": [],
            "on_boot": true,
            "operating_system": [],
            "pool_id": "",
            "protection": false,
            "purge_on_destroy": true,
            "reboot": false,
            "reboot_after_update": true,
            "rng": [],
            "scsi_hardware": "virtio-scsi-single",
            "serial_device": [],
            "smbios": [],
            "started": true,
            "startup": [],
            "stop_on_destroy": false,
            "tablet_device": true,
            "tags": [
              "alpine",
              "replicas",
              "terraform",
              "test"
            ],
            "template": false,
            "timeout_clone": 1800,
            "timeout_create": 1800,
            "timeout_migrate": 1800,
            "timeout_move_disk": 1800,
            "timeout_reboot": 1800,
            "timeout_shutdown_vm": 1800,
            "timeout_start_vm": 1800,
            "timeout_stop_vm": 300,
            "tpm_state": [],
            "usb": [],
            "vga": [],
            "virtiofs": [],
            "vm_id": 703,
            "watchdog": []
          },
          "sensitive_attributes": [],
          "identity_schema_version": 0,
          "private": "bnVsbA==",
          "dependencies": [
            "proxmox_virtual_environment_file.cloud_meta_config",
            "proxmox_virtual_environment_file.cloud_network_config",
            "proxmox_virtual_environment_file.cloud_user_config"
          ]
        },
        {
          "index_key": "testmachinealpine_5",
          "schema_version": 0,
          "attributes": {
            "acpi": true,
            "agent": [
              {
                "enabled": true,
                "timeout": "15m",
                "trim": false,
                "type": "virtio",
                "wait_for_ip": []
              }
            ],
            "amd_sev": [],
            "audio_device": [],
            "bios": "seabios",
            "boot_order": [],
            "cdrom": [],
            "clone": [
              {
                "datastore_id": "",
                "full": true,
                "node_name": "",
                "retries": 1,
                "vm_id": 1000
              }
            ],
            "cpu": [
              {
                "affinity": "",
                "architecture": "",
                "cores": 1,
                "flags": [],
                "hotplugged": 0,
                "limit": 0,
                "numa": false,
                "sockets": 1,
                "type": "x86-64-v2-AES",
                "units": 0
              }
            ],
            "delete_unreferenced_disks_on_destroy": true,
            "description": null,
            "disk": [],
            "efi_disk": [],
            "hook_script_file_id": null,
            "hostpci": [],
            "id": "704",
            "initialization": [
              {
                "datastore_id": "local-lvm",
                "dns": [],
                "file_format": "",
                "interface": "ide2",
                "ip_config": [],
                "meta_data_file_id": "snippets:snippets/testmachinealpine-5.net.local-ci-meta_data.yml",
                "network_data_file_id": "snippets:snippets/testmachinealpine-5-ci-network.yml",
                "type": "",
                "user_account": [],
                "user_data_file_id": "snippets:snippets/testmachinealpine-5-ci-user.yml",
                "vendor_data_file_id": ""
              }
            ],
            "ipv4_addresses": [
              [
                "127.0.0.1"
              ],
              [
                "192.168.1.201"
              ],
              [
                "10.0.0.157"
              ],
              [
                "172.17.0.1"
              ]
            ],
            "ipv6_addresses": [
              [
                "::1"
              ],
              [
                "fe80::be24:11ff:fecc:f10d"
              ],
              [
                "fe80::be24:11ff:fe9a:a268"
              ],
              []
            ],
            "keyboard_layout": "en-us",
            "kvm_arguments": null,
            "mac_addresses": [
              "00:00:00:00:00:00",
              "BC:24:11:CC:F1:0D",
              "BC:24:11:9A:A2:68",
              "02:0A:F7:BC:8C:29"
            ],
            "machine": null,
            "memory": [
              {
                "dedicated": 512,
                "floating": 0,
                "hugepages": "",
                "keep_hugepages": false,
                "shared": 0
              }
            ],
            "migrate": false,
            "name": "testmachinealpine-5.net.local",
            "network_device": [
              {
                "bridge": "vmbr0",
                "disconnected": false,
                "enabled": true,
                "firewall": true,
                "mac_address": "BC:24:11:CC:F1:0D",
                "model": "virtio",
                "mtu": 0,
                "queues": 0,
                "rate_limit": 0,
                "trunks": "",
                "vlan_id": 0
              },
              {
                "bridge": "vnet01",
                "disconnected": false,
                "enabled": true,
                "firewall": true,
                "mac_address": "BC:24:11:9A:A2:68",
                "model": "virtio",
                "mtu": 0,
                "queues": 0,
                "rate_limit": 0,
                "trunks": "",
                "vlan_id": 0
              }
            ],
            "network_interface_names": [
              "lo",
              "eth0",
              "eth1",
              "docker0"
            ],
            "node_name": "pve",
            "numa": [],
            "on_boot": true,
            "operating_system": [],
            "pool_id": "",
            "protection": false,
            "purge_on_destroy": true,
            "reboot": false,
            "reboot_after_update": true,
            "rng": [],
            "scsi_hardware": "virtio-scsi-single",
            "serial_device": [],
            "smbios": [],
            "started": true,
            "startup": [],
            "stop_on_destroy": false,
            "tablet_device": true,
            "tags": [
              "alpine",
              "replicas",
              "terraform",
              "test"
            ],
            "template": false,
            "timeout_clone": 1800,
            "timeout_create": 1800,
            "timeout_migrate": 1800,
            "timeout_move_disk": 1800,
            "timeout_reboot": 1800,
            "timeout_shutdown_vm": 1800,
            "timeout_start_vm": 1800,
            "timeout_stop_vm": 300,
            "tpm_state": [],
            "usb": [],
            "vga": [],
            "virtiofs": [],
            "vm_id": 704,
            "watchdog": []
          },
          "sensitive_attributes": [],
          "identity_schema_version": 0,
          "private": "bnVsbA==",
          "dependencies": [
            "proxmox_virtual_environment_file.cloud_meta_config",
            "proxmox_virtual_environment_file.cloud_network_config",
            "proxmox_virtual_environment_file.cloud_user_config"
          ]
        },
        {
          "index_key": "testmachinealpine_6",
          "schema_version": 0,
          "attributes": {
            "acpi": true,
            "agent": [
              {
                "enabled": true,
                "timeout": "15m",
                "trim": false,
                "type": "virtio",
                "wait_for_ip": []
              }
            ],
            "amd_sev": [],
            "audio_device": [],
            "bios": "seabios",
            "boot_order": [],
            "cdrom": [],
            "clone": [
              {
                "datastore_id": "",
                "full": true,
                "node_name": "",
                "retries": 1,
                "vm_id": 1000
              }
            ],
            "cpu": [
              {
                "affinity": "",
                "architecture": "",
                "cores": 1,
                "flags": [],
                "hotplugged": 0,
                "limit": 0,
                "numa": false,
                "sockets": 1,
                "type": "x86-64-v2-AES",
                "units": 0
              }
            ],
            "delete_unreferenced_disks_on_destroy": true,
            "description": null,
            "disk": [],
            "efi_disk": [],
            "hook_script_file_id": null,
            "hostpci": [],
            "id": "705",
            "initialization": [
              {
                "datastore_id": "local-lvm",
                "dns": [],
                "file_format": "",
                "interface": "ide2",
                "ip_config": [],
                "meta_data_file_id": "snippets:snippets/testmachinealpine-6.net.local-ci-meta_data.yml",
                "network_data_file_id": "snippets:snippets/testmachinealpine-6-ci-network.yml",
                "type": "",
                "user_account": [],
                "user_data_file_id": "snippets:snippets/testmachinealpine-6-ci-user.yml",
                "vendor_data_file_id": ""
              }
            ],
            "ipv4_addresses": [
              [
                "127.0.0.1"
              ],
              [
                "192.168.1.202"
              ],
              [
                "10.0.0.153"
              ],
              [
                "172.17.0.1"
              ]
            ],
            "ipv6_addresses": [
              [
                "::1"
              ],
              [
                "fe80::be24:11ff:fe57:ced"
              ],
              [
                "fe80::be24:11ff:fe86:8e75"
              ],
              []
            ],
            "keyboard_layout": "en-us",
            "kvm_arguments": null,
            "mac_addresses": [
              "00:00:00:00:00:00",
              "BC:24:11:57:0C:ED",
              "BC:24:11:86:8E:75",
              "7A:12:73:D4:4F:57"
            ],
            "machine": null,
            "memory": [
              {
                "dedicated": 512,
                "floating": 0,
                "hugepages": "",
                "keep_hugepages": false,
                "shared": 0
              }
            ],
            "migrate": false,
            "name": "testmachinealpine-6.net.local",
            "network_device": [
              {
                "bridge": "vmbr0",
                "disconnected": false,
                "enabled": true,
                "firewall": true,
                "mac_address": "BC:24:11:57:0C:ED",
                "model": "virtio",
                "mtu": 0,
                "queues": 0,
                "rate_limit": 0,
                "trunks": "",
                "vlan_id": 0
              },
              {
                "bridge": "vnet01",
                "disconnected": false,
                "enabled": true,
                "firewall": true,
                "mac_address": "BC:24:11:86:8E:75",
                "model": "virtio",
                "mtu": 0,
                "queues": 0,
                "rate_limit": 0,
                "trunks": "",
                "vlan_id": 0
              }
            ],
            "network_interface_names": [
              "lo",
              "eth0",
              "eth1",
              "docker0"
            ],
            "node_name": "pve",
            "numa": [],
            "on_boot": true,
            "operating_system": [],
            "pool_id": "",
            "protection": false,
            "purge_on_destroy": true,
            "reboot": false,
            "reboot_after_update": true,
            "rng": [],
            "scsi_hardware": "virtio-scsi-single",
            "serial_device": [],
            "smbios": [],
            "started": true,
            "startup": [],
            "stop_on_destroy": false,
            "tablet_device": true,
            "tags": [
              "alpine",
              "replicas",
              "terraform",
              "test"
            ],
            "template": false,
            "timeout_clone": 1800,
            "timeout_create": 1800,
            "timeout_migrate": 1800,
            "timeout_move_disk": 1800,
            "timeout_reboot": 1800,
            "timeout_shutdown_vm": 1800,
            "timeout_start_vm": 1800,
            "timeout_stop_vm": 300,
            "tpm_state": [],
            "usb": [],
            "vga": [],
            "virtiofs": [],
            "vm_id": 705,
            "watchdog": []
          },
          "sensitive_attributes": [],
          "identity_schema_version": 0,
          "private": "bnVsbA==",
          "dependencies": [
            "proxmox_virtual_environment_file.cloud_meta_config",
            "proxmox_virtual_environment_file.cloud_network_config",
            "proxmox_virtual_environment_file.cloud_user_config"
          ]
        },
        {
          "index_key": "testmachinealpine_7",
          "schema_version": 0,
          "attributes": {
            "acpi": true,
            "agent": [
              {
                "enabled": true,
                "timeout": "15m",
                "trim": false,
                "type": "virtio",
                "wait_for_ip": []
              }
            ],
            "amd_sev": [],
            "audio_device": [],
            "bios": "seabios",
            "boot_order": [],
            "cdrom": [],
            "clone": [
              {
                "datastore_id": "",
                "full": true,
                "node_name": "",
                "retries": 1,
                "vm_id": 1000
              }
            ],
            "cpu": [
              {
                "affinity": "",
                "architecture": "",
                "cores": 1,
                "flags": [],
                "hotplugged": 0,
                "limit": 0,
                "numa": false,
                "sockets": 1,
                "type": "x86-64-v2-AES",
                "units": 0
              }
            ],
            "delete_unreferenced_disks_on_destroy": true,
            "description": null,
            "disk": [],
            "efi_disk": [],
            "hook_script_file_id": null,
            "hostpci": [],
            "id": "706",
            "initialization": [
              {
                "datastore_id": "local-lvm",
                "dns": [],
                "file_format": "",
                "interface": "ide2",
                "ip_config": [],
                "meta_data_file_id": "snippets:snippets/testmachinealpine-7.net.local-ci-meta_data.yml",
                "network_data_file_id": "snippets:snippets/testmachinealpine-7-ci-network.yml",
                "type": "",
                "user_account": [],
                "user_data_file_id": "snippets:snippets/testmachinealpine-7-ci-user.yml",
                "vendor_data_file_id": ""
              }
            ],
            "ipv4_addresses": [
              [
                "127.0.0.1"
              ],
              [
                "192.168.1.203"
              ],
              [
                "10.0.0.151"
              ],
              [
                "172.17.0.1"
              ]
            ],
            "ipv6_addresses": [
              [
                "::1"
              ],
              [
                "fe80::be24:11ff:fed9:35d5"
              ],
              [
                "fe80::be24:11ff:fed5:71fb"
              ],
              []
            ],
            "keyboard_layout": "en-us",
            "kvm_arguments": null,
            "mac_addresses": [
              "00:00:00:00:00:00",
              "BC:24:11:D9:35:D5",
              "BC:24:11:D5:71:FB",
              "72:BF:F8:57:7E:46"
            ],
            "machine": null,
            "memory": [
              {
                "dedicated": 512,
                "floating": 0,
                "hugepages": "",
                "keep_hugepages": false,
                "shared": 0
              }
            ],
            "migrate": false,
            "name": "testmachinealpine-7.net.local",
            "network_device": [
              {
                "bridge": "vmbr0",
                "disconnected": false,
                "enabled": true,
                "firewall": true,
                "mac_address": "BC:24:11:D9:35:D5",
                "model": "virtio",
                "mtu": 0,
                "queues": 0,
                "rate_limit": 0,
                "trunks": "",
                "vlan_id": 0
              },
              {
                "bridge": "vnet01",
                "disconnected": false,
                "enabled": true,
                "firewall": true,
                "mac_address": "BC:24:11:D5:71:FB",
                "model": "virtio",
                "mtu": 0,
                "queues": 0,
                "rate_limit": 0,
                "trunks": "",
                "vlan_id": 0
              }
            ],
            "network_interface_names": [
              "lo",
              "eth0",
              "eth1",
              "docker0"
            ],
            "node_name": "pve",
            "numa": [],
            "on_boot": true,
            "operating_system": [],
            "pool_id": "",
            "protection": false,
            "purge_on_destroy": true,
            "reboot": false,
            "reboot_after_update": true,
            "rng": [],
            "scsi_hardware": "virtio-scsi-single",
            "serial_device": [],
            "smbios": [],
            "started": true,
            "startup": [],
            "stop_on_destroy": false,
            "tablet_device": true,
            "tags": [
              "alpine",
              "replicas",
              "terraform",
              "test"
            ],
            "template": false,
            "timeout_clone": 1800,
            "timeout_create": 1800,
            "timeout_migrate": 1800,
            "timeout_move_disk": 1800,
            "timeout_reboot": 1800,
            "timeout_shutdown_vm": 1800,
            "timeout_start_vm": 1800,
            "timeout_stop_vm": 300,
            "tpm_state": [],
            "usb": [],
            "vga": [],
            "virtiofs": [],
            "vm_id": 706,
            "watchdog": []
          },
          "sensitive_attributes": [],
          "identity_schema_version": 0,
          "private": "bnVsbA==",
          "dependencies": [
            "proxmox_virtual_environment_file.cloud_meta_config",
            "proxmox_virtual_environment_file.cloud_network_config",
            "proxmox_virtual_environment_file.cloud_user_config"
          ]
        },
        {
          "index_key": "testmachinealpine_8",
          "schema_version": 0,
          "attributes": {
            "acpi": true,
            "agent": [
              {
                "enabled": true,
                "timeout": "15m",
                "trim": false,
                "type": "virtio",
                "wait_for_ip": []
              }
            ],
            "amd_sev": [],
            "audio_device": [],
            "bios": "seabios",
            "boot_order": [],
            "cdrom": [],
            "clone": [
              {
                "datastore_id": "",
                "full": true,
                "node_name": "",
                "retries": 1,
                "vm_id": 1000
              }
            ],
            "cpu": [
              {
                "affinity": "",
                "architecture": "",
                "cores": 1,
                "flags": [],
                "hotplugged": 0,
                "limit": 0,
                "numa": false,
                "sockets": 1,
                "type": "x86-64-v2-AES",
                "units": 0
              }
            ],
            "delete_unreferenced_disks_on_destroy": true,
            "description": null,
            "disk": [],
            "efi_disk": [],
            "hook_script_file_id": null,
            "hostpci": [],
            "id": "707",
            "initialization": [
              {
                "datastore_id": "local-lvm",
                "dns": [],
                "file_format": "",
                "interface": "ide2",
                "ip_config": [],
                "meta_data_file_id": "snippets:snippets/testmachinealpine-8.net.local-ci-meta_data.yml",
                "network_data_file_id": "snippets:snippets/testmachinealpine-8-ci-network.yml",
                "type": "",
                "user_account": [],
                "user_data_file_id": "snippets:snippets/testmachinealpine-8-ci-user.yml",
                "vendor_data_file_id": ""
              }
            ],
            "ipv4_addresses": [
              [
                "127.0.0.1"
              ],
              [
                "192.168.1.204"
              ],
              [
                "10.0.0.155"
              ],
              [
                "172.17.0.1"
              ]
            ],
            "ipv6_addresses": [
              [
                "::1"
              ],
              [
                "fe80::be24:11ff:fe38:9cd3"
              ],
              [
                "fe80::be24:11ff:fe5d:e9a9"
              ],
              []
            ],
            "keyboard_layout": "en-us",
            "kvm_arguments": null,
            "mac_addresses": [
              "00:00:00:00:00:00",
              "BC:24:11:38:9C:D3",
              "BC:24:11:5D:E9:A9",
              "CE:93:F3:F6:EF:AB"
            ],
            "machine": null,
            "memory": [
              {
                "dedicated": 512,
                "floating": 0,
                "hugepages": "",
                "keep_hugepages": false,
                "shared": 0
              }
            ],
            "migrate": false,
            "name": "testmachinealpine-8.net.local",
            "network_device": [
              {
                "bridge": "vmbr0",
                "disconnected": false,
                "enabled": true,
                "firewall": true,
                "mac_address": "BC:24:11:38:9C:D3",
                "model": "virtio",
                "mtu": 0,
                "queues": 0,
                "rate_limit": 0,
                "trunks": "",
                "vlan_id": 0
              },
              {
                "bridge": "vnet01",
                "disconnected": false,
                "enabled": true,
                "firewall": true,
                "mac_address": "BC:24:11:5D:E9:A9",
                "model": "virtio",
                "mtu": 0,
                "queues": 0,
                "rate_limit": 0,
                "trunks": "",
                "vlan_id": 0
              }
            ],
            "network_interface_names": [
              "lo",
              "eth0",
              "eth1",
              "docker0"
            ],
            "node_name": "pve",
            "numa": [],
            "on_boot": true,
            "operating_system": [],
            "pool_id": "",
            "protection": false,
            "purge_on_destroy": true,
            "reboot": false,
            "reboot_after_update": true,
            "rng": [],
            "scsi_hardware": "virtio-scsi-single",
            "serial_device": [],
            "smbios": [],
            "started": true,
            "startup": [],
            "stop_on_destroy": false,
            "tablet_device": true,
            "tags": [
              "alpine",
              "replicas",
              "terraform",
              "test"
            ],
            "template": false,
            "timeout_clone": 1800,
            "timeout_create": 1800,
            "timeout_migrate": 1800,
            "timeout_move_disk": 1800,
            "timeout_reboot": 1800,
            "timeout_shutdown_vm": 1800,
            "timeout_start_vm": 1800,
            "timeout_stop_vm": 300,
            "tpm_state": [],
            "usb": [],
            "vga": [],
            "virtiofs": [],
            "vm_id": 707,
            "watchdog": []
          },
          "sensitive_attributes": [],
          "identity_schema_version": 0,
          "private": "bnVsbA==",
          "dependencies": [
            "proxmox_virtual_environment_file.cloud_meta_config",
            "proxmox_virtual_environment_file.cloud_network_config",
            "proxmox_virtual_environment_file.cloud_user_config"
          ]
        }
      ]
    }
  ],
  "check_results": null
}
