{
  "version": 4,
  "terraform_version": "1.14.7",
  "serial": 4882,
  "lineage": "a8899af9-ba92-c52f-1510-fa0b086a6651",
  "outputs": {},
  "resources": [
    {
      "mode": "data",
      "type": "external",
      "name": "server_reachable",
      "provider": "provider[\"registry.terraform.io/hashicorp/external\"]",
      "instances": [
        {
          "schema_version": 0,
          "attributes": {
            "id": "-",
            "program": [
              "bash",
              "-c",
              "    if nc -z -w 3 \"10.0.0.112\" 22 \u003e/dev/null 2\u003e\u00261; then\n      echo '{\"reachable\": \"true\", \"message\": \"OK\"}'\n    else\n      echo '{\"reachable\": \"false\", \"message\": \"Serveur 10.0.0.112 non joignable (port 22)\"}'\n    fi\n"
            ],
            "query": null,
            "result": {
              "message": "OK",
              "reachable": "true"
            },
            "working_dir": null
          },
          "sensitive_attributes": [],
          "identity_schema_version": 0
        }
      ]
    },
    {
      "mode": "managed",
      "type": "null_resource",
      "name": "create_the_ressource",
      "provider": "provider[\"registry.terraform.io/hashicorp/null\"]",
      "instances": [
        {
          "index_key": 0,
          "schema_version": 0,
          "attributes": {
            "id": "4980723456686055652",
            "triggers": null
          },
          "sensitive_attributes": [],
          "identity_schema_version": 0,
          "dependencies": [
            "data.external.server_reachable"
          ]
        }
      ]
    },
    {
      "mode": "managed",
      "type": "proxmox_virtual_environment_file",
      "name": "cloud_meta_config",
      "provider": "provider[\"registry.terraform.io/bpg/proxmox\"]",
      "instances": [
        {
          "index_key": "docker_registry",
          "schema_version": 0,
          "attributes": {
            "content_type": "snippets",
            "datastore_id": "snippets",
            "file_mode": null,
            "file_modification_date": null,
            "file_name": "registry.net.local-ci-meta_data.yml",
            "file_size": null,
            "file_tag": null,
            "id": "snippets:snippets/registry.net.local-ci-meta_data.yml",
            "node_name": "pve",
            "overwrite": true,
            "source_file": [],
            "source_raw": [
              {
                "data": "",
                "file_name": "registry.net.local-ci-meta_data.yml",
                "resize": 0
              }
            ],
            "timeout_upload": 1800
          },
          "sensitive_attributes": [],
          "identity_schema_version": 0,
          "private": "bnVsbA=="
        },
        {
          "index_key": "downloader",
          "schema_version": 0,
          "attributes": {
            "content_type": "snippets",
            "datastore_id": "snippets",
            "file_mode": null,
            "file_modification_date": null,
            "file_name": "downloader.net.local-ci-meta_data.yml",
            "file_size": null,
            "file_tag": null,
            "id": "snippets:snippets/downloader.net.local-ci-meta_data.yml",
            "node_name": "pve",
            "overwrite": true,
            "source_file": [],
            "source_raw": [
              {
                "data": "",
                "file_name": "downloader.net.local-ci-meta_data.yml",
                "resize": 0
              }
            ],
            "timeout_upload": 1800
          },
          "sensitive_attributes": [],
          "identity_schema_version": 0,
          "private": "bnVsbA=="
        },
        {
          "index_key": "immichalpine",
          "schema_version": 0,
          "attributes": {
            "content_type": "snippets",
            "datastore_id": "snippets",
            "file_mode": null,
            "file_modification_date": null,
            "file_name": "immichalpine.net.local-ci-meta_data.yml",
            "file_size": null,
            "file_tag": null,
            "id": "snippets:snippets/immichalpine.net.local-ci-meta_data.yml",
            "node_name": "pve",
            "overwrite": true,
            "source_file": [],
            "source_raw": [
              {
                "data": "",
                "file_name": "immichalpine.net.local-ci-meta_data.yml",
                "resize": 0
              }
            ],
            "timeout_upload": 1800
          },
          "sensitive_attributes": [],
          "identity_schema_version": 0,
          "private": "bnVsbA=="
        },
        {
          "index_key": "nginxproxymanager",
          "schema_version": 0,
          "attributes": {
            "content_type": "snippets",
            "datastore_id": "snippets",
            "file_mode": null,
            "file_modification_date": null,
            "file_name": "nginxproxymanager.net.local-ci-meta_data.yml",
            "file_size": null,
            "file_tag": null,
            "id": "snippets:snippets/nginxproxymanager.net.local-ci-meta_data.yml",
            "node_name": "pve",
            "overwrite": true,
            "source_file": [],
            "source_raw": [
              {
                "data": "",
                "file_name": "nginxproxymanager.net.local-ci-meta_data.yml",
                "resize": 0
              }
            ],
            "timeout_upload": 1800
          },
          "sensitive_attributes": [],
          "identity_schema_version": 0,
          "private": "bnVsbA=="
        },
        {
          "index_key": "nodocker_1",
          "schema_version": 0,
          "attributes": {
            "content_type": "snippets",
            "datastore_id": "snippets",
            "file_mode": null,
            "file_modification_date": null,
            "file_name": "nodocker-1.net.local-ci-meta_data.yml",
            "file_size": null,
            "file_tag": null,
            "id": "snippets:snippets/nodocker-1.net.local-ci-meta_data.yml",
            "node_name": "pve",
            "overwrite": true,
            "source_file": [],
            "source_raw": [
              {
                "data": "",
                "file_name": "nodocker-1.net.local-ci-meta_data.yml",
                "resize": 0
              }
            ],
            "timeout_upload": 1800
          },
          "sensitive_attributes": [],
          "identity_schema_version": 0,
          "private": "bnVsbA=="
        },
        {
          "index_key": "runner_nixos",
          "schema_version": 0,
          "attributes": {
            "content_type": "snippets",
            "datastore_id": "snippets",
            "file_mode": null,
            "file_modification_date": null,
            "file_name": "runner-nixos.net.local-ci-meta_data.yml",
            "file_size": null,
            "file_tag": null,
            "id": "snippets:snippets/runner-nixos.net.local-ci-meta_data.yml",
            "node_name": "pve",
            "overwrite": true,
            "source_file": [],
            "source_raw": [
              {
                "data": "",
                "file_name": "runner-nixos.net.local-ci-meta_data.yml",
                "resize": 0
              }
            ],
            "timeout_upload": 1800
          },
          "sensitive_attributes": [],
          "identity_schema_version": 0,
          "private": "bnVsbA=="
        },
        {
          "index_key": "runner_ubuntu",
          "schema_version": 0,
          "attributes": {
            "content_type": "snippets",
            "datastore_id": "snippets",
            "file_mode": null,
            "file_modification_date": null,
            "file_name": "runner-ubuntu.net.local-ci-meta_data.yml",
            "file_size": null,
            "file_tag": null,
            "id": "snippets:snippets/runner-ubuntu.net.local-ci-meta_data.yml",
            "node_name": "pve",
            "overwrite": true,
            "source_file": [],
            "source_raw": [
              {
                "data": "",
                "file_name": "runner-ubuntu.net.local-ci-meta_data.yml",
                "resize": 0
              }
            ],
            "timeout_upload": 1800
          },
          "sensitive_attributes": [],
          "identity_schema_version": 0,
          "private": "bnVsbA=="
        },
        {
          "index_key": "swarm_manager_1",
          "schema_version": 0,
          "attributes": {
            "content_type": "snippets",
            "datastore_id": "snippets",
            "file_mode": null,
            "file_modification_date": null,
            "file_name": "swarm-manager-1.net.local-ci-meta_data.yml",
            "file_size": null,
            "file_tag": null,
            "id": "snippets:snippets/swarm-manager-1.net.local-ci-meta_data.yml",
            "node_name": "pve",
            "overwrite": true,
            "source_file": [],
            "source_raw": [
              {
                "data": "",
                "file_name": "swarm-manager-1.net.local-ci-meta_data.yml",
                "resize": 0
              }
            ],
            "timeout_upload": 1800
          },
          "sensitive_attributes": [],
          "identity_schema_version": 0,
          "private": "bnVsbA=="
        },
        {
          "index_key": "swarm_worker_1",
          "schema_version": 0,
          "attributes": {
            "content_type": "snippets",
            "datastore_id": "snippets",
            "file_mode": null,
            "file_modification_date": null,
            "file_name": "worker-1.net.local-ci-meta_data.yml",
            "file_size": null,
            "file_tag": null,
            "id": "snippets:snippets/worker-1.net.local-ci-meta_data.yml",
            "node_name": "pve",
            "overwrite": true,
            "source_file": [],
            "source_raw": [
              {
                "data": "",
                "file_name": "worker-1.net.local-ci-meta_data.yml",
                "resize": 0
              }
            ],
            "timeout_upload": 1800
          },
          "sensitive_attributes": [],
          "identity_schema_version": 0,
          "private": "bnVsbA=="
        },
        {
          "index_key": "vault_1",
          "schema_version": 0,
          "attributes": {
            "content_type": "snippets",
            "datastore_id": "snippets",
            "file_mode": null,
            "file_modification_date": null,
            "file_name": "vault-1.net.local-ci-meta_data.yml",
            "file_size": null,
            "file_tag": null,
            "id": "snippets:snippets/vault-1.net.local-ci-meta_data.yml",
            "node_name": "pve",
            "overwrite": true,
            "source_file": [],
            "source_raw": [
              {
                "data": "",
                "file_name": "vault-1.net.local-ci-meta_data.yml",
                "resize": 0
              }
            ],
            "timeout_upload": 1800
          },
          "sensitive_attributes": [],
          "identity_schema_version": 0,
          "private": "bnVsbA=="
        }
      ]
    },
    {
      "mode": "managed",
      "type": "proxmox_virtual_environment_file",
      "name": "cloud_network_config",
      "provider": "provider[\"registry.terraform.io/bpg/proxmox\"]",
      "instances": [
        {
          "index_key": "docker_registry",
          "schema_version": 0,
          "attributes": {
            "content_type": "snippets",
            "datastore_id": "snippets",
            "file_mode": null,
            "file_modification_date": null,
            "file_name": "registry-ci-network.yml",
            "file_size": null,
            "file_tag": null,
            "id": "snippets:snippets/registry-ci-network.yml",
            "node_name": "pve",
            "overwrite": true,
            "source_file": [],
            "source_raw": [
              {
                "data": "#cloud-config\nnetwork:\n  version: 2\n  ethernets:\n    eth0:\n      addresses: [\"10.0.0.250/24\"]\n      gateway4: 10.0.0.1\n      nameservers:\n        addresses: [\"8.8.8.8\", \"8.8.4.4\"]\n      routes:\n        - to: default\n          via: 10.0.0.1\n          metric: 10\n",
                "file_name": "registry-ci-network.yml",
                "resize": 0
              }
            ],
            "timeout_upload": 1800
          },
          "sensitive_attributes": [],
          "identity_schema_version": 0,
          "private": "bnVsbA=="
        },
        {
          "index_key": "downloader",
          "schema_version": 0,
          "attributes": {
            "content_type": "snippets",
            "datastore_id": "snippets",
            "file_mode": null,
            "file_modification_date": null,
            "file_name": "downloader-ci-network.yml",
            "file_size": null,
            "file_tag": null,
            "id": "snippets:snippets/downloader-ci-network.yml",
            "node_name": "pve",
            "overwrite": true,
            "source_file": [],
            "source_raw": [
              {
                "data": "#cloud-config\nnetwork:\n  version: 2\n  ethernets:\n    eth0:\n      addresses: [\"10.0.0.21/24\"]\n      gateway4: 10.0.0.1\n      nameservers:\n        addresses: [\"8.8.8.8\", \"8.8.4.4\"]\n      routes:\n        - to: default\n          via: 10.0.0.1\n          metric: 10\n",
                "file_name": "downloader-ci-network.yml",
                "resize": 0
              }
            ],
            "timeout_upload": 1800
          },
          "sensitive_attributes": [],
          "identity_schema_version": 0,
          "private": "bnVsbA=="
        },
        {
          "index_key": "immichalpine",
          "schema_version": 0,
          "attributes": {
            "content_type": "snippets",
            "datastore_id": "snippets",
            "file_mode": null,
            "file_modification_date": null,
            "file_name": "immichalpine-ci-network.yml",
            "file_size": null,
            "file_tag": null,
            "id": "snippets:snippets/immichalpine-ci-network.yml",
            "node_name": "pve",
            "overwrite": true,
            "source_file": [],
            "source_raw": [
              {
                "data": "#cloud-config\nnetwork:\n  version: 2\n  ethernets:\n    eth0:\n      addresses: [\"192.168.1.219/24\"]\n      gateway4: 192.168.1.1\n      nameservers:\n        addresses: [\"8.8.8.8\", \"8.8.4.4\"]\n      routes:\n        - to: default\n          via: 192.168.1.1\n          metric: 10\n",
                "file_name": "immichalpine-ci-network.yml",
                "resize": 0
              }
            ],
            "timeout_upload": 1800
          },
          "sensitive_attributes": [],
          "identity_schema_version": 0,
          "private": "bnVsbA=="
        },
        {
          "index_key": "nginxproxymanager",
          "schema_version": 0,
          "attributes": {
            "content_type": "snippets",
            "datastore_id": "snippets",
            "file_mode": null,
            "file_modification_date": null,
            "file_name": "nginxproxymanager-ci-network.yml",
            "file_size": null,
            "file_tag": null,
            "id": "snippets:snippets/nginxproxymanager-ci-network.yml",
            "node_name": "pve",
            "overwrite": true,
            "source_file": [],
            "source_raw": [
              {
                "data": "#cloud-config\nnetwork:\n  version: 2\n  ethernets:\n    eth0:\n      addresses: [\"192.168.1.114/24\"]\n      gateway4: 192.168.1.1\n      nameservers:\n        addresses: [\"8.8.8.8\", \"8.8.4.4\"]\n    eth1:\n      addresses: [\"10.0.0.100/24\"]\n      gateway4: 10.0.0.1\n      nameservers:\n        addresses: [\"8.8.8.8\", \"8.8.4.4\"]\n",
                "file_name": "nginxproxymanager-ci-network.yml",
                "resize": 0
              }
            ],
            "timeout_upload": 1800
          },
          "sensitive_attributes": [],
          "identity_schema_version": 0,
          "private": "bnVsbA=="
        },
        {
          "index_key": "nodocker_1",
          "schema_version": 0,
          "attributes": {
            "content_type": "snippets",
            "datastore_id": "snippets",
            "file_mode": null,
            "file_modification_date": null,
            "file_name": "nodocker-1-ci-network.yml",
            "file_size": null,
            "file_tag": null,
            "id": "snippets:snippets/nodocker-1-ci-network.yml",
            "node_name": "pve",
            "overwrite": true,
            "source_file": [],
            "source_raw": [
              {
                "data": "#cloud-config\nnetwork:\n  version: 2\n  ethernets:\n    eth0:\n      addresses: [\"10.0.1.1/24\"]\n      gateway4: 10.0.1.254\n      nameservers:\n        addresses: [\"1.1.1.1\"]\n",
                "file_name": "nodocker-1-ci-network.yml",
                "resize": 0
              }
            ],
            "timeout_upload": 1800
          },
          "sensitive_attributes": [],
          "identity_schema_version": 0,
          "private": "bnVsbA=="
        },
        {
          "index_key": "runner_nixos",
          "schema_version": 0,
          "attributes": {
            "content_type": "snippets",
            "datastore_id": "snippets",
            "file_mode": null,
            "file_modification_date": null,
            "file_name": "runner-nixos-ci-network.yml",
            "file_size": null,
            "file_tag": null,
            "id": "snippets:snippets/runner-nixos-ci-network.yml",
            "node_name": "pve",
            "overwrite": true,
            "source_file": [],
            "source_raw": [
              {
                "data": "#cloud-config\nnetwork:\n  version: 2\n  ethernets:\n    ens18:\n      addresses: [\"10.0.0.23/24\"]\n      gateway4: 10.0.0.1\n      nameservers:\n        addresses: [\"8.8.8.8\", \"8.8.4.4\"]\n      routes:\n        - to: 0.0.0.0/0\n          via: 10.0.0.1\n          metric: 1\n",
                "file_name": "runner-nixos-ci-network.yml",
                "resize": 0
              }
            ],
            "timeout_upload": 1800
          },
          "sensitive_attributes": [],
          "identity_schema_version": 0,
          "private": "bnVsbA=="
        },
        {
          "index_key": "runner_ubuntu",
          "schema_version": 0,
          "attributes": {
            "content_type": "snippets",
            "datastore_id": "snippets",
            "file_mode": null,
            "file_modification_date": null,
            "file_name": "runner-ubuntu-ci-network.yml",
            "file_size": null,
            "file_tag": null,
            "id": "snippets:snippets/runner-ubuntu-ci-network.yml",
            "node_name": "pve",
            "overwrite": true,
            "source_file": [],
            "source_raw": [
              {
                "data": "#cloud-config\nnetwork:\n  version: 2\n  ethernets:\n    ens18:\n      addresses: [\"10.0.0.22/24\"]\n      gateway4: 10.0.0.1\n      nameservers:\n        addresses: [\"8.8.8.8\", \"8.8.4.4\"]\n      routes:\n        - to: default\n          via: 10.0.0.1\n          metric: 10\n",
                "file_name": "runner-ubuntu-ci-network.yml",
                "resize": 0
              }
            ],
            "timeout_upload": 1800
          },
          "sensitive_attributes": [],
          "identity_schema_version": 0,
          "private": "bnVsbA=="
        },
        {
          "index_key": "swarm_manager_1",
          "schema_version": 0,
          "attributes": {
            "content_type": "snippets",
            "datastore_id": "snippets",
            "file_mode": null,
            "file_modification_date": null,
            "file_name": "swarm-manager-1-ci-network.yml",
            "file_size": null,
            "file_tag": null,
            "id": "snippets:snippets/swarm-manager-1-ci-network.yml",
            "node_name": "pve",
            "overwrite": true,
            "source_file": [],
            "source_raw": [
              {
                "data": "#cloud-config\nnetwork:\n  version: 2\n  ethernets:\n    eth0:\n      addresses: [\"10.0.0.80/24\"]\n      gateway4: 10.0.0.1\n      nameservers:\n        addresses: [\"8.8.8.8\", \"8.8.4.4\"]\n      routes:\n        - to: default\n          via: 10.0.0.1\n          metric: 1\n",
                "file_name": "swarm-manager-1-ci-network.yml",
                "resize": 0
              }
            ],
            "timeout_upload": 1800
          },
          "sensitive_attributes": [],
          "identity_schema_version": 0,
          "private": "bnVsbA=="
        },
        {
          "index_key": "swarm_worker_1",
          "schema_version": 0,
          "attributes": {
            "content_type": "snippets",
            "datastore_id": "snippets",
            "file_mode": null,
            "file_modification_date": null,
            "file_name": "worker-1-ci-network.yml",
            "file_size": null,
            "file_tag": null,
            "id": "snippets:snippets/worker-1-ci-network.yml",
            "node_name": "pve",
            "overwrite": true,
            "source_file": [],
            "source_raw": [
              {
                "data": "#cloud-config\nnetwork:\n  version: 2\n  ethernets:\n    eth0:\n      addresses: [\"10.0.0.83/24\"]\n      gateway4: 10.0.0.1\n      nameservers:\n        addresses: [\"8.8.8.8\", \"8.8.4.4\"]\n      routes:\n        - to: default\n          via: 10.0.0.1\n          metric: 1\n",
                "file_name": "worker-1-ci-network.yml",
                "resize": 0
              }
            ],
            "timeout_upload": 1800
          },
          "sensitive_attributes": [],
          "identity_schema_version": 0,
          "private": "bnVsbA=="
        },
        {
          "index_key": "vault_1",
          "schema_version": 0,
          "attributes": {
            "content_type": "snippets",
            "datastore_id": "snippets",
            "file_mode": null,
            "file_modification_date": null,
            "file_name": "vault-1-ci-network.yml",
            "file_size": null,
            "file_tag": null,
            "id": "snippets:snippets/vault-1-ci-network.yml",
            "node_name": "pve",
            "overwrite": true,
            "source_file": [],
            "source_raw": [
              {
                "data": "#cloud-config\nnetwork:\n  version: 2\n  ethernets:\n    eth0:\n      addresses: [\"10.0.0.112/24\"]\n      gateway4: 10.0.0.1\n      nameservers:\n        addresses: [\"8.8.8.8\", \"8.8.4.4\"]\n      routes:\n        - to: default\n          via: 10.0.0.1\n          metric: 1\n",
                "file_name": "vault-1-ci-network.yml",
                "resize": 0
              }
            ],
            "timeout_upload": 1800
          },
          "sensitive_attributes": [],
          "identity_schema_version": 0,
          "private": "bnVsbA=="
        }
      ]
    },
    {
      "mode": "managed",
      "type": "proxmox_virtual_environment_file",
      "name": "cloud_user_config",
      "provider": "provider[\"registry.terraform.io/bpg/proxmox\"]",
      "instances": [
        {
          "index_key": "docker_registry",
          "schema_version": 0,
          "attributes": {
            "content_type": "snippets",
            "datastore_id": "snippets",
            "file_mode": null,
            "file_modification_date": null,
            "file_name": "registry-ci-user.yml",
            "file_size": null,
            "file_tag": null,
            "id": "snippets:snippets/registry-ci-user.yml",
            "node_name": "pve",
            "overwrite": true,
            "source_file": [],
            "source_raw": [
              {
                "data": "#cloud-config\npackage_upgrade: false\nhostname: registry\nusers:\n  - name: user\n    groups: [adm, sudo]\n    lock-passwd: false\n    sudo: ALL=(ALL) NOPASSWD:ALL\n    shell: /bin/bash\n    passwd: $6$tGz.h5alKsD5IOP2$yfQ1RTnXjdLnmCQxFG70Jf3d24YAb8Bsb/qZ/iW0aokkahPQ8qlRhgC2ZpVYkcK.CQh579k3IF3f2LTDAMsKH/\n    ssh_authorized_keys: \n      - ssh-ed25519 AAAAC3NzaC1lZDI1NTE5AAAAIP1oFq0GYt8j7vg2nNAJNzwBtqrdOUDp8CMQwLRiz4Vz user@ull\n\n\nssh_pwauth: True ## This line enables ssh password authentication\n\n\nwrite_files:\n  - path: /home/user/docker-compose.yaml\n    permissions: \"0700\"\n    content: |\n      services:\n        registry:\n          image: registry:latest\n          environment:\n            REGISTRY_AUTH: htpasswd # TODO: make it work with password + cache\n            REGISTRY_AUTH_HTPASSWD_REALM: Registry Realm\n            REGISTRY_AUTH_HTPASSWD_PATH: /auth/registry.password\n            REGISTRY_STORAGE_FILESYSTEM_ROOTDIRECTORY: /data\n          volumes:\n            # Mount the password file\n            - /home/user/registry/registry.password:/auth/registry.password\n            # Mount the data directory\n            - /home/user/registry/data:/data\n          ports:\n            - 0.0.0.0:5000:5000\n          restart: unless-stopped\n      \n        registry-proxy-cache:\n          image: registry:latest\n          environment:\n            REGISTRY_STORAGE_FILESYSTEM_ROOTDIRECTORY: /data\n            REGISTRY_PROXY_REMOTEURL: https://registry-1.docker.io\n          volumes:\n            # Mount the data directory\n            - /home/user/registry-proxy-cache/data:/data\n          ports:\n            - 0.0.0.0:5001:5000\n          restart: unless-stopped          \n      \n  - path: /home/user/registry/registry.password\n    permissions: \"0700\"\n    content: |\n      victor:$2y$05$B1NBFhshYeRpHfcBohYFduBAlutF.RlybVZyK0ePLprfgbPyvzUci\n      \n\n\n\n# commands from here are run as root\nruncmd:\n  - echo \"Ready\"\n  - usermod -aG docker user\n  - mkdir -p /home/user/registry/data\n  - mkdir -p /home/user/registry-proxy-cache/data\n  - chown -R user:user /home/user/{registry, registry-proxy-cache}\n  - chown user:user /home/user/docker-compose.yaml\n  - su -l user -c \"cd /home/user \u0026\u0026 docker compose up -d\"\n\n",
                "file_name": "registry-ci-user.yml",
                "resize": 0
              }
            ],
            "timeout_upload": 1800
          },
          "sensitive_attributes": [],
          "identity_schema_version": 0,
          "private": "bnVsbA=="
        },
        {
          "index_key": "downloader",
          "schema_version": 0,
          "attributes": {
            "content_type": "snippets",
            "datastore_id": "snippets",
            "file_mode": null,
            "file_modification_date": null,
            "file_name": "downloader-ci-user.yml",
            "file_size": null,
            "file_tag": null,
            "id": "snippets:snippets/downloader-ci-user.yml",
            "node_name": "pve",
            "overwrite": true,
            "source_file": [],
            "source_raw": [
              {
                "data": "#cloud-config\npackage_upgrade: false\nhostname: downloader\nusers:\n  - name: user\n    groups: [adm, sudo]\n    lock-passwd: false\n    sudo: ALL=(ALL) NOPASSWD:ALL\n    shell: /bin/bash\n    passwd: $6$tGz.h5alKsD5IOP2$yfQ1RTnXjdLnmCQxFG70Jf3d24YAb8Bsb/qZ/iW0aokkahPQ8qlRhgC2ZpVYkcK.CQh579k3IF3f2LTDAMsKH/\n    ssh_authorized_keys: \n      - ssh-ed25519 AAAAC3NzaC1lZDI1NTE5AAAAIP1oFq0GYt8j7vg2nNAJNzwBtqrdOUDp8CMQwLRiz4Vz user@ull\n\n\nssh_pwauth: True ## This line enables ssh password authentication\n\n\nwrite_files:\n  - path: /etc/docker/daemon.json\n    permissions: \"0600\"\n    content: |\n      {\n        \"insecure-registries\": [\n          \"10.0.0.250:5000\"\n        ],\n        \"registry-mirrors\": [\"http://10.0.0.250:5001\"]\n      }\n      \n  - path: /home/user/links.txt\n    permissions: \"0755\"\n    content: |\n      https://mamot.fr/@YggTorrent\n      http://localhost:9091/transmission/web/\n      https://www.myip.com/\n      \n\n\n\n# commands from here are run as root\nruncmd:\n  - echo \"Ready\"\n  - usermod -aG docker user\n  - mkdir -p /etc/docker\n  - mkdir /home/user/downloader\n  - cd /home/user/downloader; wget http://192.168.1.29:8080/files/downloader/docker-compose.yaml\n  - /home/user/downloader; wget http://192.168.1.29:8080/files/downloader/.env\n  - mkdir -p /home/user/containers/downloader/transmission/downloads\n  - mkdir -p /home/user/.secret/vpn/wg_confs\n  - mkdir -p /home/user/containers/downloader/firefox/Downloads/new\n  - mkdir -p /home/user/containers/downloader/desktop/home/user/Downloads\n  - mkdir -p /home/user/containers/downloader/desktop/home/user/.mozilla\n  - mkdir -p /home/user/containers/downloader/transmission/downloads/complete\n  - chown -R user:user /home/user/downloader\n  - chown -R user:user /home/user/containers\n  - chown -R user:user /home/user/.secret\n  - service docker restart\n  - chown -R user:user /home/user/\n\n",
                "file_name": "downloader-ci-user.yml",
                "resize": 0
              }
            ],
            "timeout_upload": 1800
          },
          "sensitive_attributes": [],
          "identity_schema_version": 0,
          "private": "bnVsbA=="
        },
        {
          "index_key": "immichalpine",
          "schema_version": 0,
          "attributes": {
            "content_type": "snippets",
            "datastore_id": "snippets",
            "file_mode": null,
            "file_modification_date": null,
            "file_name": "immichalpine-ci-user.yml",
            "file_size": null,
            "file_tag": null,
            "id": "snippets:snippets/immichalpine-ci-user.yml",
            "node_name": "pve",
            "overwrite": true,
            "source_file": [],
            "source_raw": [
              {
                "data": "#cloud-config\npackage_upgrade: false\nhostname: immichalpine\nusers:\n  - name: user\n    groups: [adm, sudo]\n    lock-passwd: false\n    sudo: ALL=(ALL) NOPASSWD:ALL\n    shell: /bin/bash\n    passwd: $6$tGz.h5alKsD5IOP2$yfQ1RTnXjdLnmCQxFG70Jf3d24YAb8Bsb/qZ/iW0aokkahPQ8qlRhgC2ZpVYkcK.CQh579k3IF3f2LTDAMsKH/\n    ssh_authorized_keys: \n      - ssh-ed25519 AAAAC3NzaC1lZDI1NTE5AAAAIP1oFq0GYt8j7vg2nNAJNzwBtqrdOUDp8CMQwLRiz4Vz user@ull\n\n\nssh_pwauth: True ## This line enables ssh password authentication\n\n\n\n# commands from here are run as root\nruncmd:\n  - echo \"Ready\"\n  - wget http://192.168.1.29:8080/files/immich/init.sh \u0026\u0026 chmod +x $PWD/init.sh\n  - wget http://192.168.1.29:8080/files/immich/immich.tgz\n  - tar xzf $PWD/immich.tgz \u0026\u0026 rm $PWD/immich.tgz\n  - cp $PWD/immich/env $PWD/immich/restoredb.sh /tmp\n  - bash $PWD/immich/install-immich.sh\n  - $PWD/init.sh\n\n",
                "file_name": "immichalpine-ci-user.yml",
                "resize": 0
              }
            ],
            "timeout_upload": 1800
          },
          "sensitive_attributes": [],
          "identity_schema_version": 0,
          "private": "bnVsbA=="
        },
        {
          "index_key": "nginxproxymanager",
          "schema_version": 0,
          "attributes": {
            "content_type": "snippets",
            "datastore_id": "snippets",
            "file_mode": null,
            "file_modification_date": null,
            "file_name": "nginxproxymanager-ci-user.yml",
            "file_size": null,
            "file_tag": null,
            "id": "snippets:snippets/nginxproxymanager-ci-user.yml",
            "node_name": "pve",
            "overwrite": true,
            "source_file": [],
            "source_raw": [
              {
                "data": "#cloud-config\npackage_upgrade: false\nhostname: nginxproxymanager\nusers:\n  - name: user\n    groups: [adm, sudo]\n    lock-passwd: false\n    sudo: ALL=(ALL) NOPASSWD:ALL\n    shell: /bin/bash\n    passwd: $6$tGz.h5alKsD5IOP2$yfQ1RTnXjdLnmCQxFG70Jf3d24YAb8Bsb/qZ/iW0aokkahPQ8qlRhgC2ZpVYkcK.CQh579k3IF3f2LTDAMsKH/\n    ssh_authorized_keys: \n      - ssh-ed25519 AAAAC3NzaC1lZDI1NTE5AAAAIP1oFq0GYt8j7vg2nNAJNzwBtqrdOUDp8CMQwLRiz4Vz user@ull\n\n\nssh_pwauth: True ## This line enables ssh password authentication\n\n\n\n# commands from here are run as root\nruncmd:\n  - echo \"Ready\"\n  - usermod -aG docker user\n  - su - user -c \"mkdir /home/user/nginx\"\n  - su - user -c \"cd /home/user/nginx; wget http://192.168.1.31:8080/files/nginxproxymanager/configs/docker-compose.yml\"\n  - su - user -c \"cd /home/user/nginx; wget http://192.168.1.31:8080/files/nginxproxymanager/data/data.tgz\"\n  - su - user -c \"cd /home/user/nginx; wget http://192.168.1.31:8080/files/nginxproxymanager/data/letsencrypt.tgz\"\n  - su - user -c \"cd /home/user/nginx; tar xvzf data.tgz \u0026\u0026 tar xvzf letsencrypt.tgz \u0026\u0026 rm data.tgz letsencrypt.tgz\"\n  - su - user -c \"cd /home/user/nginx; docker-compose up -d\"\n\n",
                "file_name": "nginxproxymanager-ci-user.yml",
                "resize": 0
              }
            ],
            "timeout_upload": 1800
          },
          "sensitive_attributes": [],
          "identity_schema_version": 0,
          "private": "bnVsbA=="
        },
        {
          "index_key": "nodocker_1",
          "schema_version": 0,
          "attributes": {
            "content_type": "snippets",
            "datastore_id": "snippets",
            "file_mode": null,
            "file_modification_date": null,
            "file_name": "nodocker-1-ci-user.yml",
            "file_size": null,
            "file_tag": null,
            "id": "snippets:snippets/nodocker-1-ci-user.yml",
            "node_name": "pve",
            "overwrite": true,
            "source_file": [],
            "source_raw": [
              {
                "data": "#cloud-config\npackage_upgrade: false\nhostname: nodocker-1\nusers:\n  - name: user\n    groups: [adm, sudo]\n    lock-passwd: false\n    sudo: ALL=(ALL) NOPASSWD:ALL\n    shell: /bin/bash\n    passwd: $6$tGz.h5alKsD5IOP2$yfQ1RTnXjdLnmCQxFG70Jf3d24YAb8Bsb/qZ/iW0aokkahPQ8qlRhgC2ZpVYkcK.CQh579k3IF3f2LTDAMsKH/\n    ssh_authorized_keys: \n      - sk-ssh-ed25519@openssh.com AAAAGnNrLXNzaC1lZDI1NTE5QG9wZW5zc2guY29tAAAAIMBf4Q56GIITQXPAwCUGICe15WYd41qQprjM75C8wG0EAAAACHNzaDptYWlu Main Key\n\n\nssh_pwauth: True ## This line enables ssh password authentication\n\n\nwrite_files:\n  - path: /root/tor-router.sh\n    permissions: \"0755\"\n    owner: root:root\n    content: |\n      #!/bin/bash\n      _tor_uid=$(id -u tor)\n      _trans=9050 _dns=5353\n      _nontor=\"192.168.1.0/24 192.168.0.0/24 10.0.0.0/24\"\n      \n      # Flush\n      iptables -t nat -F; iptables -F OUTPUT\n      \n      #iptables -t nat -A POSTROUTING -o eth0 -j MASQUERADE\n      iptables -t nat -A OUTPUT -m owner --uid-owner $_tor_uid -j RETURN\n      iptables -t nat -A OUTPUT -p udp --dport 53 -j REDIRECT --to-ports 5353\n      \n      for NET in $_nontor 127.0.0.0/9 127.128.0.0/10; do\n          iptables -t nat -A OUTPUT -d $NET -j RETURN\n      done\n      \n      #iptables -t nat -A OUTPUT -p tcp -m multiport --dports 80,443 -j DNAT --to-destination 127.0.0.1:8118\n      iptables -t nat -A OUTPUT -p tcp -m multiport --dports 80,443 -j REDIRECT --to-ports 2080\n      iptables -t nat -A OUTPUT -p tcp -j DNAT --to-destination 127.0.0.1:9050\n      # iptables -t nat -A OUTPUT -p tcp --syn -j REDIRECT --to-ports $TRANS_PORT\n      iptables -A OUTPUT -m state --state ESTABLISHED,RELATED -j ACCEPT\n      \n  - path: /root/cmds\n    permissions: \"0600\"\n    owner: root:root\n    content: |\n      moproxy --port 2080 --socks5 9050\n      moproxy --port 2080 --socks5 9050 --http 3128\n      \n\n\n\n# commands from here are run as root\nruncmd:\n  - echo \"Ready\"\n\n",
                "file_name": "nodocker-1-ci-user.yml",
                "resize": 0
              }
            ],
            "timeout_upload": 1800
          },
          "sensitive_attributes": [],
          "identity_schema_version": 0,
          "private": "bnVsbA=="
        },
        {
          "index_key": "runner_nixos",
          "schema_version": 0,
          "attributes": {
            "content_type": "snippets",
            "datastore_id": "snippets",
            "file_mode": null,
            "file_modification_date": null,
            "file_name": "runner-nixos-ci-user.yml",
            "file_size": null,
            "file_tag": null,
            "id": "snippets:snippets/runner-nixos-ci-user.yml",
            "node_name": "pve",
            "overwrite": true,
            "source_file": [],
            "source_raw": [
              {
                "data": "#cloud-config\npackage_upgrade: false\nusers: []\n\nssh_pwauth: True ## This line enables ssh password authentication\n\n\nwrite_files:\n  - path: /home/user/.secrets/ci-env-auth\n    permissions: \"0600\"\n    owner: user:users\n    content: |\n      CI_SERVER_URL=https://gitlab.com\n      CI_SERVER_TOKEN=glrt-5pmmPm_FnMG3-oXd_tLw82c6MTlmaDZ3Cm86MQp0OjIKdToyZ2lzZhg.01.1j1t6q2g4\n      \n\n\n\n# commands from here are run as root\nruncmd:\n  - echo \"Ready\"\n  - echo Hello \u003e /tmp/test\n  - /run/current-system/sw/bin/docker --version\n\n",
                "file_name": "runner-nixos-ci-user.yml",
                "resize": 0
              }
            ],
            "timeout_upload": 1800
          },
          "sensitive_attributes": [],
          "identity_schema_version": 0,
          "private": "bnVsbA=="
        },
        {
          "index_key": "runner_ubuntu",
          "schema_version": 0,
          "attributes": {
            "content_type": "snippets",
            "datastore_id": "snippets",
            "file_mode": null,
            "file_modification_date": null,
            "file_name": "runner-ubuntu-ci-user.yml",
            "file_size": null,
            "file_tag": null,
            "id": "snippets:snippets/runner-ubuntu-ci-user.yml",
            "node_name": "pve",
            "overwrite": true,
            "source_file": [],
            "source_raw": [
              {
                "data": "#cloud-config\npackage_upgrade: false\nusers:\n  - name: user\n    groups: [adm, sudo]\n    lock-passwd: false\n    sudo: ALL=(ALL) NOPASSWD:ALL\n    shell: /bin/bash\n    passwd: $6$tGz.h5alKsD5IOP2$yfQ1RTnXjdLnmCQxFG70Jf3d24YAb8Bsb/qZ/iW0aokkahPQ8qlRhgC2ZpVYkcK.CQh579k3IF3f2LTDAMsKH/\n    ssh_authorized_keys: \n      - ssh-ed25519 AAAAC3NzaC1lZDI1NTE5AAAAIP1oFq0GYt8j7vg2nNAJNzwBtqrdOUDp8CMQwLRiz4Vz user@ull\n\n\nssh_pwauth: True ## This line enables ssh password authentication\n\n\nwrite_files:\n  - path: /tmp/run.sh\n    permissions: \"0755\"\n    content: |\n      apk add jq\n      \n  - path: /etc/gitlab-runner/config.toml\n    permissions: \"0600\"\n    content: |\n      concurrent = 1\n      check_interval = 0\n      connection_max_age = \"15m0s\"\n      shutdown_timeout = 0\n      \n      [session_server]\n        session_timeout = 1800\n      \n      [[runners]]\n        name = \"ubuntu\"\n        url = \"https://gitlab.com\"\n        id = 51778466\n        token = \"glrt-pfiEUUoTWidwTp51eoG6WGc6MTlmaDZ3Cm86MQp0OjIKdToyZ2lzZhg.01.1j1ytnahx\"\n        token_obtained_at = 2026-02-13T10:57:09Z\n        token_expires_at = 0001-01-01T00:00:00Z\n        executor = \"docker\"\n        [runners.cache]\n          MaxUploadedArchiveSize = 0\n          [runners.cache.s3]\n          [runners.cache.gcs]\n          [runners.cache.azure]\n        [runners.docker]\n          tls_verify = false\n          image = \"alpine\"\n          privileged = true\n          disable_entrypoint_overwrite = false\n          oom_kill_disable = false\n          disable_cache = false\n          volumes = [\n            \"/cache\",\n          ]      \n          shm_size = 0\n          network_mtu = 0         \n      \n\n\n\n# commands from here are run as root\nruncmd:\n  - echo \"Ready\"\n  - mkdir -p /etc/gitlab-runner\n  - curl -L https://packages.gitlab.com/install/repositories/runner/gitlab-runner/script.deb.sh | sudo bash\n  - apt-get install gitlab-runner jq -y\n  - systemctl enable --now gitlab-runner\n\n",
                "file_name": "runner-ubuntu-ci-user.yml",
                "resize": 0
              }
            ],
            "timeout_upload": 1800
          },
          "sensitive_attributes": [],
          "identity_schema_version": 0,
          "private": "bnVsbA=="
        },
        {
          "index_key": "swarm_manager_1",
          "schema_version": 0,
          "attributes": {
            "content_type": "snippets",
            "datastore_id": "snippets",
            "file_mode": null,
            "file_modification_date": null,
            "file_name": "swarm-manager-1-ci-user.yml",
            "file_size": null,
            "file_tag": null,
            "id": "snippets:snippets/swarm-manager-1-ci-user.yml",
            "node_name": "pve",
            "overwrite": true,
            "source_file": [],
            "source_raw": [
              {
                "data": "#cloud-config\npackage_upgrade: false\nhostname: swarm-manager-1\nusers:\n  - name: user\n    groups: [adm, sudo]\n    lock-passwd: false\n    sudo: ALL=(ALL) NOPASSWD:ALL\n    shell: /bin/bash\n    passwd: $6$tGz.h5alKsD5IOP2$yfQ1RTnXjdLnmCQxFG70Jf3d24YAb8Bsb/qZ/iW0aokkahPQ8qlRhgC2ZpVYkcK.CQh579k3IF3f2LTDAMsKH/\n    ssh_authorized_keys: \n      - ssh-ed25519 AAAAC3NzaC1lZDI1NTE5AAAAIP1oFq0GYt8j7vg2nNAJNzwBtqrdOUDp8CMQwLRiz4Vz user@ull\n\n\nssh_pwauth: True ## This line enables ssh password authentication\n\n\n\n# commands from here are run as root\nruncmd:\n  - echo \"Ready\"\n  - usermod -aG docker user\n  - apk add curl tcpdump netcat-openbsd vim\n  - sudo -H -u user bash -c 'docker swarm init --default-addr-pool 10.20.0.0/16 --default-addr-pool-mask-length 24'\n  - sudo -H -u user bash -c 'curl -L https://downloads.portainer.io/ce-lts/portainer-agent-stack.yml -o /home/user/portainer-agent-stack.yml'\n  - sudo -H -u user bash -c 'docker stack deploy -c /home/user/portainer-agent-stack.yml portainer'\n  - sudo -H -u user bash -c 'docker swarm join-token -q worker'\n\n",
                "file_name": "swarm-manager-1-ci-user.yml",
                "resize": 0
              }
            ],
            "timeout_upload": 1800
          },
          "sensitive_attributes": [],
          "identity_schema_version": 0,
          "private": "bnVsbA=="
        },
        {
          "index_key": "swarm_worker_1",
          "schema_version": 0,
          "attributes": {
            "content_type": "snippets",
            "datastore_id": "snippets",
            "file_mode": null,
            "file_modification_date": null,
            "file_name": "worker-1-ci-user.yml",
            "file_size": null,
            "file_tag": null,
            "id": "snippets:snippets/worker-1-ci-user.yml",
            "node_name": "pve",
            "overwrite": true,
            "source_file": [],
            "source_raw": [
              {
                "data": "#cloud-config\npackage_upgrade: false\nhostname: worker-1\nusers:\n  - name: user\n    groups: [adm, sudo]\n    lock-passwd: false\n    sudo: ALL=(ALL) NOPASSWD:ALL\n    shell: /bin/bash\n    passwd: $6$tGz.h5alKsD5IOP2$yfQ1RTnXjdLnmCQxFG70Jf3d24YAb8Bsb/qZ/iW0aokkahPQ8qlRhgC2ZpVYkcK.CQh579k3IF3f2LTDAMsKH/\n    ssh_authorized_keys: \n      - ssh-ed25519 AAAAC3NzaC1lZDI1NTE5AAAAIP1oFq0GYt8j7vg2nNAJNzwBtqrdOUDp8CMQwLRiz4Vz user@ull\n\n\nssh_pwauth: True ## This line enables ssh password authentication\n\n\n\n# commands from here are run as root\nruncmd:\n  - echo \"Ready\"\n  - usermod -aG docker user\n\n",
                "file_name": "worker-1-ci-user.yml",
                "resize": 0
              }
            ],
            "timeout_upload": 1800
          },
          "sensitive_attributes": [],
          "identity_schema_version": 0,
          "private": "bnVsbA=="
        },
        {
          "index_key": "vault_1",
          "schema_version": 0,
          "attributes": {
            "content_type": "snippets",
            "datastore_id": "snippets",
            "file_mode": null,
            "file_modification_date": null,
            "file_name": "vault-1-ci-user.yml",
            "file_size": null,
            "file_tag": null,
            "id": "snippets:snippets/vault-1-ci-user.yml",
            "node_name": "pve",
            "overwrite": true,
            "source_file": [],
            "source_raw": [
              {
                "data": "#cloud-config\npackage_upgrade: false\nhostname: vault-1\nusers:\n  - name: user\n    groups: [adm, sudo]\n    lock-passwd: false\n    sudo: ALL=(ALL) NOPASSWD:ALL\n    shell: /bin/bash\n    passwd: $6$tGz.h5alKsD5IOP2$yfQ1RTnXjdLnmCQxFG70Jf3d24YAb8Bsb/qZ/iW0aokkahPQ8qlRhgC2ZpVYkcK.CQh579k3IF3f2LTDAMsKH/\n    ssh_authorized_keys: \n      - ssh-ed25519 AAAAC3NzaC1lZDI1NTE5AAAAIP1oFq0GYt8j7vg2nNAJNzwBtqrdOUDp8CMQwLRiz4Vz user@ull\n\n\nssh_pwauth: True ## This line enables ssh password authentication\n\n\nwrite_files:\n  - path: /home/user/vault/config.hcl\n    permissions: \"0600\"\n    content: |\n      storage \"raft\" {\n        path    = \"/vault/data\"\n        node_id = \"vault1\"\n      }\n      \n      listener \"tcp\" {\n        address     = \"0.0.0.0:8200\"\n        tls_disable = \"true\"\n      }\n      \n      api_addr      = \"http://127.0.0.1:8200\"\n      cluster_addr  = \"http://127.0.0.1:8201\"\n      ui            = true\n      disable_mlock = true\n      \n  - path: /home/user/vault/policy_terraform.hcl\n    permissions: \"0600\"\n    content: |\n      # kv2 secret/terraform/*\n      path \"secret/data/terraform/*\" {\n         capabilities = [ \"create\", \"read\", \"update\", \"delete\", \"list\" ]\n      }\n      \n      path \"secret/metadata/terraform/*\" {\n         capabilities = [ \"create\", \"read\", \"update\", \"delete\", \"list\" ]\n      }\n      \n      # Mount the AppRole auth method\n      path \"sys/auth/approle\" {\n        capabilities = [ \"create\", \"read\", \"update\", \"delete\", \"sudo\" ]\n      }\n      \n      # Configure the AppRole auth method\n      path \"sys/auth/approle/*\" {\n        capabilities = [ \"create\", \"read\", \"update\", \"delete\" ]\n      }\n      \n      # Create and manage roles\n      path \"auth/approle/*\" {\n        capabilities = [ \"create\", \"read\", \"update\", \"delete\", \"list\" ]\n      }\n      \n      # Write ACL policies\n      path \"sys/policies/acl/*\" {\n        capabilities = [ \"create\", \"read\", \"update\", \"delete\", \"list\" ]\n      }\n      \n  - path: /home/user/docker-compose.yaml\n    permissions: \"0600\"\n    content: |\n      services:\n        vault:\n          image: hashicorp/vault:${VAULT_VERSION}\n          container_name: vault\n          ports:\n            - 8200:8200\n          volumes:\n            - ./vault/config.hcl:/vault/config/config.hcl\n            - ./vault/data:/vault/data\n          environment:\n            VAULT_ADDR: http://127.0.0.1:8200\n          entrypoint: vault server -config=/vault/config/config.hcl\n          cap_add:\n            - IPC_LOCK\n      \n  - path: /home/user/.env\n    permissions: \"0600\"\n    content: |\n      VAULT_VERSION=1.21\n      \n\n\n\n# commands from here are run as root\nruncmd:\n  - echo \"Ready\"\n  - usermod -aG docker user\n  - chown -R user:users /home/user\n  - sudo -H -u user bash -c 'cd /home/user; docker compose up -d'\n\n",
                "file_name": "vault-1-ci-user.yml",
                "resize": 0
              }
            ],
            "timeout_upload": 1800
          },
          "sensitive_attributes": [],
          "identity_schema_version": 0,
          "private": "bnVsbA=="
        }
      ]
    },
    {
      "mode": "managed",
      "type": "proxmox_virtual_environment_firewall_options",
      "name": "vm_firewall",
      "provider": "provider[\"registry.terraform.io/bpg/proxmox\"]",
      "instances": [
        {
          "index_key": "vault_1",
          "schema_version": 0,
          "attributes": {
            "container_id": null,
            "dhcp": true,
            "enabled": true,
            "id": "options-3369981036",
            "input_policy": "DROP",
            "ipfilter": false,
            "log_level_in": "nolog",
            "log_level_out": "nolog",
            "macfilter": true,
            "ndp": true,
            "node_name": "pve",
            "output_policy": "DROP",
            "radv": true,
            "vm_id": 915
          },
          "sensitive_attributes": [],
          "identity_schema_version": 0,
          "private": "bnVsbA==",
          "dependencies": [
            "proxmox_virtual_environment_file.cloud_meta_config",
            "proxmox_virtual_environment_file.cloud_network_config",
            "proxmox_virtual_environment_file.cloud_user_config",
            "proxmox_virtual_environment_vm.vm"
          ]
        }
      ]
    },
    {
      "mode": "managed",
      "type": "proxmox_virtual_environment_firewall_rules",
      "name": "inbound",
      "provider": "provider[\"registry.terraform.io/bpg/proxmox\"]",
      "instances": [
        {
          "index_key": "vault_1",
          "schema_version": 0,
          "attributes": {
            "container_id": null,
            "id": "rule-3851306501",
            "node_name": "pve",
            "rule": [
              {
                "action": "ACCEPT",
                "comment": "Allow SSH rpi router",
                "dest": "",
                "dport": "22",
                "enabled": true,
                "iface": "",
                "log": "info",
                "macro": "",
                "pos": 0,
                "proto": "tcp",
                "security_group": "",
                "source": "192.168.1.101",
                "sport": "",
                "type": "in"
              },
              {
                "action": "ACCEPT",
                "comment": "Allow vault port",
                "dest": "",
                "dport": "8200",
                "enabled": true,
                "iface": "",
                "log": "info",
                "macro": "",
                "pos": 1,
                "proto": "tcp",
                "security_group": "",
                "source": "192.168.1.101,10.0.0.22,10.0.0.23",
                "sport": "",
                "type": "in"
              }
            ],
            "vm_id": 915
          },
          "sensitive_attributes": [],
          "identity_schema_version": 0,
          "private": "bnVsbA==",
          "dependencies": [
            "proxmox_virtual_environment_file.cloud_meta_config",
            "proxmox_virtual_environment_file.cloud_network_config",
            "proxmox_virtual_environment_file.cloud_user_config",
            "proxmox_virtual_environment_vm.vm"
          ]
        }
      ]
    },
    {
      "mode": "managed",
      "type": "proxmox_virtual_environment_vm",
      "name": "vm",
      "provider": "provider[\"registry.terraform.io/bpg/proxmox\"]",
      "instances": [
        {
          "index_key": "docker_registry",
          "schema_version": 0,
          "attributes": {
            "acpi": true,
            "agent": [
              {
                "enabled": true,
                "timeout": "15m",
                "trim": false,
                "type": "virtio",
                "wait_for_ip": []
              }
            ],
            "amd_sev": [],
            "audio_device": [],
            "bios": "seabios",
            "boot_order": [],
            "cdrom": [],
            "clone": [
              {
                "datastore_id": "",
                "full": true,
                "node_name": "",
                "retries": 1,
                "vm_id": 1000
              }
            ],
            "cpu": [
              {
                "affinity": "",
                "architecture": "",
                "cores": 1,
                "flags": [],
                "hotplugged": 0,
                "limit": 0,
                "numa": false,
                "sockets": 1,
                "type": "x86-64-v2-AES",
                "units": 0
              }
            ],
            "delete_unreferenced_disks_on_destroy": true,
            "description": null,
            "disk": [
              {
                "aio": "io_uring",
                "backup": true,
                "cache": "none",
                "datastore_id": "local-lvm",
                "discard": "ignore",
                "file_format": "raw",
                "file_id": "",
                "import_from": "",
                "interface": "virtio0",
                "iothread": true,
                "path_in_datastore": "vm-120-disk-0",
                "replicate": true,
                "serial": "",
                "size": 70,
                "speed": [],
                "ssd": false
              }
            ],
            "efi_disk": [],
            "hook_script_file_id": null,
            "hostpci": [],
            "hotplug": null,
            "id": "120",
            "initialization": [
              {
                "datastore_id": "local-lvm",
                "dns": [],
                "file_format": "",
                "interface": "ide2",
                "ip_config": [],
                "meta_data_file_id": "snippets:snippets/registry.net.local-ci-meta_data.yml",
                "network_data_file_id": "snippets:snippets/registry-ci-network.yml",
                "type": "",
                "user_account": [],
                "user_data_file_id": "snippets:snippets/registry-ci-user.yml",
                "vendor_data_file_id": ""
              }
            ],
            "ipv4_addresses": [
              [
                "127.0.0.1"
              ],
              [
                "10.0.0.250"
              ],
              [
                "172.18.0.1"
              ],
              [
                "172.17.0.1"
              ],
              [],
              []
            ],
            "ipv6_addresses": [
              [
                "::1"
              ],
              [
                "fe80::be24:11ff:fe4c:9153"
              ],
              [
                "fe80::2479:4cff:febe:ff7a"
              ],
              [],
              [
                "fe80::c8c8:57ff:feee:a40e"
              ],
              [
                "fe80::6059:dcff:fe33:be5a"
              ]
            ],
            "keyboard_layout": "en-us",
            "kvm_arguments": null,
            "mac_addresses": [
              "00:00:00:00:00:00",
              "BC:24:11:4C:91:53",
              "26:79:4C:BE:FF:7A",
              "A2:A2:91:C9:97:C1",
              "CA:C8:57:EE:A4:0E",
              "62:59:DC:33:BE:5A"
            ],
            "machine": null,
            "memory": [
              {
                "dedicated": 512,
                "floating": 0,
                "hugepages": "",
                "keep_hugepages": false,
                "shared": 0
              }
            ],
            "migrate": false,
            "name": "registry.net.local",
            "network_device": [
              {
                "bridge": "vnet01",
                "disconnected": false,
                "enabled": true,
                "firewall": false,
                "mac_address": "BC:24:11:4C:91:53",
                "model": "virtio",
                "mtu": 0,
                "queues": 0,
                "rate_limit": 0,
                "trunks": "",
                "vlan_id": 0
              }
            ],
            "network_interface_names": [
              "lo",
              "eth0",
              "br-84d64fe12e2c",
              "docker0",
              "vethd864da2",
              "veth838352a"
            ],
            "node_name": "pve",
            "numa": [],
            "on_boot": true,
            "operating_system": [],
            "pool_id": "",
            "protection": false,
            "purge_on_destroy": true,
            "reboot": false,
            "reboot_after_update": true,
            "rng": [],
            "scsi_hardware": "virtio-scsi-single",
            "serial_device": [],
            "smbios": [],
            "started": true,
            "startup": [],
            "stop_on_destroy": false,
            "tablet_device": true,
            "tags": [
              "docker",
              "registry",
              "terraform"
            ],
            "template": false,
            "timeout_clone": 1800,
            "timeout_create": 1800,
            "timeout_migrate": 1800,
            "timeout_move_disk": 1800,
            "timeout_reboot": 1800,
            "timeout_shutdown_vm": 1800,
            "timeout_start_vm": 1800,
            "timeout_stop_vm": 300,
            "tpm_state": [],
            "usb": [],
            "vga": [],
            "virtiofs": [],
            "vm_id": 120,
            "watchdog": []
          },
          "sensitive_attributes": [],
          "identity_schema_version": 0,
          "private": "bnVsbA==",
          "dependencies": [
            "proxmox_virtual_environment_file.cloud_meta_config",
            "proxmox_virtual_environment_file.cloud_network_config",
            "proxmox_virtual_environment_file.cloud_user_config"
          ]
        },
        {
          "index_key": "downloader",
          "schema_version": 0,
          "attributes": {
            "acpi": true,
            "agent": [
              {
                "enabled": true,
                "timeout": "15m",
                "trim": false,
                "type": "virtio",
                "wait_for_ip": []
              }
            ],
            "amd_sev": [],
            "audio_device": [],
            "bios": "seabios",
            "boot_order": [],
            "cdrom": [],
            "clone": [
              {
                "datastore_id": "",
                "full": true,
                "node_name": "",
                "retries": 1,
                "vm_id": 1000
              }
            ],
            "cpu": [
              {
                "affinity": "",
                "architecture": "",
                "cores": 4,
                "flags": [],
                "hotplugged": 0,
                "limit": 0,
                "numa": false,
                "sockets": 1,
                "type": "x86-64-v2-AES",
                "units": 0
              }
            ],
            "delete_unreferenced_disks_on_destroy": true,
            "description": null,
            "disk": [
              {
                "aio": "io_uring",
                "backup": true,
                "cache": "none",
                "datastore_id": "local-lvm",
                "discard": "ignore",
                "file_format": "raw",
                "file_id": "",
                "import_from": "",
                "interface": "virtio0",
                "iothread": true,
                "path_in_datastore": "vm-131-disk-0",
                "replicate": true,
                "serial": "",
                "size": 100,
                "speed": [],
                "ssd": false
              }
            ],
            "efi_disk": [],
            "hook_script_file_id": null,
            "hostpci": [],
            "hotplug": null,
            "id": "131",
            "initialization": [
              {
                "datastore_id": "local-lvm",
                "dns": [],
                "file_format": "",
                "interface": "ide2",
                "ip_config": [],
                "meta_data_file_id": "snippets:snippets/downloader.net.local-ci-meta_data.yml",
                "network_data_file_id": "snippets:snippets/downloader-ci-network.yml",
                "type": "",
                "user_account": [],
                "user_data_file_id": "snippets:snippets/downloader-ci-user.yml",
                "vendor_data_file_id": ""
              }
            ],
            "ipv4_addresses": [],
            "ipv6_addresses": [],
            "keyboard_layout": "en-us",
            "kvm_arguments": null,
            "mac_addresses": [
              "BC:24:11:D8:16:50"
            ],
            "machine": null,
            "memory": [
              {
                "dedicated": 3072,
                "floating": 0,
                "hugepages": "",
                "keep_hugepages": false,
                "shared": 0
              }
            ],
            "migrate": false,
            "name": "downloader.net.local",
            "network_device": [
              {
                "bridge": "vnet01",
                "disconnected": false,
                "enabled": true,
                "firewall": false,
                "mac_address": "BC:24:11:D8:16:50",
                "model": "virtio",
                "mtu": 0,
                "queues": 0,
                "rate_limit": 0,
                "trunks": "",
                "vlan_id": 0
              }
            ],
            "network_interface_names": [],
            "node_name": "pve",
            "numa": [],
            "on_boot": false,
            "operating_system": [],
            "pool_id": "",
            "protection": false,
            "purge_on_destroy": true,
            "reboot": false,
            "reboot_after_update": true,
            "rng": [],
            "scsi_hardware": "virtio-scsi-single",
            "serial_device": [],
            "smbios": [],
            "started": false,
            "startup": [],
            "stop_on_destroy": false,
            "tablet_device": true,
            "tags": [
              "docker",
              "downloader",
              "terraform"
            ],
            "template": false,
            "timeout_clone": 1800,
            "timeout_create": 1800,
            "timeout_migrate": 1800,
            "timeout_move_disk": 1800,
            "timeout_reboot": 1800,
            "timeout_shutdown_vm": 1800,
            "timeout_start_vm": 1800,
            "timeout_stop_vm": 300,
            "tpm_state": [],
            "usb": [],
            "vga": [],
            "virtiofs": [],
            "vm_id": 131,
            "watchdog": []
          },
          "sensitive_attributes": [],
          "identity_schema_version": 0,
          "private": "bnVsbA==",
          "dependencies": [
            "proxmox_virtual_environment_file.cloud_meta_config",
            "proxmox_virtual_environment_file.cloud_network_config",
            "proxmox_virtual_environment_file.cloud_user_config"
          ]
        },
        {
          "index_key": "immichalpine",
          "schema_version": 0,
          "attributes": {
            "acpi": true,
            "agent": [
              {
                "enabled": true,
                "timeout": "15m",
                "trim": false,
                "type": "virtio",
                "wait_for_ip": []
              }
            ],
            "amd_sev": [],
            "audio_device": [],
            "bios": "seabios",
            "boot_order": [],
            "cdrom": [],
            "clone": [
              {
                "datastore_id": "",
                "full": true,
                "node_name": "",
                "retries": 1,
                "vm_id": 1000
              }
            ],
            "cpu": [
              {
                "affinity": "",
                "architecture": "",
                "cores": 4,
                "flags": [],
                "hotplugged": 0,
                "limit": 0,
                "numa": false,
                "sockets": 1,
                "type": "x86-64-v2-AES",
                "units": 0
              }
            ],
            "delete_unreferenced_disks_on_destroy": true,
            "description": null,
            "disk": [
              {
                "aio": "io_uring",
                "backup": true,
                "cache": "none",
                "datastore_id": "local-lvm",
                "discard": "ignore",
                "file_format": "raw",
                "file_id": "",
                "import_from": "",
                "interface": "virtio0",
                "iothread": true,
                "path_in_datastore": "vm-410-disk-0",
                "replicate": true,
                "serial": "",
                "size": 10,
                "speed": [],
                "ssd": false
              },
              {
                "aio": "io_uring",
                "backup": true,
                "cache": "none",
                "datastore_id": "local-lvm",
                "discard": "ignore",
                "file_format": "raw",
                "file_id": "",
                "import_from": "",
                "interface": "virtio1",
                "iothread": true,
                "path_in_datastore": "vm-410-disk-1",
                "replicate": true,
                "serial": "",
                "size": 100,
                "speed": [],
                "ssd": false
              }
            ],
            "efi_disk": [],
            "hook_script_file_id": null,
            "hostpci": [],
            "hotplug": null,
            "id": "410",
            "initialization": [
              {
                "datastore_id": "local-lvm",
                "dns": [],
                "file_format": "",
                "interface": "ide2",
                "ip_config": [],
                "meta_data_file_id": "snippets:snippets/immichalpine.net.local-ci-meta_data.yml",
                "network_data_file_id": "snippets:snippets/immichalpine-ci-network.yml",
                "type": "",
                "user_account": [],
                "user_data_file_id": "snippets:snippets/immichalpine-ci-user.yml",
                "vendor_data_file_id": ""
              }
            ],
            "ipv4_addresses": [
              [
                "127.0.0.1"
              ],
              [
                "192.168.1.219"
              ],
              [
                "172.17.0.1"
              ],
              [
                "172.18.0.1"
              ],
              [],
              [],
              [],
              []
            ],
            "ipv6_addresses": [
              [
                "::1"
              ],
              [
                "fe80::be24:11ff:fe54:e091"
              ],
              [],
              [
                "fe80::3c63:69ff:fee4:9f0"
              ],
              [
                "fe80::a88e:96ff:feaa:f012"
              ],
              [
                "fe80::84df:e6ff:fe3b:1d9"
              ],
              [
                "fe80::5497:d0ff:fe0f:b378"
              ],
              [
                "fe80::ac2c:b9ff:fe0c:449f"
              ]
            ],
            "keyboard_layout": "en-us",
            "kvm_arguments": null,
            "mac_addresses": [
              "00:00:00:00:00:00",
              "BC:24:11:54:E0:91",
              "42:1B:C0:0B:94:00",
              "3E:63:69:E4:09:F0",
              "AA:8E:96:AA:F0:12",
              "86:DF:E6:3B:01:D9",
              "56:97:D0:0F:B3:78",
              "AE:2C:B9:0C:44:9F"
            ],
            "machine": null,
            "memory": [
              {
                "dedicated": 4096,
                "floating": 0,
                "hugepages": "",
                "keep_hugepages": false,
                "shared": 0
              }
            ],
            "migrate": false,
            "name": "immichalpine.net.local",
            "network_device": [
              {
                "bridge": "vmbr0",
                "disconnected": false,
                "enabled": true,
                "firewall": false,
                "mac_address": "BC:24:11:54:E0:91",
                "model": "virtio",
                "mtu": 0,
                "queues": 0,
                "rate_limit": 0,
                "trunks": "",
                "vlan_id": 0
              }
            ],
            "network_interface_names": [
              "lo",
              "eth0",
              "docker0",
              "br-58b2fcd10049",
              "veth1579483",
              "veth71dddb7",
              "veth2e7d97a",
              "veth38d39d4"
            ],
            "node_name": "pve",
            "numa": [],
            "on_boot": true,
            "operating_system": [],
            "pool_id": "",
            "protection": false,
            "purge_on_destroy": true,
            "reboot": false,
            "reboot_after_update": true,
            "rng": [],
            "scsi_hardware": "virtio-scsi-single",
            "serial_device": [],
            "smbios": [],
            "started": true,
            "startup": [],
            "stop_on_destroy": false,
            "tablet_device": true,
            "tags": [
              "current",
              "immich",
              "terraform"
            ],
            "template": false,
            "timeout_clone": 1800,
            "timeout_create": 1800,
            "timeout_migrate": 1800,
            "timeout_move_disk": 1800,
            "timeout_reboot": 1800,
            "timeout_shutdown_vm": 1800,
            "timeout_start_vm": 1800,
            "timeout_stop_vm": 300,
            "tpm_state": [],
            "usb": [],
            "vga": [],
            "virtiofs": [],
            "vm_id": 410,
            "watchdog": []
          },
          "sensitive_attributes": [],
          "identity_schema_version": 0,
          "private": "bnVsbA==",
          "dependencies": [
            "proxmox_virtual_environment_file.cloud_meta_config",
            "proxmox_virtual_environment_file.cloud_network_config",
            "proxmox_virtual_environment_file.cloud_user_config"
          ]
        },
        {
          "index_key": "nginxproxymanager",
          "schema_version": 0,
          "attributes": {
            "acpi": true,
            "agent": [
              {
                "enabled": true,
                "timeout": "15m",
                "trim": false,
                "type": "virtio",
                "wait_for_ip": []
              }
            ],
            "amd_sev": [],
            "audio_device": [],
            "bios": "seabios",
            "boot_order": [],
            "cdrom": [],
            "clone": [
              {
                "datastore_id": "",
                "full": true,
                "node_name": "",
                "retries": 1,
                "vm_id": 1000
              }
            ],
            "cpu": [
              {
                "affinity": "",
                "architecture": "",
                "cores": 2,
                "flags": [],
                "hotplugged": 0,
                "limit": 0,
                "numa": false,
                "sockets": 1,
                "type": "x86-64-v2-AES",
                "units": 0
              }
            ],
            "delete_unreferenced_disks_on_destroy": true,
            "description": null,
            "disk": [
              {
                "aio": "io_uring",
                "backup": true,
                "cache": "none",
                "datastore_id": "local-lvm",
                "discard": "ignore",
                "file_format": "raw",
                "file_id": "",
                "import_from": "",
                "interface": "virtio0",
                "iothread": true,
                "path_in_datastore": "vm-110-disk-0",
                "replicate": true,
                "serial": "",
                "size": 14,
                "speed": [],
                "ssd": false
              }
            ],
            "efi_disk": [],
            "hook_script_file_id": null,
            "hostpci": [],
            "hotplug": null,
            "id": "110",
            "initialization": [
              {
                "datastore_id": "local-lvm",
                "dns": [],
                "file_format": "",
                "interface": "ide2",
                "ip_config": [],
                "meta_data_file_id": "snippets:snippets/nginxproxymanager.net.local-ci-meta_data.yml",
                "network_data_file_id": "snippets:snippets/nginxproxymanager-ci-network.yml",
                "type": "",
                "user_account": [],
                "user_data_file_id": "snippets:snippets/nginxproxymanager-ci-user.yml",
                "vendor_data_file_id": ""
              }
            ],
            "ipv4_addresses": [
              [
                "127.0.0.1"
              ],
              [
                "192.168.1.114"
              ],
              [
                "10.0.0.100"
              ],
              [
                "172.18.0.1"
              ],
              [
                "172.17.0.1"
              ],
              []
            ],
            "ipv6_addresses": [
              [
                "::1"
              ],
              [
                "fe80::be24:11ff:fec2:1ff7"
              ],
              [
                "fe80::be24:11ff:fe94:48db"
              ],
              [
                "fe80::a454:35ff:fe6c:c4c0"
              ],
              [],
              [
                "fe80::e8d2:7fff:fe4a:f240"
              ]
            ],
            "keyboard_layout": "en-us",
            "kvm_arguments": null,
            "mac_addresses": [
              "00:00:00:00:00:00",
              "BC:24:11:C2:1F:F7",
              "BC:24:11:94:48:DB",
              "A6:54:35:6C:C4:C0",
              "42:7D:27:F7:5B:C0",
              "EA:D2:7F:4A:F2:40"
            ],
            "machine": null,
            "memory": [
              {
                "dedicated": 1024,
                "floating": 0,
                "hugepages": "",
                "keep_hugepages": false,
                "shared": 0
              }
            ],
            "migrate": false,
            "name": "nginxproxymanager.net.local",
            "network_device": [
              {
                "bridge": "vmbr0",
                "disconnected": false,
                "enabled": true,
                "firewall": false,
                "mac_address": "BC:24:11:C2:1F:F7",
                "model": "virtio",
                "mtu": 0,
                "queues": 0,
                "rate_limit": 0,
                "trunks": "",
                "vlan_id": 0
              },
              {
                "bridge": "vnet01",
                "disconnected": false,
                "enabled": true,
                "firewall": false,
                "mac_address": "BC:24:11:94:48:DB",
                "model": "virtio",
                "mtu": 0,
                "queues": 0,
                "rate_limit": 0,
                "trunks": "",
                "vlan_id": 0
              }
            ],
            "network_interface_names": [
              "lo",
              "eth0",
              "eth1",
              "br-c9b6af6042d8",
              "docker0",
              "vethd59015a"
            ],
            "node_name": "pve",
            "numa": [],
            "on_boot": true,
            "operating_system": [],
            "pool_id": "",
            "protection": false,
            "purge_on_destroy": true,
            "reboot": false,
            "reboot_after_update": true,
            "rng": [],
            "scsi_hardware": "virtio-scsi-single",
            "serial_device": [],
            "smbios": [],
            "started": true,
            "startup": [],
            "stop_on_destroy": false,
            "tablet_device": true,
            "tags": [
              "current",
              "router",
              "terraform"
            ],
            "template": false,
            "timeout_clone": 1800,
            "timeout_create": 1800,
            "timeout_migrate": 1800,
            "timeout_move_disk": 1800,
            "timeout_reboot": 1800,
            "timeout_shutdown_vm": 1800,
            "timeout_start_vm": 1800,
            "timeout_stop_vm": 300,
            "tpm_state": [],
            "usb": [],
            "vga": [],
            "virtiofs": [],
            "vm_id": 110,
            "watchdog": []
          },
          "sensitive_attributes": [],
          "identity_schema_version": 0,
          "private": "bnVsbA==",
          "dependencies": [
            "proxmox_virtual_environment_file.cloud_meta_config",
            "proxmox_virtual_environment_file.cloud_network_config",
            "proxmox_virtual_environment_file.cloud_user_config"
          ]
        },
        {
          "index_key": "nodocker_1",
          "schema_version": 0,
          "attributes": {
            "acpi": true,
            "agent": [
              {
                "enabled": true,
                "timeout": "15m",
                "trim": false,
                "type": "virtio",
                "wait_for_ip": []
              }
            ],
            "amd_sev": [],
            "audio_device": [],
            "bios": "seabios",
            "boot_order": [],
            "cdrom": [],
            "clone": [
              {
                "datastore_id": "",
                "full": true,
                "node_name": "",
                "retries": 1,
                "vm_id": 1200
              }
            ],
            "cpu": [
              {
                "affinity": "",
                "architecture": "",
                "cores": 4,
                "flags": [],
                "hotplugged": 0,
                "limit": 0,
                "numa": false,
                "sockets": 1,
                "type": "x86-64-v2-AES",
                "units": 0
              }
            ],
            "delete_unreferenced_disks_on_destroy": true,
            "description": null,
            "disk": [
              {
                "aio": "io_uring",
                "backup": true,
                "cache": "none",
                "datastore_id": "local-lvm",
                "discard": "ignore",
                "file_format": "raw",
                "file_id": "",
                "import_from": "",
                "interface": "virtio0",
                "iothread": true,
                "path_in_datastore": "vm-780-disk-0",
                "replicate": true,
                "serial": "",
                "size": 5,
                "speed": [],
                "ssd": false
              }
            ],
            "efi_disk": [],
            "hook_script_file_id": null,
            "hostpci": [],
            "hotplug": null,
            "id": "780",
            "initialization": [
              {
                "datastore_id": "local-lvm",
                "dns": [],
                "file_format": "",
                "interface": "ide2",
                "ip_config": [],
                "meta_data_file_id": "snippets:snippets/nodocker-1.net.local-ci-meta_data.yml",
                "network_data_file_id": "snippets:snippets/nodocker-1-ci-network.yml",
                "type": "",
                "user_account": [],
                "user_data_file_id": "snippets:snippets/nodocker-1-ci-user.yml",
                "vendor_data_file_id": ""
              }
            ],
            "ipv4_addresses": [
              [
                "127.0.0.1"
              ],
              [
                "10.0.1.1"
              ]
            ],
            "ipv6_addresses": [
              [
                "::1"
              ],
              [
                "fe80::be24:11ff:fef0:ec55"
              ]
            ],
            "keyboard_layout": "en-us",
            "kvm_arguments": null,
            "mac_addresses": [
              "00:00:00:00:00:00",
              "BC:24:11:F0:EC:55"
            ],
            "machine": null,
            "memory": [
              {
                "dedicated": 4096,
                "floating": 0,
                "hugepages": "",
                "keep_hugepages": false,
                "shared": 0
              }
            ],
            "migrate": false,
            "name": "nodocker-1.net.local",
            "network_device": [
              {
                "bridge": "vnet01",
                "disconnected": false,
                "enabled": true,
                "firewall": false,
                "mac_address": "BC:24:11:F0:EC:55",
                "model": "virtio",
                "mtu": 0,
                "queues": 0,
                "rate_limit": 0,
                "trunks": "",
                "vlan_id": 0
              }
            ],
            "network_interface_names": [
              "lo",
              "eth0"
            ],
            "node_name": "pve",
            "numa": [],
            "on_boot": true,
            "operating_system": [],
            "pool_id": "",
            "protection": false,
            "purge_on_destroy": true,
            "reboot": false,
            "reboot_after_update": true,
            "rng": [],
            "scsi_hardware": "virtio-scsi-single",
            "serial_device": [],
            "smbios": [],
            "started": true,
            "startup": [],
            "stop_on_destroy": false,
            "tablet_device": true,
            "tags": [
              "alpine",
              "nodocker",
              "replicas",
              "terraform",
              "test"
            ],
            "template": false,
            "timeout_clone": 1800,
            "timeout_create": 1800,
            "timeout_migrate": 1800,
            "timeout_move_disk": 1800,
            "timeout_reboot": 1800,
            "timeout_shutdown_vm": 1800,
            "timeout_start_vm": 1800,
            "timeout_stop_vm": 300,
            "tpm_state": [],
            "usb": [],
            "vga": [],
            "virtiofs": [],
            "vm_id": 780,
            "watchdog": []
          },
          "sensitive_attributes": [],
          "identity_schema_version": 0,
          "private": "bnVsbA==",
          "dependencies": [
            "proxmox_virtual_environment_file.cloud_meta_config",
            "proxmox_virtual_environment_file.cloud_network_config",
            "proxmox_virtual_environment_file.cloud_user_config"
          ]
        },
        {
          "index_key": "runner_nixos",
          "schema_version": 0,
          "attributes": {
            "acpi": true,
            "agent": [
              {
                "enabled": true,
                "timeout": "15m",
                "trim": false,
                "type": "virtio",
                "wait_for_ip": []
              }
            ],
            "amd_sev": [],
            "audio_device": [],
            "bios": "ovmf",
            "boot_order": [
              "virtio0"
            ],
            "cdrom": [],
            "clone": [
              {
                "datastore_id": "",
                "full": true,
                "node_name": "",
                "retries": 1,
                "vm_id": 1020
              }
            ],
            "cpu": [
              {
                "affinity": "",
                "architecture": "",
                "cores": 4,
                "flags": [],
                "hotplugged": 0,
                "limit": 0,
                "numa": false,
                "sockets": 1,
                "type": "x86-64-v2-AES",
                "units": 0
              }
            ],
            "delete_unreferenced_disks_on_destroy": true,
            "description": null,
            "disk": [
              {
                "aio": "io_uring",
                "backup": true,
                "cache": "none",
                "datastore_id": "local-lvm",
                "discard": "ignore",
                "file_format": "raw",
                "file_id": "",
                "import_from": "",
                "interface": "virtio0",
                "iothread": true,
                "path_in_datastore": "vm-320-disk-1",
                "replicate": true,
                "serial": "",
                "size": 25,
                "speed": [],
                "ssd": false
              }
            ],
            "efi_disk": [
              {
                "datastore_id": "local-lvm",
                "file_format": "raw",
                "pre_enrolled_keys": false,
                "type": "4m"
              }
            ],
            "hook_script_file_id": null,
            "hostpci": [],
            "hotplug": null,
            "id": "320",
            "initialization": [
              {
                "datastore_id": "local-lvm",
                "dns": [],
                "file_format": "",
                "interface": "ide2",
                "ip_config": [],
                "meta_data_file_id": "snippets:snippets/runner-nixos.net.local-ci-meta_data.yml",
                "network_data_file_id": "snippets:snippets/runner-nixos-ci-network.yml",
                "type": "",
                "user_account": [],
                "user_data_file_id": "snippets:snippets/runner-nixos-ci-user.yml",
                "vendor_data_file_id": ""
              }
            ],
            "ipv4_addresses": [],
            "ipv6_addresses": [],
            "keyboard_layout": "en-us",
            "kvm_arguments": null,
            "mac_addresses": [
              "BC:24:11:53:00:AB"
            ],
            "machine": null,
            "memory": [
              {
                "dedicated": 4096,
                "floating": 0,
                "hugepages": "",
                "keep_hugepages": false,
                "shared": 0
              }
            ],
            "migrate": false,
            "name": "runner-nixos.net.local",
            "network_device": [
              {
                "bridge": "vnet01",
                "disconnected": false,
                "enabled": true,
                "firewall": false,
                "mac_address": "BC:24:11:53:00:AB",
                "model": "virtio",
                "mtu": 0,
                "queues": 0,
                "rate_limit": 0,
                "trunks": "",
                "vlan_id": 0
              }
            ],
            "network_interface_names": [],
            "node_name": "pve",
            "numa": [],
            "on_boot": false,
            "operating_system": [],
            "pool_id": "",
            "protection": false,
            "purge_on_destroy": true,
            "reboot": false,
            "reboot_after_update": true,
            "rng": [],
            "scsi_hardware": "virtio-scsi-single",
            "serial_device": [],
            "smbios": [],
            "started": false,
            "startup": [
              {
                "down_delay": -1,
                "order": 1,
                "up_delay": -1
              }
            ],
            "stop_on_destroy": false,
            "tablet_device": true,
            "tags": [
              "automation",
              "gitlab",
              "nixos",
              "runner",
              "terraform"
            ],
            "template": false,
            "timeout_clone": 1800,
            "timeout_create": 1800,
            "timeout_migrate": 1800,
            "timeout_move_disk": 1800,
            "timeout_reboot": 1800,
            "timeout_shutdown_vm": 1800,
            "timeout_start_vm": 1800,
            "timeout_stop_vm": 300,
            "tpm_state": [],
            "usb": [],
            "vga": [],
            "virtiofs": [],
            "vm_id": 320,
            "watchdog": []
          },
          "sensitive_attributes": [],
          "identity_schema_version": 0,
          "private": "bnVsbA==",
          "dependencies": [
            "proxmox_virtual_environment_file.cloud_meta_config",
            "proxmox_virtual_environment_file.cloud_network_config",
            "proxmox_virtual_environment_file.cloud_user_config"
          ]
        },
        {
          "index_key": "runner_ubuntu",
          "schema_version": 0,
          "attributes": {
            "acpi": true,
            "agent": [
              {
                "enabled": true,
                "timeout": "15m",
                "trim": false,
                "type": "virtio",
                "wait_for_ip": []
              }
            ],
            "amd_sev": [],
            "audio_device": [],
            "bios": "seabios",
            "boot_order": [],
            "cdrom": [],
            "clone": [
              {
                "datastore_id": "",
                "full": true,
                "node_name": "",
                "retries": 1,
                "vm_id": 1010
              }
            ],
            "cpu": [
              {
                "affinity": "",
                "architecture": "",
                "cores": 4,
                "flags": [],
                "hotplugged": 0,
                "limit": 0,
                "numa": false,
                "sockets": 1,
                "type": "x86-64-v2-AES",
                "units": 0
              }
            ],
            "delete_unreferenced_disks_on_destroy": true,
            "description": null,
            "disk": [
              {
                "aio": "io_uring",
                "backup": true,
                "cache": "none",
                "datastore_id": "local-lvm",
                "discard": "ignore",
                "file_format": "raw",
                "file_id": "",
                "import_from": "",
                "interface": "virtio0",
                "iothread": true,
                "path_in_datastore": "vm-310-disk-0",
                "replicate": true,
                "serial": "",
                "size": 10,
                "speed": [],
                "ssd": false
              }
            ],
            "efi_disk": [],
            "hook_script_file_id": null,
            "hostpci": [],
            "hotplug": null,
            "id": "310",
            "initialization": [
              {
                "datastore_id": "local-lvm",
                "dns": [],
                "file_format": "",
                "interface": "ide2",
                "ip_config": [],
                "meta_data_file_id": "snippets:snippets/runner-ubuntu.net.local-ci-meta_data.yml",
                "network_data_file_id": "snippets:snippets/runner-ubuntu-ci-network.yml",
                "type": "",
                "user_account": [],
                "user_data_file_id": "snippets:snippets/runner-ubuntu-ci-user.yml",
                "vendor_data_file_id": ""
              }
            ],
            "ipv4_addresses": [
              [
                "127.0.0.1"
              ],
              [
                "10.0.0.22"
              ],
              [
                "172.17.0.1"
              ]
            ],
            "ipv6_addresses": [
              [
                "::1"
              ],
              [
                "fe80::be24:11ff:fe08:f850"
              ],
              []
            ],
            "keyboard_layout": "en-us",
            "kvm_arguments": null,
            "mac_addresses": [
              "00:00:00:00:00:00",
              "BC:24:11:08:F8:50",
              "72:6B:BD:CC:95:C4"
            ],
            "machine": null,
            "memory": [
              {
                "dedicated": 4096,
                "floating": 0,
                "hugepages": "",
                "keep_hugepages": false,
                "shared": 0
              }
            ],
            "migrate": false,
            "name": "runner-ubuntu.net.local",
            "network_device": [
              {
                "bridge": "vnet01",
                "disconnected": false,
                "enabled": true,
                "firewall": false,
                "mac_address": "BC:24:11:08:F8:50",
                "model": "virtio",
                "mtu": 0,
                "queues": 0,
                "rate_limit": 0,
                "trunks": "",
                "vlan_id": 0
              }
            ],
            "network_interface_names": [
              "lo",
              "ens18",
              "docker0"
            ],
            "node_name": "pve",
            "numa": [],
            "on_boot": false,
            "operating_system": [],
            "pool_id": "",
            "protection": false,
            "purge_on_destroy": true,
            "reboot": false,
            "reboot_after_update": true,
            "rng": [],
            "scsi_hardware": "virtio-scsi-single",
            "serial_device": [],
            "smbios": [],
            "started": true,
            "startup": [
              {
                "down_delay": -1,
                "order": 1,
                "up_delay": -1
              }
            ],
            "stop_on_destroy": false,
            "tablet_device": true,
            "tags": [
              "automation",
              "dind",
              "gitlab",
              "runner",
              "terraform",
              "ubuntu"
            ],
            "template": false,
            "timeout_clone": 1800,
            "timeout_create": 1800,
            "timeout_migrate": 1800,
            "timeout_move_disk": 1800,
            "timeout_reboot": 1800,
            "timeout_shutdown_vm": 1800,
            "timeout_start_vm": 1800,
            "timeout_stop_vm": 300,
            "tpm_state": [],
            "usb": [],
            "vga": [],
            "virtiofs": [],
            "vm_id": 310,
            "watchdog": []
          },
          "sensitive_attributes": [],
          "identity_schema_version": 0,
          "private": "bnVsbA==",
          "dependencies": [
            "proxmox_virtual_environment_file.cloud_meta_config",
            "proxmox_virtual_environment_file.cloud_network_config",
            "proxmox_virtual_environment_file.cloud_user_config"
          ]
        },
        {
          "index_key": "swarm_manager_1",
          "schema_version": 0,
          "attributes": {
            "acpi": true,
            "agent": [
              {
                "enabled": true,
                "timeout": "15m",
                "trim": false,
                "type": "virtio",
                "wait_for_ip": []
              }
            ],
            "amd_sev": [],
            "audio_device": [],
            "bios": "seabios",
            "boot_order": [],
            "cdrom": [],
            "clone": [
              {
                "datastore_id": "",
                "full": true,
                "node_name": "",
                "retries": 1,
                "vm_id": 1000
              }
            ],
            "cpu": [
              {
                "affinity": "",
                "architecture": "",
                "cores": 2,
                "flags": [],
                "hotplugged": 0,
                "limit": 0,
                "numa": false,
                "sockets": 1,
                "type": "x86-64-v2-AES",
                "units": 0
              }
            ],
            "delete_unreferenced_disks_on_destroy": true,
            "description": null,
            "disk": [
              {
                "aio": "io_uring",
                "backup": true,
                "cache": "none",
                "datastore_id": "local-lvm",
                "discard": "ignore",
                "file_format": "raw",
                "file_id": "",
                "import_from": "",
                "interface": "virtio0",
                "iothread": true,
                "path_in_datastore": "vm-600-disk-0",
                "replicate": true,
                "serial": "",
                "size": 15,
                "speed": [],
                "ssd": false
              }
            ],
            "efi_disk": [],
            "hook_script_file_id": null,
            "hostpci": [],
            "hotplug": null,
            "id": "600",
            "initialization": [
              {
                "datastore_id": "local-lvm",
                "dns": [],
                "file_format": "",
                "interface": "ide2",
                "ip_config": [],
                "meta_data_file_id": "snippets:snippets/swarm-manager-1.net.local-ci-meta_data.yml",
                "network_data_file_id": "snippets:snippets/swarm-manager-1-ci-network.yml",
                "type": "",
                "user_account": [],
                "user_data_file_id": "snippets:snippets/swarm-manager-1-ci-user.yml",
                "vendor_data_file_id": ""
              }
            ],
            "ipv4_addresses": [
              [
                "127.0.0.1"
              ],
              [
                "10.0.0.80"
              ],
              [
                "172.17.0.1"
              ],
              [
                "172.19.0.1"
              ],
              [
                "172.18.0.1"
              ],
              [],
              [],
              [],
              [],
              []
            ],
            "ipv6_addresses": [
              [
                "::1"
              ],
              [
                "fe80::be24:11ff:fe47:b5fb"
              ],
              [],
              [],
              [
                "fe80::c466:18ff:fe54:f868"
              ],
              [
                "fe80::c8ee:65ff:fe8b:743e"
              ],
              [
                "fe80::882c:3aff:fe4b:f4e1"
              ],
              [
                "fe80::48c9:f8ff:fe04:d47e"
              ],
              [
                "fe80::3cbd:4ff:fed3:72ad"
              ],
              [
                "fe80::e43c:52ff:fe62:55c4"
              ]
            ],
            "keyboard_layout": "en-us",
            "kvm_arguments": null,
            "mac_addresses": [
              "00:00:00:00:00:00",
              "BC:24:11:47:B5:FB",
              "42:C9:28:EF:06:0E",
              "BE:6F:C9:C0:96:31",
              "C6:66:18:54:F8:68",
              "CA:EE:65:8B:74:3E",
              "8A:2C:3A:4B:F4:E1",
              "4A:C9:F8:04:D4:7E",
              "3E:BD:04:D3:72:AD",
              "E6:3C:52:62:55:C4"
            ],
            "machine": null,
            "memory": [
              {
                "dedicated": 1024,
                "floating": 0,
                "hugepages": "",
                "keep_hugepages": false,
                "shared": 0
              }
            ],
            "migrate": false,
            "name": "swarm-manager-1.net.local",
            "network_device": [
              {
                "bridge": "vnet01",
                "disconnected": false,
                "enabled": true,
                "firewall": false,
                "mac_address": "BC:24:11:47:B5:FB",
                "model": "virtio",
                "mtu": 0,
                "queues": 0,
                "rate_limit": 0,
                "trunks": "",
                "vlan_id": 0
              }
            ],
            "network_interface_names": [
              "lo",
              "eth0",
              "docker0",
              "br-cfa406d44c65",
              "docker_gwbridge",
              "veth4ed336c",
              "veth3c22b4f",
              "veth6a627cb",
              "vethc18e17e",
              "vethcc7d229"
            ],
            "node_name": "pve",
            "numa": [],
            "on_boot": true,
            "operating_system": [],
            "pool_id": "",
            "protection": false,
            "purge_on_destroy": true,
            "reboot": false,
            "reboot_after_update": true,
            "rng": [],
            "scsi_hardware": "virtio-scsi-single",
            "serial_device": [],
            "smbios": [],
            "started": true,
            "startup": [],
            "stop_on_destroy": false,
            "tablet_device": true,
            "tags": [
              "alpine",
              "swarm",
              "terraform"
            ],
            "template": false,
            "timeout_clone": 1800,
            "timeout_create": 1800,
            "timeout_migrate": 1800,
            "timeout_move_disk": 1800,
            "timeout_reboot": 1800,
            "timeout_shutdown_vm": 1800,
            "timeout_start_vm": 1800,
            "timeout_stop_vm": 300,
            "tpm_state": [],
            "usb": [],
            "vga": [],
            "virtiofs": [],
            "vm_id": 600,
            "watchdog": []
          },
          "sensitive_attributes": [],
          "identity_schema_version": 0,
          "private": "bnVsbA==",
          "dependencies": [
            "proxmox_virtual_environment_file.cloud_meta_config",
            "proxmox_virtual_environment_file.cloud_network_config",
            "proxmox_virtual_environment_file.cloud_user_config"
          ]
        },
        {
          "index_key": "swarm_worker_1",
          "schema_version": 0,
          "attributes": {
            "acpi": true,
            "agent": [
              {
                "enabled": true,
                "timeout": "15m",
                "trim": false,
                "type": "virtio",
                "wait_for_ip": []
              }
            ],
            "amd_sev": [],
            "audio_device": [],
            "bios": "seabios",
            "boot_order": [],
            "cdrom": [],
            "clone": [
              {
                "datastore_id": "",
                "full": true,
                "node_name": "",
                "retries": 1,
                "vm_id": 1000
              }
            ],
            "cpu": [
              {
                "affinity": "",
                "architecture": "",
                "cores": 2,
                "flags": [],
                "hotplugged": 0,
                "limit": 0,
                "numa": false,
                "sockets": 1,
                "type": "x86-64-v2-AES",
                "units": 0
              }
            ],
            "delete_unreferenced_disks_on_destroy": true,
            "description": null,
            "disk": [
              {
                "aio": "io_uring",
                "backup": true,
                "cache": "none",
                "datastore_id": "local-lvm",
                "discard": "ignore",
                "file_format": "raw",
                "file_id": "",
                "import_from": "",
                "interface": "virtio0",
                "iothread": true,
                "path_in_datastore": "vm-610-disk-0",
                "replicate": true,
                "serial": "",
                "size": 10,
                "speed": [],
                "ssd": false
              }
            ],
            "efi_disk": [],
            "hook_script_file_id": null,
            "hostpci": [],
            "hotplug": null,
            "id": "610",
            "initialization": [
              {
                "datastore_id": "local-lvm",
                "dns": [],
                "file_format": "",
                "interface": "ide2",
                "ip_config": [],
                "meta_data_file_id": "snippets:snippets/worker-1.net.local-ci-meta_data.yml",
                "network_data_file_id": "snippets:snippets/worker-1-ci-network.yml",
                "type": "",
                "user_account": [],
                "user_data_file_id": "snippets:snippets/worker-1-ci-user.yml",
                "vendor_data_file_id": ""
              }
            ],
            "ipv4_addresses": [
              [
                "127.0.0.1"
              ],
              [
                "10.0.0.83"
              ],
              [
                "172.17.0.1"
              ],
              [
                "172.18.0.1"
              ],
              [],
              []
            ],
            "ipv6_addresses": [
              [
                "::1"
              ],
              [
                "fe80::be24:11ff:fefa:2c32"
              ],
              [],
              [
                "fe80::b03f:20ff:fe74:4356"
              ],
              [
                "fe80::40de:bcff:fe70:a826"
              ],
              [
                "fe80::d419:b9ff:fe8e:c4de"
              ]
            ],
            "keyboard_layout": "en-us",
            "kvm_arguments": null,
            "mac_addresses": [
              "00:00:00:00:00:00",
              "BC:24:11:FA:2C:32",
              "82:46:2D:D8:F8:2B",
              "B2:3F:20:74:43:56",
              "42:DE:BC:70:A8:26",
              "D6:19:B9:8E:C4:DE"
            ],
            "machine": null,
            "memory": [
              {
                "dedicated": 1024,
                "floating": 0,
                "hugepages": "",
                "keep_hugepages": false,
                "shared": 0
              }
            ],
            "migrate": false,
            "name": "worker-1.net.local",
            "network_device": [
              {
                "bridge": "vnet01",
                "disconnected": false,
                "enabled": true,
                "firewall": false,
                "mac_address": "BC:24:11:FA:2C:32",
                "model": "virtio",
                "mtu": 0,
                "queues": 0,
                "rate_limit": 0,
                "trunks": "",
                "vlan_id": 0
              }
            ],
            "network_interface_names": [
              "lo",
              "eth0",
              "docker0",
              "docker_gwbridge",
              "vethc750210",
              "veth2cb5ec8"
            ],
            "node_name": "pve",
            "numa": [],
            "on_boot": true,
            "operating_system": [],
            "pool_id": "",
            "protection": false,
            "purge_on_destroy": true,
            "reboot": false,
            "reboot_after_update": true,
            "rng": [],
            "scsi_hardware": "virtio-scsi-single",
            "serial_device": [],
            "smbios": [],
            "started": true,
            "startup": [],
            "stop_on_destroy": false,
            "tablet_device": true,
            "tags": [
              "alpine",
              "swarm",
              "terraform",
              "worker"
            ],
            "template": false,
            "timeout_clone": 1800,
            "timeout_create": 1800,
            "timeout_migrate": 1800,
            "timeout_move_disk": 1800,
            "timeout_reboot": 1800,
            "timeout_shutdown_vm": 1800,
            "timeout_start_vm": 1800,
            "timeout_stop_vm": 300,
            "tpm_state": [],
            "usb": [],
            "vga": [],
            "virtiofs": [],
            "vm_id": 610,
            "watchdog": []
          },
          "sensitive_attributes": [],
          "identity_schema_version": 0,
          "private": "bnVsbA==",
          "dependencies": [
            "proxmox_virtual_environment_file.cloud_meta_config",
            "proxmox_virtual_environment_file.cloud_network_config",
            "proxmox_virtual_environment_file.cloud_user_config"
          ]
        },
        {
          "index_key": "vault_1",
          "schema_version": 0,
          "attributes": {
            "acpi": true,
            "agent": [
              {
                "enabled": true,
                "timeout": "15m",
                "trim": false,
                "type": "virtio",
                "wait_for_ip": []
              }
            ],
            "amd_sev": [],
            "audio_device": [],
            "bios": "seabios",
            "boot_order": [],
            "cdrom": [],
            "clone": [
              {
                "datastore_id": "",
                "full": true,
                "node_name": "",
                "retries": 1,
                "vm_id": 1000
              }
            ],
            "cpu": [
              {
                "affinity": "",
                "architecture": "",
                "cores": 2,
                "flags": [],
                "hotplugged": 0,
                "limit": 0,
                "numa": false,
                "sockets": 1,
                "type": "x86-64-v2-AES",
                "units": 0
              }
            ],
            "delete_unreferenced_disks_on_destroy": true,
            "description": null,
            "disk": [
              {
                "aio": "io_uring",
                "backup": true,
                "cache": "none",
                "datastore_id": "local-lvm",
                "discard": "ignore",
                "file_format": "raw",
                "file_id": "",
                "import_from": "",
                "interface": "virtio0",
                "iothread": true,
                "path_in_datastore": "vm-915-disk-0",
                "replicate": true,
                "serial": "",
                "size": 20,
                "speed": [],
                "ssd": false
              }
            ],
            "efi_disk": [],
            "hook_script_file_id": null,
            "hostpci": [],
            "hotplug": null,
            "id": "915",
            "initialization": [
              {
                "datastore_id": "local-lvm",
                "dns": [],
                "file_format": "",
                "interface": "ide2",
                "ip_config": [],
                "meta_data_file_id": "snippets:snippets/vault-1.net.local-ci-meta_data.yml",
                "network_data_file_id": "snippets:snippets/vault-1-ci-network.yml",
                "type": "",
                "user_account": [],
                "user_data_file_id": "snippets:snippets/vault-1-ci-user.yml",
                "vendor_data_file_id": ""
              }
            ],
            "ipv4_addresses": [
              [
                "127.0.0.1"
              ],
              [
                "10.0.0.112"
              ],
              [
                "172.17.0.1"
              ],
              [
                "172.18.0.1"
              ],
              []
            ],
            "ipv6_addresses": [
              [
                "::1"
              ],
              [
                "fe80::be24:11ff:fec1:f214"
              ],
              [],
              [
                "fe80::4498:eeff:feb6:8201"
              ],
              [
                "fe80::1c52:9aff:fe8d:517f"
              ]
            ],
            "keyboard_layout": "en-us",
            "kvm_arguments": null,
            "mac_addresses": [
              "00:00:00:00:00:00",
              "BC:24:11:C1:F2:14",
              "16:F8:38:66:20:1F",
              "46:98:EE:B6:82:01",
              "1E:52:9A:8D:51:7F"
            ],
            "machine": null,
            "memory": [
              {
                "dedicated": 1024,
                "floating": 0,
                "hugepages": "",
                "keep_hugepages": false,
                "shared": 0
              }
            ],
            "migrate": false,
            "name": "vault-1.net.local",
            "network_device": [
              {
                "bridge": "vnet01",
                "disconnected": false,
                "enabled": true,
                "firewall": true,
                "mac_address": "BC:24:11:C1:F2:14",
                "model": "virtio",
                "mtu": 0,
                "queues": 0,
                "rate_limit": 0,
                "trunks": "",
                "vlan_id": 0
              }
            ],
            "network_interface_names": [
              "lo",
              "eth0",
              "docker0",
              "br-83f07814c71a",
              "vethbb43118"
            ],
            "node_name": "pve",
            "numa": [],
            "on_boot": true,
            "operating_system": [],
            "pool_id": "",
            "protection": false,
            "purge_on_destroy": true,
            "reboot": false,
            "reboot_after_update": true,
            "rng": [],
            "scsi_hardware": "virtio-scsi-single",
            "serial_device": [],
            "smbios": [],
            "started": true,
            "startup": [],
            "stop_on_destroy": false,
            "tablet_device": true,
            "tags": [
              "alpine",
              "terraform",
              "vault"
            ],
            "template": false,
            "timeout_clone": 1800,
            "timeout_create": 1800,
            "timeout_migrate": 1800,
            "timeout_move_disk": 1800,
            "timeout_reboot": 1800,
            "timeout_shutdown_vm": 1800,
            "timeout_start_vm": 1800,
            "timeout_stop_vm": 300,
            "tpm_state": [],
            "usb": [],
            "vga": [],
            "virtiofs": [],
            "vm_id": 915,
            "watchdog": []
          },
          "sensitive_attributes": [],
          "identity_schema_version": 0,
          "private": "bnVsbA==",
          "dependencies": [
            "proxmox_virtual_environment_file.cloud_meta_config",
            "proxmox_virtual_environment_file.cloud_network_config",
            "proxmox_virtual_environment_file.cloud_user_config"
          ]
        }
      ]
    }
  ],
  "check_results": [
    {
      "object_kind": "check",
      "config_addr": "check.server_must_be_up",
      "status": "pass",
      "objects": [
        {
          "object_addr": "check.server_must_be_up",
          "status": "pass"
        }
      ]
    }
  ]
}
