{
  "version": 4,
  "terraform_version": "1.14.4",
  "serial": 887,
  "lineage": "a8899af9-ba92-c52f-1510-fa0b086a6651",
  "outputs": {},
  "resources": [
    {
      "mode": "managed",
      "type": "proxmox_virtual_environment_file",
      "name": "cloud_meta_config",
      "provider": "provider[\"registry.terraform.io/bpg/proxmox\"]",
      "instances": [
        {
          "index_key": "immichalpine",
          "schema_version": 0,
          "attributes": {
            "content_type": "snippets",
            "datastore_id": "snippets",
            "file_mode": null,
            "file_modification_date": null,
            "file_name": "immichalpine.net.local-ci-meta_data.yml",
            "file_size": null,
            "file_tag": null,
            "id": "snippets:snippets/immichalpine.net.local-ci-meta_data.yml",
            "node_name": "pve",
            "overwrite": true,
            "source_file": [],
            "source_raw": [
              {
                "data": "",
                "file_name": "immichalpine.net.local-ci-meta_data.yml",
                "resize": 0
              }
            ],
            "timeout_upload": 1800
          },
          "sensitive_attributes": [],
          "identity_schema_version": 0,
          "private": "bnVsbA=="
        },
        {
          "index_key": "nginxproxymanager",
          "schema_version": 0,
          "attributes": {
            "content_type": "snippets",
            "datastore_id": "snippets",
            "file_mode": null,
            "file_modification_date": null,
            "file_name": "nginxproxymanager.net.local-ci-meta_data.yml",
            "file_size": null,
            "file_tag": null,
            "id": "snippets:snippets/nginxproxymanager.net.local-ci-meta_data.yml",
            "node_name": "pve",
            "overwrite": true,
            "source_file": [],
            "source_raw": [
              {
                "data": "",
                "file_name": "nginxproxymanager.net.local-ci-meta_data.yml",
                "resize": 0
              }
            ],
            "timeout_upload": 1800
          },
          "sensitive_attributes": [],
          "identity_schema_version": 0,
          "private": "bnVsbA=="
        }
      ]
    },
    {
      "mode": "managed",
      "type": "proxmox_virtual_environment_file",
      "name": "cloud_network_config",
      "provider": "provider[\"registry.terraform.io/bpg/proxmox\"]",
      "instances": [
        {
          "index_key": "immichalpine",
          "schema_version": 0,
          "attributes": {
            "content_type": "snippets",
            "datastore_id": "snippets",
            "file_mode": null,
            "file_modification_date": null,
            "file_name": "immichalpine-ci-network.yml",
            "file_size": null,
            "file_tag": null,
            "id": "snippets:snippets/immichalpine-ci-network.yml",
            "node_name": "pve",
            "overwrite": true,
            "source_file": [],
            "source_raw": [
              {
                "data": "#cloud-config\nnetwork:\n  version: 2\n  ethernets:\n    eth0:\n      addresses: [\"192.168.1.219/24\"]\n      gateway4: 192.168.1.1\n      nameservers:\n        addresses: [\"8.8.8.8\", \"8.8.4.4\"]\n      routes:\n        - to: default\n          via: 192.168.1.1\n          metric: 10\n    eth1:\n      addresses: [\"10.0.0.119/24\"]\n      gateway4: 10.0.0.1\n      nameservers:\n        addresses: [\"8.8.8.8\", \"8.8.4.4\"]\n      routes:\n        - to: default\n          via: 10.0.0.1\n          metric: 10\n",
                "file_name": "immichalpine-ci-network.yml",
                "resize": 0
              }
            ],
            "timeout_upload": 1800
          },
          "sensitive_attributes": [],
          "identity_schema_version": 0,
          "private": "bnVsbA=="
        },
        {
          "index_key": "nginxproxymanager",
          "schema_version": 0,
          "attributes": {
            "content_type": "snippets",
            "datastore_id": "snippets",
            "file_mode": null,
            "file_modification_date": null,
            "file_name": "nginxproxymanager-ci-network.yml",
            "file_size": null,
            "file_tag": null,
            "id": "snippets:snippets/nginxproxymanager-ci-network.yml",
            "node_name": "pve",
            "overwrite": true,
            "source_file": [],
            "source_raw": [
              {
                "data": "#cloud-config\nnetwork:\n  version: 2\n  ethernets:\n    eth0:\n      addresses: [\"192.168.1.114/24\"]\n      gateway4: 192.168.1.1\n      nameservers:\n        addresses: [\"8.8.8.8\", \"8.8.4.4\"]\n      routes:\n        - to: default\n          via: 192.168.1.1\n          metric: 10\n    eth1:\n      addresses: [\"10.0.0.100/24\"]\n      gateway4: 10.0.0.1\n      nameservers:\n        addresses: [\"8.8.8.8\", \"8.8.4.4\"]\n      routes:\n        - to: default\n          via: 10.0.0.1\n          metric: 10\n",
                "file_name": "nginxproxymanager-ci-network.yml",
                "resize": 0
              }
            ],
            "timeout_upload": 1800
          },
          "sensitive_attributes": [],
          "identity_schema_version": 0,
          "private": "bnVsbA=="
        }
      ]
    },
    {
      "mode": "managed",
      "type": "proxmox_virtual_environment_file",
      "name": "cloud_user_config",
      "provider": "provider[\"registry.terraform.io/bpg/proxmox\"]",
      "instances": [
        {
          "index_key": "immichalpine",
          "schema_version": 0,
          "attributes": {
            "content_type": "snippets",
            "datastore_id": "snippets",
            "file_mode": null,
            "file_modification_date": null,
            "file_name": "immichalpine-ci-user.yml",
            "file_size": null,
            "file_tag": null,
            "id": "snippets:snippets/immichalpine-ci-user.yml",
            "node_name": "pve",
            "overwrite": true,
            "source_file": [],
            "source_raw": [
              {
                "data": "#cloud-config\npackage_upgrade: false\nusers:\n  - name: user\n    groups: [adm, sudo]\n    lock-passwd: false\n    sudo: ALL=(ALL) NOPASSWD:ALL\n    shell: /bin/bash\n    passwd: $6$tGz.h5alKsD5IOP2$yfQ1RTnXjdLnmCQxFG70Jf3d24YAb8Bsb/qZ/iW0aokkahPQ8qlRhgC2ZpVYkcK.CQh579k3IF3f2LTDAMsKH/\n    ssh_authorized_keys: \n      - ssh-ed25519 AAAAC3NzaC1lZDI1NTE5AAAAIP1oFq0GYt8j7vg2nNAJNzwBtqrdOUDp8CMQwLRiz4Vz user@ull\n\n\nssh_pwauth: True ## This line enables ssh password authentication\n\n\n\n# commands from here are run as root\nruncmd:\n  - echo \"Ready\"\n  - wget http://192.168.1.29:8080/files/immich/init.sh \u0026\u0026 chmod +x $PWD/init.sh\n  - wget http://192.168.1.29:8080/files/immich/immich.tgz\n  - tar xzf $PWD/immich.tgz \u0026\u0026 rm $PWD/immich.tgz\n  - cp $PWD/immich/env $PWD/immich/restoredb.sh /tmp\n  - bash $PWD/immich/install-immich.sh\n  - $PWD/init.sh\n\n",
                "file_name": "immichalpine-ci-user.yml",
                "resize": 0
              }
            ],
            "timeout_upload": 1800
          },
          "sensitive_attributes": [],
          "identity_schema_version": 0,
          "private": "bnVsbA=="
        },
        {
          "index_key": "nginxproxymanager",
          "schema_version": 0,
          "attributes": {
            "content_type": "snippets",
            "datastore_id": "snippets",
            "file_mode": null,
            "file_modification_date": null,
            "file_name": "nginxproxymanager-ci-user.yml",
            "file_size": null,
            "file_tag": null,
            "id": "snippets:snippets/nginxproxymanager-ci-user.yml",
            "node_name": "pve",
            "overwrite": true,
            "source_file": [],
            "source_raw": [
              {
                "data": "#cloud-config\npackage_upgrade: false\nusers:\n  - name: user\n    groups: [adm, sudo]\n    lock-passwd: false\n    sudo: ALL=(ALL) NOPASSWD:ALL\n    shell: /bin/bash\n    passwd: $6$tGz.h5alKsD5IOP2$yfQ1RTnXjdLnmCQxFG70Jf3d24YAb8Bsb/qZ/iW0aokkahPQ8qlRhgC2ZpVYkcK.CQh579k3IF3f2LTDAMsKH/\n    ssh_authorized_keys: \n      - ssh-ed25519 AAAAC3NzaC1lZDI1NTE5AAAAIP1oFq0GYt8j7vg2nNAJNzwBtqrdOUDp8CMQwLRiz4Vz user@ull\n\n\nssh_pwauth: True ## This line enables ssh password authentication\n\n\n\n# commands from here are run as root\nruncmd:\n  - echo \"Ready\"\n  - usermod -aG docker user\n  - su - user -c \"mkdir /home/user/nginx\"\n  - su - user -c \"cd /home/user/nginx; wget http://192.168.1.29:8080/files/nginxproxymanager/configs/docker-compose.yml\"\n  - su - user -c \"cd /home/user/nginx; wget http://192.168.1.29:8080/files/nginxproxymanager/data/data.tgz\"\n  - su - user -c \"cd /home/user/nginx; wget http://192.168.1.29:8080/files/nginxproxymanager/data/letsencrypt.tgz\"\n  - su - user -c \"cd /home/user/nginx; tar xvzf data.tgz \u0026\u0026 tar xvzf letsencrypt.tgz \u0026\u0026 rm data.tgz letsencrypt.tgz\"\n  - su - user -c \"cd /home/user/nginx; docker-compose up -d\"\n\n",
                "file_name": "nginxproxymanager-ci-user.yml",
                "resize": 0
              }
            ],
            "timeout_upload": 1800
          },
          "sensitive_attributes": [],
          "identity_schema_version": 0,
          "private": "bnVsbA=="
        }
      ]
    },
    {
      "mode": "managed",
      "type": "proxmox_virtual_environment_vm",
      "name": "vm",
      "provider": "provider[\"registry.terraform.io/bpg/proxmox\"]",
      "instances": [
        {
          "index_key": "immichalpine",
          "schema_version": 0,
          "attributes": {
            "acpi": true,
            "agent": [
              {
                "enabled": true,
                "timeout": "15m",
                "trim": false,
                "type": "virtio",
                "wait_for_ip": []
              }
            ],
            "amd_sev": [],
            "audio_device": [],
            "bios": "seabios",
            "boot_order": [],
            "cdrom": [],
            "clone": [
              {
                "datastore_id": "",
                "full": true,
                "node_name": "",
                "retries": 1,
                "vm_id": 1000
              }
            ],
            "cpu": [
              {
                "affinity": "",
                "architecture": "",
                "cores": 4,
                "flags": [],
                "hotplugged": 0,
                "limit": 0,
                "numa": false,
                "sockets": 1,
                "type": "x86-64-v2-AES",
                "units": 0
              }
            ],
            "delete_unreferenced_disks_on_destroy": true,
            "description": null,
            "disk": [
              {
                "aio": "io_uring",
                "backup": true,
                "cache": "none",
                "datastore_id": "local-lvm",
                "discard": "ignore",
                "file_format": "raw",
                "file_id": "",
                "import_from": "",
                "interface": "virtio0",
                "iothread": true,
                "path_in_datastore": "vm-410-disk-0",
                "replicate": true,
                "serial": "",
                "size": 10,
                "speed": [],
                "ssd": false
              },
              {
                "aio": "io_uring",
                "backup": true,
                "cache": "none",
                "datastore_id": "local-lvm",
                "discard": "ignore",
                "file_format": "raw",
                "file_id": "",
                "import_from": "",
                "interface": "virtio1",
                "iothread": true,
                "path_in_datastore": "vm-410-disk-1",
                "replicate": true,
                "serial": "",
                "size": 100,
                "speed": [],
                "ssd": false
              }
            ],
            "efi_disk": [],
            "hook_script_file_id": null,
            "hostpci": [],
            "id": "410",
            "initialization": [
              {
                "datastore_id": "local-lvm",
                "dns": [],
                "file_format": "",
                "interface": "ide2",
                "ip_config": [],
                "meta_data_file_id": "snippets:snippets/immichalpine.net.local-ci-meta_data.yml",
                "network_data_file_id": "snippets:snippets/immichalpine-ci-network.yml",
                "type": "",
                "user_account": [],
                "user_data_file_id": "snippets:snippets/immichalpine-ci-user.yml",
                "vendor_data_file_id": ""
              }
            ],
            "ipv4_addresses": [
              [
                "127.0.0.1"
              ],
              [
                "192.168.1.219"
              ],
              [
                "10.0.0.119"
              ],
              [
                "172.17.0.1"
              ],
              [
                "172.18.0.1"
              ],
              [],
              [],
              [],
              []
            ],
            "ipv6_addresses": [
              [
                "::1"
              ],
              [
                "fe80::be24:11ff:fe44:f0fe"
              ],
              [
                "fe80::be24:11ff:fe96:ffc8"
              ],
              [],
              [
                "fe80::449a:87ff:fe5b:c1fd"
              ],
              [
                "fe80::58ae:f6ff:fed3:ef9c"
              ],
              [
                "fe80::c40d:97ff:fe23:ef68"
              ],
              [
                "fe80::487e:e4ff:fe37:1f51"
              ],
              [
                "fe80::e433:6ff:fe33:5b26"
              ]
            ],
            "keyboard_layout": "en-us",
            "kvm_arguments": null,
            "mac_addresses": [
              "00:00:00:00:00:00",
              "BC:24:11:44:F0:FE",
              "BC:24:11:96:FF:C8",
              "B2:8D:08:52:9C:03",
              "46:9A:87:5B:C1:FD",
              "5A:AE:F6:D3:EF:9C",
              "C6:0D:97:23:EF:68",
              "4A:7E:E4:37:1F:51",
              "E6:33:06:33:5B:26"
            ],
            "machine": null,
            "memory": [
              {
                "dedicated": 4096,
                "floating": 0,
                "hugepages": "",
                "keep_hugepages": false,
                "shared": 0
              }
            ],
            "migrate": false,
            "name": "immichalpine.net.local",
            "network_device": [
              {
                "bridge": "vmbr0",
                "disconnected": false,
                "enabled": true,
                "firewall": false,
                "mac_address": "BC:24:11:44:F0:FE",
                "model": "virtio",
                "mtu": 0,
                "queues": 0,
                "rate_limit": 0,
                "trunks": "",
                "vlan_id": 0
              },
              {
                "bridge": "vmbr0",
                "disconnected": false,
                "enabled": true,
                "firewall": false,
                "mac_address": "BC:24:11:96:FF:C8",
                "model": "virtio",
                "mtu": 0,
                "queues": 0,
                "rate_limit": 0,
                "trunks": "",
                "vlan_id": 0
              }
            ],
            "network_interface_names": [
              "lo",
              "eth0",
              "eth1",
              "docker0",
              "br-3bbf69b2a672",
              "veth4c239c8",
              "vethba5d605",
              "veth436233d",
              "vethc0a81fc"
            ],
            "node_name": "pve",
            "numa": [],
            "on_boot": true,
            "operating_system": [],
            "pool_id": "",
            "protection": false,
            "purge_on_destroy": true,
            "reboot": false,
            "reboot_after_update": true,
            "rng": [],
            "scsi_hardware": "virtio-scsi-single",
            "serial_device": [],
            "smbios": [],
            "started": true,
            "startup": [],
            "stop_on_destroy": false,
            "tablet_device": true,
            "tags": [
              "current",
              "immich",
              "terraform"
            ],
            "template": false,
            "timeout_clone": 1800,
            "timeout_create": 1800,
            "timeout_migrate": 1800,
            "timeout_move_disk": 1800,
            "timeout_reboot": 1800,
            "timeout_shutdown_vm": 1800,
            "timeout_start_vm": 1800,
            "timeout_stop_vm": 300,
            "tpm_state": [],
            "usb": [],
            "vga": [],
            "virtiofs": [],
            "vm_id": 410,
            "watchdog": []
          },
          "sensitive_attributes": [],
          "identity_schema_version": 0,
          "private": "bnVsbA==",
          "dependencies": [
            "proxmox_virtual_environment_file.cloud_meta_config",
            "proxmox_virtual_environment_file.cloud_network_config",
            "proxmox_virtual_environment_file.cloud_user_config"
          ]
        },
        {
          "index_key": "nginxproxymanager",
          "schema_version": 0,
          "attributes": {
            "acpi": true,
            "agent": [
              {
                "enabled": true,
                "timeout": "15m",
                "trim": false,
                "type": "virtio",
                "wait_for_ip": []
              }
            ],
            "amd_sev": [],
            "audio_device": [],
            "bios": "seabios",
            "boot_order": [],
            "cdrom": [],
            "clone": [
              {
                "datastore_id": "",
                "full": true,
                "node_name": "",
                "retries": 1,
                "vm_id": 1000
              }
            ],
            "cpu": [
              {
                "affinity": "",
                "architecture": "",
                "cores": 2,
                "flags": [],
                "hotplugged": 0,
                "limit": 0,
                "numa": false,
                "sockets": 1,
                "type": "x86-64-v2-AES",
                "units": 0
              }
            ],
            "delete_unreferenced_disks_on_destroy": true,
            "description": null,
            "disk": [
              {
                "aio": "io_uring",
                "backup": true,
                "cache": "none",
                "datastore_id": "local-lvm",
                "discard": "ignore",
                "file_format": "raw",
                "file_id": "",
                "import_from": "",
                "interface": "virtio0",
                "iothread": true,
                "path_in_datastore": "vm-110-disk-0",
                "replicate": true,
                "serial": "",
                "size": 4,
                "speed": [],
                "ssd": false
              }
            ],
            "efi_disk": [],
            "hook_script_file_id": null,
            "hostpci": [],
            "id": "110",
            "initialization": [
              {
                "datastore_id": "local-lvm",
                "dns": [],
                "file_format": "",
                "interface": "ide2",
                "ip_config": [],
                "meta_data_file_id": "snippets:snippets/nginxproxymanager.net.local-ci-meta_data.yml",
                "network_data_file_id": "snippets:snippets/nginxproxymanager-ci-network.yml",
                "type": "",
                "user_account": [],
                "user_data_file_id": "snippets:snippets/nginxproxymanager-ci-user.yml",
                "vendor_data_file_id": ""
              }
            ],
            "ipv4_addresses": [
              [
                "127.0.0.1"
              ],
              [
                "192.168.1.114"
              ],
              [
                "10.0.0.100"
              ],
              [
                "172.17.0.1"
              ],
              [
                "172.18.0.1"
              ],
              []
            ],
            "ipv6_addresses": [
              [
                "::1"
              ],
              [
                "fe80::be24:11ff:fe04:9728"
              ],
              [
                "fe80::be24:11ff:fee7:bcce"
              ],
              [],
              [
                "fe80::84fd:7cff:fe11:60f2"
              ],
              [
                "fe80::fc78:b4ff:fe48:c38f"
              ]
            ],
            "keyboard_layout": "en-us",
            "kvm_arguments": null,
            "mac_addresses": [
              "00:00:00:00:00:00",
              "BC:24:11:04:97:28",
              "BC:24:11:E7:BC:CE",
              "06:D2:03:D8:E3:F1",
              "86:FD:7C:11:60:F2",
              "FE:78:B4:48:C3:8F"
            ],
            "machine": null,
            "memory": [
              {
                "dedicated": 1024,
                "floating": 0,
                "hugepages": "",
                "keep_hugepages": false,
                "shared": 0
              }
            ],
            "migrate": false,
            "name": "nginxproxymanager.net.local",
            "network_device": [
              {
                "bridge": "vmbr0",
                "disconnected": false,
                "enabled": true,
                "firewall": false,
                "mac_address": "BC:24:11:04:97:28",
                "model": "virtio",
                "mtu": 0,
                "queues": 0,
                "rate_limit": 0,
                "trunks": "",
                "vlan_id": 0
              },
              {
                "bridge": "vmbr0",
                "disconnected": false,
                "enabled": true,
                "firewall": false,
                "mac_address": "BC:24:11:E7:BC:CE",
                "model": "virtio",
                "mtu": 0,
                "queues": 0,
                "rate_limit": 0,
                "trunks": "",
                "vlan_id": 0
              }
            ],
            "network_interface_names": [
              "lo",
              "eth0",
              "eth1",
              "docker0",
              "br-19f053639e15",
              "vethb8bf2a0"
            ],
            "node_name": "pve",
            "numa": [],
            "on_boot": true,
            "operating_system": [],
            "pool_id": "",
            "protection": false,
            "purge_on_destroy": true,
            "reboot": false,
            "reboot_after_update": true,
            "rng": [],
            "scsi_hardware": "virtio-scsi-single",
            "serial_device": [],
            "smbios": [],
            "started": true,
            "startup": [],
            "stop_on_destroy": false,
            "tablet_device": true,
            "tags": [
              "current",
              "router",
              "terraform"
            ],
            "template": false,
            "timeout_clone": 1800,
            "timeout_create": 1800,
            "timeout_migrate": 1800,
            "timeout_move_disk": 1800,
            "timeout_reboot": 1800,
            "timeout_shutdown_vm": 1800,
            "timeout_start_vm": 1800,
            "timeout_stop_vm": 300,
            "tpm_state": [],
            "usb": [],
            "vga": [],
            "virtiofs": [],
            "vm_id": 110,
            "watchdog": []
          },
          "sensitive_attributes": [],
          "identity_schema_version": 0,
          "private": "bnVsbA==",
          "dependencies": [
            "proxmox_virtual_environment_file.cloud_meta_config",
            "proxmox_virtual_environment_file.cloud_network_config",
            "proxmox_virtual_environment_file.cloud_user_config"
          ]
        }
      ]
    }
  ],
  "check_results": null
}
