{
  "version": 4,
  "terraform_version": "1.14.5",
  "serial": 4488,
  "lineage": "a8899af9-ba92-c52f-1510-fa0b086a6651",
  "outputs": {},
  "resources": [
    {
      "mode": "managed",
      "type": "proxmox_virtual_environment_file",
      "name": "cloud_meta_config",
      "provider": "provider[\"registry.terraform.io/bpg/proxmox\"]",
      "instances": [
        {
          "index_key": "docker_registry",
          "schema_version": 0,
          "attributes": {
            "content_type": "snippets",
            "datastore_id": "snippets",
            "file_mode": null,
            "file_modification_date": null,
            "file_name": "registry.net.local-ci-meta_data.yml",
            "file_size": null,
            "file_tag": null,
            "id": "snippets:snippets/registry.net.local-ci-meta_data.yml",
            "node_name": "pve",
            "overwrite": true,
            "source_file": [],
            "source_raw": [
              {
                "data": "",
                "file_name": "registry.net.local-ci-meta_data.yml",
                "resize": 0
              }
            ],
            "timeout_upload": 1800
          },
          "sensitive_attributes": [],
          "identity_schema_version": 0,
          "private": "bnVsbA=="
        },
        {
          "index_key": "downloader",
          "schema_version": 0,
          "attributes": {
            "content_type": "snippets",
            "datastore_id": "snippets",
            "file_mode": null,
            "file_modification_date": null,
            "file_name": "downloader.net.local-ci-meta_data.yml",
            "file_size": null,
            "file_tag": null,
            "id": "snippets:snippets/downloader.net.local-ci-meta_data.yml",
            "node_name": "pve",
            "overwrite": true,
            "source_file": [],
            "source_raw": [
              {
                "data": "",
                "file_name": "downloader.net.local-ci-meta_data.yml",
                "resize": 0
              }
            ],
            "timeout_upload": 1800
          },
          "sensitive_attributes": [],
          "identity_schema_version": 0,
          "private": "bnVsbA=="
        },
        {
          "index_key": "immichalpine",
          "schema_version": 0,
          "attributes": {
            "content_type": "snippets",
            "datastore_id": "snippets",
            "file_mode": null,
            "file_modification_date": null,
            "file_name": "immichalpine.net.local-ci-meta_data.yml",
            "file_size": null,
            "file_tag": null,
            "id": "snippets:snippets/immichalpine.net.local-ci-meta_data.yml",
            "node_name": "pve",
            "overwrite": true,
            "source_file": [],
            "source_raw": [
              {
                "data": "",
                "file_name": "immichalpine.net.local-ci-meta_data.yml",
                "resize": 0
              }
            ],
            "timeout_upload": 1800
          },
          "sensitive_attributes": [],
          "identity_schema_version": 0,
          "private": "bnVsbA=="
        },
        {
          "index_key": "nginxproxymanager",
          "schema_version": 0,
          "attributes": {
            "content_type": "snippets",
            "datastore_id": "snippets",
            "file_mode": null,
            "file_modification_date": null,
            "file_name": "nginxproxymanager.net.local-ci-meta_data.yml",
            "file_size": null,
            "file_tag": null,
            "id": "snippets:snippets/nginxproxymanager.net.local-ci-meta_data.yml",
            "node_name": "pve",
            "overwrite": true,
            "source_file": [],
            "source_raw": [
              {
                "data": "",
                "file_name": "nginxproxymanager.net.local-ci-meta_data.yml",
                "resize": 0
              }
            ],
            "timeout_upload": 1800
          },
          "sensitive_attributes": [],
          "identity_schema_version": 0,
          "private": "bnVsbA=="
        },
        {
          "index_key": "runner_nixos",
          "schema_version": 0,
          "attributes": {
            "content_type": "snippets",
            "datastore_id": "snippets",
            "file_mode": null,
            "file_modification_date": null,
            "file_name": "runner-nixos.net.local-ci-meta_data.yml",
            "file_size": null,
            "file_tag": null,
            "id": "snippets:snippets/runner-nixos.net.local-ci-meta_data.yml",
            "node_name": "pve",
            "overwrite": true,
            "source_file": [],
            "source_raw": [
              {
                "data": "",
                "file_name": "runner-nixos.net.local-ci-meta_data.yml",
                "resize": 0
              }
            ],
            "timeout_upload": 1800
          },
          "sensitive_attributes": [],
          "identity_schema_version": 0,
          "private": "bnVsbA=="
        },
        {
          "index_key": "runner_ubuntu",
          "schema_version": 0,
          "attributes": {
            "content_type": "snippets",
            "datastore_id": "snippets",
            "file_mode": null,
            "file_modification_date": null,
            "file_name": "runner-ubuntu.net.local-ci-meta_data.yml",
            "file_size": null,
            "file_tag": null,
            "id": "snippets:snippets/runner-ubuntu.net.local-ci-meta_data.yml",
            "node_name": "pve",
            "overwrite": true,
            "source_file": [],
            "source_raw": [
              {
                "data": "",
                "file_name": "runner-ubuntu.net.local-ci-meta_data.yml",
                "resize": 0
              }
            ],
            "timeout_upload": 1800
          },
          "sensitive_attributes": [],
          "identity_schema_version": 0,
          "private": "bnVsbA=="
        },
        {
          "index_key": "swarm_manager_1",
          "schema_version": 0,
          "attributes": {
            "content_type": "snippets",
            "datastore_id": "snippets",
            "file_mode": null,
            "file_modification_date": null,
            "file_name": "swarm-manager-1.net.local-ci-meta_data.yml",
            "file_size": null,
            "file_tag": null,
            "id": "snippets:snippets/swarm-manager-1.net.local-ci-meta_data.yml",
            "node_name": "pve",
            "overwrite": true,
            "source_file": [],
            "source_raw": [
              {
                "data": "",
                "file_name": "swarm-manager-1.net.local-ci-meta_data.yml",
                "resize": 0
              }
            ],
            "timeout_upload": 1800
          },
          "sensitive_attributes": [],
          "identity_schema_version": 0,
          "private": "bnVsbA=="
        },
        {
          "index_key": "swarm_worker_1",
          "schema_version": 0,
          "attributes": {
            "content_type": "snippets",
            "datastore_id": "snippets",
            "file_mode": null,
            "file_modification_date": null,
            "file_name": "worker-1.net.local-ci-meta_data.yml",
            "file_size": null,
            "file_tag": null,
            "id": "snippets:snippets/worker-1.net.local-ci-meta_data.yml",
            "node_name": "pve",
            "overwrite": true,
            "source_file": [],
            "source_raw": [
              {
                "data": "",
                "file_name": "worker-1.net.local-ci-meta_data.yml",
                "resize": 0
              }
            ],
            "timeout_upload": 1800
          },
          "sensitive_attributes": [],
          "identity_schema_version": 0,
          "private": "bnVsbA=="
        },
        {
          "index_key": "vault_1",
          "schema_version": 0,
          "attributes": {
            "content_type": "snippets",
            "datastore_id": "snippets",
            "file_mode": null,
            "file_modification_date": null,
            "file_name": "vault-1.net.local-ci-meta_data.yml",
            "file_size": null,
            "file_tag": null,
            "id": "snippets:snippets/vault-1.net.local-ci-meta_data.yml",
            "node_name": "pve",
            "overwrite": true,
            "source_file": [],
            "source_raw": [
              {
                "data": "",
                "file_name": "vault-1.net.local-ci-meta_data.yml",
                "resize": 0
              }
            ],
            "timeout_upload": 1800
          },
          "sensitive_attributes": [],
          "identity_schema_version": 0,
          "private": "bnVsbA=="
        }
      ]
    },
    {
      "mode": "managed",
      "type": "proxmox_virtual_environment_file",
      "name": "cloud_network_config",
      "provider": "provider[\"registry.terraform.io/bpg/proxmox\"]",
      "instances": [
        {
          "index_key": "docker_registry",
          "schema_version": 0,
          "attributes": {
            "content_type": "snippets",
            "datastore_id": "snippets",
            "file_mode": null,
            "file_modification_date": null,
            "file_name": "registry-ci-network.yml",
            "file_size": null,
            "file_tag": null,
            "id": "snippets:snippets/registry-ci-network.yml",
            "node_name": "pve",
            "overwrite": true,
            "source_file": [],
            "source_raw": [
              {
                "data": "#cloud-config\nnetwork:\n  version: 2\n  ethernets:\n    eth0:\n      addresses: [\"10.0.0.250/24\"]\n      gateway4: 10.0.0.1\n      nameservers:\n        addresses: [\"8.8.8.8\", \"8.8.4.4\"]\n      routes:\n        - to: default\n          via: 10.0.0.1\n          metric: 10\n",
                "file_name": "registry-ci-network.yml",
                "resize": 0
              }
            ],
            "timeout_upload": 1800
          },
          "sensitive_attributes": [],
          "identity_schema_version": 0,
          "private": "bnVsbA=="
        },
        {
          "index_key": "downloader",
          "schema_version": 0,
          "attributes": {
            "content_type": "snippets",
            "datastore_id": "snippets",
            "file_mode": null,
            "file_modification_date": null,
            "file_name": "downloader-ci-network.yml",
            "file_size": null,
            "file_tag": null,
            "id": "snippets:snippets/downloader-ci-network.yml",
            "node_name": "pve",
            "overwrite": true,
            "source_file": [],
            "source_raw": [
              {
                "data": "#cloud-config\nnetwork:\n  version: 2\n  ethernets:\n    eth0:\n      addresses: [\"10.0.0.21/24\"]\n      gateway4: 10.0.0.1\n      nameservers:\n        addresses: [\"8.8.8.8\", \"8.8.4.4\"]\n      routes:\n        - to: default\n          via: 10.0.0.1\n          metric: 10\n",
                "file_name": "downloader-ci-network.yml",
                "resize": 0
              }
            ],
            "timeout_upload": 1800
          },
          "sensitive_attributes": [],
          "identity_schema_version": 0,
          "private": "bnVsbA=="
        },
        {
          "index_key": "immichalpine",
          "schema_version": 0,
          "attributes": {
            "content_type": "snippets",
            "datastore_id": "snippets",
            "file_mode": null,
            "file_modification_date": null,
            "file_name": "immichalpine-ci-network.yml",
            "file_size": null,
            "file_tag": null,
            "id": "snippets:snippets/immichalpine-ci-network.yml",
            "node_name": "pve",
            "overwrite": true,
            "source_file": [],
            "source_raw": [
              {
                "data": "#cloud-config\nnetwork:\n  version: 2\n  ethernets:\n    eth0:\n      addresses: [\"192.168.1.219/24\"]\n      gateway4: 192.168.1.1\n      nameservers:\n        addresses: [\"8.8.8.8\", \"8.8.4.4\"]\n      routes:\n        - to: default\n          via: 192.168.1.1\n          metric: 10\n    eth1:\n      addresses: [\"10.0.0.119/24\"]\n      gateway4: 10.0.0.1\n      nameservers:\n        addresses: [\"8.8.8.8\", \"8.8.4.4\"]\n      routes:\n        - to: default\n          via: 10.0.0.1\n          metric: 10\n",
                "file_name": "immichalpine-ci-network.yml",
                "resize": 0
              }
            ],
            "timeout_upload": 1800
          },
          "sensitive_attributes": [],
          "identity_schema_version": 0,
          "private": "bnVsbA=="
        },
        {
          "index_key": "nginxproxymanager",
          "schema_version": 0,
          "attributes": {
            "content_type": "snippets",
            "datastore_id": "snippets",
            "file_mode": null,
            "file_modification_date": null,
            "file_name": "nginxproxymanager-ci-network.yml",
            "file_size": null,
            "file_tag": null,
            "id": "snippets:snippets/nginxproxymanager-ci-network.yml",
            "node_name": "pve",
            "overwrite": true,
            "source_file": [],
            "source_raw": [
              {
                "data": "#cloud-config\nnetwork:\n  version: 2\n  ethernets:\n    eth0:\n      addresses: [\"192.168.1.114/24\"]\n      gateway4: 192.168.1.1\n      nameservers:\n        addresses: [\"8.8.8.8\", \"8.8.4.4\"]\n    eth1:\n      addresses: [\"10.0.0.100/24\"]\n      gateway4: 10.0.0.1\n      nameservers:\n        addresses: [\"8.8.8.8\", \"8.8.4.4\"]\n",
                "file_name": "nginxproxymanager-ci-network.yml",
                "resize": 0
              }
            ],
            "timeout_upload": 1800
          },
          "sensitive_attributes": [],
          "identity_schema_version": 0,
          "private": "bnVsbA=="
        },
        {
          "index_key": "runner_nixos",
          "schema_version": 0,
          "attributes": {
            "content_type": "snippets",
            "datastore_id": "snippets",
            "file_mode": null,
            "file_modification_date": null,
            "file_name": "runner-nixos-ci-network.yml",
            "file_size": null,
            "file_tag": null,
            "id": "snippets:snippets/runner-nixos-ci-network.yml",
            "node_name": "pve",
            "overwrite": true,
            "source_file": [],
            "source_raw": [
              {
                "data": "#cloud-config\nnetwork:\n  version: 2\n  ethernets:\n    ens18:\n      addresses: [\"10.0.0.23/24\"]\n      gateway4: 10.0.0.1\n      nameservers:\n        addresses: [\"8.8.8.8\", \"8.8.4.4\"]\n      routes:\n        - to: 0.0.0.0/0\n          via: 10.0.0.1\n          metric: 1\n",
                "file_name": "runner-nixos-ci-network.yml",
                "resize": 0
              }
            ],
            "timeout_upload": 1800
          },
          "sensitive_attributes": [],
          "identity_schema_version": 0,
          "private": "bnVsbA=="
        },
        {
          "index_key": "runner_ubuntu",
          "schema_version": 0,
          "attributes": {
            "content_type": "snippets",
            "datastore_id": "snippets",
            "file_mode": null,
            "file_modification_date": null,
            "file_name": "runner-ubuntu-ci-network.yml",
            "file_size": null,
            "file_tag": null,
            "id": "snippets:snippets/runner-ubuntu-ci-network.yml",
            "node_name": "pve",
            "overwrite": true,
            "source_file": [],
            "source_raw": [
              {
                "data": "#cloud-config\nnetwork:\n  version: 2\n  ethernets:\n    ens18:\n      addresses: [\"10.0.0.22/24\"]\n      gateway4: 10.0.0.1\n      nameservers:\n        addresses: [\"8.8.8.8\", \"8.8.4.4\"]\n      routes:\n        - to: default\n          via: 10.0.0.1\n          metric: 10\n",
                "file_name": "runner-ubuntu-ci-network.yml",
                "resize": 0
              }
            ],
            "timeout_upload": 1800
          },
          "sensitive_attributes": [],
          "identity_schema_version": 0,
          "private": "bnVsbA=="
        },
        {
          "index_key": "swarm_manager_1",
          "schema_version": 0,
          "attributes": {
            "content_type": "snippets",
            "datastore_id": "snippets",
            "file_mode": null,
            "file_modification_date": null,
            "file_name": "swarm-manager-1-ci-network.yml",
            "file_size": null,
            "file_tag": null,
            "id": "snippets:snippets/swarm-manager-1-ci-network.yml",
            "node_name": "pve",
            "overwrite": true,
            "source_file": [],
            "source_raw": [
              {
                "data": "#cloud-config\nnetwork:\n  version: 2\n  ethernets:\n    eth0:\n      addresses: [\"10.0.0.80/24\"]\n      gateway4: 10.0.0.1\n      nameservers:\n        addresses: [\"8.8.8.8\", \"8.8.4.4\"]\n      routes:\n        - to: default\n          via: 10.0.0.1\n          metric: 1\n",
                "file_name": "swarm-manager-1-ci-network.yml",
                "resize": 0
              }
            ],
            "timeout_upload": 1800
          },
          "sensitive_attributes": [],
          "identity_schema_version": 0,
          "private": "bnVsbA=="
        },
        {
          "index_key": "swarm_worker_1",
          "schema_version": 0,
          "attributes": {
            "content_type": "snippets",
            "datastore_id": "snippets",
            "file_mode": null,
            "file_modification_date": null,
            "file_name": "worker-1-ci-network.yml",
            "file_size": null,
            "file_tag": null,
            "id": "snippets:snippets/worker-1-ci-network.yml",
            "node_name": "pve",
            "overwrite": true,
            "source_file": [],
            "source_raw": [
              {
                "data": "#cloud-config\nnetwork:\n  version: 2\n  ethernets:\n    eth0:\n      addresses: [\"10.0.0.83/24\"]\n      gateway4: 10.0.0.1\n      nameservers:\n        addresses: [\"8.8.8.8\", \"8.8.4.4\"]\n      routes:\n        - to: default\n          via: 10.0.0.1\n          metric: 1\n",
                "file_name": "worker-1-ci-network.yml",
                "resize": 0
              }
            ],
            "timeout_upload": 1800
          },
          "sensitive_attributes": [],
          "identity_schema_version": 0,
          "private": "bnVsbA=="
        },
        {
          "index_key": "vault_1",
          "schema_version": 0,
          "attributes": {
            "content_type": "snippets",
            "datastore_id": "snippets",
            "file_mode": null,
            "file_modification_date": null,
            "file_name": "vault-1-ci-network.yml",
            "file_size": null,
            "file_tag": null,
            "id": "snippets:snippets/vault-1-ci-network.yml",
            "node_name": "pve",
            "overwrite": true,
            "source_file": [],
            "source_raw": [
              {
                "data": "#cloud-config\nnetwork:\n  version: 2\n  ethernets:\n    eth0:\n      addresses: [\"10.0.0.112/24\"]\n      gateway4: 10.0.0.1\n      nameservers:\n        addresses: [\"8.8.8.8\", \"8.8.4.4\"]\n      routes:\n        - to: default\n          via: 10.0.0.1\n          metric: 1\n",
                "file_name": "vault-1-ci-network.yml",
                "resize": 0
              }
            ],
            "timeout_upload": 1800
          },
          "sensitive_attributes": [],
          "identity_schema_version": 0,
          "private": "bnVsbA=="
        }
      ]
    },
    {
      "mode": "managed",
      "type": "proxmox_virtual_environment_file",
      "name": "cloud_user_config",
      "provider": "provider[\"registry.terraform.io/bpg/proxmox\"]",
      "instances": [
        {
          "index_key": "docker_registry",
          "schema_version": 0,
          "attributes": {
            "content_type": "snippets",
            "datastore_id": "snippets",
            "file_mode": null,
            "file_modification_date": null,
            "file_name": "registry-ci-user.yml",
            "file_size": null,
            "file_tag": null,
            "id": "snippets:snippets/registry-ci-user.yml",
            "node_name": "pve",
            "overwrite": true,
            "source_file": [],
            "source_raw": [
              {
                "data": "#cloud-config\npackage_upgrade: false\nhostname: registry\nusers:\n  - name: user\n    groups: [adm, sudo]\n    lock-passwd: false\n    sudo: ALL=(ALL) NOPASSWD:ALL\n    shell: /bin/bash\n    passwd: $6$tGz.h5alKsD5IOP2$yfQ1RTnXjdLnmCQxFG70Jf3d24YAb8Bsb/qZ/iW0aokkahPQ8qlRhgC2ZpVYkcK.CQh579k3IF3f2LTDAMsKH/\n    ssh_authorized_keys: \n      - ssh-ed25519 AAAAC3NzaC1lZDI1NTE5AAAAIP1oFq0GYt8j7vg2nNAJNzwBtqrdOUDp8CMQwLRiz4Vz user@ull\n\n\nssh_pwauth: True ## This line enables ssh password authentication\n\n\nwrite_files:\n  - path: /home/user/docker-compose.yaml\n    permissions: \"0700\"\n    content: |\n      services:\n        registry:\n          image: registry:latest\n          environment:\n            REGISTRY_AUTH: htpasswd # TODO: make it work with password + cache\n            REGISTRY_AUTH_HTPASSWD_REALM: Registry Realm\n            REGISTRY_AUTH_HTPASSWD_PATH: /auth/registry.password\n            REGISTRY_STORAGE_FILESYSTEM_ROOTDIRECTORY: /data\n          volumes:\n            # Mount the password file\n            - /home/user/registry/registry.password:/auth/registry.password\n            # Mount the data directory\n            - /home/user/registry/data:/data\n          ports:\n            - 0.0.0.0:5000:5000\n          restart: unless-stopped\n      \n        registry-proxy-cache:\n          image: registry:latest\n          environment:\n            REGISTRY_STORAGE_FILESYSTEM_ROOTDIRECTORY: /data\n            REGISTRY_PROXY_REMOTEURL: https://registry-1.docker.io\n          volumes:\n            # Mount the data directory\n            - /home/user/registry-proxy-cache/data:/data\n          ports:\n            - 0.0.0.0:5001:5000\n          restart: unless-stopped          \n      \n  - path: /home/user/registry/registry.password\n    permissions: \"0700\"\n    content: |\n      victor:$2y$05$B1NBFhshYeRpHfcBohYFduBAlutF.RlybVZyK0ePLprfgbPyvzUci\n      \n\n\n\n# commands from here are run as root\nruncmd:\n  - echo \"Ready\"\n  - usermod -aG docker user\n  - mkdir -p /home/user/registry/data\n  - mkdir -p /home/user/registry-proxy-cache/data\n  - chown -R user:user /home/user/{registry, registry-proxy-cache}\n  - chown user:user /home/user/docker-compose.yaml\n  - su -l user -c \"cd /home/user \u0026\u0026 docker compose up -d\"\n\n",
                "file_name": "registry-ci-user.yml",
                "resize": 0
              }
            ],
            "timeout_upload": 1800
          },
          "sensitive_attributes": [],
          "identity_schema_version": 0,
          "private": "bnVsbA=="
        },
        {
          "index_key": "downloader",
          "schema_version": 0,
          "attributes": {
            "content_type": "snippets",
            "datastore_id": "snippets",
            "file_mode": null,
            "file_modification_date": null,
            "file_name": "downloader-ci-user.yml",
            "file_size": null,
            "file_tag": null,
            "id": "snippets:snippets/downloader-ci-user.yml",
            "node_name": "pve",
            "overwrite": true,
            "source_file": [],
            "source_raw": [
              {
                "data": "#cloud-config\npackage_upgrade: false\nhostname: downloader\nusers:\n  - name: user\n    groups: [adm, sudo]\n    lock-passwd: false\n    sudo: ALL=(ALL) NOPASSWD:ALL\n    shell: /bin/bash\n    passwd: $6$tGz.h5alKsD5IOP2$yfQ1RTnXjdLnmCQxFG70Jf3d24YAb8Bsb/qZ/iW0aokkahPQ8qlRhgC2ZpVYkcK.CQh579k3IF3f2LTDAMsKH/\n    ssh_authorized_keys: \n      - ssh-ed25519 AAAAC3NzaC1lZDI1NTE5AAAAIP1oFq0GYt8j7vg2nNAJNzwBtqrdOUDp8CMQwLRiz4Vz user@ull\n\n\nssh_pwauth: True ## This line enables ssh password authentication\n\n\nwrite_files:\n  - path: /etc/docker/daemon.json\n    permissions: \"0600\"\n    content: |\n      {\n        \"insecure-registries\": [\n          \"10.0.0.250:5000\"\n        ],\n        \"registry-mirrors\": [\"http://10.0.0.250:5001\"]\n      }\n      \n  - path: /home/user/links.txt\n    permissions: \"0755\"\n    content: |\n      https://mamot.fr/@YggTorrent\n      http://localhost:9091/transmission/web/\n      https://www.myip.com/\n      \n\n\n\n# commands from here are run as root\nruncmd:\n  - echo \"Ready\"\n  - usermod -aG docker user\n  - mkdir -p /etc/docker\n  - mkdir /home/user/downloader\n  - cd /home/user/downloader; wget http://192.168.1.29:8080/files/downloader/docker-compose.yaml\n  - /home/user/downloader; wget http://192.168.1.29:8080/files/downloader/.env\n  - mkdir -p /home/user/containers/downloader/transmission/downloads\n  - mkdir -p /home/user/.secret/vpn/wg_confs\n  - mkdir -p /home/user/containers/downloader/firefox/Downloads/new\n  - mkdir -p /home/user/containers/downloader/desktop/home/user/Downloads\n  - mkdir -p /home/user/containers/downloader/desktop/home/user/.mozilla\n  - mkdir -p /home/user/containers/downloader/transmission/downloads/complete\n  - chown -R user:user /home/user/downloader\n  - chown -R user:user /home/user/containers\n  - chown -R user:user /home/user/.secret\n  - service docker restart\n\n",
                "file_name": "downloader-ci-user.yml",
                "resize": 0
              }
            ],
            "timeout_upload": 1800
          },
          "sensitive_attributes": [],
          "identity_schema_version": 0,
          "private": "bnVsbA=="
        },
        {
          "index_key": "immichalpine",
          "schema_version": 0,
          "attributes": {
            "content_type": "snippets",
            "datastore_id": "snippets",
            "file_mode": null,
            "file_modification_date": null,
            "file_name": "immichalpine-ci-user.yml",
            "file_size": null,
            "file_tag": null,
            "id": "snippets:snippets/immichalpine-ci-user.yml",
            "node_name": "pve",
            "overwrite": true,
            "source_file": [],
            "source_raw": [
              {
                "data": "#cloud-config\npackage_upgrade: false\nusers:\n  - name: user\n    groups: [adm, sudo]\n    lock-passwd: false\n    sudo: ALL=(ALL) NOPASSWD:ALL\n    shell: /bin/bash\n    passwd: $6$tGz.h5alKsD5IOP2$yfQ1RTnXjdLnmCQxFG70Jf3d24YAb8Bsb/qZ/iW0aokkahPQ8qlRhgC2ZpVYkcK.CQh579k3IF3f2LTDAMsKH/\n    ssh_authorized_keys: \n      - ssh-ed25519 AAAAC3NzaC1lZDI1NTE5AAAAIP1oFq0GYt8j7vg2nNAJNzwBtqrdOUDp8CMQwLRiz4Vz user@ull\n\n\nssh_pwauth: True ## This line enables ssh password authentication\n\n\n\n# commands from here are run as root\nruncmd:\n  - echo \"Ready\"\n  - wget http://192.168.1.29:8080/files/immich/init.sh \u0026\u0026 chmod +x $PWD/init.sh\n  - wget http://192.168.1.29:8080/files/immich/immich.tgz\n  - tar xzf $PWD/immich.tgz \u0026\u0026 rm $PWD/immich.tgz\n  - cp $PWD/immich/env $PWD/immich/restoredb.sh /tmp\n  - bash $PWD/immich/install-immich.sh\n  - $PWD/init.sh\n\n",
                "file_name": "immichalpine-ci-user.yml",
                "resize": 0
              }
            ],
            "timeout_upload": 1800
          },
          "sensitive_attributes": [],
          "identity_schema_version": 0,
          "private": "bnVsbA=="
        },
        {
          "index_key": "nginxproxymanager",
          "schema_version": 0,
          "attributes": {
            "content_type": "snippets",
            "datastore_id": "snippets",
            "file_mode": null,
            "file_modification_date": null,
            "file_name": "nginxproxymanager-ci-user.yml",
            "file_size": null,
            "file_tag": null,
            "id": "snippets:snippets/nginxproxymanager-ci-user.yml",
            "node_name": "pve",
            "overwrite": true,
            "source_file": [],
            "source_raw": [
              {
                "data": "#cloud-config\npackage_upgrade: false\nhostname: nginxproxymanager\nusers:\n  - name: user\n    groups: [adm, sudo]\n    lock-passwd: false\n    sudo: ALL=(ALL) NOPASSWD:ALL\n    shell: /bin/bash\n    passwd: $6$tGz.h5alKsD5IOP2$yfQ1RTnXjdLnmCQxFG70Jf3d24YAb8Bsb/qZ/iW0aokkahPQ8qlRhgC2ZpVYkcK.CQh579k3IF3f2LTDAMsKH/\n    ssh_authorized_keys: \n      - ssh-ed25519 AAAAC3NzaC1lZDI1NTE5AAAAIP1oFq0GYt8j7vg2nNAJNzwBtqrdOUDp8CMQwLRiz4Vz user@ull\n\n\nssh_pwauth: True ## This line enables ssh password authentication\n\n\n\n# commands from here are run as root\nruncmd:\n  - echo \"Ready\"\n  - usermod -aG docker user\n  - su - user -c \"mkdir /home/user/nginx\"\n  - su - user -c \"cd /home/user/nginx; wget http://192.168.1.31:8080/files/nginxproxymanager/configs/docker-compose.yml\"\n  - su - user -c \"cd /home/user/nginx; wget http://192.168.1.31:8080/files/nginxproxymanager/data/data.tgz\"\n  - su - user -c \"cd /home/user/nginx; wget http://192.168.1.31:8080/files/nginxproxymanager/data/letsencrypt.tgz\"\n  - su - user -c \"cd /home/user/nginx; tar xvzf data.tgz \u0026\u0026 tar xvzf letsencrypt.tgz \u0026\u0026 rm data.tgz letsencrypt.tgz\"\n  - su - user -c \"cd /home/user/nginx; docker-compose up -d\"\n\n",
                "file_name": "nginxproxymanager-ci-user.yml",
                "resize": 0
              }
            ],
            "timeout_upload": 1800
          },
          "sensitive_attributes": [],
          "identity_schema_version": 0,
          "private": "bnVsbA=="
        },
        {
          "index_key": "runner_nixos",
          "schema_version": 0,
          "attributes": {
            "content_type": "snippets",
            "datastore_id": "snippets",
            "file_mode": null,
            "file_modification_date": null,
            "file_name": "runner-nixos-ci-user.yml",
            "file_size": null,
            "file_tag": null,
            "id": "snippets:snippets/runner-nixos-ci-user.yml",
            "node_name": "pve",
            "overwrite": true,
            "source_file": [],
            "source_raw": [
              {
                "data": "#cloud-config\npackage_upgrade: false\nusers: []\n\nssh_pwauth: True ## This line enables ssh password authentication\n\n\nwrite_files:\n  - path: /home/user/.secrets/ci-env-auth\n    permissions: \"0600\"\n    owner: user:users\n    content: |\n      CI_SERVER_URL=https://gitlab.com\n      CI_SERVER_TOKEN=glrt-5pmmPm_FnMG3-oXd_tLw82c6MTlmaDZ3Cm86MQp0OjIKdToyZ2lzZhg.01.1j1t6q2g4\n      \n\n\n\n# commands from here are run as root\nruncmd:\n  - echo \"Ready\"\n  - echo Hello \u003e /tmp/test\n  - /run/current-system/sw/bin/docker --version\n\n",
                "file_name": "runner-nixos-ci-user.yml",
                "resize": 0
              }
            ],
            "timeout_upload": 1800
          },
          "sensitive_attributes": [],
          "identity_schema_version": 0,
          "private": "bnVsbA=="
        },
        {
          "index_key": "runner_ubuntu",
          "schema_version": 0,
          "attributes": {
            "content_type": "snippets",
            "datastore_id": "snippets",
            "file_mode": null,
            "file_modification_date": null,
            "file_name": "runner-ubuntu-ci-user.yml",
            "file_size": null,
            "file_tag": null,
            "id": "snippets:snippets/runner-ubuntu-ci-user.yml",
            "node_name": "pve",
            "overwrite": true,
            "source_file": [],
            "source_raw": [
              {
                "data": "#cloud-config\npackage_upgrade: false\nusers:\n  - name: user\n    groups: [adm, sudo]\n    lock-passwd: false\n    sudo: ALL=(ALL) NOPASSWD:ALL\n    shell: /bin/bash\n    passwd: $6$tGz.h5alKsD5IOP2$yfQ1RTnXjdLnmCQxFG70Jf3d24YAb8Bsb/qZ/iW0aokkahPQ8qlRhgC2ZpVYkcK.CQh579k3IF3f2LTDAMsKH/\n    ssh_authorized_keys: \n      - ssh-ed25519 AAAAC3NzaC1lZDI1NTE5AAAAIP1oFq0GYt8j7vg2nNAJNzwBtqrdOUDp8CMQwLRiz4Vz user@ull\n\n\nssh_pwauth: True ## This line enables ssh password authentication\n\n\nwrite_files:\n  - path: /tmp/run.sh\n    permissions: \"0755\"\n    content: |\n      apk add jq\n      \n  - path: /etc/gitlab-runner/config.toml\n    permissions: \"0600\"\n    content: |\n      concurrent = 1\n      check_interval = 0\n      connection_max_age = \"15m0s\"\n      shutdown_timeout = 0\n      \n      [session_server]\n        session_timeout = 1800\n      \n      [[runners]]\n        name = \"ubuntu\"\n        url = \"https://gitlab.com\"\n        id = 51778466\n        token = \"glrt-VFMyGfu6Ah7wPaJ84NDp2mc6MTlmaDZ3Cm86MQp0OjIKdToyZ2lzZhg.01.1j1och5b2\"\n        token_obtained_at = 2026-02-13T10:57:09Z\n        token_expires_at = 0001-01-01T00:00:00Z\n        executor = \"docker\"\n        [runners.cache]\n          MaxUploadedArchiveSize = 0\n          [runners.cache.s3]\n          [runners.cache.gcs]\n          [runners.cache.azure]\n        [runners.docker]\n          tls_verify = false\n          image = \"alpine\"\n          privileged = true\n          disable_entrypoint_overwrite = false\n          oom_kill_disable = false\n          disable_cache = false\n          volumes = [\n            \"/cache\",\n          ]      \n          shm_size = 0\n          network_mtu = 0         \n      \n\n\n\n# commands from here are run as root\nruncmd:\n  - echo \"Ready\"\n  - mkdir -p /etc/gitlab-runner\n  - curl -L https://packages.gitlab.com/install/repositories/runner/gitlab-runner/script.deb.sh | sudo bash\n  - apt-get install gitlab-runner jq -y\n  - systemctl enable --now gitlab-runner\n\n",
                "file_name": "runner-ubuntu-ci-user.yml",
                "resize": 0
              }
            ],
            "timeout_upload": 1800
          },
          "sensitive_attributes": [],
          "identity_schema_version": 0,
          "private": "bnVsbA=="
        },
        {
          "index_key": "swarm_manager_1",
          "schema_version": 0,
          "attributes": {
            "content_type": "snippets",
            "datastore_id": "snippets",
            "file_mode": null,
            "file_modification_date": null,
            "file_name": "swarm-manager-1-ci-user.yml",
            "file_size": null,
            "file_tag": null,
            "id": "snippets:snippets/swarm-manager-1-ci-user.yml",
            "node_name": "pve",
            "overwrite": true,
            "source_file": [],
            "source_raw": [
              {
                "data": "#cloud-config\npackage_upgrade: false\nhostname: swarm-manager-1\nusers:\n  - name: user\n    groups: [adm, sudo]\n    lock-passwd: false\n    sudo: ALL=(ALL) NOPASSWD:ALL\n    shell: /bin/bash\n    passwd: $6$tGz.h5alKsD5IOP2$yfQ1RTnXjdLnmCQxFG70Jf3d24YAb8Bsb/qZ/iW0aokkahPQ8qlRhgC2ZpVYkcK.CQh579k3IF3f2LTDAMsKH/\n    ssh_authorized_keys: \n      - ssh-ed25519 AAAAC3NzaC1lZDI1NTE5AAAAIP1oFq0GYt8j7vg2nNAJNzwBtqrdOUDp8CMQwLRiz4Vz user@ull\n\n\nssh_pwauth: True ## This line enables ssh password authentication\n\n\n\n# commands from here are run as root\nruncmd:\n  - echo \"Ready\"\n  - usermod -aG docker user\n  - apk add curl tcpdump netcat-openbsd vim\n  - sudo -H -u user bash -c 'docker swarm init --default-addr-pool 10.20.0.0/16 --default-addr-pool-mask-length 24'\n  - sudo -H -u user bash -c 'curl -L https://downloads.portainer.io/ce-lts/portainer-agent-stack.yml -o /home/user/portainer-agent-stack.yml'\n  - sudo -H -u user bash -c 'docker stack deploy -c /home/user/portainer-agent-stack.yml portainer'\n  - sudo -H -u user bash -c 'docker swarm join-token -q worker'\n\n",
                "file_name": "swarm-manager-1-ci-user.yml",
                "resize": 0
              }
            ],
            "timeout_upload": 1800
          },
          "sensitive_attributes": [],
          "identity_schema_version": 0,
          "private": "bnVsbA=="
        },
        {
          "index_key": "swarm_worker_1",
          "schema_version": 0,
          "attributes": {
            "content_type": "snippets",
            "datastore_id": "snippets",
            "file_mode": null,
            "file_modification_date": null,
            "file_name": "worker-1-ci-user.yml",
            "file_size": null,
            "file_tag": null,
            "id": "snippets:snippets/worker-1-ci-user.yml",
            "node_name": "pve",
            "overwrite": true,
            "source_file": [],
            "source_raw": [
              {
                "data": "#cloud-config\npackage_upgrade: false\nhostname: worker-1\nusers:\n  - name: user\n    groups: [adm, sudo]\n    lock-passwd: false\n    sudo: ALL=(ALL) NOPASSWD:ALL\n    shell: /bin/bash\n    passwd: $6$tGz.h5alKsD5IOP2$yfQ1RTnXjdLnmCQxFG70Jf3d24YAb8Bsb/qZ/iW0aokkahPQ8qlRhgC2ZpVYkcK.CQh579k3IF3f2LTDAMsKH/\n    ssh_authorized_keys: \n      - ssh-ed25519 AAAAC3NzaC1lZDI1NTE5AAAAIP1oFq0GYt8j7vg2nNAJNzwBtqrdOUDp8CMQwLRiz4Vz user@ull\n\n\nssh_pwauth: True ## This line enables ssh password authentication\n\n\n\n# commands from here are run as root\nruncmd:\n  - echo \"Ready\"\n  - usermod -aG docker user\n\n",
                "file_name": "worker-1-ci-user.yml",
                "resize": 0
              }
            ],
            "timeout_upload": 1800
          },
          "sensitive_attributes": [],
          "identity_schema_version": 0,
          "private": "bnVsbA=="
        },
        {
          "index_key": "vault_1",
          "schema_version": 0,
          "attributes": {
            "content_type": "snippets",
            "datastore_id": "snippets",
            "file_mode": null,
            "file_modification_date": null,
            "file_name": "vault-1-ci-user.yml",
            "file_size": null,
            "file_tag": null,
            "id": "snippets:snippets/vault-1-ci-user.yml",
            "node_name": "pve",
            "overwrite": true,
            "source_file": [],
            "source_raw": [
              {
                "data": "#cloud-config\npackage_upgrade: false\nhostname: vault-1\nusers:\n  - name: user\n    groups: [adm, sudo]\n    lock-passwd: false\n    sudo: ALL=(ALL) NOPASSWD:ALL\n    shell: /bin/bash\n    passwd: $6$tGz.h5alKsD5IOP2$yfQ1RTnXjdLnmCQxFG70Jf3d24YAb8Bsb/qZ/iW0aokkahPQ8qlRhgC2ZpVYkcK.CQh579k3IF3f2LTDAMsKH/\n    ssh_authorized_keys: \n      - ssh-ed25519 AAAAC3NzaC1lZDI1NTE5AAAAIP1oFq0GYt8j7vg2nNAJNzwBtqrdOUDp8CMQwLRiz4Vz user@ull\n\n\nssh_pwauth: True ## This line enables ssh password authentication\n\n\nwrite_files:\n  - path: /home/user/vault/config.hcl\n    permissions: \"0600\"\n    content: |\n      storage \"raft\" {\n        path    = \"/vault/data\"\n        node_id = \"vault1\"\n      }\n      \n      listener \"tcp\" {\n        address     = \"0.0.0.0:8200\"\n        tls_disable = \"true\"\n      }\n      \n      api_addr      = \"http://127.0.0.1:8200\"\n      cluster_addr  = \"http://127.0.0.1:8201\"\n      ui            = true\n      disable_mlock = true\n      \n  - path: /home/user/vault/policy_terraform.hcl\n    permissions: \"0600\"\n    content: |\n      # kv2 secret/terraform/*\n      path \"secret/data/terraform/*\" {\n         capabilities = [ \"create\", \"read\", \"update\", \"delete\", \"list\" ]\n      }\n      \n      path \"secret/metadata/terraform/*\" {\n         capabilities = [ \"create\", \"read\", \"update\", \"delete\", \"list\" ]\n      }\n      \n      # Mount the AppRole auth method\n      path \"sys/auth/approle\" {\n        capabilities = [ \"create\", \"read\", \"update\", \"delete\", \"sudo\" ]\n      }\n      \n      # Configure the AppRole auth method\n      path \"sys/auth/approle/*\" {\n        capabilities = [ \"create\", \"read\", \"update\", \"delete\" ]\n      }\n      \n      # Create and manage roles\n      path \"auth/approle/*\" {\n        capabilities = [ \"create\", \"read\", \"update\", \"delete\", \"list\" ]\n      }\n      \n      # Write ACL policies\n      path \"sys/policies/acl/*\" {\n        capabilities = [ \"create\", \"read\", \"update\", \"delete\", \"list\" ]\n      }\n      \n  - path: /home/user/docker-compose.yaml\n    permissions: \"0600\"\n    content: |\n      services:\n        vault:\n          image: hashicorp/vault:${VAULT_VERSION}\n          container_name: vault\n          ports:\n            - 8200:8200\n          volumes:\n            - ./vault/config.hcl:/vault/config/config.hcl\n            - ./vault/data:/vault/data\n          environment:\n            VAULT_ADDR: http://127.0.0.1:8200\n          entrypoint: vault server -config=/vault/config/config.hcl\n          cap_add:\n            - IPC_LOCK\n      \n  - path: /home/user/.env\n    permissions: \"0600\"\n    content: |\n      VAULT_VERSION=1.21\n      \n\n\n\n# commands from here are run as root\nruncmd:\n  - echo \"Ready\"\n  - usermod -aG docker user\n  - chown -R user:users /home/user\n  - sudo -H -u user bash -c 'cd /home/user; docker compose up -d'\n\n",
                "file_name": "vault-1-ci-user.yml",
                "resize": 0
              }
            ],
            "timeout_upload": 1800
          },
          "sensitive_attributes": [],
          "identity_schema_version": 0,
          "private": "bnVsbA=="
        }
      ]
    },
    {
      "mode": "managed",
      "type": "proxmox_virtual_environment_firewall_options",
      "name": "vm_firewall",
      "provider": "provider[\"registry.terraform.io/bpg/proxmox\"]",
      "instances": [
        {
          "index_key": "vault_1",
          "schema_version": 0,
          "attributes": {
            "container_id": null,
            "dhcp": true,
            "enabled": true,
            "id": "options-3369981036",
            "input_policy": "DROP",
            "ipfilter": false,
            "log_level_in": "nolog",
            "log_level_out": "nolog",
            "macfilter": true,
            "ndp": true,
            "node_name": "pve",
            "output_policy": "DROP",
            "radv": true,
            "vm_id": 915
          },
          "sensitive_attributes": [],
          "identity_schema_version": 0,
          "private": "bnVsbA==",
          "dependencies": [
            "proxmox_virtual_environment_file.cloud_meta_config",
            "proxmox_virtual_environment_file.cloud_network_config",
            "proxmox_virtual_environment_file.cloud_user_config",
            "proxmox_virtual_environment_vm.vm"
          ]
        }
      ]
    },
    {
      "mode": "managed",
      "type": "proxmox_virtual_environment_firewall_rules",
      "name": "inbound",
      "provider": "provider[\"registry.terraform.io/bpg/proxmox\"]",
      "instances": [
        {
          "index_key": "vault_1",
          "schema_version": 0,
          "attributes": {
            "container_id": null,
            "id": "rule-3851306501",
            "node_name": "pve",
            "rule": [
              {
                "action": "ACCEPT",
                "comment": "Allow SSH rpi router",
                "dest": "",
                "dport": "22",
                "enabled": true,
                "iface": "",
                "log": "info",
                "macro": "",
                "pos": 0,
                "proto": "tcp",
                "security_group": "",
                "source": "192.168.1.101",
                "sport": "",
                "type": "in"
              },
              {
                "action": "ACCEPT",
                "comment": "Allow vault port",
                "dest": "",
                "dport": "8200",
                "enabled": true,
                "iface": "",
                "log": "info",
                "macro": "",
                "pos": 1,
                "proto": "tcp",
                "security_group": "",
                "source": "192.168.1.101,10.0.0.22,10.0.0.23",
                "sport": "",
                "type": "in"
              }
            ],
            "vm_id": 915
          },
          "sensitive_attributes": [],
          "identity_schema_version": 0,
          "private": "bnVsbA==",
          "dependencies": [
            "proxmox_virtual_environment_file.cloud_meta_config",
            "proxmox_virtual_environment_file.cloud_network_config",
            "proxmox_virtual_environment_file.cloud_user_config",
            "proxmox_virtual_environment_vm.vm"
          ]
        }
      ]
    },
    {
      "mode": "managed",
      "type": "proxmox_virtual_environment_vm",
      "name": "vm",
      "provider": "provider[\"registry.terraform.io/bpg/proxmox\"]",
      "instances": [
        {
          "index_key": "docker_registry",
          "schema_version": 0,
          "attributes": {
            "acpi": true,
            "agent": [
              {
                "enabled": true,
                "timeout": "15m",
                "trim": false,
                "type": "virtio",
                "wait_for_ip": []
              }
            ],
            "amd_sev": [],
            "audio_device": [],
            "bios": "seabios",
            "boot_order": [],
            "cdrom": [],
            "clone": [
              {
                "datastore_id": "",
                "full": true,
                "node_name": "",
                "retries": 1,
                "vm_id": 1000
              }
            ],
            "cpu": [
              {
                "affinity": "",
                "architecture": "",
                "cores": 1,
                "flags": [],
                "hotplugged": 0,
                "limit": 0,
                "numa": false,
                "sockets": 1,
                "type": "x86-64-v2-AES",
                "units": 0
              }
            ],
            "delete_unreferenced_disks_on_destroy": true,
            "description": null,
            "disk": [
              {
                "aio": "io_uring",
                "backup": true,
                "cache": "none",
                "datastore_id": "local-lvm",
                "discard": "ignore",
                "file_format": "raw",
                "file_id": "",
                "import_from": "",
                "interface": "virtio0",
                "iothread": true,
                "path_in_datastore": "vm-120-disk-0",
                "replicate": true,
                "serial": "",
                "size": 70,
                "speed": [],
                "ssd": false
              }
            ],
            "efi_disk": [],
            "hook_script_file_id": null,
            "hostpci": [],
            "hotplug": null,
            "id": "120",
            "initialization": [
              {
                "datastore_id": "local-lvm",
                "dns": [],
                "file_format": "",
                "interface": "ide2",
                "ip_config": [],
                "meta_data_file_id": "snippets:snippets/registry.net.local-ci-meta_data.yml",
                "network_data_file_id": "snippets:snippets/registry-ci-network.yml",
                "type": "",
                "user_account": [],
                "user_data_file_id": "snippets:snippets/registry-ci-user.yml",
                "vendor_data_file_id": ""
              }
            ],
            "ipv4_addresses": [
              [
                "127.0.0.1"
              ],
              [
                "10.0.0.250"
              ],
              [
                "172.17.0.1"
              ],
              [
                "172.18.0.1"
              ],
              [],
              []
            ],
            "ipv6_addresses": [
              [
                "::1"
              ],
              [
                "fe80::be24:11ff:fe4c:9153"
              ],
              [],
              [
                "fe80::88f5:69ff:fef7:36a0"
              ],
              [
                "fe80::3889:fdff:fe45:949f"
              ],
              [
                "fe80::5090:e9ff:fea7:c991"
              ]
            ],
            "keyboard_layout": "en-us",
            "kvm_arguments": null,
            "mac_addresses": [
              "00:00:00:00:00:00",
              "BC:24:11:4C:91:53",
              "DE:55:7B:06:7D:57",
              "8A:F5:69:F7:36:A0",
              "3A:89:FD:45:94:9F",
              "52:90:E9:A7:C9:91"
            ],
            "machine": null,
            "memory": [
              {
                "dedicated": 512,
                "floating": 0,
                "hugepages": "",
                "keep_hugepages": false,
                "shared": 0
              }
            ],
            "migrate": false,
            "name": "registry.net.local",
            "network_device": [
              {
                "bridge": "vnet01",
                "disconnected": false,
                "enabled": true,
                "firewall": false,
                "mac_address": "BC:24:11:4C:91:53",
                "model": "virtio",
                "mtu": 0,
                "queues": 0,
                "rate_limit": 0,
                "trunks": "",
                "vlan_id": 0
              }
            ],
            "network_interface_names": [
              "lo",
              "eth0",
              "docker0",
              "br-84d64fe12e2c",
              "veth6f516ee",
              "vethe53e92b"
            ],
            "node_name": "pve",
            "numa": [],
            "on_boot": true,
            "operating_system": [],
            "pool_id": "",
            "protection": false,
            "purge_on_destroy": true,
            "reboot": false,
            "reboot_after_update": true,
            "rng": [],
            "scsi_hardware": "virtio-scsi-single",
            "serial_device": [],
            "smbios": [],
            "started": true,
            "startup": [],
            "stop_on_destroy": false,
            "tablet_device": true,
            "tags": [
              "docker",
              "registry",
              "terraform"
            ],
            "template": false,
            "timeout_clone": 1800,
            "timeout_create": 1800,
            "timeout_migrate": 1800,
            "timeout_move_disk": 1800,
            "timeout_reboot": 1800,
            "timeout_shutdown_vm": 1800,
            "timeout_start_vm": 1800,
            "timeout_stop_vm": 300,
            "tpm_state": [],
            "usb": [],
            "vga": [],
            "virtiofs": [],
            "vm_id": 120,
            "watchdog": []
          },
          "sensitive_attributes": [],
          "identity_schema_version": 0,
          "private": "bnVsbA==",
          "dependencies": [
            "proxmox_virtual_environment_file.cloud_meta_config",
            "proxmox_virtual_environment_file.cloud_network_config",
            "proxmox_virtual_environment_file.cloud_user_config"
          ]
        },
        {
          "index_key": "downloader",
          "schema_version": 0,
          "attributes": {
            "acpi": true,
            "agent": [
              {
                "enabled": true,
                "timeout": "15m",
                "trim": false,
                "type": "virtio",
                "wait_for_ip": []
              }
            ],
            "amd_sev": [],
            "audio_device": [],
            "bios": "seabios",
            "boot_order": [],
            "cdrom": [],
            "clone": [
              {
                "datastore_id": "",
                "full": true,
                "node_name": "",
                "retries": 1,
                "vm_id": 1000
              }
            ],
            "cpu": [
              {
                "affinity": "",
                "architecture": "",
                "cores": 4,
                "flags": [],
                "hotplugged": 0,
                "limit": 0,
                "numa": false,
                "sockets": 1,
                "type": "x86-64-v2-AES",
                "units": 0
              }
            ],
            "delete_unreferenced_disks_on_destroy": true,
            "description": null,
            "disk": [
              {
                "aio": "io_uring",
                "backup": true,
                "cache": "none",
                "datastore_id": "local-lvm",
                "discard": "ignore",
                "file_format": "raw",
                "file_id": "",
                "import_from": "",
                "interface": "virtio0",
                "iothread": true,
                "path_in_datastore": "vm-131-disk-0",
                "replicate": true,
                "serial": "",
                "size": 100,
                "speed": [],
                "ssd": false
              }
            ],
            "efi_disk": [],
            "hook_script_file_id": null,
            "hostpci": [],
            "hotplug": null,
            "id": "131",
            "initialization": [
              {
                "datastore_id": "local-lvm",
                "dns": [],
                "file_format": "",
                "interface": "ide2",
                "ip_config": [],
                "meta_data_file_id": "snippets:snippets/downloader.net.local-ci-meta_data.yml",
                "network_data_file_id": "snippets:snippets/downloader-ci-network.yml",
                "type": "",
                "user_account": [],
                "user_data_file_id": "snippets:snippets/downloader-ci-user.yml",
                "vendor_data_file_id": ""
              }
            ],
            "ipv4_addresses": [
              [
                "127.0.0.1"
              ],
              [
                "10.0.0.21"
              ],
              [
                "172.17.0.1"
              ]
            ],
            "ipv6_addresses": [
              [
                "::1"
              ],
              [
                "fe80::be24:11ff:fead:f341"
              ],
              []
            ],
            "keyboard_layout": "en-us",
            "kvm_arguments": null,
            "mac_addresses": [
              "00:00:00:00:00:00",
              "BC:24:11:AD:F3:41",
              "A6:36:A2:7C:F0:87"
            ],
            "machine": null,
            "memory": [
              {
                "dedicated": 3072,
                "floating": 0,
                "hugepages": "",
                "keep_hugepages": false,
                "shared": 0
              }
            ],
            "migrate": false,
            "name": "downloader.net.local",
            "network_device": [
              {
                "bridge": "vnet01",
                "disconnected": false,
                "enabled": true,
                "firewall": false,
                "mac_address": "BC:24:11:AD:F3:41",
                "model": "virtio",
                "mtu": 0,
                "queues": 0,
                "rate_limit": 0,
                "trunks": "",
                "vlan_id": 0
              }
            ],
            "network_interface_names": [
              "lo",
              "eth0",
              "docker0"
            ],
            "node_name": "pve",
            "numa": [],
            "on_boot": true,
            "operating_system": [],
            "pool_id": "",
            "protection": false,
            "purge_on_destroy": true,
            "reboot": false,
            "reboot_after_update": true,
            "rng": [],
            "scsi_hardware": "virtio-scsi-single",
            "serial_device": [],
            "smbios": [],
            "started": true,
            "startup": [],
            "stop_on_destroy": false,
            "tablet_device": true,
            "tags": [
              "docker",
              "downloader",
              "terraform"
            ],
            "template": false,
            "timeout_clone": 1800,
            "timeout_create": 1800,
            "timeout_migrate": 1800,
            "timeout_move_disk": 1800,
            "timeout_reboot": 1800,
            "timeout_shutdown_vm": 1800,
            "timeout_start_vm": 1800,
            "timeout_stop_vm": 300,
            "tpm_state": [],
            "usb": [],
            "vga": [],
            "virtiofs": [],
            "vm_id": 131,
            "watchdog": []
          },
          "sensitive_attributes": [],
          "identity_schema_version": 0,
          "private": "bnVsbA==",
          "dependencies": [
            "proxmox_virtual_environment_file.cloud_meta_config",
            "proxmox_virtual_environment_file.cloud_network_config",
            "proxmox_virtual_environment_file.cloud_user_config"
          ]
        },
        {
          "index_key": "immichalpine",
          "schema_version": 0,
          "attributes": {
            "acpi": true,
            "agent": [
              {
                "enabled": true,
                "timeout": "15m",
                "trim": false,
                "type": "virtio",
                "wait_for_ip": []
              }
            ],
            "amd_sev": [],
            "audio_device": [],
            "bios": "seabios",
            "boot_order": [],
            "cdrom": [],
            "clone": [
              {
                "datastore_id": "",
                "full": true,
                "node_name": "",
                "retries": 1,
                "vm_id": 1000
              }
            ],
            "cpu": [
              {
                "affinity": "",
                "architecture": "",
                "cores": 4,
                "flags": [],
                "hotplugged": 0,
                "limit": 0,
                "numa": false,
                "sockets": 1,
                "type": "x86-64-v2-AES",
                "units": 0
              }
            ],
            "delete_unreferenced_disks_on_destroy": true,
            "description": null,
            "disk": [
              {
                "aio": "io_uring",
                "backup": true,
                "cache": "none",
                "datastore_id": "local-lvm",
                "discard": "ignore",
                "file_format": "raw",
                "file_id": "",
                "import_from": "",
                "interface": "virtio0",
                "iothread": true,
                "path_in_datastore": "vm-410-disk-0",
                "replicate": true,
                "serial": "",
                "size": 10,
                "speed": [],
                "ssd": false
              },
              {
                "aio": "io_uring",
                "backup": true,
                "cache": "none",
                "datastore_id": "local-lvm",
                "discard": "ignore",
                "file_format": "raw",
                "file_id": "",
                "import_from": "",
                "interface": "virtio1",
                "iothread": true,
                "path_in_datastore": "vm-410-disk-1",
                "replicate": true,
                "serial": "",
                "size": 100,
                "speed": [],
                "ssd": false
              }
            ],
            "efi_disk": [],
            "hook_script_file_id": null,
            "hostpci": [],
            "hotplug": null,
            "id": "410",
            "initialization": [
              {
                "datastore_id": "local-lvm",
                "dns": [],
                "file_format": "",
                "interface": "ide2",
                "ip_config": [],
                "meta_data_file_id": "snippets:snippets/immichalpine.net.local-ci-meta_data.yml",
                "network_data_file_id": "snippets:snippets/immichalpine-ci-network.yml",
                "type": "",
                "user_account": [],
                "user_data_file_id": "snippets:snippets/immichalpine-ci-user.yml",
                "vendor_data_file_id": ""
              }
            ],
            "ipv4_addresses": [],
            "ipv6_addresses": [],
            "keyboard_layout": "en-us",
            "kvm_arguments": null,
            "mac_addresses": [
              "BC:24:11:44:F0:FE",
              "BC:24:11:96:FF:C8"
            ],
            "machine": null,
            "memory": [
              {
                "dedicated": 4096,
                "floating": 0,
                "hugepages": "",
                "keep_hugepages": false,
                "shared": 0
              }
            ],
            "migrate": false,
            "name": "immichalpine.net.local",
            "network_device": [
              {
                "bridge": "vmbr0",
                "disconnected": false,
                "enabled": true,
                "firewall": false,
                "mac_address": "BC:24:11:44:F0:FE",
                "model": "virtio",
                "mtu": 0,
                "queues": 0,
                "rate_limit": 0,
                "trunks": "",
                "vlan_id": 0
              },
              {
                "bridge": "vmbr0",
                "disconnected": false,
                "enabled": true,
                "firewall": false,
                "mac_address": "BC:24:11:96:FF:C8",
                "model": "virtio",
                "mtu": 0,
                "queues": 0,
                "rate_limit": 0,
                "trunks": "",
                "vlan_id": 0
              }
            ],
            "network_interface_names": [],
            "node_name": "pve",
            "numa": [],
            "on_boot": false,
            "operating_system": [],
            "pool_id": "",
            "protection": false,
            "purge_on_destroy": true,
            "reboot": false,
            "reboot_after_update": true,
            "rng": [],
            "scsi_hardware": "virtio-scsi-single",
            "serial_device": [],
            "smbios": [],
            "started": false,
            "startup": [],
            "stop_on_destroy": false,
            "tablet_device": true,
            "tags": [
              "current",
              "immich",
              "terraform"
            ],
            "template": false,
            "timeout_clone": 1800,
            "timeout_create": 1800,
            "timeout_migrate": 1800,
            "timeout_move_disk": 1800,
            "timeout_reboot": 1800,
            "timeout_shutdown_vm": 1800,
            "timeout_start_vm": 1800,
            "timeout_stop_vm": 300,
            "tpm_state": [],
            "usb": [],
            "vga": [],
            "virtiofs": [],
            "vm_id": 410,
            "watchdog": []
          },
          "sensitive_attributes": [],
          "identity_schema_version": 0,
          "private": "bnVsbA==",
          "dependencies": [
            "proxmox_virtual_environment_file.cloud_meta_config",
            "proxmox_virtual_environment_file.cloud_network_config",
            "proxmox_virtual_environment_file.cloud_user_config"
          ]
        },
        {
          "index_key": "nginxproxymanager",
          "schema_version": 0,
          "attributes": {
            "acpi": true,
            "agent": [
              {
                "enabled": true,
                "timeout": "15m",
                "trim": false,
                "type": "virtio",
                "wait_for_ip": []
              }
            ],
            "amd_sev": [],
            "audio_device": [],
            "bios": "seabios",
            "boot_order": [],
            "cdrom": [],
            "clone": [
              {
                "datastore_id": "",
                "full": true,
                "node_name": "",
                "retries": 1,
                "vm_id": 1000
              }
            ],
            "cpu": [
              {
                "affinity": "",
                "architecture": "",
                "cores": 2,
                "flags": [],
                "hotplugged": 0,
                "limit": 0,
                "numa": false,
                "sockets": 1,
                "type": "x86-64-v2-AES",
                "units": 0
              }
            ],
            "delete_unreferenced_disks_on_destroy": true,
            "description": null,
            "disk": [
              {
                "aio": "io_uring",
                "backup": true,
                "cache": "none",
                "datastore_id": "local-lvm",
                "discard": "ignore",
                "file_format": "raw",
                "file_id": "",
                "import_from": "",
                "interface": "virtio0",
                "iothread": true,
                "path_in_datastore": "vm-110-disk-0",
                "replicate": true,
                "serial": "",
                "size": 14,
                "speed": [],
                "ssd": false
              }
            ],
            "efi_disk": [],
            "hook_script_file_id": null,
            "hostpci": [],
            "hotplug": null,
            "id": "110",
            "initialization": [
              {
                "datastore_id": "local-lvm",
                "dns": [],
                "file_format": "",
                "interface": "ide2",
                "ip_config": [],
                "meta_data_file_id": "snippets:snippets/nginxproxymanager.net.local-ci-meta_data.yml",
                "network_data_file_id": "snippets:snippets/nginxproxymanager-ci-network.yml",
                "type": "",
                "user_account": [],
                "user_data_file_id": "snippets:snippets/nginxproxymanager-ci-user.yml",
                "vendor_data_file_id": ""
              }
            ],
            "ipv4_addresses": [
              [
                "127.0.0.1"
              ],
              [
                "192.168.1.114"
              ],
              [
                "10.0.0.100"
              ],
              [
                "172.17.0.1"
              ],
              [
                "172.18.0.1"
              ],
              []
            ],
            "ipv6_addresses": [
              [
                "::1"
              ],
              [
                "fe80::be24:11ff:fec2:1ff7"
              ],
              [
                "fe80::be24:11ff:fe94:48db"
              ],
              [],
              [
                "fe80::b078:e5ff:feb9:659d"
              ],
              [
                "fe80::d423:2ff:fe83:8c61"
              ]
            ],
            "keyboard_layout": "en-us",
            "kvm_arguments": null,
            "mac_addresses": [
              "00:00:00:00:00:00",
              "BC:24:11:C2:1F:F7",
              "BC:24:11:94:48:DB",
              "BE:8B:10:C2:F9:77",
              "B2:78:E5:B9:65:9D",
              "D6:23:02:83:8C:61"
            ],
            "machine": null,
            "memory": [
              {
                "dedicated": 1024,
                "floating": 0,
                "hugepages": "",
                "keep_hugepages": false,
                "shared": 0
              }
            ],
            "migrate": false,
            "name": "nginxproxymanager.net.local",
            "network_device": [
              {
                "bridge": "vmbr0",
                "disconnected": false,
                "enabled": true,
                "firewall": false,
                "mac_address": "BC:24:11:C2:1F:F7",
                "model": "virtio",
                "mtu": 0,
                "queues": 0,
                "rate_limit": 0,
                "trunks": "",
                "vlan_id": 0
              },
              {
                "bridge": "vnet01",
                "disconnected": false,
                "enabled": true,
                "firewall": false,
                "mac_address": "BC:24:11:94:48:DB",
                "model": "virtio",
                "mtu": 0,
                "queues": 0,
                "rate_limit": 0,
                "trunks": "",
                "vlan_id": 0
              }
            ],
            "network_interface_names": [
              "lo",
              "eth0",
              "eth1",
              "docker0",
              "br-c9b6af6042d8",
              "vethd6cb3c7"
            ],
            "node_name": "pve",
            "numa": [],
            "on_boot": true,
            "operating_system": [],
            "pool_id": "",
            "protection": false,
            "purge_on_destroy": true,
            "reboot": false,
            "reboot_after_update": true,
            "rng": [],
            "scsi_hardware": "virtio-scsi-single",
            "serial_device": [],
            "smbios": [],
            "started": true,
            "startup": [],
            "stop_on_destroy": false,
            "tablet_device": true,
            "tags": [
              "current",
              "router",
              "terraform"
            ],
            "template": false,
            "timeout_clone": 1800,
            "timeout_create": 1800,
            "timeout_migrate": 1800,
            "timeout_move_disk": 1800,
            "timeout_reboot": 1800,
            "timeout_shutdown_vm": 1800,
            "timeout_start_vm": 1800,
            "timeout_stop_vm": 300,
            "tpm_state": [],
            "usb": [],
            "vga": [],
            "virtiofs": [],
            "vm_id": 110,
            "watchdog": []
          },
          "sensitive_attributes": [],
          "identity_schema_version": 0,
          "private": "bnVsbA==",
          "dependencies": [
            "proxmox_virtual_environment_file.cloud_meta_config",
            "proxmox_virtual_environment_file.cloud_network_config",
            "proxmox_virtual_environment_file.cloud_user_config"
          ]
        },
        {
          "index_key": "runner_nixos",
          "schema_version": 0,
          "attributes": {
            "acpi": true,
            "agent": [
              {
                "enabled": true,
                "timeout": "15m",
                "trim": false,
                "type": "virtio",
                "wait_for_ip": []
              }
            ],
            "amd_sev": [],
            "audio_device": [],
            "bios": "ovmf",
            "boot_order": [
              "virtio0"
            ],
            "cdrom": [],
            "clone": [
              {
                "datastore_id": "",
                "full": true,
                "node_name": "",
                "retries": 1,
                "vm_id": 1020
              }
            ],
            "cpu": [
              {
                "affinity": "",
                "architecture": "",
                "cores": 4,
                "flags": [],
                "hotplugged": 0,
                "limit": 0,
                "numa": false,
                "sockets": 1,
                "type": "x86-64-v2-AES",
                "units": 0
              }
            ],
            "delete_unreferenced_disks_on_destroy": true,
            "description": null,
            "disk": [
              {
                "aio": "io_uring",
                "backup": true,
                "cache": "none",
                "datastore_id": "local-lvm",
                "discard": "ignore",
                "file_format": "raw",
                "file_id": "",
                "import_from": "",
                "interface": "virtio0",
                "iothread": true,
                "path_in_datastore": "vm-320-disk-1",
                "replicate": true,
                "serial": "",
                "size": 25,
                "speed": [],
                "ssd": false
              }
            ],
            "efi_disk": [
              {
                "datastore_id": "local-lvm",
                "file_format": "raw",
                "pre_enrolled_keys": false,
                "type": "4m"
              }
            ],
            "hook_script_file_id": null,
            "hostpci": [],
            "hotplug": null,
            "id": "320",
            "initialization": [
              {
                "datastore_id": "local-lvm",
                "dns": [],
                "file_format": "",
                "interface": "ide2",
                "ip_config": [],
                "meta_data_file_id": "snippets:snippets/runner-nixos.net.local-ci-meta_data.yml",
                "network_data_file_id": "snippets:snippets/runner-nixos-ci-network.yml",
                "type": "",
                "user_account": [],
                "user_data_file_id": "snippets:snippets/runner-nixos-ci-user.yml",
                "vendor_data_file_id": ""
              }
            ],
            "ipv4_addresses": [],
            "ipv6_addresses": [],
            "keyboard_layout": "en-us",
            "kvm_arguments": null,
            "mac_addresses": [
              "BC:24:11:C3:A2:73"
            ],
            "machine": null,
            "memory": [
              {
                "dedicated": 4096,
                "floating": 0,
                "hugepages": "",
                "keep_hugepages": false,
                "shared": 0
              }
            ],
            "migrate": false,
            "name": "runner-nixos.net.local",
            "network_device": [
              {
                "bridge": "vnet01",
                "disconnected": false,
                "enabled": true,
                "firewall": true,
                "mac_address": "BC:24:11:C3:A2:73",
                "model": "virtio",
                "mtu": 0,
                "queues": 0,
                "rate_limit": 0,
                "trunks": "",
                "vlan_id": 0
              }
            ],
            "network_interface_names": [],
            "node_name": "pve",
            "numa": [],
            "on_boot": false,
            "operating_system": [],
            "pool_id": "",
            "protection": false,
            "purge_on_destroy": true,
            "reboot": false,
            "reboot_after_update": true,
            "rng": [],
            "scsi_hardware": "virtio-scsi-single",
            "serial_device": [],
            "smbios": [],
            "started": false,
            "startup": [
              {
                "down_delay": -1,
                "order": 1,
                "up_delay": -1
              }
            ],
            "stop_on_destroy": false,
            "tablet_device": true,
            "tags": [
              "automation",
              "gitlab",
              "nixos",
              "runner",
              "terraform"
            ],
            "template": false,
            "timeout_clone": 1800,
            "timeout_create": 1800,
            "timeout_migrate": 1800,
            "timeout_move_disk": 1800,
            "timeout_reboot": 1800,
            "timeout_shutdown_vm": 1800,
            "timeout_start_vm": 1800,
            "timeout_stop_vm": 300,
            "tpm_state": [],
            "usb": [],
            "vga": [],
            "virtiofs": [],
            "vm_id": 320,
            "watchdog": []
          },
          "sensitive_attributes": [],
          "identity_schema_version": 0,
          "private": "bnVsbA==",
          "dependencies": [
            "proxmox_virtual_environment_file.cloud_meta_config",
            "proxmox_virtual_environment_file.cloud_network_config",
            "proxmox_virtual_environment_file.cloud_user_config"
          ]
        },
        {
          "index_key": "runner_ubuntu",
          "schema_version": 0,
          "attributes": {
            "acpi": true,
            "agent": [
              {
                "enabled": true,
                "timeout": "15m",
                "trim": false,
                "type": "virtio",
                "wait_for_ip": []
              }
            ],
            "amd_sev": [],
            "audio_device": [],
            "bios": "seabios",
            "boot_order": [],
            "cdrom": [],
            "clone": [
              {
                "datastore_id": "",
                "full": true,
                "node_name": "",
                "retries": 1,
                "vm_id": 1010
              }
            ],
            "cpu": [
              {
                "affinity": "",
                "architecture": "",
                "cores": 4,
                "flags": [],
                "hotplugged": 0,
                "limit": 0,
                "numa": false,
                "sockets": 1,
                "type": "x86-64-v2-AES",
                "units": 0
              }
            ],
            "delete_unreferenced_disks_on_destroy": true,
            "description": null,
            "disk": [
              {
                "aio": "io_uring",
                "backup": true,
                "cache": "none",
                "datastore_id": "local-lvm",
                "discard": "ignore",
                "file_format": "raw",
                "file_id": "",
                "import_from": "",
                "interface": "virtio0",
                "iothread": true,
                "path_in_datastore": "vm-310-disk-0",
                "replicate": true,
                "serial": "",
                "size": 10,
                "speed": [],
                "ssd": false
              }
            ],
            "efi_disk": [],
            "hook_script_file_id": null,
            "hostpci": [],
            "hotplug": null,
            "id": "310",
            "initialization": [
              {
                "datastore_id": "local-lvm",
                "dns": [],
                "file_format": "",
                "interface": "ide2",
                "ip_config": [],
                "meta_data_file_id": "snippets:snippets/runner-ubuntu.net.local-ci-meta_data.yml",
                "network_data_file_id": "snippets:snippets/runner-ubuntu-ci-network.yml",
                "type": "",
                "user_account": [],
                "user_data_file_id": "snippets:snippets/runner-ubuntu-ci-user.yml",
                "vendor_data_file_id": ""
              }
            ],
            "ipv4_addresses": [],
            "ipv6_addresses": [],
            "keyboard_layout": "en-us",
            "kvm_arguments": null,
            "mac_addresses": [
              "BC:24:11:7C:ED:28"
            ],
            "machine": null,
            "memory": [
              {
                "dedicated": 4096,
                "floating": 0,
                "hugepages": "",
                "keep_hugepages": false,
                "shared": 0
              }
            ],
            "migrate": false,
            "name": "runner-ubuntu.net.local",
            "network_device": [
              {
                "bridge": "vnet01",
                "disconnected": false,
                "enabled": true,
                "firewall": true,
                "mac_address": "BC:24:11:7C:ED:28",
                "model": "virtio",
                "mtu": 0,
                "queues": 0,
                "rate_limit": 0,
                "trunks": "",
                "vlan_id": 0
              }
            ],
            "network_interface_names": [],
            "node_name": "pve",
            "numa": [],
            "on_boot": false,
            "operating_system": [],
            "pool_id": "",
            "protection": false,
            "purge_on_destroy": true,
            "reboot": false,
            "reboot_after_update": true,
            "rng": [],
            "scsi_hardware": "virtio-scsi-single",
            "serial_device": [],
            "smbios": [],
            "started": false,
            "startup": [
              {
                "down_delay": -1,
                "order": 1,
                "up_delay": -1
              }
            ],
            "stop_on_destroy": false,
            "tablet_device": true,
            "tags": [
              "automation",
              "dind",
              "gitlab",
              "runner",
              "terraform",
              "ubuntu"
            ],
            "template": false,
            "timeout_clone": 1800,
            "timeout_create": 1800,
            "timeout_migrate": 1800,
            "timeout_move_disk": 1800,
            "timeout_reboot": 1800,
            "timeout_shutdown_vm": 1800,
            "timeout_start_vm": 1800,
            "timeout_stop_vm": 300,
            "tpm_state": [],
            "usb": [],
            "vga": [],
            "virtiofs": [],
            "vm_id": 310,
            "watchdog": []
          },
          "sensitive_attributes": [],
          "identity_schema_version": 0,
          "private": "bnVsbA==",
          "dependencies": [
            "proxmox_virtual_environment_file.cloud_meta_config",
            "proxmox_virtual_environment_file.cloud_network_config",
            "proxmox_virtual_environment_file.cloud_user_config"
          ]
        },
        {
          "index_key": "swarm_manager_1",
          "schema_version": 0,
          "attributes": {
            "acpi": true,
            "agent": [
              {
                "enabled": true,
                "timeout": "15m",
                "trim": false,
                "type": "virtio",
                "wait_for_ip": []
              }
            ],
            "amd_sev": [],
            "audio_device": [],
            "bios": "seabios",
            "boot_order": [],
            "cdrom": [],
            "clone": [
              {
                "datastore_id": "",
                "full": true,
                "node_name": "",
                "retries": 1,
                "vm_id": 1000
              }
            ],
            "cpu": [
              {
                "affinity": "",
                "architecture": "",
                "cores": 2,
                "flags": [],
                "hotplugged": 0,
                "limit": 0,
                "numa": false,
                "sockets": 1,
                "type": "x86-64-v2-AES",
                "units": 0
              }
            ],
            "delete_unreferenced_disks_on_destroy": true,
            "description": null,
            "disk": [
              {
                "aio": "io_uring",
                "backup": true,
                "cache": "none",
                "datastore_id": "local-lvm",
                "discard": "ignore",
                "file_format": "raw",
                "file_id": "",
                "import_from": "",
                "interface": "virtio0",
                "iothread": true,
                "path_in_datastore": "vm-600-disk-0",
                "replicate": true,
                "serial": "",
                "size": 15,
                "speed": [],
                "ssd": false
              }
            ],
            "efi_disk": [],
            "hook_script_file_id": null,
            "hostpci": [],
            "hotplug": null,
            "id": "600",
            "initialization": [
              {
                "datastore_id": "local-lvm",
                "dns": [],
                "file_format": "",
                "interface": "ide2",
                "ip_config": [],
                "meta_data_file_id": "snippets:snippets/swarm-manager-1.net.local-ci-meta_data.yml",
                "network_data_file_id": "snippets:snippets/swarm-manager-1-ci-network.yml",
                "type": "",
                "user_account": [],
                "user_data_file_id": "snippets:snippets/swarm-manager-1-ci-user.yml",
                "vendor_data_file_id": ""
              }
            ],
            "ipv4_addresses": [
              [
                "127.0.0.1"
              ],
              [
                "10.0.0.80"
              ],
              [
                "172.17.0.1"
              ],
              [
                "172.19.0.1"
              ],
              [
                "172.18.0.1"
              ],
              [],
              [],
              [],
              [],
              []
            ],
            "ipv6_addresses": [
              [
                "::1"
              ],
              [
                "fe80::be24:11ff:fe47:b5fb"
              ],
              [],
              [],
              [
                "fe80::d0b5:23ff:fe36:6974"
              ],
              [
                "fe80::84ca:f6ff:feec:32e7"
              ],
              [
                "fe80::702b:44ff:fef3:5a87"
              ],
              [
                "fe80::bcc3:1dff:fee0:ffcd"
              ],
              [
                "fe80::64b4:fbff:fe41:1aa3"
              ],
              [
                "fe80::18d2:3eff:fed9:fcff"
              ]
            ],
            "keyboard_layout": "en-us",
            "kvm_arguments": null,
            "mac_addresses": [
              "00:00:00:00:00:00",
              "BC:24:11:47:B5:FB",
              "22:D9:E1:51:2B:9D",
              "2E:54:9A:A2:BF:FD",
              "D2:B5:23:36:69:74",
              "86:CA:F6:EC:32:E7",
              "72:2B:44:F3:5A:87",
              "BE:C3:1D:E0:FF:CD",
              "66:B4:FB:41:1A:A3",
              "1A:D2:3E:D9:FC:FF"
            ],
            "machine": null,
            "memory": [
              {
                "dedicated": 1024,
                "floating": 0,
                "hugepages": "",
                "keep_hugepages": false,
                "shared": 0
              }
            ],
            "migrate": false,
            "name": "swarm-manager-1.net.local",
            "network_device": [
              {
                "bridge": "vnet01",
                "disconnected": false,
                "enabled": true,
                "firewall": false,
                "mac_address": "BC:24:11:47:B5:FB",
                "model": "virtio",
                "mtu": 0,
                "queues": 0,
                "rate_limit": 0,
                "trunks": "",
                "vlan_id": 0
              }
            ],
            "network_interface_names": [
              "lo",
              "eth0",
              "docker0",
              "br-cfa406d44c65",
              "docker_gwbridge",
              "veth196753b",
              "vethb21df40",
              "veth6df01e7",
              "veth561bf26",
              "veth9d0707a"
            ],
            "node_name": "pve",
            "numa": [],
            "on_boot": true,
            "operating_system": [],
            "pool_id": "",
            "protection": false,
            "purge_on_destroy": true,
            "reboot": false,
            "reboot_after_update": true,
            "rng": [],
            "scsi_hardware": "virtio-scsi-single",
            "serial_device": [],
            "smbios": [],
            "started": true,
            "startup": [],
            "stop_on_destroy": false,
            "tablet_device": true,
            "tags": [
              "alpine",
              "swarm",
              "terraform"
            ],
            "template": false,
            "timeout_clone": 1800,
            "timeout_create": 1800,
            "timeout_migrate": 1800,
            "timeout_move_disk": 1800,
            "timeout_reboot": 1800,
            "timeout_shutdown_vm": 1800,
            "timeout_start_vm": 1800,
            "timeout_stop_vm": 300,
            "tpm_state": [],
            "usb": [],
            "vga": [],
            "virtiofs": [],
            "vm_id": 600,
            "watchdog": []
          },
          "sensitive_attributes": [],
          "identity_schema_version": 0,
          "private": "bnVsbA==",
          "dependencies": [
            "proxmox_virtual_environment_file.cloud_meta_config",
            "proxmox_virtual_environment_file.cloud_network_config",
            "proxmox_virtual_environment_file.cloud_user_config"
          ]
        },
        {
          "index_key": "swarm_worker_1",
          "schema_version": 0,
          "attributes": {
            "acpi": true,
            "agent": [
              {
                "enabled": true,
                "timeout": "15m",
                "trim": false,
                "type": "virtio",
                "wait_for_ip": []
              }
            ],
            "amd_sev": [],
            "audio_device": [],
            "bios": "seabios",
            "boot_order": [],
            "cdrom": [],
            "clone": [
              {
                "datastore_id": "",
                "full": true,
                "node_name": "",
                "retries": 1,
                "vm_id": 1000
              }
            ],
            "cpu": [
              {
                "affinity": "",
                "architecture": "",
                "cores": 2,
                "flags": [],
                "hotplugged": 0,
                "limit": 0,
                "numa": false,
                "sockets": 1,
                "type": "x86-64-v2-AES",
                "units": 0
              }
            ],
            "delete_unreferenced_disks_on_destroy": true,
            "description": null,
            "disk": [
              {
                "aio": "io_uring",
                "backup": true,
                "cache": "none",
                "datastore_id": "local-lvm",
                "discard": "ignore",
                "file_format": "raw",
                "file_id": "",
                "import_from": "",
                "interface": "virtio0",
                "iothread": true,
                "path_in_datastore": "vm-610-disk-0",
                "replicate": true,
                "serial": "",
                "size": 10,
                "speed": [],
                "ssd": false
              }
            ],
            "efi_disk": [],
            "hook_script_file_id": null,
            "hostpci": [],
            "hotplug": null,
            "id": "610",
            "initialization": [
              {
                "datastore_id": "local-lvm",
                "dns": [],
                "file_format": "",
                "interface": "ide2",
                "ip_config": [],
                "meta_data_file_id": "snippets:snippets/worker-1.net.local-ci-meta_data.yml",
                "network_data_file_id": "snippets:snippets/worker-1-ci-network.yml",
                "type": "",
                "user_account": [],
                "user_data_file_id": "snippets:snippets/worker-1-ci-user.yml",
                "vendor_data_file_id": ""
              }
            ],
            "ipv4_addresses": [
              [
                "127.0.0.1"
              ],
              [
                "10.0.0.83"
              ],
              [
                "172.18.0.1"
              ],
              [
                "172.17.0.1"
              ],
              [],
              []
            ],
            "ipv6_addresses": [
              [
                "::1"
              ],
              [
                "fe80::be24:11ff:fefa:2c32"
              ],
              [
                "fe80::5457:52ff:fed7:3362"
              ],
              [],
              [
                "fe80::5415:48ff:fedc:92c2"
              ],
              [
                "fe80::4c63:4cff:fe65:fc25"
              ]
            ],
            "keyboard_layout": "en-us",
            "kvm_arguments": null,
            "mac_addresses": [
              "00:00:00:00:00:00",
              "BC:24:11:FA:2C:32",
              "56:57:52:D7:33:62",
              "62:3D:6C:9D:1D:D6",
              "56:15:48:DC:92:C2",
              "4E:63:4C:65:FC:25"
            ],
            "machine": null,
            "memory": [
              {
                "dedicated": 1024,
                "floating": 0,
                "hugepages": "",
                "keep_hugepages": false,
                "shared": 0
              }
            ],
            "migrate": false,
            "name": "worker-1.net.local",
            "network_device": [
              {
                "bridge": "vnet01",
                "disconnected": false,
                "enabled": true,
                "firewall": false,
                "mac_address": "BC:24:11:FA:2C:32",
                "model": "virtio",
                "mtu": 0,
                "queues": 0,
                "rate_limit": 0,
                "trunks": "",
                "vlan_id": 0
              }
            ],
            "network_interface_names": [
              "lo",
              "eth0",
              "docker_gwbridge",
              "docker0",
              "vethf8eefcf",
              "veth78f3a2a"
            ],
            "node_name": "pve",
            "numa": [],
            "on_boot": true,
            "operating_system": [],
            "pool_id": "",
            "protection": false,
            "purge_on_destroy": true,
            "reboot": false,
            "reboot_after_update": true,
            "rng": [],
            "scsi_hardware": "virtio-scsi-single",
            "serial_device": [],
            "smbios": [],
            "started": true,
            "startup": [],
            "stop_on_destroy": false,
            "tablet_device": true,
            "tags": [
              "alpine",
              "swarm",
              "terraform",
              "worker"
            ],
            "template": false,
            "timeout_clone": 1800,
            "timeout_create": 1800,
            "timeout_migrate": 1800,
            "timeout_move_disk": 1800,
            "timeout_reboot": 1800,
            "timeout_shutdown_vm": 1800,
            "timeout_start_vm": 1800,
            "timeout_stop_vm": 300,
            "tpm_state": [],
            "usb": [],
            "vga": [],
            "virtiofs": [],
            "vm_id": 610,
            "watchdog": []
          },
          "sensitive_attributes": [],
          "identity_schema_version": 0,
          "private": "bnVsbA==",
          "dependencies": [
            "proxmox_virtual_environment_file.cloud_meta_config",
            "proxmox_virtual_environment_file.cloud_network_config",
            "proxmox_virtual_environment_file.cloud_user_config"
          ]
        },
        {
          "index_key": "vault_1",
          "schema_version": 0,
          "attributes": {
            "acpi": true,
            "agent": [
              {
                "enabled": true,
                "timeout": "15m",
                "trim": false,
                "type": "virtio",
                "wait_for_ip": []
              }
            ],
            "amd_sev": [],
            "audio_device": [],
            "bios": "seabios",
            "boot_order": [],
            "cdrom": [],
            "clone": [
              {
                "datastore_id": "",
                "full": true,
                "node_name": "",
                "retries": 1,
                "vm_id": 1000
              }
            ],
            "cpu": [
              {
                "affinity": "",
                "architecture": "",
                "cores": 2,
                "flags": [],
                "hotplugged": 0,
                "limit": 0,
                "numa": false,
                "sockets": 1,
                "type": "x86-64-v2-AES",
                "units": 0
              }
            ],
            "delete_unreferenced_disks_on_destroy": true,
            "description": null,
            "disk": [
              {
                "aio": "io_uring",
                "backup": true,
                "cache": "none",
                "datastore_id": "local-lvm",
                "discard": "ignore",
                "file_format": "raw",
                "file_id": "",
                "import_from": "",
                "interface": "virtio0",
                "iothread": true,
                "path_in_datastore": "vm-915-disk-0",
                "replicate": true,
                "serial": "",
                "size": 20,
                "speed": [],
                "ssd": false
              }
            ],
            "efi_disk": [],
            "hook_script_file_id": null,
            "hostpci": [],
            "hotplug": null,
            "id": "915",
            "initialization": [
              {
                "datastore_id": "local-lvm",
                "dns": [],
                "file_format": "",
                "interface": "ide2",
                "ip_config": [],
                "meta_data_file_id": "snippets:snippets/vault-1.net.local-ci-meta_data.yml",
                "network_data_file_id": "snippets:snippets/vault-1-ci-network.yml",
                "type": "",
                "user_account": [],
                "user_data_file_id": "snippets:snippets/vault-1-ci-user.yml",
                "vendor_data_file_id": ""
              }
            ],
            "ipv4_addresses": [
              [
                "127.0.0.1"
              ],
              [
                "10.0.0.112"
              ],
              [
                "172.17.0.1"
              ],
              [
                "172.18.0.1"
              ],
              []
            ],
            "ipv6_addresses": [
              [
                "::1"
              ],
              [
                "fe80::be24:11ff:fec1:f214"
              ],
              [],
              [
                "fe80::d4a6:5aff:fe09:881"
              ],
              [
                "fe80::b8e1:b3ff:fe08:51ab"
              ]
            ],
            "keyboard_layout": "en-us",
            "kvm_arguments": null,
            "mac_addresses": [
              "00:00:00:00:00:00",
              "BC:24:11:C1:F2:14",
              "CE:96:3F:B7:58:65",
              "D6:A6:5A:09:08:81",
              "BA:E1:B3:08:51:AB"
            ],
            "machine": null,
            "memory": [
              {
                "dedicated": 1024,
                "floating": 0,
                "hugepages": "",
                "keep_hugepages": false,
                "shared": 0
              }
            ],
            "migrate": false,
            "name": "vault-1.net.local",
            "network_device": [
              {
                "bridge": "vnet01",
                "disconnected": false,
                "enabled": true,
                "firewall": true,
                "mac_address": "BC:24:11:C1:F2:14",
                "model": "virtio",
                "mtu": 0,
                "queues": 0,
                "rate_limit": 0,
                "trunks": "",
                "vlan_id": 0
              }
            ],
            "network_interface_names": [
              "lo",
              "eth0",
              "docker0",
              "br-adebe555a9f1",
              "veth438dfc5"
            ],
            "node_name": "pve",
            "numa": [],
            "on_boot": true,
            "operating_system": [],
            "pool_id": "",
            "protection": false,
            "purge_on_destroy": true,
            "reboot": false,
            "reboot_after_update": true,
            "rng": [],
            "scsi_hardware": "virtio-scsi-single",
            "serial_device": [],
            "smbios": [],
            "started": true,
            "startup": [],
            "stop_on_destroy": false,
            "tablet_device": true,
            "tags": [
              "alpine",
              "terraform",
              "vault"
            ],
            "template": false,
            "timeout_clone": 1800,
            "timeout_create": 1800,
            "timeout_migrate": 1800,
            "timeout_move_disk": 1800,
            "timeout_reboot": 1800,
            "timeout_shutdown_vm": 1800,
            "timeout_start_vm": 1800,
            "timeout_stop_vm": 300,
            "tpm_state": [],
            "usb": [],
            "vga": [],
            "virtiofs": [],
            "vm_id": 915,
            "watchdog": []
          },
          "sensitive_attributes": [],
          "identity_schema_version": 0,
          "private": "bnVsbA==",
          "dependencies": [
            "proxmox_virtual_environment_file.cloud_meta_config",
            "proxmox_virtual_environment_file.cloud_network_config",
            "proxmox_virtual_environment_file.cloud_user_config"
          ]
        }
      ]
    }
  ],
  "check_results": null
}
