{
  "version": 4,
  "terraform_version": "1.14.6",
  "serial": 951,
  "lineage": "38928734-0891-5c87-47a7-ae941f6053f8",
  "outputs": {
    "ubuntu_container_password": {
      "value": "d%7kIeAnovOOSg70",
      "type": "string",
      "sensitive": true
    },
    "ubuntu_container_private_key": {
      "value": "-----BEGIN RSA PRIVATE KEY-----\nMIIEpAIBAAKCAQEAvKkuN8d0cE+qCqnKtlVsjbwPkCLRI8kK9Kf3ufAatQPCoSog\nXedus4485lO/JRCUxSXWS0eQl9eZwGgXMovj3I3xhZF9PgekPQJriV8VqPly7kIv\nkHF8ds+XXWncyfZtm9w4ppH10xHfujvTOC5SGJZJ3ZKhJImlI4qBpH0kt/XNAOac\n7gSGVQ088D3ffruC1MEDCO3CUw3jlKmbakPrPQguOqpDUeClvpyB7F5rvGxQ/9+p\nYtJtlNAW8amV8jhN0VwH8Uq6Nxl3GoZr1k5rCbYENuJ3lfTGsop++oMx34Roz3MG\nvWRlfU9bUC3iLEkfEQInCYyZWb8+RelEL8ewZQIDAQABAoIBAARrlFUjO7Or8ih4\nzPKTsszpVJYEctD7U2HjE5dMLFwEYAmFoqeAliPn175vxOE577pkxg4Sea1NFGGh\nLrX0+BxBSSDfhUcwR6VUSq+3xhqk6Y/yhgnE1u0ztPCv28fxmaTWto8UiWVuHEdR\nQoQk9bB0yPtDhboE7ZUVGC+B7RvQQLIzcodbVxUXjWr2/RIP3zN/0Eg+hglhfWE5\nvjx12cTfwAjJygWY+ffUcKzGL8YpH/UdL+G1W942xkRQiYGRVGj1miG+gTulN2eE\nJsYrLAWN4fxj2WGUCq6pyqsPTSIxRj83RpQ6VDto7pvEzyzKNHvDshD7lmiOrp0x\nd98ngaECgYEA6LrN7lcqXt5Ki/2smJODhRQ5LjzuC3aNDryTnA1dd+EFB0S433vv\n8PIl5WmEAnUQuYcOnS5R0T3J0/0xidZfGGuTCm8PU4UkUl+ETMmM6t7ja+K3HTT/\nYSjuJFO7/hw+9KAZzqClJJug5r35oEcIFTNOqhysQZ4z9PvbIKYJBbUCgYEAz4ZX\n6g7UaZR/auv/Y+t6eBA4gi1QHD5dMWvyaLJUiBQnAzFTNBbLhDtZGdl8320Ntpvj\nIzrhi9KKeXU1zjzi9ymYyu8+p/D8jeSDMsC9d7XM63ogOIvm7oxIWtfMlqEb3fiT\nsGaeqor1jwvXPIs+qKw9D5woYmDqieoX9ut2rfECgYEAuBYjFBbwle/hKZBzeJCe\nZKKVhER/yqNweiqh27sapttfvdsXHPeM2JrBbRCkccklfIse/SeJYigswDkzeSMP\nP2LAAW3NwrO7Akk5ff+jLpk1bL39N+YW50SX8jYlqp+vEJKfNzkMx8MuZ7X3gVcO\nRq6514csng7EbFDXiKCs3E0CgYA4H6EPD8uqchqzk/eR0lFgvyJJMnAD82nIv+Tj\nI7dwxeJ3HpPd9nw72sESGJuI4TlgNXCMSpRM+Dey+Vv/1r+bEIjd+S38xVPIHBDP\nXQjgoy40UOb94/gkc5Pt3YbbBd8/fMaUYmxuuv4GHbGsEgx0GYC6BAV39bX4bnLk\nuHF0QQKBgQDZz+/f55fFzCzwx1fH09Y3aVLLfjhfZdDfO322EIsVYuw5vOgqikNx\ndENVkjgeEyPZsLHLSAVp1kjh7LyRiftiScBHEOhWHXzzXUEBfda0YGRosg5J+Zir\nyqsuNdNQ5pOyFZj9oAmFs1MzWg2omN5Chfm3saSb+iYaEmHZW9PIXQ==\n-----END RSA PRIVATE KEY-----\n",
      "type": "string",
      "sensitive": true
    },
    "ubuntu_container_public_key": {
      "value": "ssh-rsa AAAAB3NzaC1yc2EAAAADAQABAAABAQC8qS43x3RwT6oKqcq2VWyNvA+QItEjyQr0p/e58Bq1A8KhKiBd526zjjzmU78lEJTFJdZLR5CX15nAaBcyi+PcjfGFkX0+B6Q9AmuJXxWo+XLuQi+QcXx2z5ddadzJ9m2b3DimkfXTEd+6O9M4LlIYlkndkqEkiaUjioGkfSS39c0A5pzuBIZVDTzwPd9+u4LUwQMI7cJTDeOUqZtqQ+s9CC46qkNR4KW+nIHsXmu8bFD/36li0m2U0BbxqZXyOE3RXAfxSro3GXcahmvWTmsJtgQ24neV9Mayin76gzHfhGjPcwa9ZGV9T1tQLeIsSR8RAicJjJlZvz5F6UQvx7Bl\n",
      "type": "string"
    }
  },
  "resources": [
    {
      "mode": "managed",
      "type": "null_resource",
      "name": "provision_lxc",
      "provider": "provider[\"registry.terraform.io/hashicorp/null\"]",
      "instances": [
        {
          "index_key": "vpn_1",
          "schema_version": 0,
          "attributes": {
            "id": "743380241277443408",
            "triggers": {
              "vmid": "911"
            }
          },
          "sensitive_attributes": [],
          "identity_schema_version": 0,
          "dependencies": [
            "tls_private_key.ubuntu_container_key"
          ]
        }
      ]
    },
    {
      "mode": "managed",
      "type": "proxmox_virtual_environment_container",
      "name": "ct",
      "provider": "provider[\"registry.terraform.io/bpg/proxmox\"]",
      "instances": [
        {
          "index_key": "http_server",
          "schema_version": 0,
          "attributes": {
            "clone": [],
            "console": [],
            "cpu": [
              {
                "architecture": "amd64",
                "cores": 1,
                "units": 1024
              }
            ],
            "description": "Container managed by terraform: http server\n",
            "device_passthrough": [],
            "disk": [
              {
                "acl": false,
                "datastore_id": "local-lvm",
                "mount_options": [],
                "path_in_datastore": "local-lvm:vm-910-disk-0",
                "quota": false,
                "replicate": false,
                "size": 20
              }
            ],
            "environment_variables": {},
            "features": [
              {
                "fuse": false,
                "keyctl": false,
                "mount": [],
                "nesting": true
              }
            ],
            "hook_script_file_id": null,
            "id": "910",
            "idmap": [],
            "initialization": [
              {
                "dns": [],
                "entrypoint": "",
                "hostname": "http-server",
                "ip_config": [
                  {
                    "ipv4": [
                      {
                        "address": "192.168.1.31/24",
                        "gateway": "192.168.1.1"
                      }
                    ],
                    "ipv6": []
                  }
                ],
                "user_account": [
                  {
                    "keys": [
                      "ssh-rsa AAAAB3NzaC1yc2EAAAADAQABAAABAQC8qS43x3RwT6oKqcq2VWyNvA+QItEjyQr0p/e58Bq1A8KhKiBd526zjjzmU78lEJTFJdZLR5CX15nAaBcyi+PcjfGFkX0+B6Q9AmuJXxWo+XLuQi+QcXx2z5ddadzJ9m2b3DimkfXTEd+6O9M4LlIYlkndkqEkiaUjioGkfSS39c0A5pzuBIZVDTzwPd9+u4LUwQMI7cJTDeOUqZtqQ+s9CC46qkNR4KW+nIHsXmu8bFD/36li0m2U0BbxqZXyOE3RXAfxSro3GXcahmvWTmsJtgQ24neV9Mayin76gzHfhGjPcwa9ZGV9T1tQLeIsSR8RAicJjJlZvz5F6UQvx7Bl",
                      "ssh-ed25519 AAAAC3NzaC1lZDI1NTE5AAAAIP1oFq0GYt8j7vg2nNAJNzwBtqrdOUDp8CMQwLRiz4Vz user@ull"
                    ],
                    "password": "d%7kIeAnovOOSg70"
                  }
                ]
              }
            ],
            "ipv4": {
              "eth0": "192.168.1.31"
            },
            "ipv6": {
              "eth0": "fe80::be24:11ff:fe05:5048"
            },
            "memory": [
              {
                "dedicated": 512,
                "swap": 0
              }
            ],
            "mount_point": [],
            "network_interface": [
              {
                "bridge": "vmbr0",
                "enabled": true,
                "firewall": false,
                "mac_address": "BC:24:11:05:50:48",
                "mtu": 0,
                "name": "eth0",
                "rate_limit": 0,
                "vlan_id": 0
              }
            ],
            "node_name": "pve",
            "operating_system": [
              {
                "template_file_id": "local:vztmpl/ubuntu-24.04-standard_24.04-2_amd64.tar.zst",
                "type": "ubuntu"
              }
            ],
            "pool_id": null,
            "protection": false,
            "start_on_boot": true,
            "started": true,
            "startup": [
              {
                "down_delay": -1,
                "order": 3,
                "up_delay": -1
              }
            ],
            "tags": [
              "automation",
              "http_server",
              "terraform"
            ],
            "template": false,
            "timeout_clone": 1800,
            "timeout_create": 1800,
            "timeout_delete": 60,
            "timeout_start": 300,
            "timeout_update": 1800,
            "unprivileged": true,
            "vm_id": 910,
            "wait_for_ip": []
          },
          "sensitive_attributes": [
            [
              {
                "type": "get_attr",
                "value": "initialization"
              },
              {
                "type": "index",
                "value": {
                  "value": 0,
                  "type": "number"
                }
              },
              {
                "type": "get_attr",
                "value": "user_account"
              },
              {
                "type": "index",
                "value": {
                  "value": 0,
                  "type": "number"
                }
              },
              {
                "type": "get_attr",
                "value": "password"
              }
            ]
          ],
          "identity_schema_version": 0,
          "private": "bnVsbA==",
          "dependencies": [
            "random_password.ubuntu_container_password",
            "tls_private_key.ubuntu_container_key"
          ]
        },
        {
          "index_key": "vpn_1",
          "schema_version": 0,
          "attributes": {
            "clone": [],
            "console": [],
            "cpu": [
              {
                "architecture": "amd64",
                "cores": 1,
                "units": 1024
              }
            ],
            "description": "Container managed by terraform: vpn entrypoint\n",
            "device_passthrough": [],
            "disk": [
              {
                "acl": false,
                "datastore_id": "local-lvm",
                "mount_options": [],
                "path_in_datastore": "local-lvm:vm-911-disk-0",
                "quota": false,
                "replicate": false,
                "size": 6
              }
            ],
            "environment_variables": {},
            "features": [
              {
                "fuse": false,
                "keyctl": false,
                "mount": [],
                "nesting": true
              }
            ],
            "hook_script_file_id": null,
            "id": "911",
            "idmap": [],
            "initialization": [
              {
                "dns": [],
                "entrypoint": "",
                "hostname": "vpn-1",
                "ip_config": [
                  {
                    "ipv4": [
                      {
                        "address": "10.0.0.201/24",
                        "gateway": "10.0.0.1"
                      }
                    ],
                    "ipv6": []
                  }
                ],
                "user_account": [
                  {
                    "keys": [
                      "ssh-rsa AAAAB3NzaC1yc2EAAAADAQABAAABAQC8qS43x3RwT6oKqcq2VWyNvA+QItEjyQr0p/e58Bq1A8KhKiBd526zjjzmU78lEJTFJdZLR5CX15nAaBcyi+PcjfGFkX0+B6Q9AmuJXxWo+XLuQi+QcXx2z5ddadzJ9m2b3DimkfXTEd+6O9M4LlIYlkndkqEkiaUjioGkfSS39c0A5pzuBIZVDTzwPd9+u4LUwQMI7cJTDeOUqZtqQ+s9CC46qkNR4KW+nIHsXmu8bFD/36li0m2U0BbxqZXyOE3RXAfxSro3GXcahmvWTmsJtgQ24neV9Mayin76gzHfhGjPcwa9ZGV9T1tQLeIsSR8RAicJjJlZvz5F6UQvx7Bl"
                    ],
                    "password": "d%7kIeAnovOOSg70"
                  }
                ]
              }
            ],
            "ipv4": {
              "eth0": "10.0.0.201",
              "wg0": "172.16.0.7"
            },
            "ipv6": {
              "eth0": "fe80::be24:11ff:fe9e:5490"
            },
            "memory": [
              {
                "dedicated": 512,
                "swap": 0
              }
            ],
            "mount_point": [],
            "network_interface": [
              {
                "bridge": "vnet01",
                "enabled": true,
                "firewall": false,
                "mac_address": "BC:24:11:9E:54:90",
                "mtu": 0,
                "name": "eth0",
                "rate_limit": 0,
                "vlan_id": 0
              }
            ],
            "node_name": "pve",
            "operating_system": [
              {
                "template_file_id": "local:vztmpl/ubuntu-24.04-standard_24.04-2_amd64.tar.zst",
                "type": "ubuntu"
              }
            ],
            "pool_id": null,
            "protection": false,
            "start_on_boot": true,
            "started": true,
            "startup": [],
            "tags": [
              "network",
              "support",
              "terraform",
              "vpn"
            ],
            "template": false,
            "timeout_clone": 1800,
            "timeout_create": 1800,
            "timeout_delete": 60,
            "timeout_start": 300,
            "timeout_update": 1800,
            "unprivileged": true,
            "vm_id": 911,
            "wait_for_ip": []
          },
          "sensitive_attributes": [
            [
              {
                "type": "get_attr",
                "value": "initialization"
              },
              {
                "type": "index",
                "value": {
                  "value": 0,
                  "type": "number"
                }
              },
              {
                "type": "get_attr",
                "value": "user_account"
              },
              {
                "type": "index",
                "value": {
                  "value": 0,
                  "type": "number"
                }
              },
              {
                "type": "get_attr",
                "value": "password"
              }
            ]
          ],
          "identity_schema_version": 0,
          "private": "bnVsbA==",
          "dependencies": [
            "random_password.ubuntu_container_password",
            "tls_private_key.ubuntu_container_key"
          ]
        }
      ]
    },
    {
      "mode": "managed",
      "type": "random_password",
      "name": "ubuntu_container_password",
      "provider": "provider[\"registry.terraform.io/hashicorp/random\"]",
      "instances": [
        {
          "schema_version": 3,
          "attributes": {
            "bcrypt_hash": "$2a$10$bW.h9CVOGV70OgFuJbn3reFbSwgpQju9YAt0hngf0w/EKsD3GKXNC",
            "id": "none",
            "keepers": null,
            "length": 16,
            "lower": true,
            "min_lower": 0,
            "min_numeric": 0,
            "min_special": 0,
            "min_upper": 0,
            "number": true,
            "numeric": true,
            "override_special": "_%@",
            "result": "d%7kIeAnovOOSg70",
            "special": true,
            "upper": true
          },
          "sensitive_attributes": [
            [
              {
                "type": "get_attr",
                "value": "bcrypt_hash"
              }
            ],
            [
              {
                "type": "get_attr",
                "value": "result"
              }
            ]
          ],
          "identity_schema_version": 0
        }
      ]
    },
    {
      "mode": "managed",
      "type": "tls_private_key",
      "name": "ubuntu_container_key",
      "provider": "provider[\"registry.terraform.io/hashicorp/tls\"]",
      "instances": [
        {
          "schema_version": 1,
          "attributes": {
            "algorithm": "RSA",
            "ecdsa_curve": "P224",
            "id": "f7fab6f7d12cec32e35d239330bb26e3463d8ff9",
            "private_key_openssh": "-----BEGIN OPENSSH PRIVATE KEY-----\nb3BlbnNzaC1rZXktdjEAAAAABG5vbmUAAAAEbm9uZQAAAAAAAAABAAABFwAAAAdz\nc2gtcnNhAAAAAwEAAQAAAQEAvKkuN8d0cE+qCqnKtlVsjbwPkCLRI8kK9Kf3ufAa\ntQPCoSogXedus4485lO/JRCUxSXWS0eQl9eZwGgXMovj3I3xhZF9PgekPQJriV8V\nqPly7kIvkHF8ds+XXWncyfZtm9w4ppH10xHfujvTOC5SGJZJ3ZKhJImlI4qBpH0k\nt/XNAOac7gSGVQ088D3ffruC1MEDCO3CUw3jlKmbakPrPQguOqpDUeClvpyB7F5r\nvGxQ/9+pYtJtlNAW8amV8jhN0VwH8Uq6Nxl3GoZr1k5rCbYENuJ3lfTGsop++oMx\n34Roz3MGvWRlfU9bUC3iLEkfEQInCYyZWb8+RelEL8ewZQAAA7htm9UTbZvVEwAA\nAAdzc2gtcnNhAAABAQC8qS43x3RwT6oKqcq2VWyNvA+QItEjyQr0p/e58Bq1A8Kh\nKiBd526zjjzmU78lEJTFJdZLR5CX15nAaBcyi+PcjfGFkX0+B6Q9AmuJXxWo+XLu\nQi+QcXx2z5ddadzJ9m2b3DimkfXTEd+6O9M4LlIYlkndkqEkiaUjioGkfSS39c0A\n5pzuBIZVDTzwPd9+u4LUwQMI7cJTDeOUqZtqQ+s9CC46qkNR4KW+nIHsXmu8bFD/\n36li0m2U0BbxqZXyOE3RXAfxSro3GXcahmvWTmsJtgQ24neV9Mayin76gzHfhGjP\ncwa9ZGV9T1tQLeIsSR8RAicJjJlZvz5F6UQvx7BlAAAAAwEAAQAAAQAEa5RVIzuz\nq/IoeMzyk7LM6VSWBHLQ+1Nh4xOXTCxcBGAJhaKngJYj59e+b8ThOe+6ZMYOEnmt\nTRRhoS619PgcQUkg34VHMEelVEqvt8YapOmP8oYJxNbtM7Twr9vH8Zmk1raPFIll\nbhxHUUKEJPWwdMj7Q4W6BO2VFRgvge0b0ECyM3KHW1cVF41q9v0SD98zf9BIPoYJ\nYX1hOb48ddnE38AIycoFmPn31HCsxi/GKR/1HS/htVveNsZEUImBkVRo9ZohvoE7\npTdnhCbGKywFjeH8Y9lhlAquqcqrD00iMUY/N0aUOlQ7aO6bxM8syjR7w7IQ+5Zo\njq6dMXffJ4GhAAAAgQDZz+/f55fFzCzwx1fH09Y3aVLLfjhfZdDfO322EIsVYuw5\nvOgqikNxdENVkjgeEyPZsLHLSAVp1kjh7LyRiftiScBHEOhWHXzzXUEBfda0YGRo\nsg5J+ZiryqsuNdNQ5pOyFZj9oAmFs1MzWg2omN5Chfm3saSb+iYaEmHZW9PIXQAA\nAIEA6LrN7lcqXt5Ki/2smJODhRQ5LjzuC3aNDryTnA1dd+EFB0S433vv8PIl5WmE\nAnUQuYcOnS5R0T3J0/0xidZfGGuTCm8PU4UkUl+ETMmM6t7ja+K3HTT/YSjuJFO7\n/hw+9KAZzqClJJug5r35oEcIFTNOqhysQZ4z9PvbIKYJBbUAAACBAM+GV+oO1GmU\nf2rr/2PrengQOIItUBw+XTFr8miyVIgUJwMxUzQWy4Q7WRnZfN9tDbab4yM64YvS\ninl1Nc484vcpmMrvPqfw/I3kgzLAvXe1zOt6IDiL5u6MSFrXzJahG934k7BmnqqK\n9Y8L1zyLPqisPQ+cKGJg6onqF/brdq3xAAAAAAEC\n-----END OPENSSH PRIVATE KEY-----\n",
            "private_key_pem": "-----BEGIN RSA PRIVATE KEY-----\nMIIEpAIBAAKCAQEAvKkuN8d0cE+qCqnKtlVsjbwPkCLRI8kK9Kf3ufAatQPCoSog\nXedus4485lO/JRCUxSXWS0eQl9eZwGgXMovj3I3xhZF9PgekPQJriV8VqPly7kIv\nkHF8ds+XXWncyfZtm9w4ppH10xHfujvTOC5SGJZJ3ZKhJImlI4qBpH0kt/XNAOac\n7gSGVQ088D3ffruC1MEDCO3CUw3jlKmbakPrPQguOqpDUeClvpyB7F5rvGxQ/9+p\nYtJtlNAW8amV8jhN0VwH8Uq6Nxl3GoZr1k5rCbYENuJ3lfTGsop++oMx34Roz3MG\nvWRlfU9bUC3iLEkfEQInCYyZWb8+RelEL8ewZQIDAQABAoIBAARrlFUjO7Or8ih4\nzPKTsszpVJYEctD7U2HjE5dMLFwEYAmFoqeAliPn175vxOE577pkxg4Sea1NFGGh\nLrX0+BxBSSDfhUcwR6VUSq+3xhqk6Y/yhgnE1u0ztPCv28fxmaTWto8UiWVuHEdR\nQoQk9bB0yPtDhboE7ZUVGC+B7RvQQLIzcodbVxUXjWr2/RIP3zN/0Eg+hglhfWE5\nvjx12cTfwAjJygWY+ffUcKzGL8YpH/UdL+G1W942xkRQiYGRVGj1miG+gTulN2eE\nJsYrLAWN4fxj2WGUCq6pyqsPTSIxRj83RpQ6VDto7pvEzyzKNHvDshD7lmiOrp0x\nd98ngaECgYEA6LrN7lcqXt5Ki/2smJODhRQ5LjzuC3aNDryTnA1dd+EFB0S433vv\n8PIl5WmEAnUQuYcOnS5R0T3J0/0xidZfGGuTCm8PU4UkUl+ETMmM6t7ja+K3HTT/\nYSjuJFO7/hw+9KAZzqClJJug5r35oEcIFTNOqhysQZ4z9PvbIKYJBbUCgYEAz4ZX\n6g7UaZR/auv/Y+t6eBA4gi1QHD5dMWvyaLJUiBQnAzFTNBbLhDtZGdl8320Ntpvj\nIzrhi9KKeXU1zjzi9ymYyu8+p/D8jeSDMsC9d7XM63ogOIvm7oxIWtfMlqEb3fiT\nsGaeqor1jwvXPIs+qKw9D5woYmDqieoX9ut2rfECgYEAuBYjFBbwle/hKZBzeJCe\nZKKVhER/yqNweiqh27sapttfvdsXHPeM2JrBbRCkccklfIse/SeJYigswDkzeSMP\nP2LAAW3NwrO7Akk5ff+jLpk1bL39N+YW50SX8jYlqp+vEJKfNzkMx8MuZ7X3gVcO\nRq6514csng7EbFDXiKCs3E0CgYA4H6EPD8uqchqzk/eR0lFgvyJJMnAD82nIv+Tj\nI7dwxeJ3HpPd9nw72sESGJuI4TlgNXCMSpRM+Dey+Vv/1r+bEIjd+S38xVPIHBDP\nXQjgoy40UOb94/gkc5Pt3YbbBd8/fMaUYmxuuv4GHbGsEgx0GYC6BAV39bX4bnLk\nuHF0QQKBgQDZz+/f55fFzCzwx1fH09Y3aVLLfjhfZdDfO322EIsVYuw5vOgqikNx\ndENVkjgeEyPZsLHLSAVp1kjh7LyRiftiScBHEOhWHXzzXUEBfda0YGRosg5J+Zir\nyqsuNdNQ5pOyFZj9oAmFs1MzWg2omN5Chfm3saSb+iYaEmHZW9PIXQ==\n-----END RSA PRIVATE KEY-----\n",
            "private_key_pem_pkcs8": "-----BEGIN PRIVATE KEY-----\nMIIEvgIBADANBgkqhkiG9w0BAQEFAASCBKgwggSkAgEAAoIBAQC8qS43x3RwT6oK\nqcq2VWyNvA+QItEjyQr0p/e58Bq1A8KhKiBd526zjjzmU78lEJTFJdZLR5CX15nA\naBcyi+PcjfGFkX0+B6Q9AmuJXxWo+XLuQi+QcXx2z5ddadzJ9m2b3DimkfXTEd+6\nO9M4LlIYlkndkqEkiaUjioGkfSS39c0A5pzuBIZVDTzwPd9+u4LUwQMI7cJTDeOU\nqZtqQ+s9CC46qkNR4KW+nIHsXmu8bFD/36li0m2U0BbxqZXyOE3RXAfxSro3GXca\nhmvWTmsJtgQ24neV9Mayin76gzHfhGjPcwa9ZGV9T1tQLeIsSR8RAicJjJlZvz5F\n6UQvx7BlAgMBAAECggEABGuUVSM7s6vyKHjM8pOyzOlUlgRy0PtTYeMTl0wsXARg\nCYWip4CWI+fXvm/E4TnvumTGDhJ5rU0UYaEutfT4HEFJIN+FRzBHpVRKr7fGGqTp\nj/KGCcTW7TO08K/bx/GZpNa2jxSJZW4cR1FChCT1sHTI+0OFugTtlRUYL4HtG9BA\nsjNyh1tXFReNavb9Eg/fM3/QSD6GCWF9YTm+PHXZxN/ACMnKBZj599RwrMYvxikf\n9R0v4bVb3jbGRFCJgZFUaPWaIb6BO6U3Z4QmxissBY3h/GPZYZQKrqnKqw9NIjFG\nPzdGlDpUO2jum8TPLMo0e8OyEPuWaI6unTF33yeBoQKBgQDous3uVype3kqL/ayY\nk4OFFDkuPO4Ldo0OvJOcDV134QUHRLjfe+/w8iXlaYQCdRC5hw6dLlHRPcnT/TGJ\n1l8Ya5MKbw9ThSRSX4RMyYzq3uNr4rcdNP9hKO4kU7v+HD70oBnOoKUkm6Dmvfmg\nRwgVM06qHKxBnjP0+9sgpgkFtQKBgQDPhlfqDtRplH9q6/9j63p4EDiCLVAcPl0x\na/JoslSIFCcDMVM0FsuEO1kZ2XzfbQ22m+MjOuGL0op5dTXOPOL3KZjK7z6n8PyN\n5IMywL13tczreiA4i+bujEha18yWoRvd+JOwZp6qivWPC9c8iz6orD0PnChiYOqJ\n6hf263at8QKBgQC4FiMUFvCV7+EpkHN4kJ5kopWERH/Ko3B6KqHbuxqm21+92xcc\n94zYmsFtEKRxySV8ix79J4liKCzAOTN5Iw8/YsABbc3Cs7sCSTl9/6MumTVsvf03\n5hbnRJfyNiWqn68Qkp83OQzHwy5ntfeBVw5GrrnXhyyeDsRsUNeIoKzcTQKBgDgf\noQ8Py6pyGrOT95HSUWC/IkkycAPzaci/5OMjt3DF4ncek932fDvawRIYm4jhOWA1\ncIxKlEz4N7L5W//Wv5sQiN35LfzFU8gcEM9dCOCjLjRQ5v3j+CRzk+3dhtsF3z98\nxpRibG66/gYdsawSDHQZgLoEBXf1tfhucuS4cXRBAoGBANnP79/nl8XMLPDHV8fT\n1jdpUst+OF9l0N87fbYQixVi7Dm86CqKQ3F0Q1WSOB4TI9mwsctIBWnWSOHsvJGJ\n+2JJwEcQ6FYdfPNdQQF91rRgZGiyDkn5mKvKqy4101Dmk7IVmP2gCYWzUzNaDaiY\n3kKF+bexpJv6JhoSYdlb08hd\n-----END PRIVATE KEY-----\n",
            "public_key_fingerprint_md5": "b8:21:c6:bf:d7:35:63:d7:60:96:80:35:f1:e2:86:d7",
            "public_key_fingerprint_sha256": "SHA256:2PlttmoUh/W2rQABaP1uBwvWXoyxyUCLbKZaRlRKUSc",
            "public_key_openssh": "ssh-rsa AAAAB3NzaC1yc2EAAAADAQABAAABAQC8qS43x3RwT6oKqcq2VWyNvA+QItEjyQr0p/e58Bq1A8KhKiBd526zjjzmU78lEJTFJdZLR5CX15nAaBcyi+PcjfGFkX0+B6Q9AmuJXxWo+XLuQi+QcXx2z5ddadzJ9m2b3DimkfXTEd+6O9M4LlIYlkndkqEkiaUjioGkfSS39c0A5pzuBIZVDTzwPd9+u4LUwQMI7cJTDeOUqZtqQ+s9CC46qkNR4KW+nIHsXmu8bFD/36li0m2U0BbxqZXyOE3RXAfxSro3GXcahmvWTmsJtgQ24neV9Mayin76gzHfhGjPcwa9ZGV9T1tQLeIsSR8RAicJjJlZvz5F6UQvx7Bl\n",
            "public_key_pem": "-----BEGIN PUBLIC KEY-----\nMIIBIjANBgkqhkiG9w0BAQEFAAOCAQ8AMIIBCgKCAQEAvKkuN8d0cE+qCqnKtlVs\njbwPkCLRI8kK9Kf3ufAatQPCoSogXedus4485lO/JRCUxSXWS0eQl9eZwGgXMovj\n3I3xhZF9PgekPQJriV8VqPly7kIvkHF8ds+XXWncyfZtm9w4ppH10xHfujvTOC5S\nGJZJ3ZKhJImlI4qBpH0kt/XNAOac7gSGVQ088D3ffruC1MEDCO3CUw3jlKmbakPr\nPQguOqpDUeClvpyB7F5rvGxQ/9+pYtJtlNAW8amV8jhN0VwH8Uq6Nxl3GoZr1k5r\nCbYENuJ3lfTGsop++oMx34Roz3MGvWRlfU9bUC3iLEkfEQInCYyZWb8+RelEL8ew\nZQIDAQAB\n-----END PUBLIC KEY-----\n",
            "rsa_bits": 2048
          },
          "sensitive_attributes": [
            [
              {
                "type": "get_attr",
                "value": "private_key_openssh"
              }
            ],
            [
              {
                "type": "get_attr",
                "value": "private_key_pem"
              }
            ],
            [
              {
                "type": "get_attr",
                "value": "private_key_pem_pkcs8"
              }
            ]
          ],
          "identity_schema_version": 0
        }
      ]
    }
  ],
  "check_results": null
}
