{
  "version": 4,
  "terraform_version": "1.14.3",
  "serial": 452,
  "lineage": "06288721-0018-2e27-7e47-9d17e0b24090",
  "outputs": {},
  "resources": [
    {
      "mode": "managed",
      "type": "proxmox_virtual_environment_file",
      "name": "cloud_meta_config",
      "provider": "provider[\"registry.terraform.io/bpg/proxmox\"]",
      "instances": [
        {
          "schema_version": 0,
          "attributes": {
            "content_type": "snippets",
            "datastore_id": "snippets",
            "file_mode": null,
            "file_modification_date": null,
            "file_name": "immich.net.local-ci-meta_data.yml",
            "file_size": null,
            "file_tag": null,
            "id": "snippets:snippets/immich.net.local-ci-meta_data.yml",
            "node_name": "pve",
            "overwrite": true,
            "source_file": [],
            "source_raw": [
              {
                "data": "",
                "file_name": "immich.net.local-ci-meta_data.yml",
                "resize": 0
              }
            ],
            "timeout_upload": 1800
          },
          "sensitive_attributes": [],
          "identity_schema_version": 0,
          "private": "bnVsbA=="
        }
      ]
    },
    {
      "mode": "managed",
      "type": "proxmox_virtual_environment_file",
      "name": "cloud_network_config",
      "provider": "provider[\"registry.terraform.io/bpg/proxmox\"]",
      "instances": [
        {
          "index_key": "A",
          "schema_version": 0,
          "attributes": {
            "content_type": "snippets",
            "datastore_id": "snippets",
            "file_mode": null,
            "file_modification_date": null,
            "file_name": "router-ci-network.yml",
            "file_size": null,
            "file_tag": null,
            "id": "snippets:snippets/router-ci-network.yml",
            "node_name": "pve",
            "overwrite": true,
            "source_file": [],
            "source_raw": [
              {
                "data": "#cloud-config\nnetwork:\n  version: 2\n  ethernets:\n    ens18:\n      addresses: [\"192.168.1.113/24\"]\n      gateway4: 192.168.1.1\n      nameservers:\n        addresses: [8.8.8.8]\n      routes:\n        - to: default\n          via: 192.168.1.1\n          metric: 10\n    ens19:\n      addresses: [\"10.0.0.254/24\"]\n      gateway4: 10.0.0.1\n      nameservers:\n        addresses: [8.8.8.8]\n      routes:\n        - to: default\n          via: 10.0.0.1\n          metric: 10\n    ens20:\n      addresses: [\"10.11.0.254/24\"]\n      gateway4: 10.11.0.1\n      nameservers:\n        addresses: [8.8.8.8]\n      routes:\n        - to: default\n          via: 10.11.0.1\n          metric: 10\n    ens21:\n      addresses: [\"10.12.0.254/24\"]\n      gateway4: 10.12.0.1\n      nameservers:\n        addresses: [8.8.8.8]\n      routes:\n        - to: default\n          via: 10.12.0.1\n          metric: 10\n",
                "file_name": "router-ci-network.yml",
                "resize": 0
              }
            ],
            "timeout_upload": 1800
          },
          "sensitive_attributes": [],
          "identity_schema_version": 0,
          "private": "bnVsbA=="
        }
      ]
    },
    {
      "mode": "managed",
      "type": "proxmox_virtual_environment_file",
      "name": "cloud_user_config",
      "provider": "provider[\"registry.terraform.io/bpg/proxmox\"]",
      "instances": [
        {
          "index_key": "A",
          "schema_version": 0,
          "attributes": {
            "content_type": "snippets",
            "datastore_id": "snippets",
            "file_mode": null,
            "file_modification_date": null,
            "file_name": "router-ci-user.yml",
            "file_size": null,
            "file_tag": null,
            "id": "snippets:snippets/router-ci-user.yml",
            "node_name": "pve",
            "overwrite": true,
            "source_file": [],
            "source_raw": [
              {
                "data": "#cloud-config\npackage_upgrade: false\nusers:\n  - name: user\n    groups: [adm, sudo]\n    lock-passwd: false\n    sudo: ALL=(ALL) NOPASSWD:ALL\n    shell: /bin/bash\n    passwd: $6$tGz.h5alKsD5IOP2$yfQ1RTnXjdLnmCQxFG70Jf3d24YAb8Bsb/qZ/iW0aokkahPQ8qlRhgC2ZpVYkcK.CQh579k3IF3f2LTDAMsKH/\n    ssh_authorized_keys: \n      - ssh-ed25519 AAAAC3NzaC1lZDI1NTE5AAAAIP1oFq0GYt8j7vg2nNAJNzwBtqrdOUDp8CMQwLRiz4Vz user@ull\n\nssh_pwauth: True ## This line enables ssh password authentication\n\nwrite_files:\n  - path: /opt/iptables.rules\n    permissions: '0755'\n    content: |\n      # Generated by iptables-save v1.8.10 (nf_tables) on Mon Dec  8 15:56:30 2025\n      *filter\n      :INPUT ACCEPT [9920:2637840]\n      :FORWARD DROP [0:0]\n      :OUTPUT ACCEPT [9965:916160]\n      :DOCKER - [0:0]\n      :DOCKER-BRIDGE - [0:0]\n      :DOCKER-CT - [0:0]\n      :DOCKER-FORWARD - [0:0]\n      :DOCKER-INTERNAL - [0:0]\n      :DOCKER-USER - [0:0]\n      -A FORWARD -j DOCKER-USER\n      -A FORWARD -j DOCKER-FORWARD\n      -A FORWARD -i ens20 -o ens19 -d 10.0.0.111 -m comment --comment \"Allow immich server from sitea1\" -j ACCEPT\n      -A FORWARD -i ens21 -o ens19 -d 10.0.0.111 -m comment --comment \"Allow immich server from siteb1\" -j ACCEPT\n      -A FORWARD -i ens19 -o ens20 -m conntrack --ctstate RELATED,ESTABLISHED -m comment --comment \"Allow established/related forwarded connections\" -j ACCEPT\n      -A FORWARD -i ens18 -o ens20 -m conntrack --ctstate RELATED,ESTABLISHED -m comment --comment \"Allow established/related forwarded connections\" -j ACCEPT\n      -A FORWARD -i ens18 -o ens21 -m conntrack --ctstate RELATED,ESTABLISHED -m comment --comment \"Allow established/related forwarded connections\" -j ACCEPT\n      -A FORWARD -i ens19 -o ens21 -m conntrack --ctstate RELATED,ESTABLISHED -m comment --comment \"Allow established/related forwarded connections\" -j ACCEPT\n      -A FORWARD -d 192.168.0.0/16 -m comment --comment \"IANA networks DROP\" -j DROP\n      -A FORWARD -d 172.16.0.0/12 -m comment --comment \"IANA networks DROP\" -j DROP\n      -A FORWARD -d 10.0.0.0/8 -m comment --comment \"IANA networks DROP\" -j DROP\n      -A FORWARD -i ens20 -o ens18 -m comment --comment \"ALLOW INTERNET\" -j ACCEPT\n      -A FORWARD -i ens21 -o ens18 -m comment --comment \"ALLOW INTERNET\" -j ACCEPT\n      -A FORWARD -j LOG --log-prefix \"FORWARD DROP: \"\n      -A DOCKER ! -i docker0 -o docker0 -j DROP\n      -A DOCKER-BRIDGE -o docker0 -j DOCKER\n      -A DOCKER-CT -o docker0 -m conntrack --ctstate RELATED,ESTABLISHED -j ACCEPT\n      -A DOCKER-FORWARD -j DOCKER-CT\n      -A DOCKER-FORWARD -j DOCKER-INTERNAL\n      -A DOCKER-FORWARD -j DOCKER-BRIDGE\n      -A DOCKER-FORWARD -i docker0 -j ACCEPT\n      COMMIT\n      # Completed on Mon Dec  8 15:56:30 2025\n      # Generated by iptables-save v1.8.10 (nf_tables) on Mon Dec  8 15:56:30 2025\n      *nat\n      :PREROUTING ACCEPT [51:3195]\n      :INPUT ACCEPT [0:0]\n      :OUTPUT ACCEPT [0:0]\n      :POSTROUTING ACCEPT [5:300]\n      :DOCKER - [0:0]\n      -A PREROUTING -m addrtype --dst-type LOCAL -j DOCKER\n      -A OUTPUT ! -d 127.0.0.0/8 -m addrtype --dst-type LOCAL -j DOCKER\n      -A POSTROUTING -j LOG --log-prefix \"POSTROUTING : \"\n      -A POSTROUTING -s 172.17.0.0/16 ! -o docker0 -j MASQUERADE\n      -A POSTROUTING -o ens19 -j SNAT --to-source 10.0.0.254\n      -A POSTROUTING -s 10.11.0.2/32 -o ens18 -j SNAT --to-source 192.168.1.113\n      -A POSTROUTING -s 10.12.0.2/32 -o ens18 -j SNAT --to-source 192.168.1.113\n      COMMIT\n      # Completed on Mon Dec  8 15:56:30 2025    \n\n# commands from here are run as root\nruncmd:\n  - echo \"Ready\"\n  - sysctl -w net.ipv4.ip_forward=1\n  - iptables-restore \u003c /opt/iptables.rules\n\n",
                "file_name": "router-ci-user.yml",
                "resize": 0
              }
            ],
            "timeout_upload": 1800
          },
          "sensitive_attributes": [],
          "identity_schema_version": 0,
          "private": "bnVsbA=="
        }
      ]
    },
    {
      "mode": "managed",
      "type": "proxmox_virtual_environment_vm",
      "name": "vm",
      "provider": "provider[\"registry.terraform.io/bpg/proxmox\"]",
      "instances": [
        {
          "index_key": "A",
          "schema_version": 0,
          "attributes": {
            "acpi": true,
            "agent": [
              {
                "enabled": true,
                "timeout": "15m",
                "trim": false,
                "type": "virtio",
                "wait_for_ip": []
              }
            ],
            "amd_sev": [],
            "audio_device": [],
            "bios": "seabios",
            "boot_order": [],
            "cdrom": [],
            "clone": [
              {
                "datastore_id": "",
                "full": true,
                "node_name": "",
                "retries": 1,
                "vm_id": 191
              }
            ],
            "cpu": [
              {
                "affinity": "",
                "architecture": "",
                "cores": 2,
                "flags": [],
                "hotplugged": 0,
                "limit": 0,
                "numa": false,
                "sockets": 1,
                "type": "x86-64-v2-AES",
                "units": 0
              }
            ],
            "delete_unreferenced_disks_on_destroy": true,
            "description": null,
            "disk": [],
            "efi_disk": [],
            "hook_script_file_id": null,
            "hostpci": [],
            "id": "600",
            "initialization": [
              {
                "datastore_id": "local-lvm",
                "dns": [],
                "file_format": "",
                "interface": "ide2",
                "ip_config": [],
                "meta_data_file_id": "snippets:snippets/immich.net.local-ci-meta_data.yml",
                "network_data_file_id": "snippets:snippets/router-ci-network.yml",
                "type": "",
                "user_account": [],
                "user_data_file_id": "snippets:snippets/router-ci-user.yml",
                "vendor_data_file_id": ""
              }
            ],
            "ipv4_addresses": [
              [
                "127.0.0.1"
              ],
              [
                "192.168.1.113"
              ],
              [
                "10.0.0.254"
              ],
              [
                "10.11.0.254"
              ],
              [
                "10.12.0.254"
              ]
            ],
            "ipv6_addresses": [
              [
                "::1"
              ],
              [
                "fe80::be24:11ff:feeb:d4a0"
              ],
              [
                "fe80::be24:11ff:fe28:31cd"
              ],
              [
                "fe80::be24:11ff:fe99:cab4"
              ],
              [
                "fe80::be24:11ff:fede:a303"
              ]
            ],
            "keyboard_layout": "en-us",
            "kvm_arguments": null,
            "mac_addresses": [
              "00:00:00:00:00:00",
              "BC:24:11:EB:D4:A0",
              "BC:24:11:28:31:CD",
              "BC:24:11:99:CA:B4",
              "BC:24:11:DE:A3:03"
            ],
            "machine": null,
            "memory": [
              {
                "dedicated": 4096,
                "floating": 0,
                "hugepages": "",
                "keep_hugepages": false,
                "shared": 0
              }
            ],
            "migrate": false,
            "name": "router.net.local",
            "network_device": [
              {
                "bridge": "vmbr0",
                "disconnected": false,
                "enabled": true,
                "firewall": false,
                "mac_address": "BC:24:11:EB:D4:A0",
                "model": "virtio",
                "mtu": 0,
                "queues": 0,
                "rate_limit": 0,
                "trunks": "",
                "vlan_id": 0
              },
              {
                "bridge": "vnet01",
                "disconnected": false,
                "enabled": true,
                "firewall": false,
                "mac_address": "BC:24:11:28:31:CD",
                "model": "virtio",
                "mtu": 0,
                "queues": 0,
                "rate_limit": 0,
                "trunks": "",
                "vlan_id": 0
              },
              {
                "bridge": "vneta1",
                "disconnected": false,
                "enabled": true,
                "firewall": false,
                "mac_address": "BC:24:11:99:CA:B4",
                "model": "virtio",
                "mtu": 0,
                "queues": 0,
                "rate_limit": 0,
                "trunks": "",
                "vlan_id": 0
              },
              {
                "bridge": "vnetb1",
                "disconnected": false,
                "enabled": true,
                "firewall": false,
                "mac_address": "BC:24:11:DE:A3:03",
                "model": "virtio",
                "mtu": 0,
                "queues": 0,
                "rate_limit": 0,
                "trunks": "",
                "vlan_id": 0
              }
            ],
            "network_interface_names": [
              "lo",
              "ens18",
              "ens19",
              "ens20",
              "ens21"
            ],
            "node_name": "pve",
            "numa": [],
            "on_boot": false,
            "operating_system": [],
            "pool_id": "",
            "protection": false,
            "purge_on_destroy": true,
            "reboot": false,
            "reboot_after_update": true,
            "rng": [],
            "scsi_hardware": "virtio-scsi-single",
            "serial_device": [],
            "smbios": [],
            "started": true,
            "startup": [],
            "stop_on_destroy": false,
            "tablet_device": true,
            "tags": [
              "router"
            ],
            "template": false,
            "timeout_clone": 1800,
            "timeout_create": 1800,
            "timeout_migrate": 1800,
            "timeout_move_disk": 1800,
            "timeout_reboot": 1800,
            "timeout_shutdown_vm": 1800,
            "timeout_start_vm": 1800,
            "timeout_stop_vm": 300,
            "tpm_state": [],
            "usb": [],
            "vga": [],
            "virtiofs": [],
            "vm_id": 600,
            "watchdog": []
          },
          "sensitive_attributes": [],
          "identity_schema_version": 0,
          "private": "bnVsbA==",
          "dependencies": [
            "proxmox_virtual_environment_file.cloud_meta_config",
            "proxmox_virtual_environment_file.cloud_network_config",
            "proxmox_virtual_environment_file.cloud_user_config"
          ]
        }
      ]
    }
  ],
  "check_results": null
}
