{
  "version": 4,
  "terraform_version": "1.14.3",
  "serial": 69,
  "lineage": "2d863d62-b2c5-72d9-baab-13d1fcfd358d",
  "outputs": {},
  "resources": [
    {
      "mode": "managed",
      "type": "proxmox_virtual_environment_sdn_applier",
      "name": "finalizer",
      "provider": "provider[\"registry.terraform.io/bpg/proxmox\"]",
      "instances": [
        {
          "schema_version": 0,
          "attributes": {
            "id": "1765191235214",
            "on_create": true,
            "on_destroy": true
          },
          "sensitive_attributes": [],
          "identity_schema_version": 0
        }
      ]
    },
    {
      "mode": "managed",
      "type": "proxmox_virtual_environment_sdn_applier",
      "name": "vnet_applier",
      "provider": "provider[\"registry.terraform.io/bpg/proxmox\"]",
      "instances": [
        {
          "schema_version": 0,
          "attributes": {
            "id": "1765191238402",
            "on_create": true,
            "on_destroy": true
          },
          "sensitive_attributes": [],
          "identity_schema_version": 0,
          "dependencies": [
            "proxmox_virtual_environment_sdn_applier.finalizer",
            "proxmox_virtual_environment_sdn_subnet.this",
            "proxmox_virtual_environment_sdn_vnet.this",
            "proxmox_virtual_environment_sdn_zone_simple.this"
          ]
        }
      ]
    },
    {
      "mode": "managed",
      "type": "proxmox_virtual_environment_sdn_subnet",
      "name": "this",
      "provider": "provider[\"registry.terraform.io/bpg/proxmox\"]",
      "instances": [
        {
          "index_key": "10.11.0.0/24",
          "schema_version": 0,
          "attributes": {
            "cidr": "10.11.0.0/24",
            "dhcp_dns_server": null,
            "dhcp_range": null,
            "dns_zone_prefix": null,
            "gateway": "10.11.0.1",
            "id": "zoneA-10.11.0.0-24",
            "snat": null,
            "vnet": "vneta1"
          },
          "sensitive_attributes": [],
          "identity_schema_version": 0,
          "dependencies": [
            "proxmox_virtual_environment_sdn_applier.finalizer",
            "proxmox_virtual_environment_sdn_vnet.this",
            "proxmox_virtual_environment_sdn_zone_simple.this"
          ]
        },
        {
          "index_key": "10.12.0.0/24",
          "schema_version": 0,
          "attributes": {
            "cidr": "10.12.0.0/24",
            "dhcp_dns_server": null,
            "dhcp_range": null,
            "dns_zone_prefix": null,
            "gateway": "10.12.0.1",
            "id": "zoneB-10.12.0.0-24",
            "snat": null,
            "vnet": "vnetb1"
          },
          "sensitive_attributes": [],
          "identity_schema_version": 0,
          "dependencies": [
            "proxmox_virtual_environment_sdn_applier.finalizer",
            "proxmox_virtual_environment_sdn_vnet.this",
            "proxmox_virtual_environment_sdn_zone_simple.this"
          ]
        }
      ]
    },
    {
      "mode": "managed",
      "type": "proxmox_virtual_environment_sdn_vnet",
      "name": "this",
      "provider": "provider[\"registry.terraform.io/bpg/proxmox\"]",
      "instances": [
        {
          "index_key": "vneta1",
          "schema_version": 0,
          "attributes": {
            "alias": null,
            "id": "vneta1",
            "isolate_ports": null,
            "tag": null,
            "vlan_aware": null,
            "zone": "zoneA"
          },
          "sensitive_attributes": [],
          "identity_schema_version": 0,
          "dependencies": [
            "proxmox_virtual_environment_sdn_applier.finalizer",
            "proxmox_virtual_environment_sdn_zone_simple.this"
          ]
        },
        {
          "index_key": "vnetb1",
          "schema_version": 0,
          "attributes": {
            "alias": null,
            "id": "vnetb1",
            "isolate_ports": null,
            "tag": null,
            "vlan_aware": null,
            "zone": "zoneB"
          },
          "sensitive_attributes": [],
          "identity_schema_version": 0,
          "dependencies": [
            "proxmox_virtual_environment_sdn_applier.finalizer",
            "proxmox_virtual_environment_sdn_zone_simple.this"
          ]
        }
      ]
    },
    {
      "mode": "managed",
      "type": "proxmox_virtual_environment_sdn_zone_simple",
      "name": "this",
      "provider": "provider[\"registry.terraform.io/bpg/proxmox\"]",
      "instances": [
        {
          "index_key": "zoneA",
          "schema_version": 0,
          "attributes": {
            "dhcp": null,
            "dns": null,
            "dns_zone": null,
            "id": "zoneA",
            "ipam": null,
            "mtu": null,
            "nodes": [],
            "pending": null,
            "reverse_dns": null,
            "state": "new"
          },
          "sensitive_attributes": [],
          "identity_schema_version": 0,
          "dependencies": [
            "proxmox_virtual_environment_sdn_applier.finalizer"
          ]
        },
        {
          "index_key": "zoneB",
          "schema_version": 0,
          "attributes": {
            "dhcp": null,
            "dns": null,
            "dns_zone": null,
            "id": "zoneB",
            "ipam": null,
            "mtu": null,
            "nodes": [],
            "pending": null,
            "reverse_dns": null,
            "state": "new"
          },
          "sensitive_attributes": [],
          "identity_schema_version": 0,
          "dependencies": [
            "proxmox_virtual_environment_sdn_applier.finalizer"
          ]
        }
      ]
    }
  ],
  "check_results": null
}
