{
  "version": 4,
  "terraform_version": "1.14.4",
  "serial": 107,
  "lineage": "2d863d62-b2c5-72d9-baab-13d1fcfd358d",
  "outputs": {},
  "resources": [
    {
      "mode": "managed",
      "type": "proxmox_virtual_environment_cluster_firewall_security_group",
      "name": "webserver",
      "provider": "provider[\"registry.terraform.io/bpg/proxmox\"]",
      "instances": [
        {
          "index_key": "capgemini",
          "schema_version": 0,
          "attributes": {
            "comment": "Managed by Terraform",
            "container_id": null,
            "id": "capgemini",
            "name": "capgemini",
            "node_name": null,
            "rule": [
              {
                "action": "DROP",
                "comment": "Block all local network",
                "dest": "192.168.1.0/24",
                "dport": "",
                "enabled": true,
                "iface": "",
                "log": "nolog",
                "macro": "",
                "pos": 0,
                "proto": "",
                "security_group": "",
                "source": "",
                "sport": "",
                "type": "out"
              },
              {
                "action": "ACCEPT",
                "comment": "Allow all external",
                "dest": "",
                "dport": "",
                "enabled": true,
                "iface": "",
                "log": "nolog",
                "macro": "",
                "pos": 1,
                "proto": "",
                "security_group": "",
                "source": "",
                "sport": "",
                "type": "out"
              },
              {
                "action": "ACCEPT",
                "comment": "Allow ssh from rpi router",
                "dest": "",
                "dport": "",
                "enabled": true,
                "iface": "",
                "log": "nolog",
                "macro": "SSH",
                "pos": 2,
                "proto": "",
                "security_group": "",
                "source": "router-rpi",
                "sport": "",
                "type": "in"
              }
            ],
            "vm_id": null
          },
          "sensitive_attributes": [],
          "identity_schema_version": 0,
          "private": "bnVsbA=="
        },
        {
          "index_key": "gitlab-runners",
          "schema_version": 0,
          "attributes": {
            "comment": "Managed by Terraform",
            "container_id": null,
            "id": "gitlab-runners",
            "name": "gitlab-runners",
            "node_name": null,
            "rule": [
              {
                "action": "DROP",
                "comment": "Block all local network",
                "dest": "192.168.1.0/24",
                "dport": "",
                "enabled": true,
                "iface": "",
                "log": "nolog",
                "macro": "",
                "pos": 0,
                "proto": "",
                "security_group": "",
                "source": "",
                "sport": "",
                "type": "out"
              },
              {
                "action": "ACCEPT",
                "comment": "Allow all external",
                "dest": "",
                "dport": "",
                "enabled": true,
                "iface": "",
                "log": "nolog",
                "macro": "",
                "pos": 1,
                "proto": "",
                "security_group": "",
                "source": "",
                "sport": "",
                "type": "out"
              },
              {
                "action": "ACCEPT",
                "comment": "Allow ssh from rpi router",
                "dest": "",
                "dport": "",
                "enabled": true,
                "iface": "",
                "log": "nolog",
                "macro": "SSH",
                "pos": 2,
                "proto": "",
                "security_group": "",
                "source": "router-rpi",
                "sport": "",
                "type": "in"
              }
            ],
            "vm_id": null
          },
          "sensitive_attributes": [],
          "identity_schema_version": 0,
          "private": "bnVsbA=="
        },
        {
          "index_key": "test700",
          "schema_version": 0,
          "attributes": {
            "comment": "Managed by Terraform",
            "container_id": null,
            "id": "test700",
            "name": "test700",
            "node_name": null,
            "rule": [
              {
                "action": "ACCEPT",
                "comment": "Allow HTTP SERVER",
                "dest": "192.168.1.29",
                "dport": "8080",
                "enabled": true,
                "iface": "",
                "log": "nolog",
                "macro": "",
                "pos": 0,
                "proto": "tcp",
                "security_group": "",
                "source": "",
                "sport": "",
                "type": "out"
              },
              {
                "action": "DROP",
                "comment": "Block all local network",
                "dest": "192.168.1.0/24",
                "dport": "",
                "enabled": true,
                "iface": "",
                "log": "nolog",
                "macro": "",
                "pos": 1,
                "proto": "",
                "security_group": "",
                "source": "",
                "sport": "",
                "type": "out"
              },
              {
                "action": "ACCEPT",
                "comment": "Allow all external",
                "dest": "",
                "dport": "",
                "enabled": true,
                "iface": "",
                "log": "nolog",
                "macro": "",
                "pos": 2,
                "proto": "",
                "security_group": "",
                "source": "",
                "sport": "",
                "type": "out"
              },
              {
                "action": "ACCEPT",
                "comment": "Allow ssh from rpi router",
                "dest": "",
                "dport": "",
                "enabled": true,
                "iface": "",
                "log": "nolog",
                "macro": "SSH",
                "pos": 3,
                "proto": "",
                "security_group": "",
                "source": "router-rpi",
                "sport": "",
                "type": "in"
              }
            ],
            "vm_id": null
          },
          "sensitive_attributes": [],
          "identity_schema_version": 0,
          "private": "bnVsbA=="
        }
      ]
    },
    {
      "mode": "managed",
      "type": "proxmox_virtual_environment_sdn_applier",
      "name": "finalizer",
      "provider": "provider[\"registry.terraform.io/bpg/proxmox\"]",
      "instances": [
        {
          "schema_version": 0,
          "attributes": {
            "id": "1765191235214",
            "on_create": true,
            "on_destroy": true
          },
          "sensitive_attributes": [],
          "identity_schema_version": 0
        }
      ]
    },
    {
      "mode": "managed",
      "type": "proxmox_virtual_environment_sdn_applier",
      "name": "vnet_applier",
      "provider": "provider[\"registry.terraform.io/bpg/proxmox\"]",
      "instances": [
        {
          "schema_version": 0,
          "attributes": {
            "id": "1765191238402",
            "on_create": true,
            "on_destroy": true
          },
          "sensitive_attributes": [],
          "identity_schema_version": 0,
          "dependencies": [
            "proxmox_virtual_environment_sdn_applier.finalizer",
            "proxmox_virtual_environment_sdn_subnet.this",
            "proxmox_virtual_environment_sdn_vnet.this",
            "proxmox_virtual_environment_sdn_zone_simple.this"
          ]
        }
      ]
    }
  ],
  "check_results": null
}
