{
  "version": 4,
  "terraform_version": "1.14.5",
  "serial": 13,
  "lineage": "7a851dbb-b50e-fe9c-1199-619dd5aeb1b0",
  "outputs": {},
  "resources": [
    {
      "mode": "data",
      "type": "vault_generic_secret",
      "name": "registry_auth",
      "provider": "provider[\"registry.terraform.io/hashicorp/vault\"]",
      "instances": [
        {
          "schema_version": 0,
          "attributes": {
            "data": {
              "test": "{\n  \"insecure-registries\": [\n    \"10.0.0.250:5000\"\n  ],\n  \"registry-mirrors\": [\"http://10.0.0.250:5001\"]\n}\n"
            },
            "data_json": "{\"test\":\"{\\n  \\\"insecure-registries\\\": [\\n    \\\"10.0.0.250:5000\\\"\\n  ],\\n  \\\"registry-mirrors\\\": [\\\"http://10.0.0.250:5001\\\"]\\n}\\n\"}",
            "id": "secret/terraform/test",
            "lease_duration": 0,
            "lease_id": "",
            "lease_renewable": false,
            "lease_start_time": "2026-02-25T10:34:23Z",
            "namespace": null,
            "path": "secret/terraform/test",
            "version": -1,
            "with_lease_start_time": true
          },
          "sensitive_attributes": [
            [
              {
                "type": "get_attr",
                "value": "data"
              }
            ],
            [
              {
                "type": "get_attr",
                "value": "data_json"
              }
            ]
          ],
          "identity_schema_version": 0
        }
      ]
    },
    {
      "mode": "managed",
      "type": "local_file",
      "name": "credentials",
      "provider": "provider[\"registry.terraform.io/hashicorp/local\"]",
      "instances": [
        {
          "schema_version": 0,
          "attributes": {
            "content": "{\n  \"insecure-registries\": [\n    \"10.0.0.250:5000\"\n  ],\n  \"registry-mirrors\": [\"http://10.0.0.250:5001\"]\n}\n\n",
            "content_base64": null,
            "content_base64sha256": "sygPXMu1ngyvk0Z1QLOYXO5Q5BH3d40VihARDfRgx+Y=",
            "content_base64sha512": "QxT09hqDvugCWrgORXwatt4gnCs51/iGjS/9QvfLDhttLZ0urgYRpSZ/mEjZvb8VlEN00C2uO/8bQXYTczYpFw==",
            "content_md5": "edf71bb3c04415da605ccf98b525cecc",
            "content_sha1": "44752da8f65d2ca5b4478d229eb3582268c64726",
            "content_sha256": "b3280f5ccbb59e0caf93467540b3985cee50e411f7778d158a10110df460c7e6",
            "content_sha512": "4314f4f61a83bee8025ab80e457c1ab6de209c2b39d7f8868d2ffd42f7cb0e1b6d2d9d2eae0611a5267f9848d9bdbf15944374d02dae3bff1b41761373362917",
            "directory_permission": "0777",
            "file_permission": "0777",
            "filename": "./credentials.json",
            "id": "44752da8f65d2ca5b4478d229eb3582268c64726",
            "sensitive_content": null,
            "source": null
          },
          "sensitive_attributes": [
            [
              {
                "type": "get_attr",
                "value": "content"
              }
            ],
            [
              {
                "type": "get_attr",
                "value": "sensitive_content"
              }
            ]
          ],
          "identity_schema_version": 0,
          "dependencies": [
            "data.vault_generic_secret.registry_auth"
          ]
        }
      ]
    }
  ],
  "check_results": null
}
