{
  "version": 4,
  "terraform_version": "1.14.3",
  "serial": 124,
  "lineage": "38928734-0891-5c87-47a7-ae941f6053f8",
  "outputs": {
    "ubuntu_container_password": {
      "value": "gE9QoyGBaa8hv5KN",
      "type": "string",
      "sensitive": true
    },
    "ubuntu_container_private_key": {
      "value": "-----BEGIN RSA PRIVATE KEY-----\nMIIEowIBAAKCAQEAtubpB29GyJw4ZTdKIjQmP8S3b+VCAzQHNx9zlUmisSv99+3a\nIIOY5l+KRir188irNxFpamMKc1s+5gM5oN/pDk5/iEN1RFGzFosYBjfR+g6ci0CN\nEmtJAZWydYqC8YhvWO18RRp60pfCYCdtVgVopvmggLt0I6l0+P23qSi2E60WQNCt\nXQh9pFLHuYmf2TpBl2BN/KEluQE29oNGi3KxW06cPRckEXUBG7dxpqQkV0AJBXOV\nfa+PMuaBKP4l+jo6kC+b15ss3XyDvt1DtjdOyt0xVxseAtFHZlUVob0GfPeow47N\nlCsmpKnc931fyFbQo/jnaCiYB4FVJui+BtIa3wIDAQABAoIBABBprjWdlbOA2Uqz\n6HIjTd9hDrj60K6q547Zwqx93Byb/wFVlcJfLMRXhHgBeOq0cjDR3izO0GxDnuRT\nG8PE9Av1nVoj+4zy6+g0+SXtsmkHEKMqWr5xZC7BOS91C4UTIjLPtNwaoTTuq2Gn\niBc1CwwY0H9c0vI0TaveULHcVmJzedgoKc/QxijttZQQOaU6Lgsu7WoOHdvps7Xe\nXiSI9z30Vdeozf9FxOkSvp0qpDRJ4aKVA5Hb0BNIaWrPGfmj92iYgTGBPgcDjrF3\n14mW5VdqbObYgDJkPhj4zAyVsxV2Jfk7wQuWmdJ6fvwCMDNB2whCy7ClZzZetbfa\ngaNMSwkCgYEAxw50DTUpgfSpq+mo1RaGhny7FAvnZ/A3yIbtuKMnwcJt0VwS3V/e\n31Q9AgKYq9lls+bWH+pKOZDlzitL/2PnM7GQMTacgVG9fCGXP/uDdE0mLa8WTRRh\nEfQxIrQ4VkR4CUbgpbms4qNcJ6mMAfcL6qd9/jNIPDLLny9ViErgPRMCgYEA6zlp\n0Qp2d/owjU3+OyKmWvlYoYriwBcSqk7u68MoKkdzq+3qvS3UzqTMw9Tq+yv4HD/M\n21q/I8lrcqTfQdklOysQsNemR/Ak/WI5N2yXQdx9aQaisph9rol6Iy+bmX2zfeil\nhkx4Xwilcc+ceU8iqf8vvJzSb23lMr48egqQIIUCgYB/HJGrJXmeDRiUOR+hA0Ng\neiIUyQ06aEGXAeKn9zgaGQh7mupJB0GRJ3/V2saXZrn1ScEOnFRNsmOtZiSfr7Ii\nZo8HfjIuun3f2Kt3JitphyKMJbR+ADeEeYUu/hrDq/FjKymlao4mI99jTHelgZbQ\nf6iLPUAxgNZajqV15SqQlQKBgCkacz8wENuOQIWwp0g2GdOz1qUD2/OtFHnmKSHR\njGc27SOSA37jT1h8u7tMrXMOj+B/1ZBPHy9ltvzlio27ICJiuBvu0wOnFw+f5lel\nBhlgKhn8KtoCg5PIOiuD2jDMIl1SFfqNykrw+9gTa0hXZ7tE+FaBINSP44kmbPL2\nfZDxAoGBAMFIobNdh38bZaEuUuYlR9+AWwW3+wqUW1vlwSZ9SXAOwnWRIEpuSXnE\nETx+iE1mFn9CI5WBBZXtvSfqxJ/pJI/kD2t8NNn44PCwlnc1rWm5JJp7IbGymhi6\nbm6ni8jIPDBLsevphX/cwBXLAsF81L+NDLkVSlZv+FiDuoK4ngyD\n-----END RSA PRIVATE KEY-----\n",
      "type": "string",
      "sensitive": true
    },
    "ubuntu_container_public_key": {
      "value": "ssh-rsa AAAAB3NzaC1yc2EAAAADAQABAAABAQC25ukHb0bInDhlN0oiNCY/xLdv5UIDNAc3H3OVSaKxK/337dogg5jmX4pGKvXzyKs3EWlqYwpzWz7mAzmg3+kOTn+IQ3VEUbMWixgGN9H6DpyLQI0Sa0kBlbJ1ioLxiG9Y7XxFGnrSl8JgJ21WBWim+aCAu3QjqXT4/bepKLYTrRZA0K1dCH2kUse5iZ/ZOkGXYE38oSW5ATb2g0aLcrFbTpw9FyQRdQEbt3GmpCRXQAkFc5V9r48y5oEo/iX6OjqQL5vXmyzdfIO+3UO2N07K3TFXGx4C0UdmVRWhvQZ896jDjs2UKyakqdz3fV/IVtCj+OdoKJgHgVUm6L4G0hrf\n",
      "type": "string"
    }
  },
  "resources": [
    {
      "mode": "managed",
      "type": "proxmox_virtual_environment_container",
      "name": "ct",
      "provider": "provider[\"registry.terraform.io/bpg/proxmox\"]",
      "instances": [
        {
          "index_key": "test_container",
          "schema_version": 0,
          "attributes": {
            "clone": [],
            "console": [],
            "cpu": [],
            "description": "Container managed by terraform for testing purpose.\n",
            "device_passthrough": [],
            "disk": [
              {
                "acl": false,
                "datastore_id": "local-lvm",
                "mount_options": null,
                "quota": false,
                "replicate": false,
                "size": 4
              }
            ],
            "environment_variables": null,
            "features": [
              {
                "fuse": false,
                "keyctl": false,
                "mount": null,
                "nesting": true
              }
            ],
            "hook_script_file_id": null,
            "id": "901",
            "initialization": [
              {
                "dns": [],
                "hostname": "test-container",
                "ip_config": [
                  {
                    "ipv4": [
                      {
                        "address": "192.168.1.107/24",
                        "gateway": "192.168.1.1"
                      }
                    ],
                    "ipv6": []
                  }
                ],
                "user_account": [
                  {
                    "keys": [
                      "ssh-rsa AAAAB3NzaC1yc2EAAAADAQABAAABAQC25ukHb0bInDhlN0oiNCY/xLdv5UIDNAc3H3OVSaKxK/337dogg5jmX4pGKvXzyKs3EWlqYwpzWz7mAzmg3+kOTn+IQ3VEUbMWixgGN9H6DpyLQI0Sa0kBlbJ1ioLxiG9Y7XxFGnrSl8JgJ21WBWim+aCAu3QjqXT4/bepKLYTrRZA0K1dCH2kUse5iZ/ZOkGXYE38oSW5ATb2g0aLcrFbTpw9FyQRdQEbt3GmpCRXQAkFc5V9r48y5oEo/iX6OjqQL5vXmyzdfIO+3UO2N07K3TFXGx4C0UdmVRWhvQZ896jDjs2UKyakqdz3fV/IVtCj+OdoKJgHgVUm6L4G0hrf"
                    ],
                    "password": "gE9QoyGBaa8hv5KN"
                  }
                ]
              }
            ],
            "ipv4": {
              "eth0": "192.168.1.107"
            },
            "ipv6": {
              "eth0": "fe80::be24:11ff:fe93:77c4"
            },
            "memory": [],
            "mount_point": [],
            "network_interface": [
              {
                "bridge": "vmbr0",
                "enabled": true,
                "firewall": false,
                "mac_address": "BC:24:11:93:77:C4",
                "mtu": 0,
                "name": "eth0",
                "rate_limit": 0,
                "vlan_id": 0
              }
            ],
            "node_name": "pve",
            "operating_system": [
              {
                "template_file_id": "local:vztmpl/ubuntu-24.04-standard_24.04-2_amd64.tar.zst",
                "type": "ubuntu"
              }
            ],
            "pool_id": null,
            "protection": false,
            "start_on_boot": true,
            "started": true,
            "startup": [
              {
                "down_delay": 60,
                "order": 3,
                "up_delay": 60
              }
            ],
            "tags": [
              "test"
            ],
            "template": false,
            "timeout_clone": 1800,
            "timeout_create": 1800,
            "timeout_delete": 60,
            "timeout_start": 300,
            "timeout_update": 1800,
            "unprivileged": true,
            "vm_id": 901,
            "wait_for_ip": []
          },
          "sensitive_attributes": [
            [
              {
                "type": "get_attr",
                "value": "initialization"
              },
              {
                "type": "index",
                "value": {
                  "value": 0,
                  "type": "number"
                }
              },
              {
                "type": "get_attr",
                "value": "user_account"
              },
              {
                "type": "index",
                "value": {
                  "value": 0,
                  "type": "number"
                }
              },
              {
                "type": "get_attr",
                "value": "password"
              }
            ]
          ],
          "identity_schema_version": 0,
          "private": "bnVsbA==",
          "dependencies": [
            "random_password.ubuntu_container_password",
            "tls_private_key.ubuntu_container_key"
          ]
        }
      ]
    },
    {
      "mode": "managed",
      "type": "proxmox_virtual_environment_container",
      "name": "ubuntu_container",
      "provider": "provider[\"registry.terraform.io/bpg/proxmox\"]",
      "instances": [
        {
          "schema_version": 0,
          "attributes": {
            "clone": [],
            "console": [],
            "cpu": [],
            "description": "Wireguard Managed by Terraform\n",
            "device_passthrough": [],
            "disk": [
              {
                "acl": false,
                "datastore_id": "local-lvm",
                "mount_options": [],
                "quota": false,
                "replicate": false,
                "size": 4
              }
            ],
            "environment_variables": {},
            "features": [
              {
                "fuse": false,
                "keyctl": false,
                "mount": [],
                "nesting": true
              }
            ],
            "hook_script_file_id": null,
            "id": "200",
            "initialization": [
              {
                "dns": [],
                "hostname": "wg-container",
                "ip_config": [
                  {
                    "ipv4": [
                      {
                        "address": "192.168.1.103/24",
                        "gateway": "192.168.1.1"
                      }
                    ],
                    "ipv6": []
                  },
                  {
                    "ipv4": [
                      {
                        "address": "10.0.0.3/24",
                        "gateway": "10.0.0.1"
                      }
                    ],
                    "ipv6": []
                  }
                ],
                "user_account": [
                  {
                    "keys": [
                      "ssh-rsa AAAAB3NzaC1yc2EAAAADAQABAAABAQC25ukHb0bInDhlN0oiNCY/xLdv5UIDNAc3H3OVSaKxK/337dogg5jmX4pGKvXzyKs3EWlqYwpzWz7mAzmg3+kOTn+IQ3VEUbMWixgGN9H6DpyLQI0Sa0kBlbJ1ioLxiG9Y7XxFGnrSl8JgJ21WBWim+aCAu3QjqXT4/bepKLYTrRZA0K1dCH2kUse5iZ/ZOkGXYE38oSW5ATb2g0aLcrFbTpw9FyQRdQEbt3GmpCRXQAkFc5V9r48y5oEo/iX6OjqQL5vXmyzdfIO+3UO2N07K3TFXGx4C0UdmVRWhvQZ896jDjs2UKyakqdz3fV/IVtCj+OdoKJgHgVUm6L4G0hrf"
                    ],
                    "password": "gE9QoyGBaa8hv5KN"
                  }
                ]
              }
            ],
            "ipv4": {
              "eth0": "192.168.1.103",
              "eth1": "10.0.0.3",
              "wg0": "172.16.0.5"
            },
            "ipv6": {
              "eth0": "fe80::be24:11ff:fe06:b7c",
              "eth1": "fe80::be24:11ff:fe39:92f1"
            },
            "memory": [],
            "mount_point": [],
            "network_interface": [
              {
                "bridge": "vmbr0",
                "enabled": true,
                "firewall": false,
                "mac_address": "BC:24:11:06:0B:7C",
                "mtu": 0,
                "name": "eth0",
                "rate_limit": 0,
                "vlan_id": 0
              },
              {
                "bridge": "vnet01",
                "enabled": true,
                "firewall": false,
                "mac_address": "BC:24:11:39:92:F1",
                "mtu": 0,
                "name": "eth1",
                "rate_limit": 0,
                "vlan_id": 0
              }
            ],
            "node_name": "pve",
            "operating_system": [
              {
                "template_file_id": "local:vztmpl/ubuntu-24.04-standard_24.04-2_amd64.tar.zst",
                "type": "ubuntu"
              }
            ],
            "pool_id": null,
            "protection": false,
            "start_on_boot": true,
            "started": true,
            "startup": [
              {
                "down_delay": 60,
                "order": 3,
                "up_delay": 60
              }
            ],
            "tags": [
              "wireguard"
            ],
            "template": false,
            "timeout_clone": 1800,
            "timeout_create": 1800,
            "timeout_delete": 60,
            "timeout_start": 300,
            "timeout_update": 1800,
            "unprivileged": true,
            "vm_id": 200,
            "wait_for_ip": []
          },
          "sensitive_attributes": [
            [
              {
                "type": "get_attr",
                "value": "initialization"
              },
              {
                "type": "index",
                "value": {
                  "value": 0,
                  "type": "number"
                }
              },
              {
                "type": "get_attr",
                "value": "user_account"
              },
              {
                "type": "index",
                "value": {
                  "value": 0,
                  "type": "number"
                }
              },
              {
                "type": "get_attr",
                "value": "password"
              }
            ]
          ],
          "identity_schema_version": 0,
          "private": "bnVsbA==",
          "dependencies": [
            "random_password.ubuntu_container_password",
            "tls_private_key.ubuntu_container_key"
          ]
        }
      ]
    },
    {
      "mode": "managed",
      "type": "random_password",
      "name": "ubuntu_container_password",
      "provider": "provider[\"registry.terraform.io/hashicorp/random\"]",
      "instances": [
        {
          "schema_version": 3,
          "attributes": {
            "bcrypt_hash": "$2a$10$eNM.vF0Lkin9YSg16q3l2OQy1z68FZknskGQin2SbhNx2BLtlOlsC",
            "id": "none",
            "keepers": null,
            "length": 16,
            "lower": true,
            "min_lower": 0,
            "min_numeric": 0,
            "min_special": 0,
            "min_upper": 0,
            "number": true,
            "numeric": true,
            "override_special": "_%@",
            "result": "gE9QoyGBaa8hv5KN",
            "special": true,
            "upper": true
          },
          "sensitive_attributes": [
            [
              {
                "type": "get_attr",
                "value": "bcrypt_hash"
              }
            ],
            [
              {
                "type": "get_attr",
                "value": "result"
              }
            ]
          ],
          "identity_schema_version": 0
        }
      ]
    },
    {
      "mode": "managed",
      "type": "tls_private_key",
      "name": "ubuntu_container_key",
      "provider": "provider[\"registry.terraform.io/hashicorp/tls\"]",
      "instances": [
        {
          "schema_version": 1,
          "attributes": {
            "algorithm": "RSA",
            "ecdsa_curve": "P224",
            "id": "acf688887543cad8a2cfe21ae63c0f1611ff4d4c",
            "private_key_openssh": "-----BEGIN OPENSSH PRIVATE KEY-----\nb3BlbnNzaC1rZXktdjEAAAAABG5vbmUAAAAEbm9uZQAAAAAAAAABAAABFwAAAAdz\nc2gtcnNhAAAAAwEAAQAAAQEAtubpB29GyJw4ZTdKIjQmP8S3b+VCAzQHNx9zlUmi\nsSv99+3aIIOY5l+KRir188irNxFpamMKc1s+5gM5oN/pDk5/iEN1RFGzFosYBjfR\n+g6ci0CNEmtJAZWydYqC8YhvWO18RRp60pfCYCdtVgVopvmggLt0I6l0+P23qSi2\nE60WQNCtXQh9pFLHuYmf2TpBl2BN/KEluQE29oNGi3KxW06cPRckEXUBG7dxpqQk\nV0AJBXOVfa+PMuaBKP4l+jo6kC+b15ss3XyDvt1DtjdOyt0xVxseAtFHZlUVob0G\nfPeow47NlCsmpKnc931fyFbQo/jnaCiYB4FVJui+BtIa3wAAA7imji49po4uPQAA\nAAdzc2gtcnNhAAABAQC25ukHb0bInDhlN0oiNCY/xLdv5UIDNAc3H3OVSaKxK/33\n7dogg5jmX4pGKvXzyKs3EWlqYwpzWz7mAzmg3+kOTn+IQ3VEUbMWixgGN9H6DpyL\nQI0Sa0kBlbJ1ioLxiG9Y7XxFGnrSl8JgJ21WBWim+aCAu3QjqXT4/bepKLYTrRZA\n0K1dCH2kUse5iZ/ZOkGXYE38oSW5ATb2g0aLcrFbTpw9FyQRdQEbt3GmpCRXQAkF\nc5V9r48y5oEo/iX6OjqQL5vXmyzdfIO+3UO2N07K3TFXGx4C0UdmVRWhvQZ896jD\njs2UKyakqdz3fV/IVtCj+OdoKJgHgVUm6L4G0hrfAAAAAwEAAQAAAQAQaa41nZWz\ngNlKs+hyI03fYQ64+tCuqueO2cKsfdwcm/8BVZXCXyzEV4R4AXjqtHIw0d4sztBs\nQ57kUxvDxPQL9Z1aI/uM8uvoNPkl7bJpBxCjKlq+cWQuwTkvdQuFEyIyz7TcGqE0\n7qthp4gXNQsMGNB/XNLyNE2r3lCx3FZic3nYKCnP0MYo7bWUEDmlOi4LLu1qDh3b\n6bO13l4kiPc99FXXqM3/RcTpEr6dKqQ0SeGilQOR29ATSGlqzxn5o/domIExgT4H\nA46xd9eJluVXamzm2IAyZD4Y+MwMlbMVdiX5O8ELlpnSen78AjAzQdsIQsuwpWc2\nXrW32oGjTEsJAAAAgQDBSKGzXYd/G2WhLlLmJUffgFsFt/sKlFtb5cEmfUlwDsJ1\nkSBKbkl5xBE8fohNZhZ/QiOVgQWV7b0n6sSf6SSP5A9rfDTZ+ODwsJZ3Na1puSSa\neyGxspoYum5up4vIyDwwS7Hr6YV/3MAVywLBfNS/jQy5FUpWb/hYg7qCuJ4MgwAA\nAIEAxw50DTUpgfSpq+mo1RaGhny7FAvnZ/A3yIbtuKMnwcJt0VwS3V/e31Q9AgKY\nq9lls+bWH+pKOZDlzitL/2PnM7GQMTacgVG9fCGXP/uDdE0mLa8WTRRhEfQxIrQ4\nVkR4CUbgpbms4qNcJ6mMAfcL6qd9/jNIPDLLny9ViErgPRMAAACBAOs5adEKdnf6\nMI1N/jsiplr5WKGK4sAXEqpO7uvDKCpHc6vt6r0t1M6kzMPU6vsr+Bw/zNtavyPJ\na3Kk30HZJTsrELDXpkfwJP1iOTdsl0HcfWkGorKYfa6JeiMvm5l9s33opYZMeF8I\npXHPnHlPIqn/L7yc0m9t5TK+PHoKkCCFAAAAAAEC\n-----END OPENSSH PRIVATE KEY-----\n",
            "private_key_pem": "-----BEGIN RSA PRIVATE KEY-----\nMIIEowIBAAKCAQEAtubpB29GyJw4ZTdKIjQmP8S3b+VCAzQHNx9zlUmisSv99+3a\nIIOY5l+KRir188irNxFpamMKc1s+5gM5oN/pDk5/iEN1RFGzFosYBjfR+g6ci0CN\nEmtJAZWydYqC8YhvWO18RRp60pfCYCdtVgVopvmggLt0I6l0+P23qSi2E60WQNCt\nXQh9pFLHuYmf2TpBl2BN/KEluQE29oNGi3KxW06cPRckEXUBG7dxpqQkV0AJBXOV\nfa+PMuaBKP4l+jo6kC+b15ss3XyDvt1DtjdOyt0xVxseAtFHZlUVob0GfPeow47N\nlCsmpKnc931fyFbQo/jnaCiYB4FVJui+BtIa3wIDAQABAoIBABBprjWdlbOA2Uqz\n6HIjTd9hDrj60K6q547Zwqx93Byb/wFVlcJfLMRXhHgBeOq0cjDR3izO0GxDnuRT\nG8PE9Av1nVoj+4zy6+g0+SXtsmkHEKMqWr5xZC7BOS91C4UTIjLPtNwaoTTuq2Gn\niBc1CwwY0H9c0vI0TaveULHcVmJzedgoKc/QxijttZQQOaU6Lgsu7WoOHdvps7Xe\nXiSI9z30Vdeozf9FxOkSvp0qpDRJ4aKVA5Hb0BNIaWrPGfmj92iYgTGBPgcDjrF3\n14mW5VdqbObYgDJkPhj4zAyVsxV2Jfk7wQuWmdJ6fvwCMDNB2whCy7ClZzZetbfa\ngaNMSwkCgYEAxw50DTUpgfSpq+mo1RaGhny7FAvnZ/A3yIbtuKMnwcJt0VwS3V/e\n31Q9AgKYq9lls+bWH+pKOZDlzitL/2PnM7GQMTacgVG9fCGXP/uDdE0mLa8WTRRh\nEfQxIrQ4VkR4CUbgpbms4qNcJ6mMAfcL6qd9/jNIPDLLny9ViErgPRMCgYEA6zlp\n0Qp2d/owjU3+OyKmWvlYoYriwBcSqk7u68MoKkdzq+3qvS3UzqTMw9Tq+yv4HD/M\n21q/I8lrcqTfQdklOysQsNemR/Ak/WI5N2yXQdx9aQaisph9rol6Iy+bmX2zfeil\nhkx4Xwilcc+ceU8iqf8vvJzSb23lMr48egqQIIUCgYB/HJGrJXmeDRiUOR+hA0Ng\neiIUyQ06aEGXAeKn9zgaGQh7mupJB0GRJ3/V2saXZrn1ScEOnFRNsmOtZiSfr7Ii\nZo8HfjIuun3f2Kt3JitphyKMJbR+ADeEeYUu/hrDq/FjKymlao4mI99jTHelgZbQ\nf6iLPUAxgNZajqV15SqQlQKBgCkacz8wENuOQIWwp0g2GdOz1qUD2/OtFHnmKSHR\njGc27SOSA37jT1h8u7tMrXMOj+B/1ZBPHy9ltvzlio27ICJiuBvu0wOnFw+f5lel\nBhlgKhn8KtoCg5PIOiuD2jDMIl1SFfqNykrw+9gTa0hXZ7tE+FaBINSP44kmbPL2\nfZDxAoGBAMFIobNdh38bZaEuUuYlR9+AWwW3+wqUW1vlwSZ9SXAOwnWRIEpuSXnE\nETx+iE1mFn9CI5WBBZXtvSfqxJ/pJI/kD2t8NNn44PCwlnc1rWm5JJp7IbGymhi6\nbm6ni8jIPDBLsevphX/cwBXLAsF81L+NDLkVSlZv+FiDuoK4ngyD\n-----END RSA PRIVATE KEY-----\n",
            "private_key_pem_pkcs8": "-----BEGIN PRIVATE KEY-----\nMIIEvQIBADANBgkqhkiG9w0BAQEFAASCBKcwggSjAgEAAoIBAQC25ukHb0bInDhl\nN0oiNCY/xLdv5UIDNAc3H3OVSaKxK/337dogg5jmX4pGKvXzyKs3EWlqYwpzWz7m\nAzmg3+kOTn+IQ3VEUbMWixgGN9H6DpyLQI0Sa0kBlbJ1ioLxiG9Y7XxFGnrSl8Jg\nJ21WBWim+aCAu3QjqXT4/bepKLYTrRZA0K1dCH2kUse5iZ/ZOkGXYE38oSW5ATb2\ng0aLcrFbTpw9FyQRdQEbt3GmpCRXQAkFc5V9r48y5oEo/iX6OjqQL5vXmyzdfIO+\n3UO2N07K3TFXGx4C0UdmVRWhvQZ896jDjs2UKyakqdz3fV/IVtCj+OdoKJgHgVUm\n6L4G0hrfAgMBAAECggEAEGmuNZ2Vs4DZSrPociNN32EOuPrQrqrnjtnCrH3cHJv/\nAVWVwl8sxFeEeAF46rRyMNHeLM7QbEOe5FMbw8T0C/WdWiP7jPLr6DT5Je2yaQcQ\noypavnFkLsE5L3ULhRMiMs+03BqhNO6rYaeIFzULDBjQf1zS8jRNq95QsdxWYnN5\n2Cgpz9DGKO21lBA5pTouCy7tag4d2+mztd5eJIj3PfRV16jN/0XE6RK+nSqkNEnh\nopUDkdvQE0hpas8Z+aP3aJiBMYE+BwOOsXfXiZblV2ps5tiAMmQ+GPjMDJWzFXYl\n+TvBC5aZ0np+/AIwM0HbCELLsKVnNl61t9qBo0xLCQKBgQDHDnQNNSmB9Kmr6ajV\nFoaGfLsUC+dn8DfIhu24oyfBwm3RXBLdX97fVD0CApir2WWz5tYf6ko5kOXOK0v/\nY+czsZAxNpyBUb18IZc/+4N0TSYtrxZNFGER9DEitDhWRHgJRuCluazio1wnqYwB\n9wvqp33+M0g8MsufL1WISuA9EwKBgQDrOWnRCnZ3+jCNTf47IqZa+VihiuLAFxKq\nTu7rwygqR3Or7eq9LdTOpMzD1Or7K/gcP8zbWr8jyWtypN9B2SU7KxCw16ZH8CT9\nYjk3bJdB3H1pBqKymH2uiXojL5uZfbN96KWGTHhfCKVxz5x5TyKp/y+8nNJvbeUy\nvjx6CpAghQKBgH8ckasleZ4NGJQ5H6EDQ2B6IhTJDTpoQZcB4qf3OBoZCHua6kkH\nQZEnf9XaxpdmufVJwQ6cVE2yY61mJJ+vsiJmjwd+Mi66fd/Yq3cmK2mHIowltH4A\nN4R5hS7+GsOr8WMrKaVqjiYj32NMd6WBltB/qIs9QDGA1lqOpXXlKpCVAoGAKRpz\nPzAQ245AhbCnSDYZ07PWpQPb860UeeYpIdGMZzbtI5IDfuNPWHy7u0ytcw6P4H/V\nkE8fL2W2/OWKjbsgImK4G+7TA6cXD5/mV6UGGWAqGfwq2gKDk8g6K4PaMMwiXVIV\n+o3KSvD72BNrSFdnu0T4VoEg1I/jiSZs8vZ9kPECgYEAwUihs12HfxtloS5S5iVH\n34BbBbf7CpRbW+XBJn1JcA7CdZEgSm5JecQRPH6ITWYWf0IjlYEFle29J+rEn+kk\nj+QPa3w02fjg8LCWdzWtabkkmnshsbKaGLpubqeLyMg8MEux6+mFf9zAFcsCwXzU\nv40MuRVKVm/4WIO6grieDIM=\n-----END PRIVATE KEY-----\n",
            "public_key_fingerprint_md5": "f7:7f:c9:83:f3:6b:ef:83:b9:4a:a7:62:fc:cc:5e:e7",
            "public_key_fingerprint_sha256": "SHA256:AcFzN0rZFpndO+zfWq2kw+3TYtd1xUOG2kBtcjBfh34",
            "public_key_openssh": "ssh-rsa AAAAB3NzaC1yc2EAAAADAQABAAABAQC25ukHb0bInDhlN0oiNCY/xLdv5UIDNAc3H3OVSaKxK/337dogg5jmX4pGKvXzyKs3EWlqYwpzWz7mAzmg3+kOTn+IQ3VEUbMWixgGN9H6DpyLQI0Sa0kBlbJ1ioLxiG9Y7XxFGnrSl8JgJ21WBWim+aCAu3QjqXT4/bepKLYTrRZA0K1dCH2kUse5iZ/ZOkGXYE38oSW5ATb2g0aLcrFbTpw9FyQRdQEbt3GmpCRXQAkFc5V9r48y5oEo/iX6OjqQL5vXmyzdfIO+3UO2N07K3TFXGx4C0UdmVRWhvQZ896jDjs2UKyakqdz3fV/IVtCj+OdoKJgHgVUm6L4G0hrf\n",
            "public_key_pem": "-----BEGIN PUBLIC KEY-----\nMIIBIjANBgkqhkiG9w0BAQEFAAOCAQ8AMIIBCgKCAQEAtubpB29GyJw4ZTdKIjQm\nP8S3b+VCAzQHNx9zlUmisSv99+3aIIOY5l+KRir188irNxFpamMKc1s+5gM5oN/p\nDk5/iEN1RFGzFosYBjfR+g6ci0CNEmtJAZWydYqC8YhvWO18RRp60pfCYCdtVgVo\npvmggLt0I6l0+P23qSi2E60WQNCtXQh9pFLHuYmf2TpBl2BN/KEluQE29oNGi3Kx\nW06cPRckEXUBG7dxpqQkV0AJBXOVfa+PMuaBKP4l+jo6kC+b15ss3XyDvt1DtjdO\nyt0xVxseAtFHZlUVob0GfPeow47NlCsmpKnc931fyFbQo/jnaCiYB4FVJui+BtIa\n3wIDAQAB\n-----END PUBLIC KEY-----\n",
            "rsa_bits": 2048
          },
          "sensitive_attributes": [
            [
              {
                "type": "get_attr",
                "value": "private_key_openssh"
              }
            ],
            [
              {
                "type": "get_attr",
                "value": "private_key_pem"
              }
            ],
            [
              {
                "type": "get_attr",
                "value": "private_key_pem_pkcs8"
              }
            ]
          ],
          "identity_schema_version": 0
        }
      ]
    }
  ],
  "check_results": null
}
